{
  "version": 4,
  "terraform_version": "1.13.4",
  "serial": 427,
  "lineage": "3ea88457-46a4-d080-df4b-699ec4221235",
  "outputs": {
    "bastion_instance_id": {
      "value": "i-01bdf1b4979b5d1d0",
      "type": "string"
    },
    "core_service_url": {
      "value": "http://niura-staging-alb-1424214904.ap-south-1.elb.amazonaws.com/core-service",
      "type": "string"
    },
    "eeg_service_url": {
      "value": "http://niura-staging-alb-1424214904.ap-south-1.elb.amazonaws.com/eeg-service",
      "type": "string"
    },
    "gateway_url": {
      "value": "http://niura-staging-alb-1424214904.ap-south-1.elb.amazonaws.com/gateway",
      "type": "string"
    },
    "load_balancer_url": {
      "value": "http://niura-staging-alb-1424214904.ap-south-1.elb.amazonaws.com",
      "type": "string"
    },
    "rds_password": {
      "value": "\u003e?{(*Krc6oGnLv3U",
      "type": "string",
      "sensitive": true
    }
  },
  "resources": [
    {
      "mode": "data",
      "type": "aws_ami",
      "name": "amazon_linux",
      "provider": "provider[\"registry.terraform.io/hashicorp/aws\"]",
      "instances": [
        {
          "schema_version": 0,
          "attributes": {
            "architecture": "x86_64",
            "arn": "arn:aws:ec2:ap-south-1::image/ami-00d2efe5bc0683614",
            "block_device_mappings": [
              {
                "device_name": "/dev/xvda",
                "ebs": {
                  "delete_on_termination": "true",
                  "encrypted": "false",
                  "iops": "0",
                  "snapshot_id": "snap-019e73f2e776d469d",
                  "throughput": "0",
                  "volume_initialization_rate": "0",
                  "volume_size": "8",
                  "volume_type": "gp2"
                },
                "no_device": "",
                "virtual_name": ""
              }
            ],
            "boot_mode": "",
            "creation_date": "2025-11-21T08:32:41.000Z",
            "deprecation_time": "2026-02-19T00:00:00.000Z",
            "description": "Amazon Linux 2 AMI 2.0.20251121.0 x86_64 HVM gp2",
            "ena_support": true,
            "executable_users": null,
            "filter": [
              {
                "name": "name",
                "values": [
                  "amzn2-ami-hvm-*-x86_64-gp2"
                ]
              }
            ],
            "hypervisor": "xen",
            "id": "ami-00d2efe5bc0683614",
            "image_id": "ami-00d2efe5bc0683614",
            "image_location": "amazon/amzn2-ami-hvm-2.0.20251121.0-x86_64-gp2",
            "image_owner_alias": "amazon",
            "image_type": "machine",
            "imds_support": "",
            "include_deprecated": false,
            "kernel_id": "",
            "last_launched_time": "",
            "most_recent": true,
            "name": "amzn2-ami-hvm-2.0.20251121.0-x86_64-gp2",
            "name_regex": null,
            "owner_id": "137112412989",
            "owners": [
              "amazon"
            ],
            "platform": "",
            "platform_details": "Linux/UNIX",
            "product_codes": [],
            "public": true,
            "ramdisk_id": "",
            "root_device_name": "/dev/xvda",
            "root_device_type": "ebs",
            "root_snapshot_id": "snap-019e73f2e776d469d",
            "sriov_net_support": "simple",
            "state": "available",
            "state_reason": {
              "code": "UNSET",
              "message": "UNSET"
            },
            "tags": {},
            "timeouts": null,
            "tpm_support": "",
            "uefi_data": null,
            "usage_operation": "RunInstances",
            "virtualization_type": "hvm"
          },
          "sensitive_attributes": [],
          "identity_schema_version": 0
        }
      ]
    },
    {
      "mode": "data",
      "type": "aws_caller_identity",
      "name": "current",
      "provider": "provider[\"registry.terraform.io/hashicorp/aws\"]",
      "instances": [
        {
          "schema_version": 0,
          "attributes": {
            "account_id": "654654617590",
            "arn": "arn:aws:iam::654654617590:user/NiuraAtiq",
            "id": "654654617590",
            "user_id": "AIDAZQ3DUW73F3F42ADVH"
          },
          "sensitive_attributes": [],
          "identity_schema_version": 0
        }
      ]
    },
    {
      "mode": "data",
      "type": "aws_region",
      "name": "current",
      "provider": "provider[\"registry.terraform.io/hashicorp/aws\"]",
      "instances": [
        {
          "schema_version": 0,
          "attributes": {
            "description": "Asia Pacific (Mumbai)",
            "endpoint": "ec2.ap-south-1.amazonaws.com",
            "id": "ap-south-1",
            "name": "ap-south-1"
          },
          "sensitive_attributes": [],
          "identity_schema_version": 0
        }
      ]
    },
    {
      "mode": "managed",
      "type": "random_password",
      "name": "rds_master_password",
      "provider": "provider[\"registry.terraform.io/hashicorp/random\"]",
      "instances": [
        {
          "schema_version": 3,
          "attributes": {
            "bcrypt_hash": "$2a$10$qYF3N9vHa17I.1zxSxE1JuJTwDFuirL.0q.vt8kBtp9oK.Bnj6LHO",
            "id": "none",
            "keepers": {
              "regenerate_trigger": "v1"
            },
            "length": 16,
            "lower": true,
            "min_lower": 0,
            "min_numeric": 0,
            "min_special": 0,
            "min_upper": 0,
            "number": true,
            "numeric": true,
            "override_special": null,
            "result": "\u003e?{(*Krc6oGnLv3U",
            "special": true,
            "upper": true
          },
          "sensitive_attributes": [
            [
              {
                "type": "get_attr",
                "value": "bcrypt_hash"
              }
            ],
            [
              {
                "type": "get_attr",
                "value": "result"
              }
            ]
          ],
          "identity_schema_version": 0,
          "create_before_destroy": true
        }
      ]
    },
    {
      "module": "module.bastion",
      "mode": "managed",
      "type": "aws_iam_instance_profile",
      "name": "bastion_profile",
      "provider": "provider[\"registry.terraform.io/hashicorp/aws\"]",
      "instances": [
        {
          "schema_version": 0,
          "attributes": {
            "arn": "arn:aws:iam::654654617590:instance-profile/niura-staging-bastion-profile",
            "create_date": "2025-11-03T10:52:40Z",
            "id": "niura-staging-bastion-profile",
            "name": "niura-staging-bastion-profile",
            "name_prefix": "",
            "path": "/",
            "role": "niura-staging-bastion-role",
            "tags": {},
            "tags_all": {},
            "unique_id": "AIPAZQ3DUW73O3P5PNBRE"
          },
          "sensitive_attributes": [],
          "identity_schema_version": 0,
          "private": "bnVsbA==",
          "dependencies": [
            "module.bastion.aws_iam_role.bastion_role"
          ],
          "create_before_destroy": true
        }
      ]
    },
    {
      "module": "module.bastion",
      "mode": "managed",
      "type": "aws_iam_role",
      "name": "bastion_role",
      "provider": "provider[\"registry.terraform.io/hashicorp/aws\"]",
      "instances": [
        {
          "schema_version": 0,
          "attributes": {
            "arn": "arn:aws:iam::654654617590:role/niura-staging-bastion-role",
            "assume_role_policy": "{\"Statement\":[{\"Action\":\"sts:AssumeRole\",\"Effect\":\"Allow\",\"Principal\":{\"Service\":\"ec2.amazonaws.com\"}}],\"Version\":\"2012-10-17\"}",
            "create_date": "2025-11-03T10:52:38Z",
            "description": "",
            "force_detach_policies": false,
            "id": "niura-staging-bastion-role",
            "inline_policy": [
              {
                "name": "niura-staging-bastion-msk-policy",
                "policy": "{\"Version\":\"2012-10-17\",\"Statement\":[{\"Action\":[\"kafka-cluster:Connect\",\"kafka-cluster:DescribeCluster\"],\"Effect\":\"Allow\",\"Resource\":[\"arn:aws:kafka:ap-south-1:654654617590:cluster/niura-staging-msk-sls/10fe44b8-4a96-49d4-bee9-cbc5d8b7126e-s1\"]},{\"Action\":[\"kafka-cluster:CreateTopic\",\"kafka-cluster:WriteData\",\"kafka-cluster:DescribeTopic\",\"kafka-cluster:ReadData\"],\"Effect\":\"Allow\",\"Resource\":[\"arn:aws:kafka:ap-south-1:*:topic/*/*/*\"]}]}"
              }
            ],
            "managed_policy_arns": [
              "arn:aws:iam::aws:policy/AmazonSSMManagedInstanceCore"
            ],
            "max_session_duration": 3600,
            "name": "niura-staging-bastion-role",
            "name_prefix": "",
            "path": "/",
            "permissions_boundary": "",
            "tags": {},
            "tags_all": {},
            "unique_id": "AROAZQ3DUW73L5EQYA3NU"
          },
          "sensitive_attributes": [],
          "identity_schema_version": 0,
          "private": "bnVsbA==",
          "create_before_destroy": true
        }
      ]
    },
    {
      "module": "module.bastion",
      "mode": "managed",
      "type": "aws_iam_role_policy",
      "name": "bastion_msk_policy",
      "provider": "provider[\"registry.terraform.io/hashicorp/aws\"]",
      "instances": [
        {
          "index_key": 0,
          "schema_version": 0,
          "attributes": {
            "id": "niura-staging-bastion-role:niura-staging-bastion-msk-policy",
            "name": "niura-staging-bastion-msk-policy",
            "name_prefix": "",
            "policy": "{\"Version\":\"2012-10-17\",\"Statement\":[{\"Action\":[\"kafka-cluster:Connect\",\"kafka-cluster:DescribeCluster\"],\"Effect\":\"Allow\",\"Resource\":[\"arn:aws:kafka:ap-south-1:654654617590:cluster/niura-staging-msk-sls/10fe44b8-4a96-49d4-bee9-cbc5d8b7126e-s1\"]},{\"Action\":[\"kafka-cluster:CreateTopic\",\"kafka-cluster:WriteData\",\"kafka-cluster:DescribeTopic\",\"kafka-cluster:ReadData\"],\"Effect\":\"Allow\",\"Resource\":[\"arn:aws:kafka:ap-south-1:*:topic/*/*/*\"]}]}",
            "role": "niura-staging-bastion-role"
          },
          "sensitive_attributes": [],
          "identity_schema_version": 0,
          "private": "bnVsbA==",
          "dependencies": [
            "module.bastion.aws_iam_role.bastion_role",
            "module.kafka.aws_msk_serverless_cluster.this",
            "module.kafka.aws_security_group.kafka_sg",
            "module.network.aws_subnet.public",
            "module.network.aws_subnet.public_b",
            "module.network.aws_vpc.main"
          ],
          "create_before_destroy": true
        }
      ]
    },
    {
      "module": "module.bastion",
      "mode": "managed",
      "type": "aws_iam_role_policy_attachment",
      "name": "ssm_core",
      "provider": "provider[\"registry.terraform.io/hashicorp/aws\"]",
      "instances": [
        {
          "schema_version": 0,
          "attributes": {
            "id": "niura-staging-bastion-role-20251103105239895600000001",
            "policy_arn": "arn:aws:iam::aws:policy/AmazonSSMManagedInstanceCore",
            "role": "niura-staging-bastion-role"
          },
          "sensitive_attributes": [],
          "identity_schema_version": 0,
          "private": "bnVsbA==",
          "dependencies": [
            "module.bastion.aws_iam_role.bastion_role"
          ],
          "create_before_destroy": true
        }
      ]
    },
    {
      "module": "module.bastion",
      "mode": "managed",
      "type": "aws_instance",
      "name": "bastion",
      "provider": "provider[\"registry.terraform.io/hashicorp/aws\"]",
      "instances": [
        {
          "schema_version": 1,
          "attributes": {
            "ami": "ami-00d2efe5bc0683614",
            "arn": "arn:aws:ec2:ap-south-1:654654617590:instance/i-01bdf1b4979b5d1d0",
            "associate_public_ip_address": true,
            "availability_zone": "ap-south-1a",
            "capacity_reservation_specification": [
              {
                "capacity_reservation_preference": "open",
                "capacity_reservation_target": []
              }
            ],
            "cpu_core_count": 1,
            "cpu_options": [
              {
                "amd_sev_snp": "",
                "core_count": 1,
                "threads_per_core": 2
              }
            ],
            "cpu_threads_per_core": 2,
            "credit_specification": [
              {
                "cpu_credits": "unlimited"
              }
            ],
            "disable_api_stop": false,
            "disable_api_termination": false,
            "ebs_block_device": [],
            "ebs_optimized": false,
            "enable_primary_ipv6": null,
            "enclave_options": [
              {
                "enabled": false
              }
            ],
            "ephemeral_block_device": [],
            "get_password_data": false,
            "hibernation": false,
            "host_id": "",
            "host_resource_group_arn": null,
            "iam_instance_profile": "niura-staging-bastion-profile",
            "id": "i-01bdf1b4979b5d1d0",
            "instance_initiated_shutdown_behavior": "stop",
            "instance_lifecycle": "",
            "instance_market_options": [],
            "instance_state": "running",
            "instance_type": "t3.micro",
            "ipv6_address_count": 0,
            "ipv6_addresses": [],
            "key_name": "",
            "launch_template": [],
            "maintenance_options": [
              {
                "auto_recovery": "default"
              }
            ],
            "metadata_options": [
              {
                "http_endpoint": "enabled",
                "http_protocol_ipv6": "disabled",
                "http_put_response_hop_limit": 1,
                "http_tokens": "optional",
                "instance_metadata_tags": "disabled"
              }
            ],
            "monitoring": false,
            "network_interface": [],
            "outpost_arn": "",
            "password_data": "",
            "placement_group": "",
            "placement_partition_number": 0,
            "primary_network_interface_id": "eni-042d3e63958af848a",
            "private_dns": "ip-10-0-1-68.ap-south-1.compute.internal",
            "private_dns_name_options": [
              {
                "enable_resource_name_dns_a_record": false,
                "enable_resource_name_dns_aaaa_record": false,
                "hostname_type": "ip-name"
              }
            ],
            "private_ip": "10.0.1.68",
            "public_dns": "ec2-3-111-197-143.ap-south-1.compute.amazonaws.com",
            "public_ip": "3.111.197.143",
            "root_block_device": [
              {
                "delete_on_termination": true,
                "device_name": "/dev/xvda",
                "encrypted": false,
                "iops": 100,
                "kms_key_id": "",
                "tags": {},
                "tags_all": {},
                "throughput": 0,
                "volume_id": "vol-0a33aac3279c81ca0",
                "volume_size": 8,
                "volume_type": "gp2"
              }
            ],
            "secondary_private_ips": [],
            "security_groups": [],
            "source_dest_check": true,
            "spot_instance_request_id": "",
            "subnet_id": "subnet-0f00434c33a73657d",
            "tags": {
              "Name": "niura-staging-bastion"
            },
            "tags_all": {
              "Name": "niura-staging-bastion"
            },
            "tenancy": "default",
            "timeouts": null,
            "user_data": null,
            "user_data_base64": null,
            "user_data_replace_on_change": false,
            "volume_tags": null,
            "vpc_security_group_ids": [
              "sg-04c5e611e97912a56"
            ]
          },
          "sensitive_attributes": [],
          "identity_schema_version": 0,
          "private": "eyJlMmJmYjczMC1lY2FhLTExZTYtOGY4OC0zNDM2M2JjN2M0YzAiOnsiY3JlYXRlIjo2MDAwMDAwMDAwMDAsImRlbGV0ZSI6MTIwMDAwMDAwMDAwMCwicmVhZCI6OTAwMDAwMDAwMDAwLCJ1cGRhdGUiOjYwMDAwMDAwMDAwMH0sInNjaGVtYV92ZXJzaW9uIjoiMSJ9",
          "dependencies": [
            "data.aws_ami.amazon_linux",
            "module.bastion.aws_iam_instance_profile.bastion_profile",
            "module.bastion.aws_iam_role.bastion_role",
            "module.bastion.aws_security_group.bastion_sg",
            "module.network.aws_subnet.public",
            "module.network.aws_vpc.main"
          ],
          "create_before_destroy": true
        },
        {
          "deposed": "f63c9134",
          "schema_version": 1,
          "attributes": {
            "ami": "ami-0eb5549427fc55d57",
            "arn": "arn:aws:ec2:ap-south-1:654654617590:instance/i-09b4c09f28b92caf6",
            "associate_public_ip_address": true,
            "availability_zone": "ap-south-1a",
            "capacity_reservation_specification": [
              {
                "capacity_reservation_preference": "open",
                "capacity_reservation_target": []
              }
            ],
            "cpu_core_count": 1,
            "cpu_options": [
              {
                "amd_sev_snp": "",
                "core_count": 1,
                "threads_per_core": 2
              }
            ],
            "cpu_threads_per_core": 2,
            "credit_specification": [
              {
                "cpu_credits": "unlimited"
              }
            ],
            "disable_api_stop": false,
            "disable_api_termination": false,
            "ebs_block_device": [],
            "ebs_optimized": false,
            "enable_primary_ipv6": null,
            "enclave_options": [
              {
                "enabled": false
              }
            ],
            "ephemeral_block_device": [],
            "get_password_data": false,
            "hibernation": false,
            "host_id": "",
            "host_resource_group_arn": null,
            "iam_instance_profile": "niura-staging-bastion-profile",
            "id": "i-09b4c09f28b92caf6",
            "instance_initiated_shutdown_behavior": "stop",
            "instance_lifecycle": "",
            "instance_market_options": [],
            "instance_state": "running",
            "instance_type": "t3.micro",
            "ipv6_address_count": 0,
            "ipv6_addresses": [],
            "key_name": "",
            "launch_template": [],
            "maintenance_options": [
              {
                "auto_recovery": "default"
              }
            ],
            "metadata_options": [
              {
                "http_endpoint": "enabled",
                "http_protocol_ipv6": "disabled",
                "http_put_response_hop_limit": 1,
                "http_tokens": "optional",
                "instance_metadata_tags": "disabled"
              }
            ],
            "monitoring": false,
            "network_interface": [],
            "outpost_arn": "",
            "password_data": "",
            "placement_group": "",
            "placement_partition_number": 0,
            "primary_network_interface_id": "eni-092f4af1bd1487b8e",
            "private_dns": "ip-10-0-1-39.ap-south-1.compute.internal",
            "private_dns_name_options": [
              {
                "enable_resource_name_dns_a_record": false,
                "enable_resource_name_dns_aaaa_record": false,
                "hostname_type": "ip-name"
              }
            ],
            "private_ip": "10.0.1.39",
            "public_dns": "ec2-15-206-74-57.ap-south-1.compute.amazonaws.com",
            "public_ip": "15.206.74.57",
            "root_block_device": [
              {
                "delete_on_termination": true,
                "device_name": "/dev/xvda",
                "encrypted": false,
                "iops": 100,
                "kms_key_id": "",
                "tags": {},
                "tags_all": {},
                "throughput": 0,
                "volume_id": "vol-015cb3cbfc4196434",
                "volume_size": 8,
                "volume_type": "gp2"
              }
            ],
            "secondary_private_ips": [],
            "security_groups": [],
            "source_dest_check": true,
            "spot_instance_request_id": "",
            "subnet_id": "subnet-0f00434c33a73657d",
            "tags": {
              "Name": "niura-staging-bastion"
            },
            "tags_all": {
              "Name": "niura-staging-bastion"
            },
            "tenancy": "default",
            "timeouts": null,
            "user_data": null,
            "user_data_base64": null,
            "user_data_replace_on_change": false,
            "volume_tags": null,
            "vpc_security_group_ids": [
              "sg-04c5e611e97912a56"
            ]
          },
          "sensitive_attributes": [],
          "identity_schema_version": 0,
          "private": "eyJlMmJmYjczMC1lY2FhLTExZTYtOGY4OC0zNDM2M2JjN2M0YzAiOnsiY3JlYXRlIjo2MDAwMDAwMDAwMDAsImRlbGV0ZSI6MTIwMDAwMDAwMDAwMCwicmVhZCI6OTAwMDAwMDAwMDAwLCJ1cGRhdGUiOjYwMDAwMDAwMDAwMH0sInNjaGVtYV92ZXJzaW9uIjoiMSJ9",
          "dependencies": [
            "data.aws_ami.amazon_linux",
            "module.bastion.aws_iam_instance_profile.bastion_profile",
            "module.bastion.aws_iam_role.bastion_role",
            "module.bastion.aws_security_group.bastion_sg",
            "module.network.aws_subnet.public",
            "module.network.aws_vpc.main"
          ],
          "create_before_destroy": true
        }
      ]
    },
    {
      "module": "module.bastion",
      "mode": "managed",
      "type": "aws_security_group",
      "name": "bastion_sg",
      "provider": "provider[\"registry.terraform.io/hashicorp/aws\"]",
      "instances": [
        {
          "schema_version": 1,
          "attributes": {
            "arn": "arn:aws:ec2:ap-south-1:654654617590:security-group/sg-04c5e611e97912a56",
            "description": "Security group for bastion host",
            "egress": [
              {
                "cidr_blocks": [
                  "0.0.0.0/0"
                ],
                "description": "",
                "from_port": 0,
                "ipv6_cidr_blocks": [],
                "prefix_list_ids": [],
                "protocol": "-1",
                "security_groups": [],
                "self": false,
                "to_port": 0
              }
            ],
            "id": "sg-04c5e611e97912a56",
            "ingress": [],
            "name": "niura-staging-bastion-sg",
            "name_prefix": "",
            "owner_id": "654654617590",
            "revoke_rules_on_delete": false,
            "tags": {},
            "tags_all": {},
            "timeouts": null,
            "vpc_id": "vpc-0898d281454e7c377"
          },
          "sensitive_attributes": [],
          "identity_schema_version": 0,
          "private": "eyJlMmJmYjczMC1lY2FhLTExZTYtOGY4OC0zNDM2M2JjN2M0YzAiOnsiY3JlYXRlIjo2MDAwMDAwMDAwMDAsImRlbGV0ZSI6OTAwMDAwMDAwMDAwfSwic2NoZW1hX3ZlcnNpb24iOiIxIn0=",
          "dependencies": [
            "module.network.aws_vpc.main"
          ],
          "create_before_destroy": true
        }
      ]
    },
    {
      "module": "module.ecr",
      "mode": "managed",
      "type": "aws_ecr_repository",
      "name": "repos",
      "provider": "provider[\"registry.terraform.io/hashicorp/aws\"]",
      "instances": [
        {
          "index_key": "core-service",
          "schema_version": 0,
          "attributes": {
            "arn": "arn:aws:ecr:ap-south-1:654654617590:repository/niura-core-service-staging",
            "encryption_configuration": [
              {
                "encryption_type": "AES256",
                "kms_key": ""
              }
            ],
            "force_delete": true,
            "id": "niura-core-service-staging",
            "image_scanning_configuration": [
              {
                "scan_on_push": true
              }
            ],
            "image_tag_mutability": "MUTABLE",
            "name": "niura-core-service-staging",
            "registry_id": "654654617590",
            "repository_url": "654654617590.dkr.ecr.ap-south-1.amazonaws.com/niura-core-service-staging",
            "tags": {
              "Environment": "staging",
              "Project": "niura",
              "Service": "core-service"
            },
            "tags_all": {
              "Environment": "staging",
              "Project": "niura",
              "Service": "core-service"
            },
            "timeouts": null
          },
          "sensitive_attributes": [],
          "identity_schema_version": 0,
          "private": "eyJlMmJmYjczMC1lY2FhLTExZTYtOGY4OC0zNDM2M2JjN2M0YzAiOnsiZGVsZXRlIjoxMjAwMDAwMDAwMDAwfX0="
        },
        {
          "index_key": "eeg-service",
          "schema_version": 0,
          "attributes": {
            "arn": "arn:aws:ecr:ap-south-1:654654617590:repository/niura-eeg-service-staging",
            "encryption_configuration": [
              {
                "encryption_type": "AES256",
                "kms_key": ""
              }
            ],
            "force_delete": true,
            "id": "niura-eeg-service-staging",
            "image_scanning_configuration": [
              {
                "scan_on_push": true
              }
            ],
            "image_tag_mutability": "MUTABLE",
            "name": "niura-eeg-service-staging",
            "registry_id": "654654617590",
            "repository_url": "654654617590.dkr.ecr.ap-south-1.amazonaws.com/niura-eeg-service-staging",
            "tags": {
              "Environment": "staging",
              "Project": "niura",
              "Service": "eeg-service"
            },
            "tags_all": {
              "Environment": "staging",
              "Project": "niura",
              "Service": "eeg-service"
            },
            "timeouts": null
          },
          "sensitive_attributes": [],
          "identity_schema_version": 0,
          "private": "eyJlMmJmYjczMC1lY2FhLTExZTYtOGY4OC0zNDM2M2JjN2M0YzAiOnsiZGVsZXRlIjoxMjAwMDAwMDAwMDAwfX0="
        },
        {
          "index_key": "gateway",
          "schema_version": 0,
          "attributes": {
            "arn": "arn:aws:ecr:ap-south-1:654654617590:repository/niura-gateway-staging",
            "encryption_configuration": [
              {
                "encryption_type": "AES256",
                "kms_key": ""
              }
            ],
            "force_delete": true,
            "id": "niura-gateway-staging",
            "image_scanning_configuration": [
              {
                "scan_on_push": true
              }
            ],
            "image_tag_mutability": "MUTABLE",
            "name": "niura-gateway-staging",
            "registry_id": "654654617590",
            "repository_url": "654654617590.dkr.ecr.ap-south-1.amazonaws.com/niura-gateway-staging",
            "tags": {
              "Environment": "staging",
              "Project": "niura",
              "Service": "gateway"
            },
            "tags_all": {
              "Environment": "staging",
              "Project": "niura",
              "Service": "gateway"
            },
            "timeouts": null
          },
          "sensitive_attributes": [],
          "identity_schema_version": 0,
          "private": "eyJlMmJmYjczMC1lY2FhLTExZTYtOGY4OC0zNDM2M2JjN2M0YzAiOnsiZGVsZXRlIjoxMjAwMDAwMDAwMDAwfX0="
        }
      ]
    },
    {
      "module": "module.ecs",
      "mode": "data",
      "type": "aws_caller_identity",
      "name": "current",
      "provider": "provider[\"registry.terraform.io/hashicorp/aws\"]",
      "instances": [
        {
          "schema_version": 0,
          "attributes": {
            "account_id": "654654617590",
            "arn": "arn:aws:iam::654654617590:user/NiuraAtiq",
            "id": "654654617590",
            "user_id": "AIDAZQ3DUW73F3F42ADVH"
          },
          "sensitive_attributes": [],
          "identity_schema_version": 0
        }
      ]
    },
    {
      "module": "module.ecs",
      "mode": "data",
      "type": "aws_region",
      "name": "current",
      "provider": "provider[\"registry.terraform.io/hashicorp/aws\"]",
      "instances": [
        {
          "schema_version": 0,
          "attributes": {
            "description": "Asia Pacific (Mumbai)",
            "endpoint": "ec2.ap-south-1.amazonaws.com",
            "id": "ap-south-1",
            "name": "ap-south-1"
          },
          "sensitive_attributes": [],
          "identity_schema_version": 0
        }
      ]
    },
    {
      "module": "module.ecs",
      "mode": "managed",
      "type": "aws_cloudwatch_log_group",
      "name": "ecs",
      "provider": "provider[\"registry.terraform.io/hashicorp/aws\"]",
      "instances": [
        {
          "schema_version": 0,
          "attributes": {
            "arn": "arn:aws:logs:ap-south-1:654654617590:log-group:/ecs/niura-staging",
            "id": "/ecs/niura-staging",
            "kms_key_id": "",
            "log_group_class": "STANDARD",
            "name": "/ecs/niura-staging",
            "name_prefix": "",
            "retention_in_days": 14,
            "skip_destroy": false,
            "tags": {},
            "tags_all": {}
          },
          "sensitive_attributes": [],
          "identity_schema_version": 0,
          "private": "bnVsbA==",
          "dependencies": [
            "data.aws_ami.amazon_linux",
            "module.bastion.aws_iam_instance_profile.bastion_profile",
            "module.bastion.aws_iam_role.bastion_role",
            "module.bastion.aws_iam_role_policy.bastion_msk_policy",
            "module.bastion.aws_iam_role_policy_attachment.ssm_core",
            "module.bastion.aws_instance.bastion",
            "module.bastion.aws_security_group.bastion_sg",
            "module.kafka.aws_msk_serverless_cluster.this",
            "module.kafka.aws_security_group.kafka_sg",
            "module.network.aws_subnet.public",
            "module.network.aws_subnet.public_b",
            "module.network.aws_vpc.main"
          ],
          "create_before_destroy": true
        }
      ]
    },
    {
      "module": "module.ecs",
      "mode": "managed",
      "type": "aws_ecs_cluster",
      "name": "this",
      "provider": "provider[\"registry.terraform.io/hashicorp/aws\"]",
      "instances": [
        {
          "schema_version": 0,
          "attributes": {
            "arn": "arn:aws:ecs:ap-south-1:654654617590:cluster/niura-staging-cluster",
            "configuration": [],
            "id": "arn:aws:ecs:ap-south-1:654654617590:cluster/niura-staging-cluster",
            "name": "niura-staging-cluster",
            "service_connect_defaults": [],
            "setting": [
              {
                "name": "containerInsights",
                "value": "disabled"
              }
            ],
            "tags": {},
            "tags_all": {}
          },
          "sensitive_attributes": [],
          "identity_schema_version": 0,
          "private": "bnVsbA==",
          "dependencies": [
            "data.aws_ami.amazon_linux",
            "module.bastion.aws_iam_instance_profile.bastion_profile",
            "module.bastion.aws_iam_role.bastion_role",
            "module.bastion.aws_iam_role_policy.bastion_msk_policy",
            "module.bastion.aws_iam_role_policy_attachment.ssm_core",
            "module.bastion.aws_instance.bastion",
            "module.bastion.aws_security_group.bastion_sg",
            "module.kafka.aws_msk_serverless_cluster.this",
            "module.kafka.aws_security_group.kafka_sg",
            "module.network.aws_subnet.public",
            "module.network.aws_subnet.public_b",
            "module.network.aws_vpc.main"
          ]
        }
      ]
    },
    {
      "module": "module.ecs",
      "mode": "managed",
      "type": "aws_ecs_service",
      "name": "service",
      "provider": "provider[\"registry.terraform.io/hashicorp/aws\"]",
      "instances": [
        {
          "index_key": "core-service",
          "schema_version": 1,
          "attributes": {
            "alarms": [],
            "availability_zone_rebalancing": "DISABLED",
            "capacity_provider_strategy": [],
            "cluster": "arn:aws:ecs:ap-south-1:654654617590:cluster/niura-staging-cluster",
            "deployment_circuit_breaker": [
              {
                "enable": false,
                "rollback": false
              }
            ],
            "deployment_controller": [
              {
                "type": "ECS"
              }
            ],
            "deployment_maximum_percent": 200,
            "deployment_minimum_healthy_percent": 100,
            "desired_count": 1,
            "enable_ecs_managed_tags": false,
            "enable_execute_command": false,
            "force_delete": null,
            "force_new_deployment": true,
            "health_check_grace_period_seconds": 60,
            "iam_role": "/aws-service-role/ecs.amazonaws.com/AWSServiceRoleForECS",
            "id": "arn:aws:ecs:ap-south-1:654654617590:service/niura-staging-cluster/niura-staging-core-service-svc",
            "launch_type": "FARGATE",
            "load_balancer": [
              {
                "container_name": "core-service",
                "container_port": 8001,
                "elb_name": "",
                "target_group_arn": "arn:aws:elasticloadbalancing:ap-south-1:654654617590:targetgroup/niura-staging-core-service-tg/f66c077f73aac648"
              }
            ],
            "name": "niura-staging-core-service-svc",
            "network_configuration": [
              {
                "assign_public_ip": false,
                "security_groups": [
                  "sg-0574ef6913dacc18c"
                ],
                "subnets": [
                  "subnet-06b1803f13fbcf912",
                  "subnet-0f00434c33a73657d"
                ]
              }
            ],
            "ordered_placement_strategy": [],
            "placement_constraints": [],
            "platform_version": "LATEST",
            "propagate_tags": "NONE",
            "scheduling_strategy": "REPLICA",
            "service_connect_configuration": [],
            "service_registries": [
              {
                "container_name": "",
                "container_port": 0,
                "port": 0,
                "registry_arn": "arn:aws:servicediscovery:ap-south-1:654654617590:service/srv-kkqun5ek7iyn72vl"
              }
            ],
            "tags": {},
            "tags_all": {},
            "task_definition": "arn:aws:ecs:ap-south-1:654654617590:task-definition/niura-staging-core-service:16",
            "timeouts": null,
            "triggers": {},
            "volume_configuration": [],
            "vpc_lattice_configurations": [],
            "wait_for_steady_state": false
          },
          "sensitive_attributes": [],
          "identity_schema_version": 0,
          "private": "eyJlMmJmYjczMC1lY2FhLTExZTYtOGY4OC0zNDM2M2JjN2M0YzAiOnsiY3JlYXRlIjoxMjAwMDAwMDAwMDAwLCJkZWxldGUiOjEyMDAwMDAwMDAwMDAsInVwZGF0ZSI6MTIwMDAwMDAwMDAwMH0sInNjaGVtYV92ZXJzaW9uIjoiMSJ9",
          "dependencies": [
            "data.aws_ami.amazon_linux",
            "data.aws_caller_identity.current",
            "data.aws_region.current",
            "module.bastion.aws_iam_instance_profile.bastion_profile",
            "module.bastion.aws_iam_role.bastion_role",
            "module.bastion.aws_iam_role_policy.bastion_msk_policy",
            "module.bastion.aws_iam_role_policy_attachment.ssm_core",
            "module.bastion.aws_instance.bastion",
            "module.bastion.aws_security_group.bastion_sg",
            "module.ecs.aws_cloudwatch_log_group.ecs",
            "module.ecs.aws_ecs_cluster.this",
            "module.ecs.aws_ecs_task_definition.task",
            "module.ecs.aws_iam_role.ecs_task_role",
            "module.ecs.aws_iam_role.task_execution_role",
            "module.ecs.aws_lb.alb",
            "module.ecs.aws_lb_listener.http",
            "module.ecs.aws_lb_listener_rule.gateway_only",
            "module.ecs.aws_lb_target_group.tg",
            "module.ecs.aws_security_group.ecs_sg",
            "module.ecs.aws_service_discovery_private_dns_namespace.ns",
            "module.ecs.aws_service_discovery_service.sd",
            "module.ecs.data.aws_region.current",
            "module.kafka.aws_msk_serverless_cluster.this",
            "module.kafka.aws_security_group.kafka_sg",
            "module.network.aws_subnet.public",
            "module.network.aws_subnet.public_b",
            "module.network.aws_vpc.main",
            "module.rds_core.aws_db_instance.this",
            "module.rds_core.aws_db_subnet_group.this",
            "module.rds_gateway.aws_db_instance.this",
            "module.rds_gateway.aws_db_subnet_group.this",
            "random_password.rds_master_password"
          ]
        },
        {
          "index_key": "eeg-service",
          "schema_version": 1,
          "attributes": {
            "alarms": [],
            "availability_zone_rebalancing": "DISABLED",
            "capacity_provider_strategy": [],
            "cluster": "arn:aws:ecs:ap-south-1:654654617590:cluster/niura-staging-cluster",
            "deployment_circuit_breaker": [
              {
                "enable": false,
                "rollback": false
              }
            ],
            "deployment_controller": [
              {
                "type": "ECS"
              }
            ],
            "deployment_maximum_percent": 200,
            "deployment_minimum_healthy_percent": 100,
            "desired_count": 1,
            "enable_ecs_managed_tags": false,
            "enable_execute_command": false,
            "force_delete": null,
            "force_new_deployment": true,
            "health_check_grace_period_seconds": 60,
            "iam_role": "/aws-service-role/ecs.amazonaws.com/AWSServiceRoleForECS",
            "id": "arn:aws:ecs:ap-south-1:654654617590:service/niura-staging-cluster/niura-staging-eeg-service-svc",
            "launch_type": "FARGATE",
            "load_balancer": [
              {
                "container_name": "eeg-service",
                "container_port": 8002,
                "elb_name": "",
                "target_group_arn": "arn:aws:elasticloadbalancing:ap-south-1:654654617590:targetgroup/niura-staging-eeg-service-tg/879e225826b55a3d"
              }
            ],
            "name": "niura-staging-eeg-service-svc",
            "network_configuration": [
              {
                "assign_public_ip": false,
                "security_groups": [
                  "sg-0574ef6913dacc18c"
                ],
                "subnets": [
                  "subnet-06b1803f13fbcf912",
                  "subnet-0f00434c33a73657d"
                ]
              }
            ],
            "ordered_placement_strategy": [],
            "placement_constraints": [],
            "platform_version": "LATEST",
            "propagate_tags": "NONE",
            "scheduling_strategy": "REPLICA",
            "service_connect_configuration": [],
            "service_registries": [
              {
                "container_name": "",
                "container_port": 0,
                "port": 0,
                "registry_arn": "arn:aws:servicediscovery:ap-south-1:654654617590:service/srv-4myledfncojjgoju"
              }
            ],
            "tags": {},
            "tags_all": {},
            "task_definition": "arn:aws:ecs:ap-south-1:654654617590:task-definition/niura-staging-eeg-service:12",
            "timeouts": null,
            "triggers": {},
            "volume_configuration": [],
            "vpc_lattice_configurations": [],
            "wait_for_steady_state": false
          },
          "sensitive_attributes": [],
          "identity_schema_version": 0,
          "private": "eyJlMmJmYjczMC1lY2FhLTExZTYtOGY4OC0zNDM2M2JjN2M0YzAiOnsiY3JlYXRlIjoxMjAwMDAwMDAwMDAwLCJkZWxldGUiOjEyMDAwMDAwMDAwMDAsInVwZGF0ZSI6MTIwMDAwMDAwMDAwMH0sInNjaGVtYV92ZXJzaW9uIjoiMSJ9",
          "dependencies": [
            "data.aws_ami.amazon_linux",
            "data.aws_caller_identity.current",
            "data.aws_region.current",
            "module.bastion.aws_iam_instance_profile.bastion_profile",
            "module.bastion.aws_iam_role.bastion_role",
            "module.bastion.aws_iam_role_policy.bastion_msk_policy",
            "module.bastion.aws_iam_role_policy_attachment.ssm_core",
            "module.bastion.aws_instance.bastion",
            "module.bastion.aws_security_group.bastion_sg",
            "module.ecs.aws_cloudwatch_log_group.ecs",
            "module.ecs.aws_ecs_cluster.this",
            "module.ecs.aws_ecs_task_definition.task",
            "module.ecs.aws_iam_role.ecs_task_role",
            "module.ecs.aws_iam_role.task_execution_role",
            "module.ecs.aws_lb.alb",
            "module.ecs.aws_lb_listener.http",
            "module.ecs.aws_lb_listener_rule.gateway_only",
            "module.ecs.aws_lb_target_group.tg",
            "module.ecs.aws_security_group.ecs_sg",
            "module.ecs.aws_service_discovery_private_dns_namespace.ns",
            "module.ecs.aws_service_discovery_service.sd",
            "module.ecs.data.aws_region.current",
            "module.kafka.aws_msk_serverless_cluster.this",
            "module.kafka.aws_security_group.kafka_sg",
            "module.network.aws_subnet.public",
            "module.network.aws_subnet.public_b",
            "module.network.aws_vpc.main",
            "module.rds_core.aws_db_instance.this",
            "module.rds_core.aws_db_subnet_group.this",
            "module.rds_gateway.aws_db_instance.this",
            "module.rds_gateway.aws_db_subnet_group.this",
            "random_password.rds_master_password"
          ]
        },
        {
          "index_key": "gateway",
          "schema_version": 1,
          "attributes": {
            "alarms": [],
            "availability_zone_rebalancing": "DISABLED",
            "capacity_provider_strategy": [],
            "cluster": "arn:aws:ecs:ap-south-1:654654617590:cluster/niura-staging-cluster",
            "deployment_circuit_breaker": [
              {
                "enable": false,
                "rollback": false
              }
            ],
            "deployment_controller": [
              {
                "type": "ECS"
              }
            ],
            "deployment_maximum_percent": 200,
            "deployment_minimum_healthy_percent": 100,
            "desired_count": 1,
            "enable_ecs_managed_tags": false,
            "enable_execute_command": false,
            "force_delete": null,
            "force_new_deployment": true,
            "health_check_grace_period_seconds": 60,
            "iam_role": "/aws-service-role/ecs.amazonaws.com/AWSServiceRoleForECS",
            "id": "arn:aws:ecs:ap-south-1:654654617590:service/niura-staging-cluster/niura-staging-gateway-svc",
            "launch_type": "FARGATE",
            "load_balancer": [
              {
                "container_name": "gateway",
                "container_port": 8000,
                "elb_name": "",
                "target_group_arn": "arn:aws:elasticloadbalancing:ap-south-1:654654617590:targetgroup/niura-staging-gateway-tg/68b77916796244f3"
              }
            ],
            "name": "niura-staging-gateway-svc",
            "network_configuration": [
              {
                "assign_public_ip": true,
                "security_groups": [
                  "sg-0574ef6913dacc18c"
                ],
                "subnets": [
                  "subnet-06b1803f13fbcf912",
                  "subnet-0f00434c33a73657d"
                ]
              }
            ],
            "ordered_placement_strategy": [],
            "placement_constraints": [],
            "platform_version": "LATEST",
            "propagate_tags": "NONE",
            "scheduling_strategy": "REPLICA",
            "service_connect_configuration": [],
            "service_registries": [
              {
                "container_name": "",
                "container_port": 0,
                "port": 0,
                "registry_arn": "arn:aws:servicediscovery:ap-south-1:654654617590:service/srv-vth6z6wxsh5borwz"
              }
            ],
            "tags": {},
            "tags_all": {},
            "task_definition": "arn:aws:ecs:ap-south-1:654654617590:task-definition/niura-staging-gateway:15",
            "timeouts": null,
            "triggers": {},
            "volume_configuration": [],
            "vpc_lattice_configurations": [],
            "wait_for_steady_state": false
          },
          "sensitive_attributes": [],
          "identity_schema_version": 0,
          "private": "eyJlMmJmYjczMC1lY2FhLTExZTYtOGY4OC0zNDM2M2JjN2M0YzAiOnsiY3JlYXRlIjoxMjAwMDAwMDAwMDAwLCJkZWxldGUiOjEyMDAwMDAwMDAwMDAsInVwZGF0ZSI6MTIwMDAwMDAwMDAwMH0sInNjaGVtYV92ZXJzaW9uIjoiMSJ9",
          "dependencies": [
            "data.aws_ami.amazon_linux",
            "data.aws_caller_identity.current",
            "data.aws_region.current",
            "module.bastion.aws_iam_instance_profile.bastion_profile",
            "module.bastion.aws_iam_role.bastion_role",
            "module.bastion.aws_iam_role_policy.bastion_msk_policy",
            "module.bastion.aws_iam_role_policy_attachment.ssm_core",
            "module.bastion.aws_instance.bastion",
            "module.bastion.aws_security_group.bastion_sg",
            "module.ecs.aws_cloudwatch_log_group.ecs",
            "module.ecs.aws_ecs_cluster.this",
            "module.ecs.aws_ecs_task_definition.task",
            "module.ecs.aws_iam_role.ecs_task_role",
            "module.ecs.aws_iam_role.task_execution_role",
            "module.ecs.aws_lb.alb",
            "module.ecs.aws_lb_listener.http",
            "module.ecs.aws_lb_listener_rule.gateway_only",
            "module.ecs.aws_lb_target_group.tg",
            "module.ecs.aws_security_group.ecs_sg",
            "module.ecs.aws_service_discovery_private_dns_namespace.ns",
            "module.ecs.aws_service_discovery_service.sd",
            "module.ecs.data.aws_region.current",
            "module.kafka.aws_msk_serverless_cluster.this",
            "module.kafka.aws_security_group.kafka_sg",
            "module.network.aws_subnet.public",
            "module.network.aws_subnet.public_b",
            "module.network.aws_vpc.main",
            "module.rds_core.aws_db_instance.this",
            "module.rds_core.aws_db_subnet_group.this",
            "module.rds_gateway.aws_db_instance.this",
            "module.rds_gateway.aws_db_subnet_group.this",
            "random_password.rds_master_password"
          ]
        }
      ]
    },
    {
      "module": "module.ecs",
      "mode": "managed",
      "type": "aws_ecs_task_definition",
      "name": "task",
      "provider": "provider[\"registry.terraform.io/hashicorp/aws\"]",
      "instances": [
        {
          "index_key": "core-service",
          "schema_version": 1,
          "attributes": {
            "arn": "arn:aws:ecs:ap-south-1:654654617590:task-definition/niura-staging-core-service:16",
            "arn_without_revision": "arn:aws:ecs:ap-south-1:654654617590:task-definition/niura-staging-core-service",
            "container_definitions": "[{\"environment\":[{\"name\":\"APP_ENV\",\"value\":\"staging\"},{\"name\":\"DATABASE_URL\",\"value\":\"postgresql://postgres:\u003e?{(*Krc6oGnLv3U@niura-core-db.cxgkg220girm.ap-south-1.rds.amazonaws.com:5432/core_db\"},{\"name\":\"ECS_ENABLE_CONTAINER_METADATA\",\"value\":\"true\"},{\"name\":\"ECS_ENABLE_TASK_IAM_ROLE\",\"value\":\"true\"},{\"name\":\"ECS_ENABLE_TASK_IAM_ROLE_NETWORK_HOST\",\"value\":\"true\"},{\"name\":\"KAFKA_BROKER\",\"value\":\"boot-mznm5shf.c1.kafka-serverless.ap-south-1.amazonaws.com:9098\"},{\"name\":\"KAFKA_REGION\",\"value\":\"ap-south-1\"},{\"name\":\"RAW_EEG_BUCKET\",\"value\":\"niura-realtime-raw-eeg\"}],\"essential\":true,\"healthCheck\":{\"command\":[\"CMD-SHELL\",\"curl -f http://localhost:8001/api/health || exit 1\"],\"interval\":30,\"retries\":3,\"startPeriod\":60,\"timeout\":5},\"image\":\"654654617590.dkr.ecr.ap-south-1.amazonaws.com/niura-core-service-staging:latest\",\"logConfiguration\":{\"logDriver\":\"awslogs\",\"options\":{\"awslogs-group\":\"/ecs/niura-staging\",\"awslogs-region\":\"ap-south-1\",\"awslogs-stream-prefix\":\"core-service\"}},\"mountPoints\":[],\"name\":\"core-service\",\"portMappings\":[{\"containerPort\":8001,\"hostPort\":8001,\"protocol\":\"tcp\"}],\"systemControls\":[],\"volumesFrom\":[]}]",
            "cpu": "512",
            "enable_fault_injection": false,
            "ephemeral_storage": [],
            "execution_role_arn": "arn:aws:iam::654654617590:role/niura-staging-ecs-task-exec-role",
            "family": "niura-staging-core-service",
            "id": "niura-staging-core-service",
            "inference_accelerator": [],
            "ipc_mode": "",
            "memory": "1024",
            "network_mode": "awsvpc",
            "pid_mode": "",
            "placement_constraints": [],
            "proxy_configuration": [],
            "requires_compatibilities": [
              "FARGATE"
            ],
            "revision": 16,
            "runtime_platform": [
              {
                "cpu_architecture": "X86_64",
                "operating_system_family": "LINUX"
              }
            ],
            "skip_destroy": false,
            "tags": null,
            "tags_all": {},
            "task_role_arn": "arn:aws:iam::654654617590:role/niura-staging-ecs-task-role",
            "track_latest": false,
            "volume": []
          },
          "sensitive_attributes": [
            [
              {
                "type": "get_attr",
                "value": "container_definitions"
              }
            ]
          ],
          "identity_schema_version": 0,
          "private": "eyJzY2hlbWFfdmVyc2lvbiI6IjEifQ==",
          "dependencies": [
            "data.aws_ami.amazon_linux",
            "data.aws_caller_identity.current",
            "data.aws_region.current",
            "module.bastion.aws_iam_instance_profile.bastion_profile",
            "module.bastion.aws_iam_role.bastion_role",
            "module.bastion.aws_iam_role_policy.bastion_msk_policy",
            "module.bastion.aws_iam_role_policy_attachment.ssm_core",
            "module.bastion.aws_instance.bastion",
            "module.bastion.aws_security_group.bastion_sg",
            "module.ecs.aws_cloudwatch_log_group.ecs",
            "module.ecs.aws_iam_role.ecs_task_role",
            "module.ecs.aws_iam_role.task_execution_role",
            "module.ecs.aws_security_group.ecs_sg",
            "module.ecs.data.aws_region.current",
            "module.kafka.aws_msk_serverless_cluster.this",
            "module.kafka.aws_security_group.kafka_sg",
            "module.network.aws_subnet.public",
            "module.network.aws_subnet.public_b",
            "module.network.aws_vpc.main",
            "module.rds_core.aws_db_instance.this",
            "module.rds_core.aws_db_subnet_group.this",
            "module.rds_gateway.aws_db_instance.this",
            "module.rds_gateway.aws_db_subnet_group.this",
            "random_password.rds_master_password"
          ],
          "create_before_destroy": true
        },
        {
          "index_key": "core-service",
          "deposed": "fcfc0e5f",
          "schema_version": 1,
          "attributes": {
            "arn": "arn:aws:ecs:ap-south-1:654654617590:task-definition/niura-staging-core-service:15",
            "arn_without_revision": "arn:aws:ecs:ap-south-1:654654617590:task-definition/niura-staging-core-service",
            "container_definitions": "[{\"environment\":[{\"name\":\"APP_ENV\",\"value\":\"staging\"},{\"name\":\"DATABASE_URL\",\"value\":\"postgresql://postgres:\u003e?{(*Krc6oGnLv3U@niura-core-db.cxgkg220girm.ap-south-1.rds.amazonaws.com:5432/core_db\"},{\"name\":\"ECS_ENABLE_CONTAINER_METADATA\",\"value\":\"true\"},{\"name\":\"ECS_ENABLE_TASK_IAM_ROLE\",\"value\":\"true\"},{\"name\":\"ECS_ENABLE_TASK_IAM_ROLE_NETWORK_HOST\",\"value\":\"true\"},{\"name\":\"KAFKA_BROKER\",\"value\":\"boot-mznm5shf.c1.kafka-serverless.ap-south-1.amazonaws.com:9098\"},{\"name\":\"KAFKA_REGION\",\"value\":\"ap-south-1\"},{\"name\":\"RAW_EEG_BUCKET\",\"value\":\"niura-realtime-raw-eeg\"}],\"essential\":true,\"healthCheck\":{\"command\":[\"CMD-SHELL\",\"curl -f http://localhost:8001/api/health || exit 1\"],\"interval\":30,\"retries\":3,\"startPeriod\":60,\"timeout\":5},\"image\":\"654654617590.dkr.ecr.ap-south-1.amazonaws.com/niura-core-service-staging:latest\",\"logConfiguration\":{\"logDriver\":\"awslogs\",\"options\":{\"awslogs-stream-prefix\":\"core-service\",\"awslogs-group\":\"/ecs/niura-staging\",\"awslogs-region\":\"ap-south-1\"}},\"mountPoints\":[],\"name\":\"core-service\",\"portMappings\":[{\"containerPort\":8001,\"hostPort\":8001,\"protocol\":\"tcp\"}],\"systemControls\":[],\"volumesFrom\":[]}]",
            "cpu": "512",
            "enable_fault_injection": false,
            "ephemeral_storage": [],
            "execution_role_arn": "arn:aws:iam::654654617590:role/niura-staging-ecs-task-exec-role",
            "family": "niura-staging-core-service",
            "id": "niura-staging-core-service",
            "inference_accelerator": [],
            "ipc_mode": "",
            "memory": "1024",
            "network_mode": "awsvpc",
            "pid_mode": "",
            "placement_constraints": [],
            "proxy_configuration": [],
            "requires_compatibilities": [
              "FARGATE"
            ],
            "revision": 15,
            "runtime_platform": [
              {
                "cpu_architecture": "X86_64",
                "operating_system_family": "LINUX"
              }
            ],
            "skip_destroy": false,
            "tags": {},
            "tags_all": {},
            "task_role_arn": "arn:aws:iam::654654617590:role/niura-staging-ecs-task-role",
            "track_latest": false,
            "volume": []
          },
          "sensitive_attributes": [
            [
              {
                "type": "get_attr",
                "value": "container_definitions"
              }
            ]
          ],
          "identity_schema_version": 0,
          "private": "eyJzY2hlbWFfdmVyc2lvbiI6IjEifQ==",
          "dependencies": [
            "data.aws_ami.amazon_linux",
            "data.aws_caller_identity.current",
            "data.aws_region.current",
            "module.bastion.aws_iam_instance_profile.bastion_profile",
            "module.bastion.aws_iam_role.bastion_role",
            "module.bastion.aws_iam_role_policy.bastion_msk_policy",
            "module.bastion.aws_iam_role_policy_attachment.ssm_core",
            "module.bastion.aws_instance.bastion",
            "module.bastion.aws_security_group.bastion_sg",
            "module.ecs.aws_cloudwatch_log_group.ecs",
            "module.ecs.aws_iam_role.ecs_task_role",
            "module.ecs.aws_iam_role.task_execution_role",
            "module.ecs.aws_security_group.ecs_sg",
            "module.ecs.data.aws_region.current",
            "module.kafka.aws_msk_serverless_cluster.this",
            "module.kafka.aws_security_group.kafka_sg",
            "module.network.aws_subnet.public",
            "module.network.aws_subnet.public_b",
            "module.network.aws_vpc.main",
            "module.rds_core.aws_db_instance.this",
            "module.rds_core.aws_db_subnet_group.this",
            "module.rds_gateway.aws_db_instance.this",
            "module.rds_gateway.aws_db_subnet_group.this",
            "random_password.rds_master_password"
          ],
          "create_before_destroy": true
        },
        {
          "index_key": "eeg-service",
          "schema_version": 1,
          "attributes": {
            "arn": "arn:aws:ecs:ap-south-1:654654617590:task-definition/niura-staging-eeg-service:12",
            "arn_without_revision": "arn:aws:ecs:ap-south-1:654654617590:task-definition/niura-staging-eeg-service",
            "container_definitions": "[{\"environment\":[{\"name\":\"APP_ENV\",\"value\":\"staging\"},{\"name\":\"ECS_ENABLE_CONTAINER_METADATA\",\"value\":\"true\"},{\"name\":\"ECS_ENABLE_TASK_IAM_ROLE\",\"value\":\"true\"},{\"name\":\"ECS_ENABLE_TASK_IAM_ROLE_NETWORK_HOST\",\"value\":\"true\"},{\"name\":\"KAFKA_BROKER\",\"value\":\"boot-mznm5shf.c1.kafka-serverless.ap-south-1.amazonaws.com:9098\"},{\"name\":\"KAFKA_REGION\",\"value\":\"ap-south-1\"},{\"name\":\"RAW_EEG_BUCKET\",\"value\":\"niura-realtime-raw-eeg\"}],\"essential\":true,\"healthCheck\":{\"command\":[\"CMD-SHELL\",\"curl -f http://localhost:8002/api/health || exit 1\"],\"interval\":30,\"retries\":3,\"startPeriod\":60,\"timeout\":5},\"image\":\"654654617590.dkr.ecr.ap-south-1.amazonaws.com/niura-eeg-service-staging:latest\",\"logConfiguration\":{\"logDriver\":\"awslogs\",\"options\":{\"awslogs-stream-prefix\":\"eeg-service\",\"awslogs-group\":\"/ecs/niura-staging\",\"awslogs-region\":\"ap-south-1\"}},\"mountPoints\":[],\"name\":\"eeg-service\",\"portMappings\":[{\"containerPort\":8002,\"hostPort\":8002,\"protocol\":\"tcp\"}],\"systemControls\":[],\"volumesFrom\":[]}]",
            "cpu": "512",
            "enable_fault_injection": false,
            "ephemeral_storage": [],
            "execution_role_arn": "arn:aws:iam::654654617590:role/niura-staging-ecs-task-exec-role",
            "family": "niura-staging-eeg-service",
            "id": "niura-staging-eeg-service",
            "inference_accelerator": [],
            "ipc_mode": "",
            "memory": "1024",
            "network_mode": "awsvpc",
            "pid_mode": "",
            "placement_constraints": [],
            "proxy_configuration": [],
            "requires_compatibilities": [
              "FARGATE"
            ],
            "revision": 12,
            "runtime_platform": [
              {
                "cpu_architecture": "X86_64",
                "operating_system_family": "LINUX"
              }
            ],
            "skip_destroy": false,
            "tags": null,
            "tags_all": {},
            "task_role_arn": "arn:aws:iam::654654617590:role/niura-staging-ecs-task-role",
            "track_latest": false,
            "volume": []
          },
          "sensitive_attributes": [],
          "identity_schema_version": 0,
          "private": "eyJzY2hlbWFfdmVyc2lvbiI6IjEifQ==",
          "dependencies": [
            "data.aws_ami.amazon_linux",
            "data.aws_caller_identity.current",
            "data.aws_region.current",
            "module.bastion.aws_iam_instance_profile.bastion_profile",
            "module.bastion.aws_iam_role.bastion_role",
            "module.bastion.aws_iam_role_policy.bastion_msk_policy",
            "module.bastion.aws_iam_role_policy_attachment.ssm_core",
            "module.bastion.aws_instance.bastion",
            "module.bastion.aws_security_group.bastion_sg",
            "module.ecs.aws_cloudwatch_log_group.ecs",
            "module.ecs.aws_iam_role.ecs_task_role",
            "module.ecs.aws_iam_role.task_execution_role",
            "module.ecs.aws_security_group.ecs_sg",
            "module.ecs.data.aws_region.current",
            "module.kafka.aws_msk_serverless_cluster.this",
            "module.kafka.aws_security_group.kafka_sg",
            "module.network.aws_subnet.public",
            "module.network.aws_subnet.public_b",
            "module.network.aws_vpc.main",
            "module.rds_core.aws_db_instance.this",
            "module.rds_core.aws_db_subnet_group.this",
            "module.rds_gateway.aws_db_instance.this",
            "module.rds_gateway.aws_db_subnet_group.this",
            "random_password.rds_master_password"
          ],
          "create_before_destroy": true
        },
        {
          "index_key": "eeg-service",
          "deposed": "b0318250",
          "schema_version": 1,
          "attributes": {
            "arn": "arn:aws:ecs:ap-south-1:654654617590:task-definition/niura-staging-eeg-service:11",
            "arn_without_revision": "arn:aws:ecs:ap-south-1:654654617590:task-definition/niura-staging-eeg-service",
            "container_definitions": "[{\"environment\":[{\"name\":\"APP_ENV\",\"value\":\"staging\"},{\"name\":\"ECS_ENABLE_CONTAINER_METADATA\",\"value\":\"true\"},{\"name\":\"ECS_ENABLE_TASK_IAM_ROLE\",\"value\":\"true\"},{\"name\":\"ECS_ENABLE_TASK_IAM_ROLE_NETWORK_HOST\",\"value\":\"true\"},{\"name\":\"KAFKA_BROKER\",\"value\":\"boot-mznm5shf.c1.kafka-serverless.ap-south-1.amazonaws.com:9098\"},{\"name\":\"KAFKA_REGION\",\"value\":\"ap-south-1\"},{\"name\":\"RAW_EEG_BUCKET\",\"value\":\"niura-realtime-raw-eeg\"}],\"essential\":true,\"healthCheck\":{\"command\":[\"CMD-SHELL\",\"curl -f http://localhost:8002/api/health || exit 1\"],\"interval\":30,\"retries\":3,\"startPeriod\":60,\"timeout\":5},\"image\":\"654654617590.dkr.ecr.ap-south-1.amazonaws.com/niura-eeg-service-staging:latest\",\"logConfiguration\":{\"logDriver\":\"awslogs\",\"options\":{\"awslogs-group\":\"/ecs/niura-staging\",\"awslogs-region\":\"ap-south-1\",\"awslogs-stream-prefix\":\"eeg-service\"}},\"mountPoints\":[],\"name\":\"eeg-service\",\"portMappings\":[{\"containerPort\":8002,\"hostPort\":8002,\"protocol\":\"tcp\"}],\"systemControls\":[],\"volumesFrom\":[]}]",
            "cpu": "512",
            "enable_fault_injection": false,
            "ephemeral_storage": [],
            "execution_role_arn": "arn:aws:iam::654654617590:role/niura-staging-ecs-task-exec-role",
            "family": "niura-staging-eeg-service",
            "id": "niura-staging-eeg-service",
            "inference_accelerator": [],
            "ipc_mode": "",
            "memory": "1024",
            "network_mode": "awsvpc",
            "pid_mode": "",
            "placement_constraints": [],
            "proxy_configuration": [],
            "requires_compatibilities": [
              "FARGATE"
            ],
            "revision": 11,
            "runtime_platform": [
              {
                "cpu_architecture": "X86_64",
                "operating_system_family": "LINUX"
              }
            ],
            "skip_destroy": false,
            "tags": {},
            "tags_all": {},
            "task_role_arn": "arn:aws:iam::654654617590:role/niura-staging-ecs-task-role",
            "track_latest": false,
            "volume": []
          },
          "sensitive_attributes": [],
          "identity_schema_version": 0,
          "private": "eyJzY2hlbWFfdmVyc2lvbiI6IjEifQ==",
          "dependencies": [
            "data.aws_ami.amazon_linux",
            "data.aws_caller_identity.current",
            "data.aws_region.current",
            "module.bastion.aws_iam_instance_profile.bastion_profile",
            "module.bastion.aws_iam_role.bastion_role",
            "module.bastion.aws_iam_role_policy.bastion_msk_policy",
            "module.bastion.aws_iam_role_policy_attachment.ssm_core",
            "module.bastion.aws_instance.bastion",
            "module.bastion.aws_security_group.bastion_sg",
            "module.ecs.aws_cloudwatch_log_group.ecs",
            "module.ecs.aws_iam_role.ecs_task_role",
            "module.ecs.aws_iam_role.task_execution_role",
            "module.ecs.aws_security_group.ecs_sg",
            "module.ecs.data.aws_region.current",
            "module.kafka.aws_msk_serverless_cluster.this",
            "module.kafka.aws_security_group.kafka_sg",
            "module.network.aws_subnet.public",
            "module.network.aws_subnet.public_b",
            "module.network.aws_vpc.main",
            "module.rds_core.aws_db_instance.this",
            "module.rds_core.aws_db_subnet_group.this",
            "module.rds_gateway.aws_db_instance.this",
            "module.rds_gateway.aws_db_subnet_group.this",
            "random_password.rds_master_password"
          ],
          "create_before_destroy": true
        },
        {
          "index_key": "gateway",
          "schema_version": 1,
          "attributes": {
            "arn": "arn:aws:ecs:ap-south-1:654654617590:task-definition/niura-staging-gateway:15",
            "arn_without_revision": "arn:aws:ecs:ap-south-1:654654617590:task-definition/niura-staging-gateway",
            "container_definitions": "[{\"environment\":[{\"name\":\"APP_ENV\",\"value\":\"staging\"},{\"name\":\"CORE_SERVICE_URL\",\"value\":\"http://core-service.niura-staging.internal:8001\"},{\"name\":\"DATABASE_URL\",\"value\":\"postgresql://postgres:\u003e?{(*Krc6oGnLv3U@niura-gateway-db.cxgkg220girm.ap-south-1.rds.amazonaws.com:5432/gateway_db\"},{\"name\":\"ECS_ENABLE_CONTAINER_METADATA\",\"value\":\"true\"},{\"name\":\"ECS_ENABLE_TASK_IAM_ROLE\",\"value\":\"true\"},{\"name\":\"ECS_ENABLE_TASK_IAM_ROLE_NETWORK_HOST\",\"value\":\"true\"},{\"name\":\"EEG_SERVICE_URL\",\"value\":\"http://eeg-service.niura-staging.internal:8002\"},{\"name\":\"ENVIRONMENT\",\"value\":\"staging\"},{\"name\":\"JWT_SECRET_KEY\",\"value\":\"Niura-Secret-Key\"},{\"name\":\"KAFKA_BROKER\",\"value\":\"boot-mznm5shf.c1.kafka-serverless.ap-south-1.amazonaws.com:9098\"},{\"name\":\"KAFKA_REGION\",\"value\":\"ap-south-1\"},{\"name\":\"RAW_EEG_BUCKET\",\"value\":\"niura-realtime-raw-eeg\"}],\"essential\":true,\"healthCheck\":{\"command\":[\"CMD-SHELL\",\"curl -f http://localhost:8000/api/health || exit 1\"],\"interval\":30,\"retries\":3,\"startPeriod\":60,\"timeout\":5},\"image\":\"654654617590.dkr.ecr.ap-south-1.amazonaws.com/niura-gateway-staging:latest\",\"logConfiguration\":{\"logDriver\":\"awslogs\",\"options\":{\"awslogs-group\":\"/ecs/niura-staging\",\"awslogs-region\":\"ap-south-1\",\"awslogs-stream-prefix\":\"gateway\"}},\"mountPoints\":[],\"name\":\"gateway\",\"portMappings\":[{\"containerPort\":8000,\"hostPort\":8000,\"protocol\":\"tcp\"}],\"systemControls\":[],\"volumesFrom\":[]}]",
            "cpu": "512",
            "enable_fault_injection": false,
            "ephemeral_storage": [],
            "execution_role_arn": "arn:aws:iam::654654617590:role/niura-staging-ecs-task-exec-role",
            "family": "niura-staging-gateway",
            "id": "niura-staging-gateway",
            "inference_accelerator": [],
            "ipc_mode": "",
            "memory": "1024",
            "network_mode": "awsvpc",
            "pid_mode": "",
            "placement_constraints": [],
            "proxy_configuration": [],
            "requires_compatibilities": [
              "FARGATE"
            ],
            "revision": 15,
            "runtime_platform": [
              {
                "cpu_architecture": "X86_64",
                "operating_system_family": "LINUX"
              }
            ],
            "skip_destroy": false,
            "tags": null,
            "tags_all": {},
            "task_role_arn": "arn:aws:iam::654654617590:role/niura-staging-ecs-task-role",
            "track_latest": false,
            "volume": []
          },
          "sensitive_attributes": [
            [
              {
                "type": "get_attr",
                "value": "container_definitions"
              }
            ]
          ],
          "identity_schema_version": 0,
          "private": "eyJzY2hlbWFfdmVyc2lvbiI6IjEifQ==",
          "dependencies": [
            "data.aws_ami.amazon_linux",
            "data.aws_caller_identity.current",
            "data.aws_region.current",
            "module.bastion.aws_iam_instance_profile.bastion_profile",
            "module.bastion.aws_iam_role.bastion_role",
            "module.bastion.aws_iam_role_policy.bastion_msk_policy",
            "module.bastion.aws_iam_role_policy_attachment.ssm_core",
            "module.bastion.aws_instance.bastion",
            "module.bastion.aws_security_group.bastion_sg",
            "module.ecs.aws_cloudwatch_log_group.ecs",
            "module.ecs.aws_iam_role.ecs_task_role",
            "module.ecs.aws_iam_role.task_execution_role",
            "module.ecs.aws_security_group.ecs_sg",
            "module.ecs.data.aws_region.current",
            "module.kafka.aws_msk_serverless_cluster.this",
            "module.kafka.aws_security_group.kafka_sg",
            "module.network.aws_subnet.public",
            "module.network.aws_subnet.public_b",
            "module.network.aws_vpc.main",
            "module.rds_core.aws_db_instance.this",
            "module.rds_core.aws_db_subnet_group.this",
            "module.rds_gateway.aws_db_instance.this",
            "module.rds_gateway.aws_db_subnet_group.this",
            "random_password.rds_master_password"
          ],
          "create_before_destroy": true
        },
        {
          "index_key": "gateway",
          "deposed": "3c89f6cd",
          "schema_version": 1,
          "attributes": {
            "arn": "arn:aws:ecs:ap-south-1:654654617590:task-definition/niura-staging-gateway:14",
            "arn_without_revision": "arn:aws:ecs:ap-south-1:654654617590:task-definition/niura-staging-gateway",
            "container_definitions": "[{\"environment\":[{\"name\":\"APP_ENV\",\"value\":\"staging\"},{\"name\":\"CORE_SERVICE_URL\",\"value\":\"http://core-service.niura-staging.internal:8001\"},{\"name\":\"DATABASE_URL\",\"value\":\"postgresql://postgres:\u003e?{(*Krc6oGnLv3U@niura-gateway-db.cxgkg220girm.ap-south-1.rds.amazonaws.com:5432/gateway_db\"},{\"name\":\"ECS_ENABLE_CONTAINER_METADATA\",\"value\":\"true\"},{\"name\":\"ECS_ENABLE_TASK_IAM_ROLE\",\"value\":\"true\"},{\"name\":\"ECS_ENABLE_TASK_IAM_ROLE_NETWORK_HOST\",\"value\":\"true\"},{\"name\":\"EEG_SERVICE_URL\",\"value\":\"http://eeg-service.niura-staging.internal:8002\"},{\"name\":\"ENVIRONMENT\",\"value\":\"staging\"},{\"name\":\"JWT_SECRET_KEY\",\"value\":\"Niura-Secret-Key\"},{\"name\":\"KAFKA_BROKER\",\"value\":\"boot-mznm5shf.c1.kafka-serverless.ap-south-1.amazonaws.com:9098\"},{\"name\":\"KAFKA_REGION\",\"value\":\"ap-south-1\"},{\"name\":\"RAW_EEG_BUCKET\",\"value\":\"niura-realtime-raw-eeg\"}],\"essential\":true,\"healthCheck\":{\"command\":[\"CMD-SHELL\",\"curl -f http://localhost:8000/api/health || exit 1\"],\"interval\":30,\"retries\":3,\"startPeriod\":60,\"timeout\":5},\"image\":\"654654617590.dkr.ecr.ap-south-1.amazonaws.com/niura-gateway-staging:latest\",\"logConfiguration\":{\"logDriver\":\"awslogs\",\"options\":{\"awslogs-group\":\"/ecs/niura-staging\",\"awslogs-region\":\"ap-south-1\",\"awslogs-stream-prefix\":\"gateway\"}},\"mountPoints\":[],\"name\":\"gateway\",\"portMappings\":[{\"containerPort\":8000,\"hostPort\":8000,\"protocol\":\"tcp\"}],\"systemControls\":[],\"volumesFrom\":[]}]",
            "cpu": "512",
            "enable_fault_injection": false,
            "ephemeral_storage": [],
            "execution_role_arn": "arn:aws:iam::654654617590:role/niura-staging-ecs-task-exec-role",
            "family": "niura-staging-gateway",
            "id": "niura-staging-gateway",
            "inference_accelerator": [],
            "ipc_mode": "",
            "memory": "1024",
            "network_mode": "awsvpc",
            "pid_mode": "",
            "placement_constraints": [],
            "proxy_configuration": [],
            "requires_compatibilities": [
              "FARGATE"
            ],
            "revision": 14,
            "runtime_platform": [
              {
                "cpu_architecture": "X86_64",
                "operating_system_family": "LINUX"
              }
            ],
            "skip_destroy": false,
            "tags": {},
            "tags_all": {},
            "task_role_arn": "arn:aws:iam::654654617590:role/niura-staging-ecs-task-role",
            "track_latest": false,
            "volume": []
          },
          "sensitive_attributes": [
            [
              {
                "type": "get_attr",
                "value": "container_definitions"
              }
            ]
          ],
          "identity_schema_version": 0,
          "private": "eyJzY2hlbWFfdmVyc2lvbiI6IjEifQ==",
          "dependencies": [
            "data.aws_ami.amazon_linux",
            "data.aws_caller_identity.current",
            "data.aws_region.current",
            "module.bastion.aws_iam_instance_profile.bastion_profile",
            "module.bastion.aws_iam_role.bastion_role",
            "module.bastion.aws_iam_role_policy.bastion_msk_policy",
            "module.bastion.aws_iam_role_policy_attachment.ssm_core",
            "module.bastion.aws_instance.bastion",
            "module.bastion.aws_security_group.bastion_sg",
            "module.ecs.aws_cloudwatch_log_group.ecs",
            "module.ecs.aws_iam_role.ecs_task_role",
            "module.ecs.aws_iam_role.task_execution_role",
            "module.ecs.aws_security_group.ecs_sg",
            "module.ecs.data.aws_region.current",
            "module.kafka.aws_msk_serverless_cluster.this",
            "module.kafka.aws_security_group.kafka_sg",
            "module.network.aws_subnet.public",
            "module.network.aws_subnet.public_b",
            "module.network.aws_vpc.main",
            "module.rds_core.aws_db_instance.this",
            "module.rds_core.aws_db_subnet_group.this",
            "module.rds_gateway.aws_db_instance.this",
            "module.rds_gateway.aws_db_subnet_group.this",
            "random_password.rds_master_password"
          ],
          "create_before_destroy": true
        }
      ]
    },
    {
      "module": "module.ecs",
      "mode": "managed",
      "type": "aws_iam_role",
      "name": "ecs_task_role",
      "provider": "provider[\"registry.terraform.io/hashicorp/aws\"]",
      "instances": [
        {
          "schema_version": 0,
          "attributes": {
            "arn": "arn:aws:iam::654654617590:role/niura-staging-ecs-task-role",
            "assume_role_policy": "{\"Statement\":[{\"Action\":\"sts:AssumeRole\",\"Effect\":\"Allow\",\"Principal\":{\"Service\":\"ecs-tasks.amazonaws.com\"}}],\"Version\":\"2012-10-17\"}",
            "create_date": "2025-11-06T10:42:05Z",
            "description": "",
            "force_detach_policies": false,
            "id": "niura-staging-ecs-task-role",
            "inline_policy": [
              {
                "name": "niura-eeg-realtime-s3-policy",
                "policy": "{\"Version\":\"2012-10-17\",\"Statement\":[{\"Action\":[\"s3:PutObject\"],\"Effect\":\"Allow\",\"Resource\":\"arn:aws:s3:::niura-realtime-raw-eeg/*\"}]}"
              },
              {
                "name": "niura-staging-msk-policy",
                "policy": "{\"Version\":\"2012-10-17\",\"Statement\":[{\"Action\":[\"kafka-cluster:Connect\",\"kafka-cluster:DescribeCluster\"],\"Effect\":\"Allow\",\"Resource\":[\"arn:aws:kafka:ap-south-1:654654617590:cluster/niura-staging-msk-sls/10fe44b8-4a96-49d4-bee9-cbc5d8b7126e-s1\"]},{\"Action\":[\"kafka-cluster:DescribeTopic\",\"kafka-cluster:CreateTopic\",\"kafka-cluster:WriteData\",\"kafka-cluster:ReadData\"],\"Effect\":\"Allow\",\"Resource\":[\"arn:aws:kafka:ap-south-1:*:topic/*/*/*\"]},{\"Action\":[\"kafka-cluster:AlterGroup\",\"kafka-cluster:DescribeGroup\"],\"Effect\":\"Allow\",\"Resource\":[\"arn:aws:kafka:ap-south-1:*:group/*/*/*\"]}]}"
              }
            ],
            "managed_policy_arns": [
              "arn:aws:iam::aws:policy/AmazonSSMManagedInstanceCore",
              "arn:aws:iam::aws:policy/service-role/AmazonECSTaskExecutionRolePolicy"
            ],
            "max_session_duration": 3600,
            "name": "niura-staging-ecs-task-role",
            "name_prefix": "",
            "path": "/",
            "permissions_boundary": "",
            "tags": {},
            "tags_all": {},
            "unique_id": "AROAZQ3DUW73K4HMDC7OQ"
          },
          "sensitive_attributes": [],
          "identity_schema_version": 0,
          "private": "eyJzY2hlbWFfdmVyc2lvbiI6IjAifQ==",
          "dependencies": [
            "data.aws_ami.amazon_linux",
            "module.bastion.aws_iam_instance_profile.bastion_profile",
            "module.bastion.aws_iam_role.bastion_role",
            "module.bastion.aws_iam_role_policy.bastion_msk_policy",
            "module.bastion.aws_iam_role_policy_attachment.ssm_core",
            "module.bastion.aws_instance.bastion",
            "module.bastion.aws_security_group.bastion_sg",
            "module.kafka.aws_msk_serverless_cluster.this",
            "module.kafka.aws_security_group.kafka_sg",
            "module.network.aws_subnet.public",
            "module.network.aws_subnet.public_b",
            "module.network.aws_vpc.main"
          ],
          "create_before_destroy": true
        }
      ]
    },
    {
      "module": "module.ecs",
      "mode": "managed",
      "type": "aws_iam_role",
      "name": "task_execution_role",
      "provider": "provider[\"registry.terraform.io/hashicorp/aws\"]",
      "instances": [
        {
          "schema_version": 0,
          "attributes": {
            "arn": "arn:aws:iam::654654617590:role/niura-staging-ecs-task-exec-role",
            "assume_role_policy": "{\"Statement\":[{\"Action\":\"sts:AssumeRole\",\"Effect\":\"Allow\",\"Principal\":{\"Service\":\"ecs-tasks.amazonaws.com\"}}],\"Version\":\"2012-10-17\"}",
            "create_date": "2025-10-22T09:04:16Z",
            "description": "",
            "force_detach_policies": false,
            "id": "niura-staging-ecs-task-exec-role",
            "inline_policy": [],
            "managed_policy_arns": [
              "arn:aws:iam::aws:policy/AmazonSSMManagedInstanceCore",
              "arn:aws:iam::aws:policy/service-role/AmazonECSTaskExecutionRolePolicy"
            ],
            "max_session_duration": 3600,
            "name": "niura-staging-ecs-task-exec-role",
            "name_prefix": "",
            "path": "/",
            "permissions_boundary": "",
            "tags": {},
            "tags_all": {},
            "unique_id": "AROAZQ3DUW73AX3KLU3IH"
          },
          "sensitive_attributes": [],
          "identity_schema_version": 0,
          "private": "bnVsbA==",
          "dependencies": [
            "data.aws_ami.amazon_linux",
            "module.bastion.aws_iam_instance_profile.bastion_profile",
            "module.bastion.aws_iam_role.bastion_role",
            "module.bastion.aws_iam_role_policy.bastion_msk_policy",
            "module.bastion.aws_iam_role_policy_attachment.ssm_core",
            "module.bastion.aws_instance.bastion",
            "module.bastion.aws_security_group.bastion_sg",
            "module.kafka.aws_msk_serverless_cluster.this",
            "module.kafka.aws_security_group.kafka_sg",
            "module.network.aws_subnet.public",
            "module.network.aws_subnet.public_b",
            "module.network.aws_vpc.main"
          ],
          "create_before_destroy": true
        }
      ]
    },
    {
      "module": "module.ecs",
      "mode": "managed",
      "type": "aws_iam_role_policy",
      "name": "ecs_task_msk_policy",
      "provider": "provider[\"registry.terraform.io/hashicorp/aws\"]",
      "instances": [
        {
          "index_key": 0,
          "schema_version": 0,
          "attributes": {
            "id": "niura-staging-ecs-task-role:niura-staging-msk-policy",
            "name": "niura-staging-msk-policy",
            "name_prefix": "",
            "policy": "{\"Version\":\"2012-10-17\",\"Statement\":[{\"Action\":[\"kafka-cluster:Connect\",\"kafka-cluster:DescribeCluster\"],\"Effect\":\"Allow\",\"Resource\":[\"arn:aws:kafka:ap-south-1:654654617590:cluster/niura-staging-msk-sls/10fe44b8-4a96-49d4-bee9-cbc5d8b7126e-s1\"]},{\"Action\":[\"kafka-cluster:DescribeTopic\",\"kafka-cluster:CreateTopic\",\"kafka-cluster:WriteData\",\"kafka-cluster:ReadData\"],\"Effect\":\"Allow\",\"Resource\":[\"arn:aws:kafka:ap-south-1:*:topic/*/*/*\"]},{\"Action\":[\"kafka-cluster:AlterGroup\",\"kafka-cluster:DescribeGroup\"],\"Effect\":\"Allow\",\"Resource\":[\"arn:aws:kafka:ap-south-1:*:group/*/*/*\"]}]}",
            "role": "niura-staging-ecs-task-role"
          },
          "sensitive_attributes": [],
          "identity_schema_version": 0,
          "private": "bnVsbA==",
          "dependencies": [
            "data.aws_ami.amazon_linux",
            "module.bastion.aws_iam_instance_profile.bastion_profile",
            "module.bastion.aws_iam_role.bastion_role",
            "module.bastion.aws_iam_role_policy.bastion_msk_policy",
            "module.bastion.aws_iam_role_policy_attachment.ssm_core",
            "module.bastion.aws_instance.bastion",
            "module.bastion.aws_security_group.bastion_sg",
            "module.ecs.aws_iam_role.ecs_task_role",
            "module.ecs.data.aws_region.current",
            "module.kafka.aws_msk_serverless_cluster.this",
            "module.kafka.aws_security_group.kafka_sg",
            "module.network.aws_subnet.public",
            "module.network.aws_subnet.public_b",
            "module.network.aws_vpc.main"
          ]
        }
      ]
    },
    {
      "module": "module.ecs",
      "mode": "managed",
      "type": "aws_iam_role_policy_attachment",
      "name": "task_exec_ecr",
      "provider": "provider[\"registry.terraform.io/hashicorp/aws\"]",
      "instances": [
        {
          "schema_version": 0,
          "attributes": {
            "id": "niura-staging-ecs-task-exec-role-20251022090417928300000001",
            "policy_arn": "arn:aws:iam::aws:policy/service-role/AmazonECSTaskExecutionRolePolicy",
            "role": "niura-staging-ecs-task-exec-role"
          },
          "sensitive_attributes": [],
          "identity_schema_version": 0,
          "private": "bnVsbA==",
          "dependencies": [
            "data.aws_ami.amazon_linux",
            "module.bastion.aws_iam_instance_profile.bastion_profile",
            "module.bastion.aws_iam_role.bastion_role",
            "module.bastion.aws_iam_role_policy.bastion_msk_policy",
            "module.bastion.aws_iam_role_policy_attachment.ssm_core",
            "module.bastion.aws_instance.bastion",
            "module.bastion.aws_security_group.bastion_sg",
            "module.ecs.aws_iam_role.task_execution_role",
            "module.kafka.aws_msk_serverless_cluster.this",
            "module.kafka.aws_security_group.kafka_sg",
            "module.network.aws_subnet.public",
            "module.network.aws_subnet.public_b",
            "module.network.aws_vpc.main"
          ]
        }
      ]
    },
    {
      "module": "module.ecs",
      "mode": "managed",
      "type": "aws_lb",
      "name": "alb",
      "provider": "provider[\"registry.terraform.io/hashicorp/aws\"]",
      "instances": [
        {
          "schema_version": 0,
          "attributes": {
            "access_logs": [
              {
                "bucket": "",
                "enabled": false,
                "prefix": ""
              }
            ],
            "arn": "arn:aws:elasticloadbalancing:ap-south-1:654654617590:loadbalancer/app/niura-staging-alb/aa1fe40b0a998a86",
            "arn_suffix": "app/niura-staging-alb/aa1fe40b0a998a86",
            "client_keep_alive": 3600,
            "connection_logs": [
              {
                "bucket": "",
                "enabled": false,
                "prefix": ""
              }
            ],
            "customer_owned_ipv4_pool": "",
            "desync_mitigation_mode": "defensive",
            "dns_name": "niura-staging-alb-1424214904.ap-south-1.elb.amazonaws.com",
            "dns_record_client_routing_policy": null,
            "drop_invalid_header_fields": false,
            "enable_cross_zone_load_balancing": true,
            "enable_deletion_protection": false,
            "enable_http2": true,
            "enable_tls_version_and_cipher_suite_headers": false,
            "enable_waf_fail_open": false,
            "enable_xff_client_port": false,
            "enable_zonal_shift": false,
            "enforce_security_group_inbound_rules_on_private_link_traffic": "",
            "id": "arn:aws:elasticloadbalancing:ap-south-1:654654617590:loadbalancer/app/niura-staging-alb/aa1fe40b0a998a86",
            "idle_timeout": 60,
            "internal": false,
            "ip_address_type": "ipv4",
            "ipam_pools": [],
            "load_balancer_type": "application",
            "minimum_load_balancer_capacity": [],
            "name": "niura-staging-alb",
            "name_prefix": "",
            "preserve_host_header": false,
            "security_groups": [
              "sg-0f33d7dcaaf41c381"
            ],
            "subnet_mapping": [
              {
                "allocation_id": "",
                "ipv6_address": "",
                "outpost_id": "",
                "private_ipv4_address": "",
                "subnet_id": "subnet-06b1803f13fbcf912"
              },
              {
                "allocation_id": "",
                "ipv6_address": "",
                "outpost_id": "",
                "private_ipv4_address": "",
                "subnet_id": "subnet-0f00434c33a73657d"
              }
            ],
            "subnets": [
              "subnet-06b1803f13fbcf912",
              "subnet-0f00434c33a73657d"
            ],
            "tags": {
              "Name": "niura-staging-alb",
              "Project": "niura"
            },
            "tags_all": {
              "Name": "niura-staging-alb",
              "Project": "niura"
            },
            "timeouts": null,
            "vpc_id": "vpc-0898d281454e7c377",
            "xff_header_processing_mode": "append",
            "zone_id": "ZP97RAFLXTNZK"
          },
          "sensitive_attributes": [],
          "identity_schema_version": 0,
          "private": "eyJlMmJmYjczMC1lY2FhLTExZTYtOGY4OC0zNDM2M2JjN2M0YzAiOnsiY3JlYXRlIjo2MDAwMDAwMDAwMDAsImRlbGV0ZSI6NjAwMDAwMDAwMDAwLCJ1cGRhdGUiOjYwMDAwMDAwMDAwMH19",
          "dependencies": [
            "data.aws_ami.amazon_linux",
            "module.bastion.aws_iam_instance_profile.bastion_profile",
            "module.bastion.aws_iam_role.bastion_role",
            "module.bastion.aws_iam_role_policy.bastion_msk_policy",
            "module.bastion.aws_iam_role_policy_attachment.ssm_core",
            "module.bastion.aws_instance.bastion",
            "module.bastion.aws_security_group.bastion_sg",
            "module.kafka.aws_msk_serverless_cluster.this",
            "module.kafka.aws_security_group.kafka_sg",
            "module.network.aws_subnet.public",
            "module.network.aws_subnet.public_b",
            "module.network.aws_vpc.main"
          ]
        }
      ]
    },
    {
      "module": "module.ecs",
      "mode": "managed",
      "type": "aws_lb_listener",
      "name": "http",
      "provider": "provider[\"registry.terraform.io/hashicorp/aws\"]",
      "instances": [
        {
          "schema_version": 0,
          "attributes": {
            "alpn_policy": null,
            "arn": "arn:aws:elasticloadbalancing:ap-south-1:654654617590:listener/app/niura-staging-alb/aa1fe40b0a998a86/5534796c28ea74b6",
            "certificate_arn": null,
            "default_action": [
              {
                "authenticate_cognito": [],
                "authenticate_oidc": [],
                "fixed_response": [
                  {
                    "content_type": "text/plain",
                    "message_body": "No service matched",
                    "status_code": "404"
                  }
                ],
                "forward": [],
                "order": 1,
                "redirect": [],
                "target_group_arn": "",
                "type": "fixed-response"
              }
            ],
            "id": "arn:aws:elasticloadbalancing:ap-south-1:654654617590:listener/app/niura-staging-alb/aa1fe40b0a998a86/5534796c28ea74b6",
            "load_balancer_arn": "arn:aws:elasticloadbalancing:ap-south-1:654654617590:loadbalancer/app/niura-staging-alb/aa1fe40b0a998a86",
            "mutual_authentication": [],
            "port": 80,
            "protocol": "HTTP",
            "routing_http_request_x_amzn_mtls_clientcert_header_name": null,
            "routing_http_request_x_amzn_mtls_clientcert_issuer_header_name": null,
            "routing_http_request_x_amzn_mtls_clientcert_leaf_header_name": null,
            "routing_http_request_x_amzn_mtls_clientcert_serial_number_header_name": null,
            "routing_http_request_x_amzn_mtls_clientcert_subject_header_name": null,
            "routing_http_request_x_amzn_mtls_clientcert_validity_header_name": null,
            "routing_http_request_x_amzn_tls_cipher_suite_header_name": null,
            "routing_http_request_x_amzn_tls_version_header_name": null,
            "routing_http_response_access_control_allow_credentials_header_value": "",
            "routing_http_response_access_control_allow_headers_header_value": "",
            "routing_http_response_access_control_allow_methods_header_value": "",
            "routing_http_response_access_control_allow_origin_header_value": "",
            "routing_http_response_access_control_expose_headers_header_value": "",
            "routing_http_response_access_control_max_age_header_value": "",
            "routing_http_response_content_security_policy_header_value": "",
            "routing_http_response_server_enabled": true,
            "routing_http_response_strict_transport_security_header_value": "",
            "routing_http_response_x_content_type_options_header_value": "",
            "routing_http_response_x_frame_options_header_value": "",
            "ssl_policy": "",
            "tags": {},
            "tags_all": {},
            "tcp_idle_timeout_seconds": null,
            "timeouts": null
          },
          "sensitive_attributes": [],
          "identity_schema_version": 0,
          "private": "eyJlMmJmYjczMC1lY2FhLTExZTYtOGY4OC0zNDM2M2JjN2M0YzAiOnsiY3JlYXRlIjozMDAwMDAwMDAwMDAsInVwZGF0ZSI6MzAwMDAwMDAwMDAwfX0=",
          "dependencies": [
            "data.aws_ami.amazon_linux",
            "module.bastion.aws_iam_instance_profile.bastion_profile",
            "module.bastion.aws_iam_role.bastion_role",
            "module.bastion.aws_iam_role_policy.bastion_msk_policy",
            "module.bastion.aws_iam_role_policy_attachment.ssm_core",
            "module.bastion.aws_instance.bastion",
            "module.bastion.aws_security_group.bastion_sg",
            "module.ecs.aws_lb.alb",
            "module.kafka.aws_msk_serverless_cluster.this",
            "module.kafka.aws_security_group.kafka_sg",
            "module.network.aws_subnet.public",
            "module.network.aws_subnet.public_b",
            "module.network.aws_vpc.main"
          ]
        }
      ]
    },
    {
      "module": "module.ecs",
      "mode": "managed",
      "type": "aws_lb_listener_rule",
      "name": "gateway_only",
      "provider": "provider[\"registry.terraform.io/hashicorp/aws\"]",
      "instances": [
        {
          "schema_version": 0,
          "attributes": {
            "action": [
              {
                "authenticate_cognito": [],
                "authenticate_oidc": [],
                "fixed_response": [],
                "forward": [],
                "order": 1,
                "redirect": [],
                "target_group_arn": "arn:aws:elasticloadbalancing:ap-south-1:654654617590:targetgroup/niura-staging-gateway-tg/68b77916796244f3",
                "type": "forward"
              }
            ],
            "arn": "arn:aws:elasticloadbalancing:ap-south-1:654654617590:listener-rule/app/niura-staging-alb/aa1fe40b0a998a86/5534796c28ea74b6/a794d7ea5ac72167",
            "condition": [
              {
                "host_header": [],
                "http_header": [],
                "http_request_method": [],
                "path_pattern": [
                  {
                    "values": [
                      "/*"
                    ]
                  }
                ],
                "query_string": [],
                "source_ip": []
              }
            ],
            "id": "arn:aws:elasticloadbalancing:ap-south-1:654654617590:listener-rule/app/niura-staging-alb/aa1fe40b0a998a86/5534796c28ea74b6/a794d7ea5ac72167",
            "listener_arn": "arn:aws:elasticloadbalancing:ap-south-1:654654617590:listener/app/niura-staging-alb/aa1fe40b0a998a86/5534796c28ea74b6",
            "priority": 100,
            "tags": null,
            "tags_all": {}
          },
          "sensitive_attributes": [],
          "identity_schema_version": 0,
          "private": "bnVsbA==",
          "dependencies": [
            "data.aws_ami.amazon_linux",
            "data.aws_caller_identity.current",
            "data.aws_region.current",
            "module.bastion.aws_iam_instance_profile.bastion_profile",
            "module.bastion.aws_iam_role.bastion_role",
            "module.bastion.aws_iam_role_policy.bastion_msk_policy",
            "module.bastion.aws_iam_role_policy_attachment.ssm_core",
            "module.bastion.aws_instance.bastion",
            "module.bastion.aws_security_group.bastion_sg",
            "module.ecs.aws_lb.alb",
            "module.ecs.aws_lb_listener.http",
            "module.ecs.aws_lb_target_group.tg",
            "module.kafka.aws_msk_serverless_cluster.this",
            "module.kafka.aws_security_group.kafka_sg",
            "module.network.aws_subnet.public",
            "module.network.aws_subnet.public_b",
            "module.network.aws_vpc.main"
          ]
        }
      ]
    },
    {
      "module": "module.ecs",
      "mode": "managed",
      "type": "aws_lb_target_group",
      "name": "tg",
      "provider": "provider[\"registry.terraform.io/hashicorp/aws\"]",
      "instances": [
        {
          "index_key": "core-service",
          "schema_version": 0,
          "attributes": {
            "arn": "arn:aws:elasticloadbalancing:ap-south-1:654654617590:targetgroup/niura-staging-core-service-tg/f66c077f73aac648",
            "arn_suffix": "targetgroup/niura-staging-core-service-tg/f66c077f73aac648",
            "connection_termination": null,
            "deregistration_delay": "300",
            "health_check": [
              {
                "enabled": true,
                "healthy_threshold": 2,
                "interval": 15,
                "matcher": "200-399",
                "path": "/api/health",
                "port": "traffic-port",
                "protocol": "HTTP",
                "timeout": 10,
                "unhealthy_threshold": 2
              }
            ],
            "id": "arn:aws:elasticloadbalancing:ap-south-1:654654617590:targetgroup/niura-staging-core-service-tg/f66c077f73aac648",
            "ip_address_type": "ipv4",
            "lambda_multi_value_headers_enabled": false,
            "load_balancer_arns": [
              "arn:aws:elasticloadbalancing:ap-south-1:654654617590:loadbalancer/app/niura-staging-alb/aa1fe40b0a998a86"
            ],
            "load_balancing_algorithm_type": "round_robin",
            "load_balancing_anomaly_mitigation": "off",
            "load_balancing_cross_zone_enabled": "use_load_balancer_configuration",
            "name": "niura-staging-core-service-tg",
            "name_prefix": "",
            "port": 8001,
            "preserve_client_ip": null,
            "protocol": "HTTP",
            "protocol_version": "HTTP1",
            "proxy_protocol_v2": false,
            "slow_start": 0,
            "stickiness": [
              {
                "cookie_duration": 86400,
                "cookie_name": "",
                "enabled": false,
                "type": "lb_cookie"
              }
            ],
            "tags": {},
            "tags_all": {},
            "target_failover": [
              {
                "on_deregistration": null,
                "on_unhealthy": null
              }
            ],
            "target_group_health": [
              {
                "dns_failover": [
                  {
                    "minimum_healthy_targets_count": "1",
                    "minimum_healthy_targets_percentage": "off"
                  }
                ],
                "unhealthy_state_routing": [
                  {
                    "minimum_healthy_targets_count": 1,
                    "minimum_healthy_targets_percentage": "off"
                  }
                ]
              }
            ],
            "target_health_state": [
              {
                "enable_unhealthy_connection_termination": null,
                "unhealthy_draining_interval": null
              }
            ],
            "target_type": "ip",
            "vpc_id": "vpc-0898d281454e7c377"
          },
          "sensitive_attributes": [],
          "identity_schema_version": 0,
          "private": "bnVsbA==",
          "dependencies": [
            "data.aws_ami.amazon_linux",
            "data.aws_caller_identity.current",
            "data.aws_region.current",
            "module.bastion.aws_iam_instance_profile.bastion_profile",
            "module.bastion.aws_iam_role.bastion_role",
            "module.bastion.aws_iam_role_policy.bastion_msk_policy",
            "module.bastion.aws_iam_role_policy_attachment.ssm_core",
            "module.bastion.aws_instance.bastion",
            "module.bastion.aws_security_group.bastion_sg",
            "module.kafka.aws_msk_serverless_cluster.this",
            "module.kafka.aws_security_group.kafka_sg",
            "module.network.aws_subnet.public",
            "module.network.aws_subnet.public_b",
            "module.network.aws_vpc.main"
          ]
        },
        {
          "index_key": "eeg-service",
          "schema_version": 0,
          "attributes": {
            "arn": "arn:aws:elasticloadbalancing:ap-south-1:654654617590:targetgroup/niura-staging-eeg-service-tg/879e225826b55a3d",
            "arn_suffix": "targetgroup/niura-staging-eeg-service-tg/879e225826b55a3d",
            "connection_termination": null,
            "deregistration_delay": "300",
            "health_check": [
              {
                "enabled": true,
                "healthy_threshold": 2,
                "interval": 15,
                "matcher": "200-399",
                "path": "/api/health",
                "port": "traffic-port",
                "protocol": "HTTP",
                "timeout": 10,
                "unhealthy_threshold": 2
              }
            ],
            "id": "arn:aws:elasticloadbalancing:ap-south-1:654654617590:targetgroup/niura-staging-eeg-service-tg/879e225826b55a3d",
            "ip_address_type": "ipv4",
            "lambda_multi_value_headers_enabled": false,
            "load_balancer_arns": [
              "arn:aws:elasticloadbalancing:ap-south-1:654654617590:loadbalancer/app/niura-staging-alb/aa1fe40b0a998a86"
            ],
            "load_balancing_algorithm_type": "round_robin",
            "load_balancing_anomaly_mitigation": "off",
            "load_balancing_cross_zone_enabled": "use_load_balancer_configuration",
            "name": "niura-staging-eeg-service-tg",
            "name_prefix": "",
            "port": 8002,
            "preserve_client_ip": null,
            "protocol": "HTTP",
            "protocol_version": "HTTP1",
            "proxy_protocol_v2": false,
            "slow_start": 0,
            "stickiness": [
              {
                "cookie_duration": 86400,
                "cookie_name": "",
                "enabled": false,
                "type": "lb_cookie"
              }
            ],
            "tags": {},
            "tags_all": {},
            "target_failover": [
              {
                "on_deregistration": null,
                "on_unhealthy": null
              }
            ],
            "target_group_health": [
              {
                "dns_failover": [
                  {
                    "minimum_healthy_targets_count": "1",
                    "minimum_healthy_targets_percentage": "off"
                  }
                ],
                "unhealthy_state_routing": [
                  {
                    "minimum_healthy_targets_count": 1,
                    "minimum_healthy_targets_percentage": "off"
                  }
                ]
              }
            ],
            "target_health_state": [
              {
                "enable_unhealthy_connection_termination": null,
                "unhealthy_draining_interval": null
              }
            ],
            "target_type": "ip",
            "vpc_id": "vpc-0898d281454e7c377"
          },
          "sensitive_attributes": [],
          "identity_schema_version": 0,
          "private": "bnVsbA==",
          "dependencies": [
            "data.aws_ami.amazon_linux",
            "data.aws_caller_identity.current",
            "data.aws_region.current",
            "module.bastion.aws_iam_instance_profile.bastion_profile",
            "module.bastion.aws_iam_role.bastion_role",
            "module.bastion.aws_iam_role_policy.bastion_msk_policy",
            "module.bastion.aws_iam_role_policy_attachment.ssm_core",
            "module.bastion.aws_instance.bastion",
            "module.bastion.aws_security_group.bastion_sg",
            "module.kafka.aws_msk_serverless_cluster.this",
            "module.kafka.aws_security_group.kafka_sg",
            "module.network.aws_subnet.public",
            "module.network.aws_subnet.public_b",
            "module.network.aws_vpc.main"
          ]
        },
        {
          "index_key": "gateway",
          "schema_version": 0,
          "attributes": {
            "arn": "arn:aws:elasticloadbalancing:ap-south-1:654654617590:targetgroup/niura-staging-gateway-tg/68b77916796244f3",
            "arn_suffix": "targetgroup/niura-staging-gateway-tg/68b77916796244f3",
            "connection_termination": null,
            "deregistration_delay": "300",
            "health_check": [
              {
                "enabled": true,
                "healthy_threshold": 2,
                "interval": 15,
                "matcher": "200-399",
                "path": "/api/health",
                "port": "traffic-port",
                "protocol": "HTTP",
                "timeout": 10,
                "unhealthy_threshold": 2
              }
            ],
            "id": "arn:aws:elasticloadbalancing:ap-south-1:654654617590:targetgroup/niura-staging-gateway-tg/68b77916796244f3",
            "ip_address_type": "ipv4",
            "lambda_multi_value_headers_enabled": false,
            "load_balancer_arns": [
              "arn:aws:elasticloadbalancing:ap-south-1:654654617590:loadbalancer/app/niura-staging-alb/aa1fe40b0a998a86"
            ],
            "load_balancing_algorithm_type": "round_robin",
            "load_balancing_anomaly_mitigation": "off",
            "load_balancing_cross_zone_enabled": "use_load_balancer_configuration",
            "name": "niura-staging-gateway-tg",
            "name_prefix": "",
            "port": 8000,
            "preserve_client_ip": null,
            "protocol": "HTTP",
            "protocol_version": "HTTP1",
            "proxy_protocol_v2": false,
            "slow_start": 0,
            "stickiness": [
              {
                "cookie_duration": 86400,
                "cookie_name": "",
                "enabled": false,
                "type": "lb_cookie"
              }
            ],
            "tags": {},
            "tags_all": {},
            "target_failover": [
              {
                "on_deregistration": null,
                "on_unhealthy": null
              }
            ],
            "target_group_health": [
              {
                "dns_failover": [
                  {
                    "minimum_healthy_targets_count": "1",
                    "minimum_healthy_targets_percentage": "off"
                  }
                ],
                "unhealthy_state_routing": [
                  {
                    "minimum_healthy_targets_count": 1,
                    "minimum_healthy_targets_percentage": "off"
                  }
                ]
              }
            ],
            "target_health_state": [
              {
                "enable_unhealthy_connection_termination": null,
                "unhealthy_draining_interval": null
              }
            ],
            "target_type": "ip",
            "vpc_id": "vpc-0898d281454e7c377"
          },
          "sensitive_attributes": [],
          "identity_schema_version": 0,
          "private": "bnVsbA==",
          "dependencies": [
            "data.aws_ami.amazon_linux",
            "data.aws_caller_identity.current",
            "data.aws_region.current",
            "module.bastion.aws_iam_instance_profile.bastion_profile",
            "module.bastion.aws_iam_role.bastion_role",
            "module.bastion.aws_iam_role_policy.bastion_msk_policy",
            "module.bastion.aws_iam_role_policy_attachment.ssm_core",
            "module.bastion.aws_instance.bastion",
            "module.bastion.aws_security_group.bastion_sg",
            "module.kafka.aws_msk_serverless_cluster.this",
            "module.kafka.aws_security_group.kafka_sg",
            "module.network.aws_subnet.public",
            "module.network.aws_subnet.public_b",
            "module.network.aws_vpc.main"
          ]
        }
      ]
    },
    {
      "module": "module.ecs",
      "mode": "managed",
      "type": "aws_security_group",
      "name": "alb_sg",
      "provider": "provider[\"registry.terraform.io/hashicorp/aws\"]",
      "instances": [
        {
          "schema_version": 1,
          "attributes": {
            "arn": "arn:aws:ec2:ap-south-1:654654617590:security-group/sg-0f33d7dcaaf41c381",
            "description": "ALB security group",
            "egress": [
              {
                "cidr_blocks": [
                  "0.0.0.0/0"
                ],
                "description": "",
                "from_port": 0,
                "ipv6_cidr_blocks": [],
                "prefix_list_ids": [],
                "protocol": "-1",
                "security_groups": [],
                "self": false,
                "to_port": 0
              }
            ],
            "id": "sg-0f33d7dcaaf41c381",
            "ingress": [
              {
                "cidr_blocks": [
                  "0.0.0.0/0"
                ],
                "description": "HTTP from anywhere",
                "from_port": 80,
                "ipv6_cidr_blocks": [],
                "prefix_list_ids": [],
                "protocol": "tcp",
                "security_groups": [],
                "self": false,
                "to_port": 80
              }
            ],
            "name": "niura-staging-alb-sg",
            "name_prefix": "",
            "owner_id": "654654617590",
            "revoke_rules_on_delete": false,
            "tags": {},
            "tags_all": {},
            "timeouts": null,
            "vpc_id": "vpc-0898d281454e7c377"
          },
          "sensitive_attributes": [],
          "identity_schema_version": 0,
          "private": "eyJlMmJmYjczMC1lY2FhLTExZTYtOGY4OC0zNDM2M2JjN2M0YzAiOnsiY3JlYXRlIjo2MDAwMDAwMDAwMDAsImRlbGV0ZSI6OTAwMDAwMDAwMDAwfSwic2NoZW1hX3ZlcnNpb24iOiIxIn0=",
          "dependencies": [
            "data.aws_ami.amazon_linux",
            "module.bastion.aws_iam_instance_profile.bastion_profile",
            "module.bastion.aws_iam_role.bastion_role",
            "module.bastion.aws_iam_role_policy.bastion_msk_policy",
            "module.bastion.aws_iam_role_policy_attachment.ssm_core",
            "module.bastion.aws_instance.bastion",
            "module.bastion.aws_security_group.bastion_sg",
            "module.kafka.aws_msk_serverless_cluster.this",
            "module.kafka.aws_security_group.kafka_sg",
            "module.network.aws_subnet.public",
            "module.network.aws_subnet.public_b",
            "module.network.aws_vpc.main"
          ]
        }
      ]
    },
    {
      "module": "module.ecs",
      "mode": "managed",
      "type": "aws_security_group",
      "name": "ecs_sg",
      "provider": "provider[\"registry.terraform.io/hashicorp/aws\"]",
      "instances": [
        {
          "schema_version": 1,
          "attributes": {
            "arn": "arn:aws:ec2:ap-south-1:654654617590:security-group/sg-0574ef6913dacc18c",
            "description": "Security group for ECS tasks (allows DB access from tasks)",
            "egress": [
              {
                "cidr_blocks": [
                  "0.0.0.0/0"
                ],
                "description": "",
                "from_port": 0,
                "ipv6_cidr_blocks": [],
                "prefix_list_ids": [],
                "protocol": "-1",
                "security_groups": [],
                "self": false,
                "to_port": 0
              }
            ],
            "id": "sg-0574ef6913dacc18c",
            "ingress": [
              {
                "cidr_blocks": [],
                "description": "Allow ALB to reach ECS tasks on port 8000",
                "from_port": 8000,
                "ipv6_cidr_blocks": [],
                "prefix_list_ids": [],
                "protocol": "tcp",
                "security_groups": [
                  "sg-0f33d7dcaaf41c381"
                ],
                "self": false,
                "to_port": 8000
              },
              {
                "cidr_blocks": [],
                "description": "Allow ALB to reach ECS tasks on port 8001",
                "from_port": 8001,
                "ipv6_cidr_blocks": [],
                "prefix_list_ids": [],
                "protocol": "tcp",
                "security_groups": [
                  "sg-0f33d7dcaaf41c381"
                ],
                "self": false,
                "to_port": 8001
              },
              {
                "cidr_blocks": [],
                "description": "Allow ALB to reach ECS tasks on port 8002",
                "from_port": 8002,
                "ipv6_cidr_blocks": [],
                "prefix_list_ids": [],
                "protocol": "tcp",
                "security_groups": [
                  "sg-0f33d7dcaaf41c381"
                ],
                "self": false,
                "to_port": 8002
              },
              {
                "cidr_blocks": [],
                "description": "Allow ECS services in same SG to communicate on ports 8000-8002",
                "from_port": 8000,
                "ipv6_cidr_blocks": [],
                "prefix_list_ids": [],
                "protocol": "tcp",
                "security_groups": [],
                "self": true,
                "to_port": 8002
              },
              {
                "cidr_blocks": [],
                "description": "Allow ECS tasks to reach VPC endpoints via HTTPS",
                "from_port": 443,
                "ipv6_cidr_blocks": [],
                "prefix_list_ids": [],
                "protocol": "tcp",
                "security_groups": [],
                "self": true,
                "to_port": 443
              },
              {
                "cidr_blocks": [],
                "description": "Allow PostgreSQL access between tasks/RDS in same SG",
                "from_port": 5432,
                "ipv6_cidr_blocks": [],
                "prefix_list_ids": [],
                "protocol": "tcp",
                "security_groups": [],
                "self": true,
                "to_port": 5432
              },
              {
                "cidr_blocks": [],
                "description": "Allow bastion EC2 (SSM) to reach RDS PostgreSQL",
                "from_port": 5432,
                "ipv6_cidr_blocks": [],
                "prefix_list_ids": [],
                "protocol": "tcp",
                "security_groups": [
                  "sg-04c5e611e97912a56"
                ],
                "self": false,
                "to_port": 5432
              }
            ],
            "name": "niura-staging-ecs-sg",
            "name_prefix": "",
            "owner_id": "654654617590",
            "revoke_rules_on_delete": false,
            "tags": {
              "Name": "niura-staging-ecs-sg"
            },
            "tags_all": {
              "Name": "niura-staging-ecs-sg"
            },
            "timeouts": null,
            "vpc_id": "vpc-0898d281454e7c377"
          },
          "sensitive_attributes": [],
          "identity_schema_version": 0,
          "private": "eyJlMmJmYjczMC1lY2FhLTExZTYtOGY4OC0zNDM2M2JjN2M0YzAiOnsiY3JlYXRlIjo2MDAwMDAwMDAwMDAsImRlbGV0ZSI6OTAwMDAwMDAwMDAwfSwic2NoZW1hX3ZlcnNpb24iOiIxIn0=",
          "dependencies": [
            "data.aws_ami.amazon_linux",
            "module.bastion.aws_iam_instance_profile.bastion_profile",
            "module.bastion.aws_iam_role.bastion_role",
            "module.bastion.aws_iam_role_policy.bastion_msk_policy",
            "module.bastion.aws_iam_role_policy_attachment.ssm_core",
            "module.bastion.aws_instance.bastion",
            "module.bastion.aws_security_group.bastion_sg",
            "module.kafka.aws_msk_serverless_cluster.this",
            "module.kafka.aws_security_group.kafka_sg",
            "module.network.aws_subnet.public",
            "module.network.aws_subnet.public_b",
            "module.network.aws_vpc.main"
          ],
          "create_before_destroy": true
        }
      ]
    },
    {
      "module": "module.ecs",
      "mode": "managed",
      "type": "aws_security_group_rule",
      "name": "alb_attach_extra",
      "provider": "provider[\"registry.terraform.io/hashicorp/aws\"]",
      "instances": []
    },
    {
      "module": "module.ecs",
      "mode": "managed",
      "type": "aws_security_group_rule",
      "name": "alb_to_ecs_http",
      "provider": "provider[\"registry.terraform.io/hashicorp/aws\"]",
      "instances": [
        {
          "index_key": "core-service",
          "schema_version": 2,
          "attributes": {
            "cidr_blocks": null,
            "description": "Allow ALB to reach ECS tasks on port 8001",
            "from_port": 8001,
            "id": "sgrule-3821536887",
            "ipv6_cidr_blocks": null,
            "prefix_list_ids": null,
            "protocol": "tcp",
            "security_group_id": "sg-0574ef6913dacc18c",
            "security_group_rule_id": "sgr-01c53db5a504673cc",
            "self": false,
            "source_security_group_id": "sg-0f33d7dcaaf41c381",
            "timeouts": null,
            "to_port": 8001,
            "type": "ingress"
          },
          "sensitive_attributes": [],
          "identity_schema_version": 0,
          "private": "eyJlMmJmYjczMC1lY2FhLTExZTYtOGY4OC0zNDM2M2JjN2M0YzAiOnsiY3JlYXRlIjozMDAwMDAwMDAwMDB9LCJzY2hlbWFfdmVyc2lvbiI6IjIifQ==",
          "dependencies": [
            "data.aws_ami.amazon_linux",
            "module.bastion.aws_iam_instance_profile.bastion_profile",
            "module.bastion.aws_iam_role.bastion_role",
            "module.bastion.aws_iam_role_policy.bastion_msk_policy",
            "module.bastion.aws_iam_role_policy_attachment.ssm_core",
            "module.bastion.aws_instance.bastion",
            "module.bastion.aws_security_group.bastion_sg",
            "module.ecs.aws_security_group.alb_sg",
            "module.ecs.aws_security_group.ecs_sg",
            "module.kafka.aws_msk_serverless_cluster.this",
            "module.kafka.aws_security_group.kafka_sg",
            "module.network.aws_subnet.public",
            "module.network.aws_subnet.public_b",
            "module.network.aws_vpc.main"
          ]
        },
        {
          "index_key": "eeg-service",
          "schema_version": 2,
          "attributes": {
            "cidr_blocks": null,
            "description": "Allow ALB to reach ECS tasks on port 8002",
            "from_port": 8002,
            "id": "sgrule-1684130347",
            "ipv6_cidr_blocks": null,
            "prefix_list_ids": null,
            "protocol": "tcp",
            "security_group_id": "sg-0574ef6913dacc18c",
            "security_group_rule_id": "sgr-06839375155bf2852",
            "self": false,
            "source_security_group_id": "sg-0f33d7dcaaf41c381",
            "timeouts": null,
            "to_port": 8002,
            "type": "ingress"
          },
          "sensitive_attributes": [],
          "identity_schema_version": 0,
          "private": "eyJlMmJmYjczMC1lY2FhLTExZTYtOGY4OC0zNDM2M2JjN2M0YzAiOnsiY3JlYXRlIjozMDAwMDAwMDAwMDB9LCJzY2hlbWFfdmVyc2lvbiI6IjIifQ==",
          "dependencies": [
            "data.aws_ami.amazon_linux",
            "module.bastion.aws_iam_instance_profile.bastion_profile",
            "module.bastion.aws_iam_role.bastion_role",
            "module.bastion.aws_iam_role_policy.bastion_msk_policy",
            "module.bastion.aws_iam_role_policy_attachment.ssm_core",
            "module.bastion.aws_instance.bastion",
            "module.bastion.aws_security_group.bastion_sg",
            "module.ecs.aws_security_group.alb_sg",
            "module.ecs.aws_security_group.ecs_sg",
            "module.kafka.aws_msk_serverless_cluster.this",
            "module.kafka.aws_security_group.kafka_sg",
            "module.network.aws_subnet.public",
            "module.network.aws_subnet.public_b",
            "module.network.aws_vpc.main"
          ]
        },
        {
          "index_key": "gateway",
          "schema_version": 2,
          "attributes": {
            "cidr_blocks": null,
            "description": "Allow ALB to reach ECS tasks on port 8000",
            "from_port": 8000,
            "id": "sgrule-2662285891",
            "ipv6_cidr_blocks": null,
            "prefix_list_ids": null,
            "protocol": "tcp",
            "security_group_id": "sg-0574ef6913dacc18c",
            "security_group_rule_id": "sgr-0dc2ee10dfc7f5568",
            "self": false,
            "source_security_group_id": "sg-0f33d7dcaaf41c381",
            "timeouts": null,
            "to_port": 8000,
            "type": "ingress"
          },
          "sensitive_attributes": [],
          "identity_schema_version": 0,
          "private": "eyJlMmJmYjczMC1lY2FhLTExZTYtOGY4OC0zNDM2M2JjN2M0YzAiOnsiY3JlYXRlIjozMDAwMDAwMDAwMDB9LCJzY2hlbWFfdmVyc2lvbiI6IjIifQ==",
          "dependencies": [
            "data.aws_ami.amazon_linux",
            "module.bastion.aws_iam_instance_profile.bastion_profile",
            "module.bastion.aws_iam_role.bastion_role",
            "module.bastion.aws_iam_role_policy.bastion_msk_policy",
            "module.bastion.aws_iam_role_policy_attachment.ssm_core",
            "module.bastion.aws_instance.bastion",
            "module.bastion.aws_security_group.bastion_sg",
            "module.ecs.aws_security_group.alb_sg",
            "module.ecs.aws_security_group.ecs_sg",
            "module.kafka.aws_msk_serverless_cluster.this",
            "module.kafka.aws_security_group.kafka_sg",
            "module.network.aws_subnet.public",
            "module.network.aws_subnet.public_b",
            "module.network.aws_vpc.main"
          ]
        }
      ]
    },
    {
      "module": "module.ecs",
      "mode": "managed",
      "type": "aws_security_group_rule",
      "name": "bastion_to_rds",
      "provider": "provider[\"registry.terraform.io/hashicorp/aws\"]",
      "instances": [
        {
          "schema_version": 2,
          "attributes": {
            "cidr_blocks": [],
            "description": "Allow bastion EC2 (SSM) to reach RDS PostgreSQL",
            "from_port": 5432,
            "id": "sgrule-3665158688",
            "ipv6_cidr_blocks": [],
            "prefix_list_ids": [],
            "protocol": "tcp",
            "security_group_id": "sg-0574ef6913dacc18c",
            "security_group_rule_id": "sgr-02a912f5e7e9e3341",
            "self": false,
            "source_security_group_id": "sg-04c5e611e97912a56",
            "timeouts": null,
            "to_port": 5432,
            "type": "ingress"
          },
          "sensitive_attributes": [],
          "identity_schema_version": 0,
          "private": "eyJlMmJmYjczMC1lY2FhLTExZTYtOGY4OC0zNDM2M2JjN2M0YzAiOnsiY3JlYXRlIjozMDAwMDAwMDAwMDB9LCJzY2hlbWFfdmVyc2lvbiI6IjIifQ==",
          "dependencies": [
            "data.aws_ami.amazon_linux",
            "module.bastion.aws_iam_instance_profile.bastion_profile",
            "module.bastion.aws_iam_role.bastion_role",
            "module.bastion.aws_iam_role_policy.bastion_msk_policy",
            "module.bastion.aws_iam_role_policy_attachment.ssm_core",
            "module.bastion.aws_instance.bastion",
            "module.bastion.aws_security_group.bastion_sg",
            "module.ecs.aws_security_group.ecs_sg",
            "module.kafka.aws_msk_serverless_cluster.this",
            "module.kafka.aws_security_group.kafka_sg",
            "module.network.aws_subnet.public",
            "module.network.aws_subnet.public_b",
            "module.network.aws_vpc.main"
          ]
        }
      ]
    },
    {
      "module": "module.ecs",
      "mode": "managed",
      "type": "aws_security_group_rule",
      "name": "ecs_self_internal_comms",
      "provider": "provider[\"registry.terraform.io/hashicorp/aws\"]",
      "instances": [
        {
          "schema_version": 2,
          "attributes": {
            "cidr_blocks": null,
            "description": "Allow ECS services in same SG to communicate on ports 8000-8002",
            "from_port": 8000,
            "id": "sgrule-1960709513",
            "ipv6_cidr_blocks": null,
            "prefix_list_ids": null,
            "protocol": "tcp",
            "security_group_id": "sg-0574ef6913dacc18c",
            "security_group_rule_id": "sgr-058a18c917b9e7e0e",
            "self": false,
            "source_security_group_id": "sg-0574ef6913dacc18c",
            "timeouts": null,
            "to_port": 8002,
            "type": "ingress"
          },
          "sensitive_attributes": [],
          "identity_schema_version": 0,
          "private": "eyJlMmJmYjczMC1lY2FhLTExZTYtOGY4OC0zNDM2M2JjN2M0YzAiOnsiY3JlYXRlIjozMDAwMDAwMDAwMDB9LCJzY2hlbWFfdmVyc2lvbiI6IjIifQ==",
          "dependencies": [
            "data.aws_ami.amazon_linux",
            "module.bastion.aws_iam_instance_profile.bastion_profile",
            "module.bastion.aws_iam_role.bastion_role",
            "module.bastion.aws_iam_role_policy.bastion_msk_policy",
            "module.bastion.aws_iam_role_policy_attachment.ssm_core",
            "module.bastion.aws_instance.bastion",
            "module.bastion.aws_security_group.bastion_sg",
            "module.ecs.aws_security_group.ecs_sg",
            "module.kafka.aws_msk_serverless_cluster.this",
            "module.kafka.aws_security_group.kafka_sg",
            "module.network.aws_subnet.public",
            "module.network.aws_subnet.public_b",
            "module.network.aws_vpc.main"
          ]
        }
      ]
    },
    {
      "module": "module.ecs",
      "mode": "managed",
      "type": "aws_security_group_rule",
      "name": "ecs_sg_self_ingress",
      "provider": "provider[\"registry.terraform.io/hashicorp/aws\"]",
      "instances": [
        {
          "schema_version": 2,
          "attributes": {
            "cidr_blocks": null,
            "description": "Allow PostgreSQL access between tasks/RDS in same SG",
            "from_port": 5432,
            "id": "sgrule-1072420355",
            "ipv6_cidr_blocks": null,
            "prefix_list_ids": null,
            "protocol": "tcp",
            "security_group_id": "sg-0574ef6913dacc18c",
            "security_group_rule_id": "sgr-08a73e390e568eae0",
            "self": false,
            "source_security_group_id": "sg-0574ef6913dacc18c",
            "timeouts": null,
            "to_port": 5432,
            "type": "ingress"
          },
          "sensitive_attributes": [],
          "identity_schema_version": 0,
          "private": "eyJlMmJmYjczMC1lY2FhLTExZTYtOGY4OC0zNDM2M2JjN2M0YzAiOnsiY3JlYXRlIjozMDAwMDAwMDAwMDB9LCJzY2hlbWFfdmVyc2lvbiI6IjIifQ==",
          "dependencies": [
            "data.aws_ami.amazon_linux",
            "module.bastion.aws_iam_instance_profile.bastion_profile",
            "module.bastion.aws_iam_role.bastion_role",
            "module.bastion.aws_iam_role_policy.bastion_msk_policy",
            "module.bastion.aws_iam_role_policy_attachment.ssm_core",
            "module.bastion.aws_instance.bastion",
            "module.bastion.aws_security_group.bastion_sg",
            "module.ecs.aws_security_group.ecs_sg",
            "module.kafka.aws_msk_serverless_cluster.this",
            "module.kafka.aws_security_group.kafka_sg",
            "module.network.aws_subnet.public",
            "module.network.aws_subnet.public_b",
            "module.network.aws_vpc.main"
          ]
        }
      ]
    },
    {
      "module": "module.ecs",
      "mode": "managed",
      "type": "aws_security_group_rule",
      "name": "ecs_to_vpc_endpoints",
      "provider": "provider[\"registry.terraform.io/hashicorp/aws\"]",
      "instances": [
        {
          "schema_version": 2,
          "attributes": {
            "cidr_blocks": null,
            "description": "Allow ECS tasks to reach VPC endpoints via HTTPS",
            "from_port": 443,
            "id": "sgrule-730118114",
            "ipv6_cidr_blocks": null,
            "prefix_list_ids": null,
            "protocol": "tcp",
            "security_group_id": "sg-0574ef6913dacc18c",
            "security_group_rule_id": "sgr-0a70d7c9bf914a4f7",
            "self": false,
            "source_security_group_id": "sg-0574ef6913dacc18c",
            "timeouts": null,
            "to_port": 443,
            "type": "ingress"
          },
          "sensitive_attributes": [],
          "identity_schema_version": 0,
          "private": "eyJlMmJmYjczMC1lY2FhLTExZTYtOGY4OC0zNDM2M2JjN2M0YzAiOnsiY3JlYXRlIjozMDAwMDAwMDAwMDB9LCJzY2hlbWFfdmVyc2lvbiI6IjIifQ==",
          "dependencies": [
            "data.aws_ami.amazon_linux",
            "module.bastion.aws_iam_instance_profile.bastion_profile",
            "module.bastion.aws_iam_role.bastion_role",
            "module.bastion.aws_iam_role_policy.bastion_msk_policy",
            "module.bastion.aws_iam_role_policy_attachment.ssm_core",
            "module.bastion.aws_instance.bastion",
            "module.bastion.aws_security_group.bastion_sg",
            "module.ecs.aws_security_group.ecs_sg",
            "module.kafka.aws_msk_serverless_cluster.this",
            "module.kafka.aws_security_group.kafka_sg",
            "module.network.aws_subnet.public",
            "module.network.aws_subnet.public_b",
            "module.network.aws_vpc.main"
          ]
        }
      ]
    },
    {
      "module": "module.ecs",
      "mode": "managed",
      "type": "aws_service_discovery_private_dns_namespace",
      "name": "ns",
      "provider": "provider[\"registry.terraform.io/hashicorp/aws\"]",
      "instances": [
        {
          "schema_version": 0,
          "attributes": {
            "arn": "arn:aws:servicediscovery:ap-south-1:654654617590:namespace/ns-qebps63axhj2hrnq",
            "description": "Private DNS namespace for ECS service discovery",
            "hosted_zone": "Z00009091BBWUJ8GKYLWQ",
            "id": "ns-qebps63axhj2hrnq",
            "name": "niura-staging.internal",
            "tags": {},
            "tags_all": {},
            "vpc": "vpc-0898d281454e7c377"
          },
          "sensitive_attributes": [],
          "identity_schema_version": 0,
          "private": "bnVsbA==",
          "dependencies": [
            "data.aws_ami.amazon_linux",
            "module.bastion.aws_iam_instance_profile.bastion_profile",
            "module.bastion.aws_iam_role.bastion_role",
            "module.bastion.aws_iam_role_policy.bastion_msk_policy",
            "module.bastion.aws_iam_role_policy_attachment.ssm_core",
            "module.bastion.aws_instance.bastion",
            "module.bastion.aws_security_group.bastion_sg",
            "module.kafka.aws_msk_serverless_cluster.this",
            "module.kafka.aws_security_group.kafka_sg",
            "module.network.aws_subnet.public",
            "module.network.aws_subnet.public_b",
            "module.network.aws_vpc.main"
          ]
        }
      ]
    },
    {
      "module": "module.ecs",
      "mode": "managed",
      "type": "aws_service_discovery_service",
      "name": "sd",
      "provider": "provider[\"registry.terraform.io/hashicorp/aws\"]",
      "instances": [
        {
          "index_key": "core-service",
          "schema_version": 0,
          "attributes": {
            "arn": "arn:aws:servicediscovery:ap-south-1:654654617590:service/srv-kkqun5ek7iyn72vl",
            "description": "",
            "dns_config": [
              {
                "dns_records": [
                  {
                    "ttl": 30,
                    "type": "A"
                  }
                ],
                "namespace_id": "ns-qebps63axhj2hrnq",
                "routing_policy": "MULTIVALUE"
              }
            ],
            "force_destroy": false,
            "health_check_config": [],
            "health_check_custom_config": [
              {
                "failure_threshold": 1
              }
            ],
            "id": "srv-kkqun5ek7iyn72vl",
            "name": "core-service",
            "namespace_id": "ns-qebps63axhj2hrnq",
            "tags": {
              "env": "staging",
              "service": "core-service"
            },
            "tags_all": {
              "env": "staging",
              "service": "core-service"
            },
            "type": "DNS_HTTP"
          },
          "sensitive_attributes": [],
          "identity_schema_version": 0,
          "private": "bnVsbA==",
          "dependencies": [
            "data.aws_ami.amazon_linux",
            "data.aws_caller_identity.current",
            "data.aws_region.current",
            "module.bastion.aws_iam_instance_profile.bastion_profile",
            "module.bastion.aws_iam_role.bastion_role",
            "module.bastion.aws_iam_role_policy.bastion_msk_policy",
            "module.bastion.aws_iam_role_policy_attachment.ssm_core",
            "module.bastion.aws_instance.bastion",
            "module.bastion.aws_security_group.bastion_sg",
            "module.ecs.aws_service_discovery_private_dns_namespace.ns",
            "module.kafka.aws_msk_serverless_cluster.this",
            "module.kafka.aws_security_group.kafka_sg",
            "module.network.aws_subnet.public",
            "module.network.aws_subnet.public_b",
            "module.network.aws_vpc.main"
          ]
        },
        {
          "index_key": "eeg-service",
          "schema_version": 0,
          "attributes": {
            "arn": "arn:aws:servicediscovery:ap-south-1:654654617590:service/srv-4myledfncojjgoju",
            "description": "",
            "dns_config": [
              {
                "dns_records": [
                  {
                    "ttl": 30,
                    "type": "A"
                  }
                ],
                "namespace_id": "ns-qebps63axhj2hrnq",
                "routing_policy": "MULTIVALUE"
              }
            ],
            "force_destroy": false,
            "health_check_config": [],
            "health_check_custom_config": [
              {
                "failure_threshold": 1
              }
            ],
            "id": "srv-4myledfncojjgoju",
            "name": "eeg-service",
            "namespace_id": "ns-qebps63axhj2hrnq",
            "tags": {
              "env": "staging",
              "service": "eeg-service"
            },
            "tags_all": {
              "env": "staging",
              "service": "eeg-service"
            },
            "type": "DNS_HTTP"
          },
          "sensitive_attributes": [],
          "identity_schema_version": 0,
          "private": "bnVsbA==",
          "dependencies": [
            "data.aws_ami.amazon_linux",
            "data.aws_caller_identity.current",
            "data.aws_region.current",
            "module.bastion.aws_iam_instance_profile.bastion_profile",
            "module.bastion.aws_iam_role.bastion_role",
            "module.bastion.aws_iam_role_policy.bastion_msk_policy",
            "module.bastion.aws_iam_role_policy_attachment.ssm_core",
            "module.bastion.aws_instance.bastion",
            "module.bastion.aws_security_group.bastion_sg",
            "module.ecs.aws_service_discovery_private_dns_namespace.ns",
            "module.kafka.aws_msk_serverless_cluster.this",
            "module.kafka.aws_security_group.kafka_sg",
            "module.network.aws_subnet.public",
            "module.network.aws_subnet.public_b",
            "module.network.aws_vpc.main"
          ]
        },
        {
          "index_key": "gateway",
          "schema_version": 0,
          "attributes": {
            "arn": "arn:aws:servicediscovery:ap-south-1:654654617590:service/srv-vth6z6wxsh5borwz",
            "description": "",
            "dns_config": [
              {
                "dns_records": [
                  {
                    "ttl": 30,
                    "type": "A"
                  }
                ],
                "namespace_id": "ns-qebps63axhj2hrnq",
                "routing_policy": "MULTIVALUE"
              }
            ],
            "force_destroy": false,
            "health_check_config": [],
            "health_check_custom_config": [
              {
                "failure_threshold": 1
              }
            ],
            "id": "srv-vth6z6wxsh5borwz",
            "name": "gateway",
            "namespace_id": "ns-qebps63axhj2hrnq",
            "tags": {
              "env": "staging",
              "service": "gateway"
            },
            "tags_all": {
              "env": "staging",
              "service": "gateway"
            },
            "type": "DNS_HTTP"
          },
          "sensitive_attributes": [],
          "identity_schema_version": 0,
          "private": "bnVsbA==",
          "dependencies": [
            "data.aws_ami.amazon_linux",
            "data.aws_caller_identity.current",
            "data.aws_region.current",
            "module.bastion.aws_iam_instance_profile.bastion_profile",
            "module.bastion.aws_iam_role.bastion_role",
            "module.bastion.aws_iam_role_policy.bastion_msk_policy",
            "module.bastion.aws_iam_role_policy_attachment.ssm_core",
            "module.bastion.aws_instance.bastion",
            "module.bastion.aws_security_group.bastion_sg",
            "module.ecs.aws_service_discovery_private_dns_namespace.ns",
            "module.kafka.aws_msk_serverless_cluster.this",
            "module.kafka.aws_security_group.kafka_sg",
            "module.network.aws_subnet.public",
            "module.network.aws_subnet.public_b",
            "module.network.aws_vpc.main"
          ]
        }
      ]
    },
    {
      "module": "module.eeg_backup",
      "mode": "managed",
      "type": "aws_cloudwatch_event_rule",
      "name": "daily_aggregation_rule",
      "provider": "provider[\"registry.terraform.io/hashicorp/aws\"]",
      "instances": [
        {
          "schema_version": 1,
          "attributes": {
            "arn": "arn:aws:events:ap-south-1:654654617590:rule/niura-daily-aggregation-rule",
            "description": "Triggers Lambda for daily EEG aggregation",
            "event_bus_name": "default",
            "event_pattern": null,
            "force_destroy": false,
            "id": "niura-daily-aggregation-rule",
            "is_enabled": true,
            "name": "niura-daily-aggregation-rule",
            "name_prefix": "",
            "role_arn": "",
            "schedule_expression": "rate(1 day)",
            "state": "ENABLED",
            "tags": {},
            "tags_all": {}
          },
          "sensitive_attributes": [],
          "identity_schema_version": 0,
          "private": "eyJzY2hlbWFfdmVyc2lvbiI6IjEifQ==",
          "dependencies": [
            "data.aws_ami.amazon_linux",
            "data.aws_caller_identity.current",
            "data.aws_region.current",
            "module.bastion.aws_iam_instance_profile.bastion_profile",
            "module.bastion.aws_iam_role.bastion_role",
            "module.bastion.aws_iam_role_policy.bastion_msk_policy",
            "module.bastion.aws_iam_role_policy_attachment.ssm_core",
            "module.bastion.aws_instance.bastion",
            "module.bastion.aws_security_group.bastion_sg",
            "module.ecs.aws_cloudwatch_log_group.ecs",
            "module.ecs.aws_ecs_cluster.this",
            "module.ecs.aws_ecs_service.service",
            "module.ecs.aws_ecs_task_definition.task",
            "module.ecs.aws_iam_role.ecs_task_role",
            "module.ecs.aws_iam_role.task_execution_role",
            "module.ecs.aws_iam_role_policy.ecs_task_msk_policy",
            "module.ecs.aws_iam_role_policy_attachment.task_exec_ecr",
            "module.ecs.aws_lb.alb",
            "module.ecs.aws_lb_listener.http",
            "module.ecs.aws_lb_listener_rule.gateway_only",
            "module.ecs.aws_lb_listener_rule.rules",
            "module.ecs.aws_lb_target_group.tg",
            "module.ecs.aws_security_group.alb_sg",
            "module.ecs.aws_security_group.ecs_sg",
            "module.ecs.aws_security_group_rule.alb_attach_extra",
            "module.ecs.aws_security_group_rule.alb_to_ecs_http",
            "module.ecs.aws_security_group_rule.bastion_to_rds",
            "module.ecs.aws_security_group_rule.ecs_self_internal_comms",
            "module.ecs.aws_security_group_rule.ecs_sg_self_ingress",
            "module.ecs.aws_security_group_rule.ecs_to_vpc_endpoints",
            "module.ecs.aws_service_discovery_private_dns_namespace.ns",
            "module.ecs.aws_service_discovery_service.sd",
            "module.ecs.data.aws_caller_identity.current",
            "module.ecs.data.aws_region.current",
            "module.kafka.aws_msk_serverless_cluster.this",
            "module.kafka.aws_security_group.kafka_sg",
            "module.network.aws_subnet.public",
            "module.network.aws_subnet.public_b",
            "module.network.aws_vpc.main",
            "module.rds_core.aws_db_instance.this",
            "module.rds_core.aws_db_subnet_group.this",
            "module.rds_gateway.aws_db_instance.this",
            "module.rds_gateway.aws_db_subnet_group.this",
            "random_password.rds_master_password"
          ]
        }
      ]
    },
    {
      "module": "module.eeg_backup",
      "mode": "managed",
      "type": "aws_cloudwatch_event_rule",
      "name": "monthly_aggregation_rule",
      "provider": "provider[\"registry.terraform.io/hashicorp/aws\"]",
      "instances": [
        {
          "schema_version": 1,
          "attributes": {
            "arn": "arn:aws:events:ap-south-1:654654617590:rule/niura-monthly-aggregation-rule",
            "description": "Triggers Lambda for monthly EEG aggregation",
            "event_bus_name": "default",
            "event_pattern": null,
            "force_destroy": false,
            "id": "niura-monthly-aggregation-rule",
            "is_enabled": true,
            "name": "niura-monthly-aggregation-rule",
            "name_prefix": "",
            "role_arn": "",
            "schedule_expression": "cron(0 0 1 * ? *)",
            "state": "ENABLED",
            "tags": {},
            "tags_all": {}
          },
          "sensitive_attributes": [],
          "identity_schema_version": 0,
          "private": "eyJzY2hlbWFfdmVyc2lvbiI6IjEifQ==",
          "dependencies": [
            "data.aws_ami.amazon_linux",
            "data.aws_caller_identity.current",
            "data.aws_region.current",
            "module.bastion.aws_iam_instance_profile.bastion_profile",
            "module.bastion.aws_iam_role.bastion_role",
            "module.bastion.aws_iam_role_policy.bastion_msk_policy",
            "module.bastion.aws_iam_role_policy_attachment.ssm_core",
            "module.bastion.aws_instance.bastion",
            "module.bastion.aws_security_group.bastion_sg",
            "module.ecs.aws_cloudwatch_log_group.ecs",
            "module.ecs.aws_ecs_cluster.this",
            "module.ecs.aws_ecs_service.service",
            "module.ecs.aws_ecs_task_definition.task",
            "module.ecs.aws_iam_role.ecs_task_role",
            "module.ecs.aws_iam_role.task_execution_role",
            "module.ecs.aws_iam_role_policy.ecs_task_msk_policy",
            "module.ecs.aws_iam_role_policy_attachment.task_exec_ecr",
            "module.ecs.aws_lb.alb",
            "module.ecs.aws_lb_listener.http",
            "module.ecs.aws_lb_listener_rule.gateway_only",
            "module.ecs.aws_lb_listener_rule.rules",
            "module.ecs.aws_lb_target_group.tg",
            "module.ecs.aws_security_group.alb_sg",
            "module.ecs.aws_security_group.ecs_sg",
            "module.ecs.aws_security_group_rule.alb_attach_extra",
            "module.ecs.aws_security_group_rule.alb_to_ecs_http",
            "module.ecs.aws_security_group_rule.bastion_to_rds",
            "module.ecs.aws_security_group_rule.ecs_self_internal_comms",
            "module.ecs.aws_security_group_rule.ecs_sg_self_ingress",
            "module.ecs.aws_security_group_rule.ecs_to_vpc_endpoints",
            "module.ecs.aws_service_discovery_private_dns_namespace.ns",
            "module.ecs.aws_service_discovery_service.sd",
            "module.ecs.data.aws_caller_identity.current",
            "module.ecs.data.aws_region.current",
            "module.kafka.aws_msk_serverless_cluster.this",
            "module.kafka.aws_security_group.kafka_sg",
            "module.network.aws_subnet.public",
            "module.network.aws_subnet.public_b",
            "module.network.aws_vpc.main",
            "module.rds_core.aws_db_instance.this",
            "module.rds_core.aws_db_subnet_group.this",
            "module.rds_gateway.aws_db_instance.this",
            "module.rds_gateway.aws_db_subnet_group.this",
            "random_password.rds_master_password"
          ]
        }
      ]
    },
    {
      "module": "module.eeg_backup",
      "mode": "managed",
      "type": "aws_cloudwatch_event_rule",
      "name": "yearly_aggregation_rule",
      "provider": "provider[\"registry.terraform.io/hashicorp/aws\"]",
      "instances": [
        {
          "schema_version": 1,
          "attributes": {
            "arn": "arn:aws:events:ap-south-1:654654617590:rule/niura-yearly-aggregation-rule",
            "description": "Triggers Lambda for yearly EEG aggregation",
            "event_bus_name": "default",
            "event_pattern": null,
            "force_destroy": false,
            "id": "niura-yearly-aggregation-rule",
            "is_enabled": true,
            "name": "niura-yearly-aggregation-rule",
            "name_prefix": "",
            "role_arn": "",
            "schedule_expression": "cron(0 0 1 1 ? *)",
            "state": "ENABLED",
            "tags": {},
            "tags_all": {}
          },
          "sensitive_attributes": [],
          "identity_schema_version": 0,
          "private": "eyJzY2hlbWFfdmVyc2lvbiI6IjEifQ==",
          "dependencies": [
            "data.aws_ami.amazon_linux",
            "data.aws_caller_identity.current",
            "data.aws_region.current",
            "module.bastion.aws_iam_instance_profile.bastion_profile",
            "module.bastion.aws_iam_role.bastion_role",
            "module.bastion.aws_iam_role_policy.bastion_msk_policy",
            "module.bastion.aws_iam_role_policy_attachment.ssm_core",
            "module.bastion.aws_instance.bastion",
            "module.bastion.aws_security_group.bastion_sg",
            "module.ecs.aws_cloudwatch_log_group.ecs",
            "module.ecs.aws_ecs_cluster.this",
            "module.ecs.aws_ecs_service.service",
            "module.ecs.aws_ecs_task_definition.task",
            "module.ecs.aws_iam_role.ecs_task_role",
            "module.ecs.aws_iam_role.task_execution_role",
            "module.ecs.aws_iam_role_policy.ecs_task_msk_policy",
            "module.ecs.aws_iam_role_policy_attachment.task_exec_ecr",
            "module.ecs.aws_lb.alb",
            "module.ecs.aws_lb_listener.http",
            "module.ecs.aws_lb_listener_rule.gateway_only",
            "module.ecs.aws_lb_listener_rule.rules",
            "module.ecs.aws_lb_target_group.tg",
            "module.ecs.aws_security_group.alb_sg",
            "module.ecs.aws_security_group.ecs_sg",
            "module.ecs.aws_security_group_rule.alb_attach_extra",
            "module.ecs.aws_security_group_rule.alb_to_ecs_http",
            "module.ecs.aws_security_group_rule.bastion_to_rds",
            "module.ecs.aws_security_group_rule.ecs_self_internal_comms",
            "module.ecs.aws_security_group_rule.ecs_sg_self_ingress",
            "module.ecs.aws_security_group_rule.ecs_to_vpc_endpoints",
            "module.ecs.aws_service_discovery_private_dns_namespace.ns",
            "module.ecs.aws_service_discovery_service.sd",
            "module.ecs.data.aws_caller_identity.current",
            "module.ecs.data.aws_region.current",
            "module.kafka.aws_msk_serverless_cluster.this",
            "module.kafka.aws_security_group.kafka_sg",
            "module.network.aws_subnet.public",
            "module.network.aws_subnet.public_b",
            "module.network.aws_vpc.main",
            "module.rds_core.aws_db_instance.this",
            "module.rds_core.aws_db_subnet_group.this",
            "module.rds_gateway.aws_db_instance.this",
            "module.rds_gateway.aws_db_subnet_group.this",
            "random_password.rds_master_password"
          ]
        }
      ]
    },
    {
      "module": "module.eeg_backup",
      "mode": "managed",
      "type": "aws_cloudwatch_event_target",
      "name": "daily_aggregation_target",
      "provider": "provider[\"registry.terraform.io/hashicorp/aws\"]",
      "instances": [
        {
          "schema_version": 1,
          "attributes": {
            "appsync_target": [],
            "arn": "arn:aws:lambda:ap-south-1:654654617590:function:niura-eeg-data-backup",
            "batch_target": [],
            "dead_letter_config": [],
            "ecs_target": [],
            "event_bus_name": "default",
            "force_destroy": false,
            "http_target": [],
            "id": "niura-daily-aggregation-rule-niura-eeg-daily-target",
            "input": "{\"aggregation_type\":\"daily\"}",
            "input_path": "",
            "input_transformer": [],
            "kinesis_target": [],
            "redshift_target": [],
            "retry_policy": [],
            "role_arn": "",
            "rule": "niura-daily-aggregation-rule",
            "run_command_targets": [],
            "sagemaker_pipeline_target": [],
            "sqs_target": [],
            "target_id": "niura-eeg-daily-target"
          },
          "sensitive_attributes": [],
          "identity_schema_version": 0,
          "private": "eyJzY2hlbWFfdmVyc2lvbiI6IjEifQ==",
          "dependencies": [
            "data.aws_ami.amazon_linux",
            "data.aws_caller_identity.current",
            "data.aws_region.current",
            "module.bastion.aws_iam_instance_profile.bastion_profile",
            "module.bastion.aws_iam_role.bastion_role",
            "module.bastion.aws_iam_role_policy.bastion_msk_policy",
            "module.bastion.aws_iam_role_policy_attachment.ssm_core",
            "module.bastion.aws_instance.bastion",
            "module.bastion.aws_security_group.bastion_sg",
            "module.ecs.aws_cloudwatch_log_group.ecs",
            "module.ecs.aws_ecs_cluster.this",
            "module.ecs.aws_ecs_service.service",
            "module.ecs.aws_ecs_task_definition.task",
            "module.ecs.aws_iam_role.ecs_task_role",
            "module.ecs.aws_iam_role.task_execution_role",
            "module.ecs.aws_iam_role_policy.ecs_task_msk_policy",
            "module.ecs.aws_iam_role_policy_attachment.task_exec_ecr",
            "module.ecs.aws_lb.alb",
            "module.ecs.aws_lb_listener.http",
            "module.ecs.aws_lb_listener_rule.gateway_only",
            "module.ecs.aws_lb_listener_rule.rules",
            "module.ecs.aws_lb_target_group.tg",
            "module.ecs.aws_security_group.alb_sg",
            "module.ecs.aws_security_group.ecs_sg",
            "module.ecs.aws_security_group_rule.alb_attach_extra",
            "module.ecs.aws_security_group_rule.alb_to_ecs_http",
            "module.ecs.aws_security_group_rule.bastion_to_rds",
            "module.ecs.aws_security_group_rule.ecs_self_internal_comms",
            "module.ecs.aws_security_group_rule.ecs_sg_self_ingress",
            "module.ecs.aws_security_group_rule.ecs_to_vpc_endpoints",
            "module.ecs.aws_service_discovery_private_dns_namespace.ns",
            "module.ecs.aws_service_discovery_service.sd",
            "module.ecs.data.aws_caller_identity.current",
            "module.ecs.data.aws_region.current",
            "module.eeg_backup.aws_cloudwatch_event_rule.daily_aggregation_rule",
            "module.eeg_backup.aws_iam_role.lambda_role",
            "module.eeg_backup.aws_iam_role_policy.lambda_policy",
            "module.eeg_backup.aws_lambda_function.eeg_data_backup",
            "module.eeg_backup.aws_s3_bucket.daily_backup",
            "module.eeg_backup.aws_s3_bucket.monthly_backup",
            "module.eeg_backup.aws_s3_bucket.realtime_raw",
            "module.eeg_backup.aws_s3_bucket.yearly_backup",
            "module.eeg_backup.random_id.suffix",
            "module.kafka.aws_msk_serverless_cluster.this",
            "module.kafka.aws_security_group.kafka_sg",
            "module.network.aws_subnet.public",
            "module.network.aws_subnet.public_b",
            "module.network.aws_vpc.main",
            "module.rds_core.aws_db_instance.this",
            "module.rds_core.aws_db_subnet_group.this",
            "module.rds_gateway.aws_db_instance.this",
            "module.rds_gateway.aws_db_subnet_group.this",
            "random_password.rds_master_password"
          ]
        }
      ]
    },
    {
      "module": "module.eeg_backup",
      "mode": "managed",
      "type": "aws_cloudwatch_event_target",
      "name": "monthly_aggregation_target",
      "provider": "provider[\"registry.terraform.io/hashicorp/aws\"]",
      "instances": [
        {
          "schema_version": 1,
          "attributes": {
            "appsync_target": [],
            "arn": "arn:aws:lambda:ap-south-1:654654617590:function:niura-eeg-data-backup",
            "batch_target": [],
            "dead_letter_config": [],
            "ecs_target": [],
            "event_bus_name": "default",
            "force_destroy": false,
            "http_target": [],
            "id": "niura-monthly-aggregation-rule-niura-eeg-monthly-target",
            "input": "{\"aggregation_type\":\"monthly\"}",
            "input_path": "",
            "input_transformer": [],
            "kinesis_target": [],
            "redshift_target": [],
            "retry_policy": [],
            "role_arn": "",
            "rule": "niura-monthly-aggregation-rule",
            "run_command_targets": [],
            "sagemaker_pipeline_target": [],
            "sqs_target": [],
            "target_id": "niura-eeg-monthly-target"
          },
          "sensitive_attributes": [],
          "identity_schema_version": 0,
          "private": "eyJzY2hlbWFfdmVyc2lvbiI6IjEifQ==",
          "dependencies": [
            "data.aws_ami.amazon_linux",
            "data.aws_caller_identity.current",
            "data.aws_region.current",
            "module.bastion.aws_iam_instance_profile.bastion_profile",
            "module.bastion.aws_iam_role.bastion_role",
            "module.bastion.aws_iam_role_policy.bastion_msk_policy",
            "module.bastion.aws_iam_role_policy_attachment.ssm_core",
            "module.bastion.aws_instance.bastion",
            "module.bastion.aws_security_group.bastion_sg",
            "module.ecs.aws_cloudwatch_log_group.ecs",
            "module.ecs.aws_ecs_cluster.this",
            "module.ecs.aws_ecs_service.service",
            "module.ecs.aws_ecs_task_definition.task",
            "module.ecs.aws_iam_role.ecs_task_role",
            "module.ecs.aws_iam_role.task_execution_role",
            "module.ecs.aws_iam_role_policy.ecs_task_msk_policy",
            "module.ecs.aws_iam_role_policy_attachment.task_exec_ecr",
            "module.ecs.aws_lb.alb",
            "module.ecs.aws_lb_listener.http",
            "module.ecs.aws_lb_listener_rule.gateway_only",
            "module.ecs.aws_lb_listener_rule.rules",
            "module.ecs.aws_lb_target_group.tg",
            "module.ecs.aws_security_group.alb_sg",
            "module.ecs.aws_security_group.ecs_sg",
            "module.ecs.aws_security_group_rule.alb_attach_extra",
            "module.ecs.aws_security_group_rule.alb_to_ecs_http",
            "module.ecs.aws_security_group_rule.bastion_to_rds",
            "module.ecs.aws_security_group_rule.ecs_self_internal_comms",
            "module.ecs.aws_security_group_rule.ecs_sg_self_ingress",
            "module.ecs.aws_security_group_rule.ecs_to_vpc_endpoints",
            "module.ecs.aws_service_discovery_private_dns_namespace.ns",
            "module.ecs.aws_service_discovery_service.sd",
            "module.ecs.data.aws_caller_identity.current",
            "module.ecs.data.aws_region.current",
            "module.eeg_backup.aws_cloudwatch_event_rule.monthly_aggregation_rule",
            "module.eeg_backup.aws_iam_role.lambda_role",
            "module.eeg_backup.aws_iam_role_policy.lambda_policy",
            "module.eeg_backup.aws_lambda_function.eeg_data_backup",
            "module.eeg_backup.aws_s3_bucket.daily_backup",
            "module.eeg_backup.aws_s3_bucket.monthly_backup",
            "module.eeg_backup.aws_s3_bucket.realtime_raw",
            "module.eeg_backup.aws_s3_bucket.yearly_backup",
            "module.eeg_backup.random_id.suffix",
            "module.kafka.aws_msk_serverless_cluster.this",
            "module.kafka.aws_security_group.kafka_sg",
            "module.network.aws_subnet.public",
            "module.network.aws_subnet.public_b",
            "module.network.aws_vpc.main",
            "module.rds_core.aws_db_instance.this",
            "module.rds_core.aws_db_subnet_group.this",
            "module.rds_gateway.aws_db_instance.this",
            "module.rds_gateway.aws_db_subnet_group.this",
            "random_password.rds_master_password"
          ]
        }
      ]
    },
    {
      "module": "module.eeg_backup",
      "mode": "managed",
      "type": "aws_cloudwatch_event_target",
      "name": "yearly_aggregation_target",
      "provider": "provider[\"registry.terraform.io/hashicorp/aws\"]",
      "instances": [
        {
          "schema_version": 1,
          "attributes": {
            "appsync_target": [],
            "arn": "arn:aws:lambda:ap-south-1:654654617590:function:niura-eeg-data-backup",
            "batch_target": [],
            "dead_letter_config": [],
            "ecs_target": [],
            "event_bus_name": "default",
            "force_destroy": false,
            "http_target": [],
            "id": "niura-yearly-aggregation-rule-niura-eeg-yearly-target",
            "input": "{\"aggregation_type\":\"yearly\"}",
            "input_path": "",
            "input_transformer": [],
            "kinesis_target": [],
            "redshift_target": [],
            "retry_policy": [],
            "role_arn": "",
            "rule": "niura-yearly-aggregation-rule",
            "run_command_targets": [],
            "sagemaker_pipeline_target": [],
            "sqs_target": [],
            "target_id": "niura-eeg-yearly-target"
          },
          "sensitive_attributes": [],
          "identity_schema_version": 0,
          "private": "eyJzY2hlbWFfdmVyc2lvbiI6IjEifQ==",
          "dependencies": [
            "data.aws_ami.amazon_linux",
            "data.aws_caller_identity.current",
            "data.aws_region.current",
            "module.bastion.aws_iam_instance_profile.bastion_profile",
            "module.bastion.aws_iam_role.bastion_role",
            "module.bastion.aws_iam_role_policy.bastion_msk_policy",
            "module.bastion.aws_iam_role_policy_attachment.ssm_core",
            "module.bastion.aws_instance.bastion",
            "module.bastion.aws_security_group.bastion_sg",
            "module.ecs.aws_cloudwatch_log_group.ecs",
            "module.ecs.aws_ecs_cluster.this",
            "module.ecs.aws_ecs_service.service",
            "module.ecs.aws_ecs_task_definition.task",
            "module.ecs.aws_iam_role.ecs_task_role",
            "module.ecs.aws_iam_role.task_execution_role",
            "module.ecs.aws_iam_role_policy.ecs_task_msk_policy",
            "module.ecs.aws_iam_role_policy_attachment.task_exec_ecr",
            "module.ecs.aws_lb.alb",
            "module.ecs.aws_lb_listener.http",
            "module.ecs.aws_lb_listener_rule.gateway_only",
            "module.ecs.aws_lb_listener_rule.rules",
            "module.ecs.aws_lb_target_group.tg",
            "module.ecs.aws_security_group.alb_sg",
            "module.ecs.aws_security_group.ecs_sg",
            "module.ecs.aws_security_group_rule.alb_attach_extra",
            "module.ecs.aws_security_group_rule.alb_to_ecs_http",
            "module.ecs.aws_security_group_rule.bastion_to_rds",
            "module.ecs.aws_security_group_rule.ecs_self_internal_comms",
            "module.ecs.aws_security_group_rule.ecs_sg_self_ingress",
            "module.ecs.aws_security_group_rule.ecs_to_vpc_endpoints",
            "module.ecs.aws_service_discovery_private_dns_namespace.ns",
            "module.ecs.aws_service_discovery_service.sd",
            "module.ecs.data.aws_caller_identity.current",
            "module.ecs.data.aws_region.current",
            "module.eeg_backup.aws_cloudwatch_event_rule.yearly_aggregation_rule",
            "module.eeg_backup.aws_iam_role.lambda_role",
            "module.eeg_backup.aws_iam_role_policy.lambda_policy",
            "module.eeg_backup.aws_lambda_function.eeg_data_backup",
            "module.eeg_backup.aws_s3_bucket.daily_backup",
            "module.eeg_backup.aws_s3_bucket.monthly_backup",
            "module.eeg_backup.aws_s3_bucket.realtime_raw",
            "module.eeg_backup.aws_s3_bucket.yearly_backup",
            "module.eeg_backup.random_id.suffix",
            "module.kafka.aws_msk_serverless_cluster.this",
            "module.kafka.aws_security_group.kafka_sg",
            "module.network.aws_subnet.public",
            "module.network.aws_subnet.public_b",
            "module.network.aws_vpc.main",
            "module.rds_core.aws_db_instance.this",
            "module.rds_core.aws_db_subnet_group.this",
            "module.rds_gateway.aws_db_instance.this",
            "module.rds_gateway.aws_db_subnet_group.this",
            "random_password.rds_master_password"
          ]
        }
      ]
    },
    {
      "module": "module.eeg_backup",
      "mode": "managed",
      "type": "aws_iam_role",
      "name": "lambda_role",
      "provider": "provider[\"registry.terraform.io/hashicorp/aws\"]",
      "instances": [
        {
          "schema_version": 0,
          "attributes": {
            "arn": "arn:aws:iam::654654617590:role/niura-eeg-backup-lambda-role",
            "assume_role_policy": "{\"Statement\":[{\"Action\":\"sts:AssumeRole\",\"Effect\":\"Allow\",\"Principal\":{\"Service\":\"lambda.amazonaws.com\"}}],\"Version\":\"2012-10-17\"}",
            "create_date": "2025-10-22T05:09:24Z",
            "description": "",
            "force_detach_policies": false,
            "id": "niura-eeg-backup-lambda-role",
            "inline_policy": [
              {
                "name": "niura-eeg-backup-lambda-policy",
                "policy": "{\"Version\":\"2012-10-17\",\"Statement\":[{\"Action\":[\"s3:PutObject\",\"s3:GetObject\"],\"Effect\":\"Allow\",\"Resource\":[\"arn:aws:s3:::niura-eeg-daily-backup-a6556d/*\",\"arn:aws:s3:::niura-eeg-monthly-backup-a6556d/*\",\"arn:aws:s3:::niura-eeg-yearly-backup-a6556d/*\"]},{\"Action\":[\"logs:CreateLogGroup\",\"logs:CreateLogStream\",\"logs:PutLogEvents\"],\"Effect\":\"Allow\",\"Resource\":\"arn:aws:logs:*:*:*\"},{\"Action\":[\"ec2:CreateNetworkInterface\",\"ec2:DescribeNetworkInterfaces\",\"ec2:DeleteNetworkInterface\"],\"Effect\":\"Allow\",\"Resource\":\"*\"}]}"
              }
            ],
            "managed_policy_arns": [],
            "max_session_duration": 3600,
            "name": "niura-eeg-backup-lambda-role",
            "name_prefix": "",
            "path": "/",
            "permissions_boundary": "",
            "tags": {
              "Env": "dev",
              "Project": "Niura EEG"
            },
            "tags_all": {
              "Env": "dev",
              "Project": "Niura EEG"
            },
            "unique_id": "AROAZQ3DUW73M3VIT5M47"
          },
          "sensitive_attributes": [],
          "identity_schema_version": 0,
          "private": "bnVsbA==",
          "dependencies": [
            "data.aws_ami.amazon_linux",
            "data.aws_caller_identity.current",
            "data.aws_region.current",
            "module.bastion.aws_iam_instance_profile.bastion_profile",
            "module.bastion.aws_iam_role.bastion_role",
            "module.bastion.aws_iam_role_policy.bastion_msk_policy",
            "module.bastion.aws_iam_role_policy_attachment.ssm_core",
            "module.bastion.aws_instance.bastion",
            "module.bastion.aws_security_group.bastion_sg",
            "module.ecs.aws_cloudwatch_log_group.ecs",
            "module.ecs.aws_ecs_cluster.this",
            "module.ecs.aws_ecs_service.service",
            "module.ecs.aws_ecs_task_definition.task",
            "module.ecs.aws_iam_role.ecs_task_role",
            "module.ecs.aws_iam_role.task_execution_role",
            "module.ecs.aws_iam_role_policy.ecs_task_msk_policy",
            "module.ecs.aws_iam_role_policy_attachment.task_exec_ecr",
            "module.ecs.aws_lb.alb",
            "module.ecs.aws_lb_listener.http",
            "module.ecs.aws_lb_listener_rule.gateway_only",
            "module.ecs.aws_lb_listener_rule.rules",
            "module.ecs.aws_lb_target_group.tg",
            "module.ecs.aws_security_group.alb_sg",
            "module.ecs.aws_security_group.ecs_sg",
            "module.ecs.aws_security_group_rule.alb_attach_extra",
            "module.ecs.aws_security_group_rule.alb_to_ecs_http",
            "module.ecs.aws_security_group_rule.bastion_to_rds",
            "module.ecs.aws_security_group_rule.ecs_self_internal_comms",
            "module.ecs.aws_security_group_rule.ecs_sg_self_ingress",
            "module.ecs.aws_security_group_rule.ecs_to_vpc_endpoints",
            "module.ecs.aws_service_discovery_private_dns_namespace.ns",
            "module.ecs.aws_service_discovery_service.sd",
            "module.ecs.data.aws_caller_identity.current",
            "module.ecs.data.aws_region.current",
            "module.kafka.aws_msk_serverless_cluster.this",
            "module.kafka.aws_security_group.kafka_sg",
            "module.network.aws_subnet.public",
            "module.network.aws_subnet.public_b",
            "module.network.aws_vpc.main",
            "module.rds_core.aws_db_instance.this",
            "module.rds_core.aws_db_subnet_group.this",
            "module.rds_gateway.aws_db_instance.this",
            "module.rds_gateway.aws_db_subnet_group.this",
            "random_password.rds_master_password"
          ]
        }
      ]
    },
    {
      "module": "module.eeg_backup",
      "mode": "managed",
      "type": "aws_iam_role_policy",
      "name": "ecs_eeg_realtime_s3",
      "provider": "provider[\"registry.terraform.io/hashicorp/aws\"]",
      "instances": [
        {
          "index_key": 0,
          "schema_version": 0,
          "attributes": {
            "id": "niura-staging-ecs-task-role:niura-eeg-realtime-s3-policy",
            "name": "niura-eeg-realtime-s3-policy",
            "name_prefix": "",
            "policy": "{\"Version\":\"2012-10-17\",\"Statement\":[{\"Action\":[\"s3:PutObject\"],\"Effect\":\"Allow\",\"Resource\":\"arn:aws:s3:::niura-realtime-raw-eeg/*\"}]}",
            "role": "niura-staging-ecs-task-role"
          },
          "sensitive_attributes": [],
          "identity_schema_version": 0,
          "private": "bnVsbA==",
          "dependencies": [
            "data.aws_ami.amazon_linux",
            "data.aws_caller_identity.current",
            "data.aws_region.current",
            "module.bastion.aws_iam_instance_profile.bastion_profile",
            "module.bastion.aws_iam_role.bastion_role",
            "module.bastion.aws_iam_role_policy.bastion_msk_policy",
            "module.bastion.aws_iam_role_policy_attachment.ssm_core",
            "module.bastion.aws_instance.bastion",
            "module.bastion.aws_security_group.bastion_sg",
            "module.ecs.aws_cloudwatch_log_group.ecs",
            "module.ecs.aws_ecs_cluster.this",
            "module.ecs.aws_ecs_service.service",
            "module.ecs.aws_ecs_task_definition.task",
            "module.ecs.aws_iam_role.ecs_task_role",
            "module.ecs.aws_iam_role.task_execution_role",
            "module.ecs.aws_iam_role_policy.ecs_task_msk_policy",
            "module.ecs.aws_iam_role_policy_attachment.task_exec_ecr",
            "module.ecs.aws_lb.alb",
            "module.ecs.aws_lb_listener.http",
            "module.ecs.aws_lb_listener_rule.gateway_only",
            "module.ecs.aws_lb_listener_rule.rules",
            "module.ecs.aws_lb_target_group.tg",
            "module.ecs.aws_security_group.alb_sg",
            "module.ecs.aws_security_group.ecs_sg",
            "module.ecs.aws_security_group_rule.alb_attach_extra",
            "module.ecs.aws_security_group_rule.alb_to_ecs_http",
            "module.ecs.aws_security_group_rule.bastion_to_rds",
            "module.ecs.aws_security_group_rule.ecs_self_internal_comms",
            "module.ecs.aws_security_group_rule.ecs_sg_self_ingress",
            "module.ecs.aws_security_group_rule.ecs_to_vpc_endpoints",
            "module.ecs.aws_service_discovery_private_dns_namespace.ns",
            "module.ecs.aws_service_discovery_service.sd",
            "module.ecs.data.aws_caller_identity.current",
            "module.ecs.data.aws_region.current",
            "module.eeg_backup.aws_s3_bucket.realtime_raw",
            "module.kafka.aws_msk_serverless_cluster.this",
            "module.kafka.aws_security_group.kafka_sg",
            "module.network.aws_subnet.public",
            "module.network.aws_subnet.public_b",
            "module.network.aws_vpc.main",
            "module.rds_core.aws_db_instance.this",
            "module.rds_core.aws_db_subnet_group.this",
            "module.rds_gateway.aws_db_instance.this",
            "module.rds_gateway.aws_db_subnet_group.this",
            "random_password.rds_master_password"
          ]
        }
      ]
    },
    {
      "module": "module.eeg_backup",
      "mode": "managed",
      "type": "aws_iam_role_policy",
      "name": "lambda_policy",
      "provider": "provider[\"registry.terraform.io/hashicorp/aws\"]",
      "instances": [
        {
          "schema_version": 0,
          "attributes": {
            "id": "niura-eeg-backup-lambda-role:niura-eeg-backup-lambda-policy",
            "name": "niura-eeg-backup-lambda-policy",
            "name_prefix": "",
            "policy": "{\"Version\":\"2012-10-17\",\"Statement\":[{\"Action\":[\"s3:PutObject\",\"s3:GetObject\"],\"Effect\":\"Allow\",\"Resource\":[\"arn:aws:s3:::niura-eeg-daily-backup-a6556d/*\",\"arn:aws:s3:::niura-eeg-monthly-backup-a6556d/*\",\"arn:aws:s3:::niura-eeg-yearly-backup-a6556d/*\"]},{\"Action\":[\"logs:CreateLogGroup\",\"logs:CreateLogStream\",\"logs:PutLogEvents\"],\"Effect\":\"Allow\",\"Resource\":\"arn:aws:logs:*:*:*\"},{\"Action\":[\"ec2:CreateNetworkInterface\",\"ec2:DescribeNetworkInterfaces\",\"ec2:DeleteNetworkInterface\"],\"Effect\":\"Allow\",\"Resource\":\"*\"}]}",
            "role": "niura-eeg-backup-lambda-role"
          },
          "sensitive_attributes": [],
          "identity_schema_version": 0,
          "private": "bnVsbA==",
          "dependencies": [
            "data.aws_ami.amazon_linux",
            "data.aws_caller_identity.current",
            "data.aws_region.current",
            "module.bastion.aws_iam_instance_profile.bastion_profile",
            "module.bastion.aws_iam_role.bastion_role",
            "module.bastion.aws_iam_role_policy.bastion_msk_policy",
            "module.bastion.aws_iam_role_policy_attachment.ssm_core",
            "module.bastion.aws_instance.bastion",
            "module.bastion.aws_security_group.bastion_sg",
            "module.ecs.aws_cloudwatch_log_group.ecs",
            "module.ecs.aws_ecs_cluster.this",
            "module.ecs.aws_ecs_service.service",
            "module.ecs.aws_ecs_task_definition.task",
            "module.ecs.aws_iam_role.ecs_task_role",
            "module.ecs.aws_iam_role.task_execution_role",
            "module.ecs.aws_iam_role_policy.ecs_task_msk_policy",
            "module.ecs.aws_iam_role_policy_attachment.task_exec_ecr",
            "module.ecs.aws_lb.alb",
            "module.ecs.aws_lb_listener.http",
            "module.ecs.aws_lb_listener_rule.gateway_only",
            "module.ecs.aws_lb_listener_rule.rules",
            "module.ecs.aws_lb_target_group.tg",
            "module.ecs.aws_security_group.alb_sg",
            "module.ecs.aws_security_group.ecs_sg",
            "module.ecs.aws_security_group_rule.alb_attach_extra",
            "module.ecs.aws_security_group_rule.alb_to_ecs_http",
            "module.ecs.aws_security_group_rule.bastion_to_rds",
            "module.ecs.aws_security_group_rule.ecs_self_internal_comms",
            "module.ecs.aws_security_group_rule.ecs_sg_self_ingress",
            "module.ecs.aws_security_group_rule.ecs_to_vpc_endpoints",
            "module.ecs.aws_service_discovery_private_dns_namespace.ns",
            "module.ecs.aws_service_discovery_service.sd",
            "module.ecs.data.aws_caller_identity.current",
            "module.ecs.data.aws_region.current",
            "module.eeg_backup.aws_iam_role.lambda_role",
            "module.eeg_backup.aws_s3_bucket.daily_backup",
            "module.eeg_backup.aws_s3_bucket.monthly_backup",
            "module.eeg_backup.aws_s3_bucket.yearly_backup",
            "module.eeg_backup.random_id.suffix",
            "module.kafka.aws_msk_serverless_cluster.this",
            "module.kafka.aws_security_group.kafka_sg",
            "module.network.aws_subnet.public",
            "module.network.aws_subnet.public_b",
            "module.network.aws_vpc.main",
            "module.rds_core.aws_db_instance.this",
            "module.rds_core.aws_db_subnet_group.this",
            "module.rds_gateway.aws_db_instance.this",
            "module.rds_gateway.aws_db_subnet_group.this",
            "random_password.rds_master_password"
          ]
        }
      ]
    },
    {
      "module": "module.eeg_backup",
      "mode": "managed",
      "type": "aws_lambda_function",
      "name": "eeg_data_backup",
      "provider": "provider[\"registry.terraform.io/hashicorp/aws\"]",
      "instances": [
        {
          "schema_version": 0,
          "attributes": {
            "architectures": [
              "x86_64"
            ],
            "arn": "arn:aws:lambda:ap-south-1:654654617590:function:niura-eeg-data-backup",
            "code_sha256": "xnqrxBmUMX0fsKI4ZIGevLPbRaWA5mw/ygVSpEhzVGc=",
            "code_signing_config_arn": "",
            "dead_letter_config": [],
            "description": "",
            "environment": [
              {
                "variables": {
                  "DB_HOST": "niura-core-db.cxgkg220girm.ap-south-1.rds.amazonaws.com",
                  "DB_NAME": "core_db",
                  "DB_PASS": "\u003e?{(*Krc6oGnLv3U",
                  "DB_USER": "postgres",
                  "S3_DAILY_BUCKET": "niura-eeg-daily-backup-a6556d",
                  "S3_MONTHLY_BUCKET": "niura-eeg-monthly-backup-a6556d",
                  "S3_REALTIME_BUCKET": "niura-realtime-raw-eeg",
                  "S3_YEARLY_BUCKET": "niura-eeg-yearly-backup-a6556d"
                }
              }
            ],
            "ephemeral_storage": [
              {
                "size": 512
              }
            ],
            "file_system_config": [],
            "filename": "modules/eeg_backup/lambda.zip",
            "function_name": "niura-eeg-data-backup",
            "handler": "lambda_function.lambda_handler",
            "id": "niura-eeg-data-backup",
            "image_config": [],
            "image_uri": "",
            "invoke_arn": "arn:aws:apigateway:ap-south-1:lambda:path/2015-03-31/functions/arn:aws:lambda:ap-south-1:654654617590:function:niura-eeg-data-backup/invocations",
            "kms_key_arn": "",
            "last_modified": "2025-11-17T11:13:33.000+0000",
            "layers": [],
            "logging_config": [
              {
                "application_log_level": "",
                "log_format": "Text",
                "log_group": "/aws/lambda/niura-eeg-data-backup",
                "system_log_level": ""
              }
            ],
            "memory_size": 1024,
            "package_type": "Zip",
            "publish": false,
            "qualified_arn": "arn:aws:lambda:ap-south-1:654654617590:function:niura-eeg-data-backup:$LATEST",
            "qualified_invoke_arn": "arn:aws:apigateway:ap-south-1:lambda:path/2015-03-31/functions/arn:aws:lambda:ap-south-1:654654617590:function:niura-eeg-data-backup:$LATEST/invocations",
            "replace_security_groups_on_destroy": null,
            "replacement_security_group_ids": null,
            "reserved_concurrent_executions": -1,
            "role": "arn:aws:iam::654654617590:role/niura-eeg-backup-lambda-role",
            "runtime": "python3.11",
            "s3_bucket": null,
            "s3_key": null,
            "s3_object_version": null,
            "signing_job_arn": "",
            "signing_profile_version_arn": "",
            "skip_destroy": false,
            "snap_start": [],
            "source_code_hash": "",
            "source_code_size": 4235887,
            "tags": {},
            "tags_all": {},
            "timeout": 900,
            "timeouts": null,
            "tracing_config": [
              {
                "mode": "PassThrough"
              }
            ],
            "version": "$LATEST",
            "vpc_config": [
              {
                "ipv6_allowed_for_dual_stack": false,
                "security_group_ids": [
                  "sg-0574ef6913dacc18c"
                ],
                "subnet_ids": [
                  "subnet-06b1803f13fbcf912",
                  "subnet-0f00434c33a73657d"
                ],
                "vpc_id": "vpc-0898d281454e7c377"
              }
            ]
          },
          "sensitive_attributes": [
            [
              {
                "type": "get_attr",
                "value": "environment"
              },
              {
                "type": "index",
                "value": {
                  "value": 0,
                  "type": "number"
                }
              },
              {
                "type": "get_attr",
                "value": "variables"
              },
              {
                "type": "index",
                "value": {
                  "value": "DB_PASS",
                  "type": "string"
                }
              }
            ]
          ],
          "identity_schema_version": 0,
          "private": "eyJlMmJmYjczMC1lY2FhLTExZTYtOGY4OC0zNDM2M2JjN2M0YzAiOnsiY3JlYXRlIjo2MDAwMDAwMDAwMDAsImRlbGV0ZSI6NjAwMDAwMDAwMDAwLCJ1cGRhdGUiOjYwMDAwMDAwMDAwMH19",
          "dependencies": [
            "data.aws_ami.amazon_linux",
            "data.aws_caller_identity.current",
            "data.aws_region.current",
            "module.bastion.aws_iam_instance_profile.bastion_profile",
            "module.bastion.aws_iam_role.bastion_role",
            "module.bastion.aws_iam_role_policy.bastion_msk_policy",
            "module.bastion.aws_iam_role_policy_attachment.ssm_core",
            "module.bastion.aws_instance.bastion",
            "module.bastion.aws_security_group.bastion_sg",
            "module.ecs.aws_cloudwatch_log_group.ecs",
            "module.ecs.aws_ecs_cluster.this",
            "module.ecs.aws_ecs_service.service",
            "module.ecs.aws_ecs_task_definition.task",
            "module.ecs.aws_iam_role.ecs_task_role",
            "module.ecs.aws_iam_role.task_execution_role",
            "module.ecs.aws_iam_role_policy.ecs_task_msk_policy",
            "module.ecs.aws_iam_role_policy_attachment.task_exec_ecr",
            "module.ecs.aws_lb.alb",
            "module.ecs.aws_lb_listener.http",
            "module.ecs.aws_lb_listener_rule.gateway_only",
            "module.ecs.aws_lb_listener_rule.rules",
            "module.ecs.aws_lb_target_group.tg",
            "module.ecs.aws_security_group.alb_sg",
            "module.ecs.aws_security_group.ecs_sg",
            "module.ecs.aws_security_group_rule.alb_attach_extra",
            "module.ecs.aws_security_group_rule.alb_to_ecs_http",
            "module.ecs.aws_security_group_rule.bastion_to_rds",
            "module.ecs.aws_security_group_rule.ecs_self_internal_comms",
            "module.ecs.aws_security_group_rule.ecs_sg_self_ingress",
            "module.ecs.aws_security_group_rule.ecs_to_vpc_endpoints",
            "module.ecs.aws_service_discovery_private_dns_namespace.ns",
            "module.ecs.aws_service_discovery_service.sd",
            "module.ecs.data.aws_caller_identity.current",
            "module.ecs.data.aws_region.current",
            "module.eeg_backup.aws_iam_role.lambda_role",
            "module.eeg_backup.aws_iam_role_policy.lambda_policy",
            "module.eeg_backup.aws_s3_bucket.daily_backup",
            "module.eeg_backup.aws_s3_bucket.monthly_backup",
            "module.eeg_backup.aws_s3_bucket.realtime_raw",
            "module.eeg_backup.aws_s3_bucket.yearly_backup",
            "module.eeg_backup.random_id.suffix",
            "module.kafka.aws_msk_serverless_cluster.this",
            "module.kafka.aws_security_group.kafka_sg",
            "module.network.aws_subnet.public",
            "module.network.aws_subnet.public_b",
            "module.network.aws_vpc.main",
            "module.rds_core.aws_db_instance.this",
            "module.rds_core.aws_db_subnet_group.this",
            "module.rds_gateway.aws_db_instance.this",
            "module.rds_gateway.aws_db_subnet_group.this",
            "random_password.rds_master_password"
          ]
        }
      ]
    },
    {
      "module": "module.eeg_backup",
      "mode": "managed",
      "type": "aws_lambda_permission",
      "name": "eventbridge_lambda_permission_daily",
      "provider": "provider[\"registry.terraform.io/hashicorp/aws\"]",
      "instances": [
        {
          "schema_version": 0,
          "attributes": {
            "action": "lambda:InvokeFunction",
            "event_source_token": null,
            "function_name": "niura-eeg-data-backup",
            "function_url_auth_type": null,
            "id": "AllowEventBridgeInvokeLambdaDaily",
            "principal": "events.amazonaws.com",
            "principal_org_id": null,
            "qualifier": "",
            "source_account": null,
            "source_arn": "arn:aws:events:ap-south-1:654654617590:rule/niura-daily-aggregation-rule",
            "statement_id": "AllowEventBridgeInvokeLambdaDaily",
            "statement_id_prefix": ""
          },
          "sensitive_attributes": [],
          "identity_schema_version": 0,
          "private": "bnVsbA==",
          "dependencies": [
            "data.aws_ami.amazon_linux",
            "data.aws_caller_identity.current",
            "data.aws_region.current",
            "module.bastion.aws_iam_instance_profile.bastion_profile",
            "module.bastion.aws_iam_role.bastion_role",
            "module.bastion.aws_iam_role_policy.bastion_msk_policy",
            "module.bastion.aws_iam_role_policy_attachment.ssm_core",
            "module.bastion.aws_instance.bastion",
            "module.bastion.aws_security_group.bastion_sg",
            "module.ecs.aws_cloudwatch_log_group.ecs",
            "module.ecs.aws_ecs_cluster.this",
            "module.ecs.aws_ecs_service.service",
            "module.ecs.aws_ecs_task_definition.task",
            "module.ecs.aws_iam_role.ecs_task_role",
            "module.ecs.aws_iam_role.task_execution_role",
            "module.ecs.aws_iam_role_policy.ecs_task_msk_policy",
            "module.ecs.aws_iam_role_policy_attachment.task_exec_ecr",
            "module.ecs.aws_lb.alb",
            "module.ecs.aws_lb_listener.http",
            "module.ecs.aws_lb_listener_rule.gateway_only",
            "module.ecs.aws_lb_listener_rule.rules",
            "module.ecs.aws_lb_target_group.tg",
            "module.ecs.aws_security_group.alb_sg",
            "module.ecs.aws_security_group.ecs_sg",
            "module.ecs.aws_security_group_rule.alb_attach_extra",
            "module.ecs.aws_security_group_rule.alb_to_ecs_http",
            "module.ecs.aws_security_group_rule.bastion_to_rds",
            "module.ecs.aws_security_group_rule.ecs_self_internal_comms",
            "module.ecs.aws_security_group_rule.ecs_sg_self_ingress",
            "module.ecs.aws_security_group_rule.ecs_to_vpc_endpoints",
            "module.ecs.aws_service_discovery_private_dns_namespace.ns",
            "module.ecs.aws_service_discovery_service.sd",
            "module.ecs.data.aws_caller_identity.current",
            "module.ecs.data.aws_region.current",
            "module.eeg_backup.aws_cloudwatch_event_rule.daily_aggregation_rule",
            "module.eeg_backup.aws_iam_role.lambda_role",
            "module.eeg_backup.aws_iam_role_policy.lambda_policy",
            "module.eeg_backup.aws_lambda_function.eeg_data_backup",
            "module.eeg_backup.aws_s3_bucket.daily_backup",
            "module.eeg_backup.aws_s3_bucket.monthly_backup",
            "module.eeg_backup.aws_s3_bucket.realtime_raw",
            "module.eeg_backup.aws_s3_bucket.yearly_backup",
            "module.eeg_backup.random_id.suffix",
            "module.kafka.aws_msk_serverless_cluster.this",
            "module.kafka.aws_security_group.kafka_sg",
            "module.network.aws_subnet.public",
            "module.network.aws_subnet.public_b",
            "module.network.aws_vpc.main",
            "module.rds_core.aws_db_instance.this",
            "module.rds_core.aws_db_subnet_group.this",
            "module.rds_gateway.aws_db_instance.this",
            "module.rds_gateway.aws_db_subnet_group.this",
            "random_password.rds_master_password"
          ]
        }
      ]
    },
    {
      "module": "module.eeg_backup",
      "mode": "managed",
      "type": "aws_lambda_permission",
      "name": "eventbridge_lambda_permission_monthly",
      "provider": "provider[\"registry.terraform.io/hashicorp/aws\"]",
      "instances": [
        {
          "schema_version": 0,
          "attributes": {
            "action": "lambda:InvokeFunction",
            "event_source_token": null,
            "function_name": "niura-eeg-data-backup",
            "function_url_auth_type": null,
            "id": "AllowEventBridgeInvokeLambdaMonthly",
            "principal": "events.amazonaws.com",
            "principal_org_id": null,
            "qualifier": "",
            "source_account": null,
            "source_arn": "arn:aws:events:ap-south-1:654654617590:rule/niura-monthly-aggregation-rule",
            "statement_id": "AllowEventBridgeInvokeLambdaMonthly",
            "statement_id_prefix": ""
          },
          "sensitive_attributes": [],
          "identity_schema_version": 0,
          "private": "bnVsbA==",
          "dependencies": [
            "data.aws_ami.amazon_linux",
            "data.aws_caller_identity.current",
            "data.aws_region.current",
            "module.bastion.aws_iam_instance_profile.bastion_profile",
            "module.bastion.aws_iam_role.bastion_role",
            "module.bastion.aws_iam_role_policy.bastion_msk_policy",
            "module.bastion.aws_iam_role_policy_attachment.ssm_core",
            "module.bastion.aws_instance.bastion",
            "module.bastion.aws_security_group.bastion_sg",
            "module.ecs.aws_cloudwatch_log_group.ecs",
            "module.ecs.aws_ecs_cluster.this",
            "module.ecs.aws_ecs_service.service",
            "module.ecs.aws_ecs_task_definition.task",
            "module.ecs.aws_iam_role.ecs_task_role",
            "module.ecs.aws_iam_role.task_execution_role",
            "module.ecs.aws_iam_role_policy.ecs_task_msk_policy",
            "module.ecs.aws_iam_role_policy_attachment.task_exec_ecr",
            "module.ecs.aws_lb.alb",
            "module.ecs.aws_lb_listener.http",
            "module.ecs.aws_lb_listener_rule.gateway_only",
            "module.ecs.aws_lb_listener_rule.rules",
            "module.ecs.aws_lb_target_group.tg",
            "module.ecs.aws_security_group.alb_sg",
            "module.ecs.aws_security_group.ecs_sg",
            "module.ecs.aws_security_group_rule.alb_attach_extra",
            "module.ecs.aws_security_group_rule.alb_to_ecs_http",
            "module.ecs.aws_security_group_rule.bastion_to_rds",
            "module.ecs.aws_security_group_rule.ecs_self_internal_comms",
            "module.ecs.aws_security_group_rule.ecs_sg_self_ingress",
            "module.ecs.aws_security_group_rule.ecs_to_vpc_endpoints",
            "module.ecs.aws_service_discovery_private_dns_namespace.ns",
            "module.ecs.aws_service_discovery_service.sd",
            "module.ecs.data.aws_caller_identity.current",
            "module.ecs.data.aws_region.current",
            "module.eeg_backup.aws_cloudwatch_event_rule.monthly_aggregation_rule",
            "module.eeg_backup.aws_iam_role.lambda_role",
            "module.eeg_backup.aws_iam_role_policy.lambda_policy",
            "module.eeg_backup.aws_lambda_function.eeg_data_backup",
            "module.eeg_backup.aws_s3_bucket.daily_backup",
            "module.eeg_backup.aws_s3_bucket.monthly_backup",
            "module.eeg_backup.aws_s3_bucket.realtime_raw",
            "module.eeg_backup.aws_s3_bucket.yearly_backup",
            "module.eeg_backup.random_id.suffix",
            "module.kafka.aws_msk_serverless_cluster.this",
            "module.kafka.aws_security_group.kafka_sg",
            "module.network.aws_subnet.public",
            "module.network.aws_subnet.public_b",
            "module.network.aws_vpc.main",
            "module.rds_core.aws_db_instance.this",
            "module.rds_core.aws_db_subnet_group.this",
            "module.rds_gateway.aws_db_instance.this",
            "module.rds_gateway.aws_db_subnet_group.this",
            "random_password.rds_master_password"
          ]
        }
      ]
    },
    {
      "module": "module.eeg_backup",
      "mode": "managed",
      "type": "aws_lambda_permission",
      "name": "eventbridge_lambda_permission_yearly",
      "provider": "provider[\"registry.terraform.io/hashicorp/aws\"]",
      "instances": [
        {
          "schema_version": 0,
          "attributes": {
            "action": "lambda:InvokeFunction",
            "event_source_token": null,
            "function_name": "niura-eeg-data-backup",
            "function_url_auth_type": null,
            "id": "AllowEventBridgeInvokeLambdaYearly",
            "principal": "events.amazonaws.com",
            "principal_org_id": null,
            "qualifier": "",
            "source_account": null,
            "source_arn": "arn:aws:events:ap-south-1:654654617590:rule/niura-yearly-aggregation-rule",
            "statement_id": "AllowEventBridgeInvokeLambdaYearly",
            "statement_id_prefix": ""
          },
          "sensitive_attributes": [],
          "identity_schema_version": 0,
          "private": "bnVsbA==",
          "dependencies": [
            "data.aws_ami.amazon_linux",
            "data.aws_caller_identity.current",
            "data.aws_region.current",
            "module.bastion.aws_iam_instance_profile.bastion_profile",
            "module.bastion.aws_iam_role.bastion_role",
            "module.bastion.aws_iam_role_policy.bastion_msk_policy",
            "module.bastion.aws_iam_role_policy_attachment.ssm_core",
            "module.bastion.aws_instance.bastion",
            "module.bastion.aws_security_group.bastion_sg",
            "module.ecs.aws_cloudwatch_log_group.ecs",
            "module.ecs.aws_ecs_cluster.this",
            "module.ecs.aws_ecs_service.service",
            "module.ecs.aws_ecs_task_definition.task",
            "module.ecs.aws_iam_role.ecs_task_role",
            "module.ecs.aws_iam_role.task_execution_role",
            "module.ecs.aws_iam_role_policy.ecs_task_msk_policy",
            "module.ecs.aws_iam_role_policy_attachment.task_exec_ecr",
            "module.ecs.aws_lb.alb",
            "module.ecs.aws_lb_listener.http",
            "module.ecs.aws_lb_listener_rule.gateway_only",
            "module.ecs.aws_lb_listener_rule.rules",
            "module.ecs.aws_lb_target_group.tg",
            "module.ecs.aws_security_group.alb_sg",
            "module.ecs.aws_security_group.ecs_sg",
            "module.ecs.aws_security_group_rule.alb_attach_extra",
            "module.ecs.aws_security_group_rule.alb_to_ecs_http",
            "module.ecs.aws_security_group_rule.bastion_to_rds",
            "module.ecs.aws_security_group_rule.ecs_self_internal_comms",
            "module.ecs.aws_security_group_rule.ecs_sg_self_ingress",
            "module.ecs.aws_security_group_rule.ecs_to_vpc_endpoints",
            "module.ecs.aws_service_discovery_private_dns_namespace.ns",
            "module.ecs.aws_service_discovery_service.sd",
            "module.ecs.data.aws_caller_identity.current",
            "module.ecs.data.aws_region.current",
            "module.eeg_backup.aws_cloudwatch_event_rule.yearly_aggregation_rule",
            "module.eeg_backup.aws_iam_role.lambda_role",
            "module.eeg_backup.aws_iam_role_policy.lambda_policy",
            "module.eeg_backup.aws_lambda_function.eeg_data_backup",
            "module.eeg_backup.aws_s3_bucket.daily_backup",
            "module.eeg_backup.aws_s3_bucket.monthly_backup",
            "module.eeg_backup.aws_s3_bucket.realtime_raw",
            "module.eeg_backup.aws_s3_bucket.yearly_backup",
            "module.eeg_backup.random_id.suffix",
            "module.kafka.aws_msk_serverless_cluster.this",
            "module.kafka.aws_security_group.kafka_sg",
            "module.network.aws_subnet.public",
            "module.network.aws_subnet.public_b",
            "module.network.aws_vpc.main",
            "module.rds_core.aws_db_instance.this",
            "module.rds_core.aws_db_subnet_group.this",
            "module.rds_gateway.aws_db_instance.this",
            "module.rds_gateway.aws_db_subnet_group.this",
            "random_password.rds_master_password"
          ]
        }
      ]
    },
    {
      "module": "module.eeg_backup",
      "mode": "managed",
      "type": "aws_s3_bucket",
      "name": "daily_backup",
      "provider": "provider[\"registry.terraform.io/hashicorp/aws\"]",
      "instances": [
        {
          "schema_version": 0,
          "attributes": {
            "acceleration_status": "",
            "acl": null,
            "arn": "arn:aws:s3:::niura-eeg-daily-backup-a6556d",
            "bucket": "niura-eeg-daily-backup-a6556d",
            "bucket_domain_name": "niura-eeg-daily-backup-a6556d.s3.amazonaws.com",
            "bucket_prefix": "",
            "bucket_regional_domain_name": "niura-eeg-daily-backup-a6556d.s3.ap-south-1.amazonaws.com",
            "cors_rule": [],
            "force_destroy": true,
            "grant": [
              {
                "id": "154897bcf964948fadf8bfcc3aac8cd87999c094e8ae8f38a29e152d463386f7",
                "permissions": [
                  "FULL_CONTROL"
                ],
                "type": "CanonicalUser",
                "uri": ""
              }
            ],
            "hosted_zone_id": "Z11RGJOFQNVJUP",
            "id": "niura-eeg-daily-backup-a6556d",
            "lifecycle_rule": [],
            "logging": [],
            "object_lock_configuration": [],
            "object_lock_enabled": false,
            "policy": "",
            "region": "ap-south-1",
            "replication_configuration": [],
            "request_payer": "BucketOwner",
            "server_side_encryption_configuration": [
              {
                "rule": [
                  {
                    "apply_server_side_encryption_by_default": [
                      {
                        "kms_master_key_id": "",
                        "sse_algorithm": "AES256"
                      }
                    ],
                    "bucket_key_enabled": false
                  }
                ]
              }
            ],
            "tags": {
              "Env": "staging",
              "Project": "Niura EEG",
              "Type": "Daily Backup"
            },
            "tags_all": {
              "Env": "staging",
              "Project": "Niura EEG",
              "Type": "Daily Backup"
            },
            "timeouts": null,
            "versioning": [
              {
                "enabled": true,
                "mfa_delete": false
              }
            ],
            "website": [],
            "website_domain": null,
            "website_endpoint": null
          },
          "sensitive_attributes": [],
          "identity_schema_version": 0,
          "private": "eyJlMmJmYjczMC1lY2FhLTExZTYtOGY4OC0zNDM2M2JjN2M0YzAiOnsiY3JlYXRlIjoxMjAwMDAwMDAwMDAwLCJkZWxldGUiOjM2MDAwMDAwMDAwMDAsInJlYWQiOjEyMDAwMDAwMDAwMDAsInVwZGF0ZSI6MTIwMDAwMDAwMDAwMH19",
          "dependencies": [
            "data.aws_ami.amazon_linux",
            "data.aws_caller_identity.current",
            "data.aws_region.current",
            "module.bastion.aws_iam_instance_profile.bastion_profile",
            "module.bastion.aws_iam_role.bastion_role",
            "module.bastion.aws_iam_role_policy.bastion_msk_policy",
            "module.bastion.aws_iam_role_policy_attachment.ssm_core",
            "module.bastion.aws_instance.bastion",
            "module.bastion.aws_security_group.bastion_sg",
            "module.ecs.aws_cloudwatch_log_group.ecs",
            "module.ecs.aws_ecs_cluster.this",
            "module.ecs.aws_ecs_service.service",
            "module.ecs.aws_ecs_task_definition.task",
            "module.ecs.aws_iam_role.ecs_task_role",
            "module.ecs.aws_iam_role.task_execution_role",
            "module.ecs.aws_iam_role_policy.ecs_task_msk_policy",
            "module.ecs.aws_iam_role_policy_attachment.task_exec_ecr",
            "module.ecs.aws_lb.alb",
            "module.ecs.aws_lb_listener.http",
            "module.ecs.aws_lb_listener_rule.gateway_only",
            "module.ecs.aws_lb_listener_rule.rules",
            "module.ecs.aws_lb_target_group.tg",
            "module.ecs.aws_security_group.alb_sg",
            "module.ecs.aws_security_group.ecs_sg",
            "module.ecs.aws_security_group_rule.alb_attach_extra",
            "module.ecs.aws_security_group_rule.alb_to_ecs_http",
            "module.ecs.aws_security_group_rule.bastion_to_rds",
            "module.ecs.aws_security_group_rule.ecs_self_internal_comms",
            "module.ecs.aws_security_group_rule.ecs_sg_self_ingress",
            "module.ecs.aws_security_group_rule.ecs_to_vpc_endpoints",
            "module.ecs.aws_service_discovery_private_dns_namespace.ns",
            "module.ecs.aws_service_discovery_service.sd",
            "module.ecs.data.aws_caller_identity.current",
            "module.ecs.data.aws_region.current",
            "module.eeg_backup.random_id.suffix",
            "module.kafka.aws_msk_serverless_cluster.this",
            "module.kafka.aws_security_group.kafka_sg",
            "module.network.aws_subnet.public",
            "module.network.aws_subnet.public_b",
            "module.network.aws_vpc.main",
            "module.rds_core.aws_db_instance.this",
            "module.rds_core.aws_db_subnet_group.this",
            "module.rds_gateway.aws_db_instance.this",
            "module.rds_gateway.aws_db_subnet_group.this",
            "random_password.rds_master_password"
          ]
        }
      ]
    },
    {
      "module": "module.eeg_backup",
      "mode": "managed",
      "type": "aws_s3_bucket",
      "name": "monthly_backup",
      "provider": "provider[\"registry.terraform.io/hashicorp/aws\"]",
      "instances": [
        {
          "schema_version": 0,
          "attributes": {
            "acceleration_status": "",
            "acl": null,
            "arn": "arn:aws:s3:::niura-eeg-monthly-backup-a6556d",
            "bucket": "niura-eeg-monthly-backup-a6556d",
            "bucket_domain_name": "niura-eeg-monthly-backup-a6556d.s3.amazonaws.com",
            "bucket_prefix": "",
            "bucket_regional_domain_name": "niura-eeg-monthly-backup-a6556d.s3.ap-south-1.amazonaws.com",
            "cors_rule": [],
            "force_destroy": true,
            "grant": [
              {
                "id": "154897bcf964948fadf8bfcc3aac8cd87999c094e8ae8f38a29e152d463386f7",
                "permissions": [
                  "FULL_CONTROL"
                ],
                "type": "CanonicalUser",
                "uri": ""
              }
            ],
            "hosted_zone_id": "Z11RGJOFQNVJUP",
            "id": "niura-eeg-monthly-backup-a6556d",
            "lifecycle_rule": [],
            "logging": [],
            "object_lock_configuration": [],
            "object_lock_enabled": false,
            "policy": "",
            "region": "ap-south-1",
            "replication_configuration": [],
            "request_payer": "BucketOwner",
            "server_side_encryption_configuration": [
              {
                "rule": [
                  {
                    "apply_server_side_encryption_by_default": [
                      {
                        "kms_master_key_id": "",
                        "sse_algorithm": "AES256"
                      }
                    ],
                    "bucket_key_enabled": false
                  }
                ]
              }
            ],
            "tags": {
              "Env": "staging",
              "Project": "Niura EEG",
              "Type": "Monthly Backup"
            },
            "tags_all": {
              "Env": "staging",
              "Project": "Niura EEG",
              "Type": "Monthly Backup"
            },
            "timeouts": null,
            "versioning": [
              {
                "enabled": true,
                "mfa_delete": false
              }
            ],
            "website": [],
            "website_domain": null,
            "website_endpoint": null
          },
          "sensitive_attributes": [],
          "identity_schema_version": 0,
          "private": "eyJlMmJmYjczMC1lY2FhLTExZTYtOGY4OC0zNDM2M2JjN2M0YzAiOnsiY3JlYXRlIjoxMjAwMDAwMDAwMDAwLCJkZWxldGUiOjM2MDAwMDAwMDAwMDAsInJlYWQiOjEyMDAwMDAwMDAwMDAsInVwZGF0ZSI6MTIwMDAwMDAwMDAwMH19",
          "dependencies": [
            "data.aws_ami.amazon_linux",
            "data.aws_caller_identity.current",
            "data.aws_region.current",
            "module.bastion.aws_iam_instance_profile.bastion_profile",
            "module.bastion.aws_iam_role.bastion_role",
            "module.bastion.aws_iam_role_policy.bastion_msk_policy",
            "module.bastion.aws_iam_role_policy_attachment.ssm_core",
            "module.bastion.aws_instance.bastion",
            "module.bastion.aws_security_group.bastion_sg",
            "module.ecs.aws_cloudwatch_log_group.ecs",
            "module.ecs.aws_ecs_cluster.this",
            "module.ecs.aws_ecs_service.service",
            "module.ecs.aws_ecs_task_definition.task",
            "module.ecs.aws_iam_role.ecs_task_role",
            "module.ecs.aws_iam_role.task_execution_role",
            "module.ecs.aws_iam_role_policy.ecs_task_msk_policy",
            "module.ecs.aws_iam_role_policy_attachment.task_exec_ecr",
            "module.ecs.aws_lb.alb",
            "module.ecs.aws_lb_listener.http",
            "module.ecs.aws_lb_listener_rule.gateway_only",
            "module.ecs.aws_lb_listener_rule.rules",
            "module.ecs.aws_lb_target_group.tg",
            "module.ecs.aws_security_group.alb_sg",
            "module.ecs.aws_security_group.ecs_sg",
            "module.ecs.aws_security_group_rule.alb_attach_extra",
            "module.ecs.aws_security_group_rule.alb_to_ecs_http",
            "module.ecs.aws_security_group_rule.bastion_to_rds",
            "module.ecs.aws_security_group_rule.ecs_self_internal_comms",
            "module.ecs.aws_security_group_rule.ecs_sg_self_ingress",
            "module.ecs.aws_security_group_rule.ecs_to_vpc_endpoints",
            "module.ecs.aws_service_discovery_private_dns_namespace.ns",
            "module.ecs.aws_service_discovery_service.sd",
            "module.ecs.data.aws_caller_identity.current",
            "module.ecs.data.aws_region.current",
            "module.eeg_backup.random_id.suffix",
            "module.kafka.aws_msk_serverless_cluster.this",
            "module.kafka.aws_security_group.kafka_sg",
            "module.network.aws_subnet.public",
            "module.network.aws_subnet.public_b",
            "module.network.aws_vpc.main",
            "module.rds_core.aws_db_instance.this",
            "module.rds_core.aws_db_subnet_group.this",
            "module.rds_gateway.aws_db_instance.this",
            "module.rds_gateway.aws_db_subnet_group.this",
            "random_password.rds_master_password"
          ]
        }
      ]
    },
    {
      "module": "module.eeg_backup",
      "mode": "managed",
      "type": "aws_s3_bucket",
      "name": "realtime_raw",
      "provider": "provider[\"registry.terraform.io/hashicorp/aws\"]",
      "instances": [
        {
          "schema_version": 0,
          "attributes": {
            "acceleration_status": "",
            "acl": null,
            "arn": "arn:aws:s3:::niura-realtime-raw-eeg",
            "bucket": "niura-realtime-raw-eeg",
            "bucket_domain_name": "niura-realtime-raw-eeg.s3.amazonaws.com",
            "bucket_prefix": "",
            "bucket_regional_domain_name": "niura-realtime-raw-eeg.s3.ap-south-1.amazonaws.com",
            "cors_rule": [],
            "force_destroy": true,
            "grant": [
              {
                "id": "154897bcf964948fadf8bfcc3aac8cd87999c094e8ae8f38a29e152d463386f7",
                "permissions": [
                  "FULL_CONTROL"
                ],
                "type": "CanonicalUser",
                "uri": ""
              }
            ],
            "hosted_zone_id": "Z11RGJOFQNVJUP",
            "id": "niura-realtime-raw-eeg",
            "lifecycle_rule": [],
            "logging": [],
            "object_lock_configuration": [],
            "object_lock_enabled": false,
            "policy": "",
            "region": "ap-south-1",
            "replication_configuration": [],
            "request_payer": "BucketOwner",
            "server_side_encryption_configuration": [
              {
                "rule": [
                  {
                    "apply_server_side_encryption_by_default": [
                      {
                        "kms_master_key_id": "",
                        "sse_algorithm": "AES256"
                      }
                    ],
                    "bucket_key_enabled": false
                  }
                ]
              }
            ],
            "tags": {},
            "tags_all": {},
            "timeouts": null,
            "versioning": [
              {
                "enabled": false,
                "mfa_delete": false
              }
            ],
            "website": [],
            "website_domain": null,
            "website_endpoint": null
          },
          "sensitive_attributes": [],
          "identity_schema_version": 0,
          "private": "eyJlMmJmYjczMC1lY2FhLTExZTYtOGY4OC0zNDM2M2JjN2M0YzAiOnsiY3JlYXRlIjoxMjAwMDAwMDAwMDAwLCJkZWxldGUiOjM2MDAwMDAwMDAwMDAsInJlYWQiOjEyMDAwMDAwMDAwMDAsInVwZGF0ZSI6MTIwMDAwMDAwMDAwMH19",
          "dependencies": [
            "data.aws_ami.amazon_linux",
            "data.aws_caller_identity.current",
            "data.aws_region.current",
            "module.bastion.aws_iam_instance_profile.bastion_profile",
            "module.bastion.aws_iam_role.bastion_role",
            "module.bastion.aws_iam_role_policy.bastion_msk_policy",
            "module.bastion.aws_iam_role_policy_attachment.ssm_core",
            "module.bastion.aws_instance.bastion",
            "module.bastion.aws_security_group.bastion_sg",
            "module.ecs.aws_cloudwatch_log_group.ecs",
            "module.ecs.aws_ecs_cluster.this",
            "module.ecs.aws_ecs_service.service",
            "module.ecs.aws_ecs_task_definition.task",
            "module.ecs.aws_iam_role.ecs_task_role",
            "module.ecs.aws_iam_role.task_execution_role",
            "module.ecs.aws_iam_role_policy.ecs_task_msk_policy",
            "module.ecs.aws_iam_role_policy_attachment.task_exec_ecr",
            "module.ecs.aws_lb.alb",
            "module.ecs.aws_lb_listener.http",
            "module.ecs.aws_lb_listener_rule.gateway_only",
            "module.ecs.aws_lb_listener_rule.rules",
            "module.ecs.aws_lb_target_group.tg",
            "module.ecs.aws_security_group.alb_sg",
            "module.ecs.aws_security_group.ecs_sg",
            "module.ecs.aws_security_group_rule.alb_attach_extra",
            "module.ecs.aws_security_group_rule.alb_to_ecs_http",
            "module.ecs.aws_security_group_rule.bastion_to_rds",
            "module.ecs.aws_security_group_rule.ecs_self_internal_comms",
            "module.ecs.aws_security_group_rule.ecs_sg_self_ingress",
            "module.ecs.aws_security_group_rule.ecs_to_vpc_endpoints",
            "module.ecs.aws_service_discovery_private_dns_namespace.ns",
            "module.ecs.aws_service_discovery_service.sd",
            "module.ecs.data.aws_caller_identity.current",
            "module.ecs.data.aws_region.current",
            "module.kafka.aws_msk_serverless_cluster.this",
            "module.kafka.aws_security_group.kafka_sg",
            "module.network.aws_subnet.public",
            "module.network.aws_subnet.public_b",
            "module.network.aws_vpc.main",
            "module.rds_core.aws_db_instance.this",
            "module.rds_core.aws_db_subnet_group.this",
            "module.rds_gateway.aws_db_instance.this",
            "module.rds_gateway.aws_db_subnet_group.this",
            "random_password.rds_master_password"
          ]
        }
      ]
    },
    {
      "module": "module.eeg_backup",
      "mode": "managed",
      "type": "aws_s3_bucket",
      "name": "yearly_backup",
      "provider": "provider[\"registry.terraform.io/hashicorp/aws\"]",
      "instances": [
        {
          "schema_version": 0,
          "attributes": {
            "acceleration_status": "",
            "acl": null,
            "arn": "arn:aws:s3:::niura-eeg-yearly-backup-a6556d",
            "bucket": "niura-eeg-yearly-backup-a6556d",
            "bucket_domain_name": "niura-eeg-yearly-backup-a6556d.s3.amazonaws.com",
            "bucket_prefix": "",
            "bucket_regional_domain_name": "niura-eeg-yearly-backup-a6556d.s3.ap-south-1.amazonaws.com",
            "cors_rule": [],
            "force_destroy": true,
            "grant": [
              {
                "id": "154897bcf964948fadf8bfcc3aac8cd87999c094e8ae8f38a29e152d463386f7",
                "permissions": [
                  "FULL_CONTROL"
                ],
                "type": "CanonicalUser",
                "uri": ""
              }
            ],
            "hosted_zone_id": "Z11RGJOFQNVJUP",
            "id": "niura-eeg-yearly-backup-a6556d",
            "lifecycle_rule": [],
            "logging": [],
            "object_lock_configuration": [],
            "object_lock_enabled": false,
            "policy": "",
            "region": "ap-south-1",
            "replication_configuration": [],
            "request_payer": "BucketOwner",
            "server_side_encryption_configuration": [
              {
                "rule": [
                  {
                    "apply_server_side_encryption_by_default": [
                      {
                        "kms_master_key_id": "",
                        "sse_algorithm": "AES256"
                      }
                    ],
                    "bucket_key_enabled": false
                  }
                ]
              }
            ],
            "tags": {
              "Env": "staging",
              "Project": "Niura EEG",
              "Type": "Yearly Backup"
            },
            "tags_all": {
              "Env": "staging",
              "Project": "Niura EEG",
              "Type": "Yearly Backup"
            },
            "timeouts": null,
            "versioning": [
              {
                "enabled": true,
                "mfa_delete": false
              }
            ],
            "website": [],
            "website_domain": null,
            "website_endpoint": null
          },
          "sensitive_attributes": [],
          "identity_schema_version": 0,
          "private": "eyJlMmJmYjczMC1lY2FhLTExZTYtOGY4OC0zNDM2M2JjN2M0YzAiOnsiY3JlYXRlIjoxMjAwMDAwMDAwMDAwLCJkZWxldGUiOjM2MDAwMDAwMDAwMDAsInJlYWQiOjEyMDAwMDAwMDAwMDAsInVwZGF0ZSI6MTIwMDAwMDAwMDAwMH19",
          "dependencies": [
            "data.aws_ami.amazon_linux",
            "data.aws_caller_identity.current",
            "data.aws_region.current",
            "module.bastion.aws_iam_instance_profile.bastion_profile",
            "module.bastion.aws_iam_role.bastion_role",
            "module.bastion.aws_iam_role_policy.bastion_msk_policy",
            "module.bastion.aws_iam_role_policy_attachment.ssm_core",
            "module.bastion.aws_instance.bastion",
            "module.bastion.aws_security_group.bastion_sg",
            "module.ecs.aws_cloudwatch_log_group.ecs",
            "module.ecs.aws_ecs_cluster.this",
            "module.ecs.aws_ecs_service.service",
            "module.ecs.aws_ecs_task_definition.task",
            "module.ecs.aws_iam_role.ecs_task_role",
            "module.ecs.aws_iam_role.task_execution_role",
            "module.ecs.aws_iam_role_policy.ecs_task_msk_policy",
            "module.ecs.aws_iam_role_policy_attachment.task_exec_ecr",
            "module.ecs.aws_lb.alb",
            "module.ecs.aws_lb_listener.http",
            "module.ecs.aws_lb_listener_rule.gateway_only",
            "module.ecs.aws_lb_listener_rule.rules",
            "module.ecs.aws_lb_target_group.tg",
            "module.ecs.aws_security_group.alb_sg",
            "module.ecs.aws_security_group.ecs_sg",
            "module.ecs.aws_security_group_rule.alb_attach_extra",
            "module.ecs.aws_security_group_rule.alb_to_ecs_http",
            "module.ecs.aws_security_group_rule.bastion_to_rds",
            "module.ecs.aws_security_group_rule.ecs_self_internal_comms",
            "module.ecs.aws_security_group_rule.ecs_sg_self_ingress",
            "module.ecs.aws_security_group_rule.ecs_to_vpc_endpoints",
            "module.ecs.aws_service_discovery_private_dns_namespace.ns",
            "module.ecs.aws_service_discovery_service.sd",
            "module.ecs.data.aws_caller_identity.current",
            "module.ecs.data.aws_region.current",
            "module.eeg_backup.random_id.suffix",
            "module.kafka.aws_msk_serverless_cluster.this",
            "module.kafka.aws_security_group.kafka_sg",
            "module.network.aws_subnet.public",
            "module.network.aws_subnet.public_b",
            "module.network.aws_vpc.main",
            "module.rds_core.aws_db_instance.this",
            "module.rds_core.aws_db_subnet_group.this",
            "module.rds_gateway.aws_db_instance.this",
            "module.rds_gateway.aws_db_subnet_group.this",
            "random_password.rds_master_password"
          ]
        }
      ]
    },
    {
      "module": "module.eeg_backup",
      "mode": "managed",
      "type": "aws_s3_bucket_public_access_block",
      "name": "daily_backup_public_access",
      "provider": "provider[\"registry.terraform.io/hashicorp/aws\"]",
      "instances": [
        {
          "schema_version": 0,
          "attributes": {
            "block_public_acls": true,
            "block_public_policy": true,
            "bucket": "niura-eeg-daily-backup-a6556d",
            "id": "niura-eeg-daily-backup-a6556d",
            "ignore_public_acls": true,
            "restrict_public_buckets": true
          },
          "sensitive_attributes": [],
          "identity_schema_version": 0,
          "private": "bnVsbA==",
          "dependencies": [
            "data.aws_ami.amazon_linux",
            "data.aws_caller_identity.current",
            "data.aws_region.current",
            "module.bastion.aws_iam_instance_profile.bastion_profile",
            "module.bastion.aws_iam_role.bastion_role",
            "module.bastion.aws_iam_role_policy.bastion_msk_policy",
            "module.bastion.aws_iam_role_policy_attachment.ssm_core",
            "module.bastion.aws_instance.bastion",
            "module.bastion.aws_security_group.bastion_sg",
            "module.ecs.aws_cloudwatch_log_group.ecs",
            "module.ecs.aws_ecs_cluster.this",
            "module.ecs.aws_ecs_service.service",
            "module.ecs.aws_ecs_task_definition.task",
            "module.ecs.aws_iam_role.ecs_task_role",
            "module.ecs.aws_iam_role.task_execution_role",
            "module.ecs.aws_iam_role_policy.ecs_task_msk_policy",
            "module.ecs.aws_iam_role_policy_attachment.task_exec_ecr",
            "module.ecs.aws_lb.alb",
            "module.ecs.aws_lb_listener.http",
            "module.ecs.aws_lb_listener_rule.gateway_only",
            "module.ecs.aws_lb_listener_rule.rules",
            "module.ecs.aws_lb_target_group.tg",
            "module.ecs.aws_security_group.alb_sg",
            "module.ecs.aws_security_group.ecs_sg",
            "module.ecs.aws_security_group_rule.alb_attach_extra",
            "module.ecs.aws_security_group_rule.alb_to_ecs_http",
            "module.ecs.aws_security_group_rule.bastion_to_rds",
            "module.ecs.aws_security_group_rule.ecs_self_internal_comms",
            "module.ecs.aws_security_group_rule.ecs_sg_self_ingress",
            "module.ecs.aws_security_group_rule.ecs_to_vpc_endpoints",
            "module.ecs.aws_service_discovery_private_dns_namespace.ns",
            "module.ecs.aws_service_discovery_service.sd",
            "module.ecs.data.aws_caller_identity.current",
            "module.ecs.data.aws_region.current",
            "module.eeg_backup.aws_s3_bucket.daily_backup",
            "module.eeg_backup.random_id.suffix",
            "module.kafka.aws_msk_serverless_cluster.this",
            "module.kafka.aws_security_group.kafka_sg",
            "module.network.aws_subnet.public",
            "module.network.aws_subnet.public_b",
            "module.network.aws_vpc.main",
            "module.rds_core.aws_db_instance.this",
            "module.rds_core.aws_db_subnet_group.this",
            "module.rds_gateway.aws_db_instance.this",
            "module.rds_gateway.aws_db_subnet_group.this",
            "random_password.rds_master_password"
          ]
        }
      ]
    },
    {
      "module": "module.eeg_backup",
      "mode": "managed",
      "type": "aws_s3_bucket_public_access_block",
      "name": "monthly_backup_public_access",
      "provider": "provider[\"registry.terraform.io/hashicorp/aws\"]",
      "instances": [
        {
          "schema_version": 0,
          "attributes": {
            "block_public_acls": true,
            "block_public_policy": true,
            "bucket": "niura-eeg-monthly-backup-a6556d",
            "id": "niura-eeg-monthly-backup-a6556d",
            "ignore_public_acls": true,
            "restrict_public_buckets": true
          },
          "sensitive_attributes": [],
          "identity_schema_version": 0,
          "private": "bnVsbA==",
          "dependencies": [
            "data.aws_ami.amazon_linux",
            "data.aws_caller_identity.current",
            "data.aws_region.current",
            "module.bastion.aws_iam_instance_profile.bastion_profile",
            "module.bastion.aws_iam_role.bastion_role",
            "module.bastion.aws_iam_role_policy.bastion_msk_policy",
            "module.bastion.aws_iam_role_policy_attachment.ssm_core",
            "module.bastion.aws_instance.bastion",
            "module.bastion.aws_security_group.bastion_sg",
            "module.ecs.aws_cloudwatch_log_group.ecs",
            "module.ecs.aws_ecs_cluster.this",
            "module.ecs.aws_ecs_service.service",
            "module.ecs.aws_ecs_task_definition.task",
            "module.ecs.aws_iam_role.ecs_task_role",
            "module.ecs.aws_iam_role.task_execution_role",
            "module.ecs.aws_iam_role_policy.ecs_task_msk_policy",
            "module.ecs.aws_iam_role_policy_attachment.task_exec_ecr",
            "module.ecs.aws_lb.alb",
            "module.ecs.aws_lb_listener.http",
            "module.ecs.aws_lb_listener_rule.gateway_only",
            "module.ecs.aws_lb_listener_rule.rules",
            "module.ecs.aws_lb_target_group.tg",
            "module.ecs.aws_security_group.alb_sg",
            "module.ecs.aws_security_group.ecs_sg",
            "module.ecs.aws_security_group_rule.alb_attach_extra",
            "module.ecs.aws_security_group_rule.alb_to_ecs_http",
            "module.ecs.aws_security_group_rule.bastion_to_rds",
            "module.ecs.aws_security_group_rule.ecs_self_internal_comms",
            "module.ecs.aws_security_group_rule.ecs_sg_self_ingress",
            "module.ecs.aws_security_group_rule.ecs_to_vpc_endpoints",
            "module.ecs.aws_service_discovery_private_dns_namespace.ns",
            "module.ecs.aws_service_discovery_service.sd",
            "module.ecs.data.aws_caller_identity.current",
            "module.ecs.data.aws_region.current",
            "module.eeg_backup.aws_s3_bucket.monthly_backup",
            "module.eeg_backup.random_id.suffix",
            "module.kafka.aws_msk_serverless_cluster.this",
            "module.kafka.aws_security_group.kafka_sg",
            "module.network.aws_subnet.public",
            "module.network.aws_subnet.public_b",
            "module.network.aws_vpc.main",
            "module.rds_core.aws_db_instance.this",
            "module.rds_core.aws_db_subnet_group.this",
            "module.rds_gateway.aws_db_instance.this",
            "module.rds_gateway.aws_db_subnet_group.this",
            "random_password.rds_master_password"
          ]
        }
      ]
    },
    {
      "module": "module.eeg_backup",
      "mode": "managed",
      "type": "aws_s3_bucket_public_access_block",
      "name": "yearly_backup_public_access",
      "provider": "provider[\"registry.terraform.io/hashicorp/aws\"]",
      "instances": [
        {
          "schema_version": 0,
          "attributes": {
            "block_public_acls": true,
            "block_public_policy": true,
            "bucket": "niura-eeg-yearly-backup-a6556d",
            "id": "niura-eeg-yearly-backup-a6556d",
            "ignore_public_acls": true,
            "restrict_public_buckets": true
          },
          "sensitive_attributes": [],
          "identity_schema_version": 0,
          "private": "bnVsbA==",
          "dependencies": [
            "data.aws_ami.amazon_linux",
            "data.aws_caller_identity.current",
            "data.aws_region.current",
            "module.bastion.aws_iam_instance_profile.bastion_profile",
            "module.bastion.aws_iam_role.bastion_role",
            "module.bastion.aws_iam_role_policy.bastion_msk_policy",
            "module.bastion.aws_iam_role_policy_attachment.ssm_core",
            "module.bastion.aws_instance.bastion",
            "module.bastion.aws_security_group.bastion_sg",
            "module.ecs.aws_cloudwatch_log_group.ecs",
            "module.ecs.aws_ecs_cluster.this",
            "module.ecs.aws_ecs_service.service",
            "module.ecs.aws_ecs_task_definition.task",
            "module.ecs.aws_iam_role.ecs_task_role",
            "module.ecs.aws_iam_role.task_execution_role",
            "module.ecs.aws_iam_role_policy.ecs_task_msk_policy",
            "module.ecs.aws_iam_role_policy_attachment.task_exec_ecr",
            "module.ecs.aws_lb.alb",
            "module.ecs.aws_lb_listener.http",
            "module.ecs.aws_lb_listener_rule.gateway_only",
            "module.ecs.aws_lb_listener_rule.rules",
            "module.ecs.aws_lb_target_group.tg",
            "module.ecs.aws_security_group.alb_sg",
            "module.ecs.aws_security_group.ecs_sg",
            "module.ecs.aws_security_group_rule.alb_attach_extra",
            "module.ecs.aws_security_group_rule.alb_to_ecs_http",
            "module.ecs.aws_security_group_rule.bastion_to_rds",
            "module.ecs.aws_security_group_rule.ecs_self_internal_comms",
            "module.ecs.aws_security_group_rule.ecs_sg_self_ingress",
            "module.ecs.aws_security_group_rule.ecs_to_vpc_endpoints",
            "module.ecs.aws_service_discovery_private_dns_namespace.ns",
            "module.ecs.aws_service_discovery_service.sd",
            "module.ecs.data.aws_caller_identity.current",
            "module.ecs.data.aws_region.current",
            "module.eeg_backup.aws_s3_bucket.yearly_backup",
            "module.eeg_backup.random_id.suffix",
            "module.kafka.aws_msk_serverless_cluster.this",
            "module.kafka.aws_security_group.kafka_sg",
            "module.network.aws_subnet.public",
            "module.network.aws_subnet.public_b",
            "module.network.aws_vpc.main",
            "module.rds_core.aws_db_instance.this",
            "module.rds_core.aws_db_subnet_group.this",
            "module.rds_gateway.aws_db_instance.this",
            "module.rds_gateway.aws_db_subnet_group.this",
            "random_password.rds_master_password"
          ]
        }
      ]
    },
    {
      "module": "module.eeg_backup",
      "mode": "managed",
      "type": "aws_s3_bucket_server_side_encryption_configuration",
      "name": "daily_backup_encryption",
      "provider": "provider[\"registry.terraform.io/hashicorp/aws\"]",
      "instances": [
        {
          "schema_version": 0,
          "attributes": {
            "bucket": "niura-eeg-daily-backup-a6556d",
            "expected_bucket_owner": "",
            "id": "niura-eeg-daily-backup-a6556d",
            "rule": [
              {
                "apply_server_side_encryption_by_default": [
                  {
                    "kms_master_key_id": "",
                    "sse_algorithm": "AES256"
                  }
                ],
                "bucket_key_enabled": false
              }
            ]
          },
          "sensitive_attributes": [],
          "identity_schema_version": 0,
          "private": "bnVsbA==",
          "dependencies": [
            "data.aws_ami.amazon_linux",
            "data.aws_caller_identity.current",
            "data.aws_region.current",
            "module.bastion.aws_iam_instance_profile.bastion_profile",
            "module.bastion.aws_iam_role.bastion_role",
            "module.bastion.aws_iam_role_policy.bastion_msk_policy",
            "module.bastion.aws_iam_role_policy_attachment.ssm_core",
            "module.bastion.aws_instance.bastion",
            "module.bastion.aws_security_group.bastion_sg",
            "module.ecs.aws_cloudwatch_log_group.ecs",
            "module.ecs.aws_ecs_cluster.this",
            "module.ecs.aws_ecs_service.service",
            "module.ecs.aws_ecs_task_definition.task",
            "module.ecs.aws_iam_role.ecs_task_role",
            "module.ecs.aws_iam_role.task_execution_role",
            "module.ecs.aws_iam_role_policy.ecs_task_msk_policy",
            "module.ecs.aws_iam_role_policy_attachment.task_exec_ecr",
            "module.ecs.aws_lb.alb",
            "module.ecs.aws_lb_listener.http",
            "module.ecs.aws_lb_listener_rule.gateway_only",
            "module.ecs.aws_lb_listener_rule.rules",
            "module.ecs.aws_lb_target_group.tg",
            "module.ecs.aws_security_group.alb_sg",
            "module.ecs.aws_security_group.ecs_sg",
            "module.ecs.aws_security_group_rule.alb_attach_extra",
            "module.ecs.aws_security_group_rule.alb_to_ecs_http",
            "module.ecs.aws_security_group_rule.bastion_to_rds",
            "module.ecs.aws_security_group_rule.ecs_self_internal_comms",
            "module.ecs.aws_security_group_rule.ecs_sg_self_ingress",
            "module.ecs.aws_security_group_rule.ecs_to_vpc_endpoints",
            "module.ecs.aws_service_discovery_private_dns_namespace.ns",
            "module.ecs.aws_service_discovery_service.sd",
            "module.ecs.data.aws_caller_identity.current",
            "module.ecs.data.aws_region.current",
            "module.eeg_backup.aws_s3_bucket.daily_backup",
            "module.eeg_backup.random_id.suffix",
            "module.kafka.aws_msk_serverless_cluster.this",
            "module.kafka.aws_security_group.kafka_sg",
            "module.network.aws_subnet.public",
            "module.network.aws_subnet.public_b",
            "module.network.aws_vpc.main",
            "module.rds_core.aws_db_instance.this",
            "module.rds_core.aws_db_subnet_group.this",
            "module.rds_gateway.aws_db_instance.this",
            "module.rds_gateway.aws_db_subnet_group.this",
            "random_password.rds_master_password"
          ]
        }
      ]
    },
    {
      "module": "module.eeg_backup",
      "mode": "managed",
      "type": "aws_s3_bucket_server_side_encryption_configuration",
      "name": "monthly_backup_encryption",
      "provider": "provider[\"registry.terraform.io/hashicorp/aws\"]",
      "instances": [
        {
          "schema_version": 0,
          "attributes": {
            "bucket": "niura-eeg-monthly-backup-a6556d",
            "expected_bucket_owner": "",
            "id": "niura-eeg-monthly-backup-a6556d",
            "rule": [
              {
                "apply_server_side_encryption_by_default": [
                  {
                    "kms_master_key_id": "",
                    "sse_algorithm": "AES256"
                  }
                ],
                "bucket_key_enabled": false
              }
            ]
          },
          "sensitive_attributes": [],
          "identity_schema_version": 0,
          "private": "bnVsbA==",
          "dependencies": [
            "data.aws_ami.amazon_linux",
            "data.aws_caller_identity.current",
            "data.aws_region.current",
            "module.bastion.aws_iam_instance_profile.bastion_profile",
            "module.bastion.aws_iam_role.bastion_role",
            "module.bastion.aws_iam_role_policy.bastion_msk_policy",
            "module.bastion.aws_iam_role_policy_attachment.ssm_core",
            "module.bastion.aws_instance.bastion",
            "module.bastion.aws_security_group.bastion_sg",
            "module.ecs.aws_cloudwatch_log_group.ecs",
            "module.ecs.aws_ecs_cluster.this",
            "module.ecs.aws_ecs_service.service",
            "module.ecs.aws_ecs_task_definition.task",
            "module.ecs.aws_iam_role.ecs_task_role",
            "module.ecs.aws_iam_role.task_execution_role",
            "module.ecs.aws_iam_role_policy.ecs_task_msk_policy",
            "module.ecs.aws_iam_role_policy_attachment.task_exec_ecr",
            "module.ecs.aws_lb.alb",
            "module.ecs.aws_lb_listener.http",
            "module.ecs.aws_lb_listener_rule.gateway_only",
            "module.ecs.aws_lb_listener_rule.rules",
            "module.ecs.aws_lb_target_group.tg",
            "module.ecs.aws_security_group.alb_sg",
            "module.ecs.aws_security_group.ecs_sg",
            "module.ecs.aws_security_group_rule.alb_attach_extra",
            "module.ecs.aws_security_group_rule.alb_to_ecs_http",
            "module.ecs.aws_security_group_rule.bastion_to_rds",
            "module.ecs.aws_security_group_rule.ecs_self_internal_comms",
            "module.ecs.aws_security_group_rule.ecs_sg_self_ingress",
            "module.ecs.aws_security_group_rule.ecs_to_vpc_endpoints",
            "module.ecs.aws_service_discovery_private_dns_namespace.ns",
            "module.ecs.aws_service_discovery_service.sd",
            "module.ecs.data.aws_caller_identity.current",
            "module.ecs.data.aws_region.current",
            "module.eeg_backup.aws_s3_bucket.monthly_backup",
            "module.eeg_backup.random_id.suffix",
            "module.kafka.aws_msk_serverless_cluster.this",
            "module.kafka.aws_security_group.kafka_sg",
            "module.network.aws_subnet.public",
            "module.network.aws_subnet.public_b",
            "module.network.aws_vpc.main",
            "module.rds_core.aws_db_instance.this",
            "module.rds_core.aws_db_subnet_group.this",
            "module.rds_gateway.aws_db_instance.this",
            "module.rds_gateway.aws_db_subnet_group.this",
            "random_password.rds_master_password"
          ]
        }
      ]
    },
    {
      "module": "module.eeg_backup",
      "mode": "managed",
      "type": "aws_s3_bucket_server_side_encryption_configuration",
      "name": "yearly_backup_encryption",
      "provider": "provider[\"registry.terraform.io/hashicorp/aws\"]",
      "instances": [
        {
          "schema_version": 0,
          "attributes": {
            "bucket": "niura-eeg-yearly-backup-a6556d",
            "expected_bucket_owner": "",
            "id": "niura-eeg-yearly-backup-a6556d",
            "rule": [
              {
                "apply_server_side_encryption_by_default": [
                  {
                    "kms_master_key_id": "",
                    "sse_algorithm": "AES256"
                  }
                ],
                "bucket_key_enabled": false
              }
            ]
          },
          "sensitive_attributes": [],
          "identity_schema_version": 0,
          "private": "bnVsbA==",
          "dependencies": [
            "data.aws_ami.amazon_linux",
            "data.aws_caller_identity.current",
            "data.aws_region.current",
            "module.bastion.aws_iam_instance_profile.bastion_profile",
            "module.bastion.aws_iam_role.bastion_role",
            "module.bastion.aws_iam_role_policy.bastion_msk_policy",
            "module.bastion.aws_iam_role_policy_attachment.ssm_core",
            "module.bastion.aws_instance.bastion",
            "module.bastion.aws_security_group.bastion_sg",
            "module.ecs.aws_cloudwatch_log_group.ecs",
            "module.ecs.aws_ecs_cluster.this",
            "module.ecs.aws_ecs_service.service",
            "module.ecs.aws_ecs_task_definition.task",
            "module.ecs.aws_iam_role.ecs_task_role",
            "module.ecs.aws_iam_role.task_execution_role",
            "module.ecs.aws_iam_role_policy.ecs_task_msk_policy",
            "module.ecs.aws_iam_role_policy_attachment.task_exec_ecr",
            "module.ecs.aws_lb.alb",
            "module.ecs.aws_lb_listener.http",
            "module.ecs.aws_lb_listener_rule.gateway_only",
            "module.ecs.aws_lb_listener_rule.rules",
            "module.ecs.aws_lb_target_group.tg",
            "module.ecs.aws_security_group.alb_sg",
            "module.ecs.aws_security_group.ecs_sg",
            "module.ecs.aws_security_group_rule.alb_attach_extra",
            "module.ecs.aws_security_group_rule.alb_to_ecs_http",
            "module.ecs.aws_security_group_rule.bastion_to_rds",
            "module.ecs.aws_security_group_rule.ecs_self_internal_comms",
            "module.ecs.aws_security_group_rule.ecs_sg_self_ingress",
            "module.ecs.aws_security_group_rule.ecs_to_vpc_endpoints",
            "module.ecs.aws_service_discovery_private_dns_namespace.ns",
            "module.ecs.aws_service_discovery_service.sd",
            "module.ecs.data.aws_caller_identity.current",
            "module.ecs.data.aws_region.current",
            "module.eeg_backup.aws_s3_bucket.yearly_backup",
            "module.eeg_backup.random_id.suffix",
            "module.kafka.aws_msk_serverless_cluster.this",
            "module.kafka.aws_security_group.kafka_sg",
            "module.network.aws_subnet.public",
            "module.network.aws_subnet.public_b",
            "module.network.aws_vpc.main",
            "module.rds_core.aws_db_instance.this",
            "module.rds_core.aws_db_subnet_group.this",
            "module.rds_gateway.aws_db_instance.this",
            "module.rds_gateway.aws_db_subnet_group.this",
            "random_password.rds_master_password"
          ]
        }
      ]
    },
    {
      "module": "module.eeg_backup",
      "mode": "managed",
      "type": "aws_s3_bucket_versioning",
      "name": "daily_backup_versioning",
      "provider": "provider[\"registry.terraform.io/hashicorp/aws\"]",
      "instances": [
        {
          "schema_version": 0,
          "attributes": {
            "bucket": "niura-eeg-daily-backup-a6556d",
            "expected_bucket_owner": "",
            "id": "niura-eeg-daily-backup-a6556d",
            "mfa": null,
            "versioning_configuration": [
              {
                "mfa_delete": "",
                "status": "Enabled"
              }
            ]
          },
          "sensitive_attributes": [],
          "identity_schema_version": 0,
          "private": "bnVsbA==",
          "dependencies": [
            "data.aws_ami.amazon_linux",
            "data.aws_caller_identity.current",
            "data.aws_region.current",
            "module.bastion.aws_iam_instance_profile.bastion_profile",
            "module.bastion.aws_iam_role.bastion_role",
            "module.bastion.aws_iam_role_policy.bastion_msk_policy",
            "module.bastion.aws_iam_role_policy_attachment.ssm_core",
            "module.bastion.aws_instance.bastion",
            "module.bastion.aws_security_group.bastion_sg",
            "module.ecs.aws_cloudwatch_log_group.ecs",
            "module.ecs.aws_ecs_cluster.this",
            "module.ecs.aws_ecs_service.service",
            "module.ecs.aws_ecs_task_definition.task",
            "module.ecs.aws_iam_role.ecs_task_role",
            "module.ecs.aws_iam_role.task_execution_role",
            "module.ecs.aws_iam_role_policy.ecs_task_msk_policy",
            "module.ecs.aws_iam_role_policy_attachment.task_exec_ecr",
            "module.ecs.aws_lb.alb",
            "module.ecs.aws_lb_listener.http",
            "module.ecs.aws_lb_listener_rule.gateway_only",
            "module.ecs.aws_lb_listener_rule.rules",
            "module.ecs.aws_lb_target_group.tg",
            "module.ecs.aws_security_group.alb_sg",
            "module.ecs.aws_security_group.ecs_sg",
            "module.ecs.aws_security_group_rule.alb_attach_extra",
            "module.ecs.aws_security_group_rule.alb_to_ecs_http",
            "module.ecs.aws_security_group_rule.bastion_to_rds",
            "module.ecs.aws_security_group_rule.ecs_self_internal_comms",
            "module.ecs.aws_security_group_rule.ecs_sg_self_ingress",
            "module.ecs.aws_security_group_rule.ecs_to_vpc_endpoints",
            "module.ecs.aws_service_discovery_private_dns_namespace.ns",
            "module.ecs.aws_service_discovery_service.sd",
            "module.ecs.data.aws_caller_identity.current",
            "module.ecs.data.aws_region.current",
            "module.eeg_backup.aws_s3_bucket.daily_backup",
            "module.eeg_backup.random_id.suffix",
            "module.kafka.aws_msk_serverless_cluster.this",
            "module.kafka.aws_security_group.kafka_sg",
            "module.network.aws_subnet.public",
            "module.network.aws_subnet.public_b",
            "module.network.aws_vpc.main",
            "module.rds_core.aws_db_instance.this",
            "module.rds_core.aws_db_subnet_group.this",
            "module.rds_gateway.aws_db_instance.this",
            "module.rds_gateway.aws_db_subnet_group.this",
            "random_password.rds_master_password"
          ]
        }
      ]
    },
    {
      "module": "module.eeg_backup",
      "mode": "managed",
      "type": "aws_s3_bucket_versioning",
      "name": "monthly_backup_versioning",
      "provider": "provider[\"registry.terraform.io/hashicorp/aws\"]",
      "instances": [
        {
          "schema_version": 0,
          "attributes": {
            "bucket": "niura-eeg-monthly-backup-a6556d",
            "expected_bucket_owner": "",
            "id": "niura-eeg-monthly-backup-a6556d",
            "mfa": null,
            "versioning_configuration": [
              {
                "mfa_delete": "",
                "status": "Enabled"
              }
            ]
          },
          "sensitive_attributes": [],
          "identity_schema_version": 0,
          "private": "bnVsbA==",
          "dependencies": [
            "data.aws_ami.amazon_linux",
            "data.aws_caller_identity.current",
            "data.aws_region.current",
            "module.bastion.aws_iam_instance_profile.bastion_profile",
            "module.bastion.aws_iam_role.bastion_role",
            "module.bastion.aws_iam_role_policy.bastion_msk_policy",
            "module.bastion.aws_iam_role_policy_attachment.ssm_core",
            "module.bastion.aws_instance.bastion",
            "module.bastion.aws_security_group.bastion_sg",
            "module.ecs.aws_cloudwatch_log_group.ecs",
            "module.ecs.aws_ecs_cluster.this",
            "module.ecs.aws_ecs_service.service",
            "module.ecs.aws_ecs_task_definition.task",
            "module.ecs.aws_iam_role.ecs_task_role",
            "module.ecs.aws_iam_role.task_execution_role",
            "module.ecs.aws_iam_role_policy.ecs_task_msk_policy",
            "module.ecs.aws_iam_role_policy_attachment.task_exec_ecr",
            "module.ecs.aws_lb.alb",
            "module.ecs.aws_lb_listener.http",
            "module.ecs.aws_lb_listener_rule.gateway_only",
            "module.ecs.aws_lb_listener_rule.rules",
            "module.ecs.aws_lb_target_group.tg",
            "module.ecs.aws_security_group.alb_sg",
            "module.ecs.aws_security_group.ecs_sg",
            "module.ecs.aws_security_group_rule.alb_attach_extra",
            "module.ecs.aws_security_group_rule.alb_to_ecs_http",
            "module.ecs.aws_security_group_rule.bastion_to_rds",
            "module.ecs.aws_security_group_rule.ecs_self_internal_comms",
            "module.ecs.aws_security_group_rule.ecs_sg_self_ingress",
            "module.ecs.aws_security_group_rule.ecs_to_vpc_endpoints",
            "module.ecs.aws_service_discovery_private_dns_namespace.ns",
            "module.ecs.aws_service_discovery_service.sd",
            "module.ecs.data.aws_caller_identity.current",
            "module.ecs.data.aws_region.current",
            "module.eeg_backup.aws_s3_bucket.monthly_backup",
            "module.eeg_backup.random_id.suffix",
            "module.kafka.aws_msk_serverless_cluster.this",
            "module.kafka.aws_security_group.kafka_sg",
            "module.network.aws_subnet.public",
            "module.network.aws_subnet.public_b",
            "module.network.aws_vpc.main",
            "module.rds_core.aws_db_instance.this",
            "module.rds_core.aws_db_subnet_group.this",
            "module.rds_gateway.aws_db_instance.this",
            "module.rds_gateway.aws_db_subnet_group.this",
            "random_password.rds_master_password"
          ]
        }
      ]
    },
    {
      "module": "module.eeg_backup",
      "mode": "managed",
      "type": "aws_s3_bucket_versioning",
      "name": "yearly_backup_versioning",
      "provider": "provider[\"registry.terraform.io/hashicorp/aws\"]",
      "instances": [
        {
          "schema_version": 0,
          "attributes": {
            "bucket": "niura-eeg-yearly-backup-a6556d",
            "expected_bucket_owner": "",
            "id": "niura-eeg-yearly-backup-a6556d",
            "mfa": null,
            "versioning_configuration": [
              {
                "mfa_delete": "",
                "status": "Enabled"
              }
            ]
          },
          "sensitive_attributes": [],
          "identity_schema_version": 0,
          "private": "bnVsbA==",
          "dependencies": [
            "data.aws_ami.amazon_linux",
            "data.aws_caller_identity.current",
            "data.aws_region.current",
            "module.bastion.aws_iam_instance_profile.bastion_profile",
            "module.bastion.aws_iam_role.bastion_role",
            "module.bastion.aws_iam_role_policy.bastion_msk_policy",
            "module.bastion.aws_iam_role_policy_attachment.ssm_core",
            "module.bastion.aws_instance.bastion",
            "module.bastion.aws_security_group.bastion_sg",
            "module.ecs.aws_cloudwatch_log_group.ecs",
            "module.ecs.aws_ecs_cluster.this",
            "module.ecs.aws_ecs_service.service",
            "module.ecs.aws_ecs_task_definition.task",
            "module.ecs.aws_iam_role.ecs_task_role",
            "module.ecs.aws_iam_role.task_execution_role",
            "module.ecs.aws_iam_role_policy.ecs_task_msk_policy",
            "module.ecs.aws_iam_role_policy_attachment.task_exec_ecr",
            "module.ecs.aws_lb.alb",
            "module.ecs.aws_lb_listener.http",
            "module.ecs.aws_lb_listener_rule.gateway_only",
            "module.ecs.aws_lb_listener_rule.rules",
            "module.ecs.aws_lb_target_group.tg",
            "module.ecs.aws_security_group.alb_sg",
            "module.ecs.aws_security_group.ecs_sg",
            "module.ecs.aws_security_group_rule.alb_attach_extra",
            "module.ecs.aws_security_group_rule.alb_to_ecs_http",
            "module.ecs.aws_security_group_rule.bastion_to_rds",
            "module.ecs.aws_security_group_rule.ecs_self_internal_comms",
            "module.ecs.aws_security_group_rule.ecs_sg_self_ingress",
            "module.ecs.aws_security_group_rule.ecs_to_vpc_endpoints",
            "module.ecs.aws_service_discovery_private_dns_namespace.ns",
            "module.ecs.aws_service_discovery_service.sd",
            "module.ecs.data.aws_caller_identity.current",
            "module.ecs.data.aws_region.current",
            "module.eeg_backup.aws_s3_bucket.yearly_backup",
            "module.eeg_backup.random_id.suffix",
            "module.kafka.aws_msk_serverless_cluster.this",
            "module.kafka.aws_security_group.kafka_sg",
            "module.network.aws_subnet.public",
            "module.network.aws_subnet.public_b",
            "module.network.aws_vpc.main",
            "module.rds_core.aws_db_instance.this",
            "module.rds_core.aws_db_subnet_group.this",
            "module.rds_gateway.aws_db_instance.this",
            "module.rds_gateway.aws_db_subnet_group.this",
            "random_password.rds_master_password"
          ]
        }
      ]
    },
    {
      "module": "module.eeg_backup",
      "mode": "managed",
      "type": "random_id",
      "name": "suffix",
      "provider": "provider[\"registry.terraform.io/hashicorp/random\"]",
      "instances": [
        {
          "schema_version": 0,
          "attributes": {
            "b64_std": "plVt",
            "b64_url": "plVt",
            "byte_length": 3,
            "dec": "10900845",
            "hex": "a6556d",
            "id": "plVt",
            "keepers": null,
            "prefix": null
          },
          "sensitive_attributes": [],
          "identity_schema_version": 0,
          "dependencies": [
            "data.aws_ami.amazon_linux",
            "data.aws_caller_identity.current",
            "data.aws_region.current",
            "module.bastion.aws_iam_instance_profile.bastion_profile",
            "module.bastion.aws_iam_role.bastion_role",
            "module.bastion.aws_iam_role_policy.bastion_msk_policy",
            "module.bastion.aws_iam_role_policy_attachment.ssm_core",
            "module.bastion.aws_instance.bastion",
            "module.bastion.aws_security_group.bastion_sg",
            "module.ecs.aws_cloudwatch_log_group.ecs",
            "module.ecs.aws_ecs_cluster.this",
            "module.ecs.aws_ecs_service.service",
            "module.ecs.aws_ecs_task_definition.task",
            "module.ecs.aws_iam_role.ecs_task_role",
            "module.ecs.aws_iam_role.task_execution_role",
            "module.ecs.aws_iam_role_policy.ecs_task_msk_policy",
            "module.ecs.aws_iam_role_policy_attachment.task_exec_ecr",
            "module.ecs.aws_lb.alb",
            "module.ecs.aws_lb_listener.http",
            "module.ecs.aws_lb_listener_rule.gateway_only",
            "module.ecs.aws_lb_listener_rule.rules",
            "module.ecs.aws_lb_target_group.tg",
            "module.ecs.aws_security_group.alb_sg",
            "module.ecs.aws_security_group.ecs_sg",
            "module.ecs.aws_security_group_rule.alb_attach_extra",
            "module.ecs.aws_security_group_rule.alb_to_ecs_http",
            "module.ecs.aws_security_group_rule.bastion_to_rds",
            "module.ecs.aws_security_group_rule.ecs_self_internal_comms",
            "module.ecs.aws_security_group_rule.ecs_sg_self_ingress",
            "module.ecs.aws_security_group_rule.ecs_to_vpc_endpoints",
            "module.ecs.aws_service_discovery_private_dns_namespace.ns",
            "module.ecs.aws_service_discovery_service.sd",
            "module.ecs.data.aws_caller_identity.current",
            "module.ecs.data.aws_region.current",
            "module.kafka.aws_msk_serverless_cluster.this",
            "module.kafka.aws_security_group.kafka_sg",
            "module.network.aws_subnet.public",
            "module.network.aws_subnet.public_b",
            "module.network.aws_vpc.main",
            "module.rds_core.aws_db_instance.this",
            "module.rds_core.aws_db_subnet_group.this",
            "module.rds_gateway.aws_db_instance.this",
            "module.rds_gateway.aws_db_subnet_group.this",
            "random_password.rds_master_password"
          ]
        }
      ]
    },
    {
      "module": "module.init_core_db",
      "mode": "managed",
      "type": "null_resource",
      "name": "init_db",
      "provider": "provider[\"registry.terraform.io/hashicorp/null\"]",
      "instances": [
        {
          "schema_version": 0,
          "attributes": {
            "id": "2188298227721168600",
            "triggers": {
              "endpoint": "niura-core-db.cxgkg220girm.ap-south-1.rds.amazonaws.com"
            }
          },
          "sensitive_attributes": [],
          "identity_schema_version": 0,
          "dependencies": [
            "data.aws_ami.amazon_linux",
            "module.bastion.aws_iam_instance_profile.bastion_profile",
            "module.bastion.aws_iam_role.bastion_role",
            "module.bastion.aws_iam_role_policy.bastion_msk_policy",
            "module.bastion.aws_iam_role_policy_attachment.ssm_core",
            "module.bastion.aws_instance.bastion",
            "module.bastion.aws_security_group.bastion_sg",
            "module.ecs.aws_security_group.ecs_sg",
            "module.kafka.aws_msk_serverless_cluster.this",
            "module.kafka.aws_security_group.kafka_sg",
            "module.network.aws_subnet.public",
            "module.network.aws_subnet.public_b",
            "module.network.aws_vpc.main",
            "module.rds_core.aws_db_instance.this",
            "module.rds_core.aws_db_subnet_group.this",
            "random_password.rds_master_password"
          ]
        }
      ]
    },
    {
      "module": "module.init_gateway_db",
      "mode": "managed",
      "type": "null_resource",
      "name": "init_db",
      "provider": "provider[\"registry.terraform.io/hashicorp/null\"]",
      "instances": [
        {
          "schema_version": 0,
          "attributes": {
            "id": "8843010734686076175",
            "triggers": {
              "endpoint": "niura-gateway-db.cxgkg220girm.ap-south-1.rds.amazonaws.com"
            }
          },
          "sensitive_attributes": [],
          "identity_schema_version": 0,
          "dependencies": [
            "data.aws_ami.amazon_linux",
            "module.bastion.aws_iam_instance_profile.bastion_profile",
            "module.bastion.aws_iam_role.bastion_role",
            "module.bastion.aws_iam_role_policy.bastion_msk_policy",
            "module.bastion.aws_iam_role_policy_attachment.ssm_core",
            "module.bastion.aws_instance.bastion",
            "module.bastion.aws_security_group.bastion_sg",
            "module.ecs.aws_security_group.ecs_sg",
            "module.kafka.aws_msk_serverless_cluster.this",
            "module.kafka.aws_security_group.kafka_sg",
            "module.network.aws_subnet.public",
            "module.network.aws_subnet.public_b",
            "module.network.aws_vpc.main",
            "module.rds_gateway.aws_db_instance.this",
            "module.rds_gateway.aws_db_subnet_group.this",
            "random_password.rds_master_password"
          ]
        }
      ]
    },
    {
      "module": "module.kafka",
      "mode": "managed",
      "type": "aws_msk_serverless_cluster",
      "name": "this",
      "provider": "provider[\"registry.terraform.io/hashicorp/aws\"]",
      "instances": [
        {
          "schema_version": 0,
          "attributes": {
            "arn": "arn:aws:kafka:ap-south-1:654654617590:cluster/niura-staging-msk-sls/10fe44b8-4a96-49d4-bee9-cbc5d8b7126e-s1",
            "bootstrap_brokers_sasl_iam": "boot-mznm5shf.c1.kafka-serverless.ap-south-1.amazonaws.com:9098",
            "client_authentication": [
              {
                "sasl": [
                  {
                    "iam": [
                      {
                        "enabled": true
                      }
                    ]
                  }
                ]
              }
            ],
            "cluster_name": "niura-staging-msk-sls",
            "cluster_uuid": "10fe44b8-4a96-49d4-bee9-cbc5d8b7126e-s1",
            "id": "arn:aws:kafka:ap-south-1:654654617590:cluster/niura-staging-msk-sls/10fe44b8-4a96-49d4-bee9-cbc5d8b7126e-s1",
            "tags": {
              "Environment": "staging",
              "Name": "niura-staging-msk-sls"
            },
            "tags_all": {
              "Environment": "staging",
              "Name": "niura-staging-msk-sls"
            },
            "timeouts": null,
            "vpc_config": [
              {
                "security_group_ids": [
                  "sg-0f4aab4f9b61e8bd3"
                ],
                "subnet_ids": [
                  "subnet-06b1803f13fbcf912",
                  "subnet-0f00434c33a73657d"
                ]
              }
            ]
          },
          "sensitive_attributes": [],
          "identity_schema_version": 0,
          "private": "eyJlMmJmYjczMC1lY2FhLTExZTYtOGY4OC0zNDM2M2JjN2M0YzAiOnsiY3JlYXRlIjo3MjAwMDAwMDAwMDAwLCJkZWxldGUiOjcyMDAwMDAwMDAwMDB9fQ==",
          "dependencies": [
            "module.kafka.aws_security_group.kafka_sg",
            "module.network.aws_subnet.public",
            "module.network.aws_subnet.public_b",
            "module.network.aws_vpc.main"
          ],
          "create_before_destroy": true
        }
      ]
    },
    {
      "module": "module.kafka",
      "mode": "managed",
      "type": "aws_security_group",
      "name": "kafka_sg",
      "provider": "provider[\"registry.terraform.io/hashicorp/aws\"]",
      "instances": [
        {
          "schema_version": 1,
          "attributes": {
            "arn": "arn:aws:ec2:ap-south-1:654654617590:security-group/sg-0f4aab4f9b61e8bd3",
            "description": "Security group for MSK Serverless",
            "egress": [
              {
                "cidr_blocks": [
                  "0.0.0.0/0"
                ],
                "description": "",
                "from_port": 0,
                "ipv6_cidr_blocks": [],
                "prefix_list_ids": [],
                "protocol": "-1",
                "security_groups": [],
                "self": false,
                "to_port": 0
              }
            ],
            "id": "sg-0f4aab4f9b61e8bd3",
            "ingress": [
              {
                "cidr_blocks": [],
                "description": "Allow ECS tasks to connect to Kafka (TLS)",
                "from_port": 9098,
                "ipv6_cidr_blocks": [],
                "prefix_list_ids": [],
                "protocol": "tcp",
                "security_groups": [
                  "sg-0574ef6913dacc18c"
                ],
                "self": false,
                "to_port": 9098
              },
              {
                "cidr_blocks": [],
                "description": "Allow bastion host to connect to Kafka for admin tasks",
                "from_port": 9098,
                "ipv6_cidr_blocks": [],
                "prefix_list_ids": [],
                "protocol": "tcp",
                "security_groups": [
                  "sg-04c5e611e97912a56"
                ],
                "self": false,
                "to_port": 9098
              }
            ],
            "name": "niura-staging-kafka-sg",
            "name_prefix": "",
            "owner_id": "654654617590",
            "revoke_rules_on_delete": false,
            "tags": {
              "Name": "niura-staging-kafka-sg"
            },
            "tags_all": {
              "Name": "niura-staging-kafka-sg"
            },
            "timeouts": null,
            "vpc_id": "vpc-0898d281454e7c377"
          },
          "sensitive_attributes": [],
          "identity_schema_version": 0,
          "private": "eyJlMmJmYjczMC1lY2FhLTExZTYtOGY4OC0zNDM2M2JjN2M0YzAiOnsiY3JlYXRlIjo2MDAwMDAwMDAwMDAsImRlbGV0ZSI6OTAwMDAwMDAwMDAwfSwic2NoZW1hX3ZlcnNpb24iOiIxIn0=",
          "dependencies": [
            "module.network.aws_vpc.main"
          ],
          "create_before_destroy": true
        }
      ]
    },
    {
      "module": "module.kafka",
      "mode": "managed",
      "type": "aws_security_group_rule",
      "name": "bastion_to_kafka",
      "provider": "provider[\"registry.terraform.io/hashicorp/aws\"]",
      "instances": [
        {
          "index_key": 0,
          "schema_version": 2,
          "attributes": {
            "cidr_blocks": null,
            "description": "Allow bastion host to connect to Kafka for admin tasks",
            "from_port": 9098,
            "id": "sgrule-2690250071",
            "ipv6_cidr_blocks": null,
            "prefix_list_ids": null,
            "protocol": "tcp",
            "security_group_id": "sg-0f4aab4f9b61e8bd3",
            "security_group_rule_id": "sgr-03a1a4eec9fed2bd5",
            "self": false,
            "source_security_group_id": "sg-04c5e611e97912a56",
            "timeouts": null,
            "to_port": 9098,
            "type": "ingress"
          },
          "sensitive_attributes": [],
          "identity_schema_version": 0,
          "private": "eyJlMmJmYjczMC1lY2FhLTExZTYtOGY4OC0zNDM2M2JjN2M0YzAiOnsiY3JlYXRlIjozMDAwMDAwMDAwMDB9LCJzY2hlbWFfdmVyc2lvbiI6IjIifQ==",
          "dependencies": [
            "module.bastion.aws_security_group.bastion_sg",
            "module.kafka.aws_security_group.kafka_sg",
            "module.network.aws_vpc.main"
          ]
        }
      ]
    },
    {
      "module": "module.kafka",
      "mode": "managed",
      "type": "aws_security_group_rule",
      "name": "ecs_to_kafka",
      "provider": "provider[\"registry.terraform.io/hashicorp/aws\"]",
      "instances": [
        {
          "schema_version": 2,
          "attributes": {
            "cidr_blocks": null,
            "description": "Allow ECS tasks to connect to Kafka (TLS)",
            "from_port": 9098,
            "id": "sgrule-1170719092",
            "ipv6_cidr_blocks": null,
            "prefix_list_ids": null,
            "protocol": "tcp",
            "security_group_id": "sg-0f4aab4f9b61e8bd3",
            "security_group_rule_id": "sgr-0896e7084315cb2a4",
            "self": false,
            "source_security_group_id": "sg-0574ef6913dacc18c",
            "timeouts": null,
            "to_port": 9098,
            "type": "ingress"
          },
          "sensitive_attributes": [],
          "identity_schema_version": 0,
          "private": "eyJlMmJmYjczMC1lY2FhLTExZTYtOGY4OC0zNDM2M2JjN2M0YzAiOnsiY3JlYXRlIjozMDAwMDAwMDAwMDB9LCJzY2hlbWFfdmVyc2lvbiI6IjIifQ==",
          "dependencies": [
            "data.aws_ami.amazon_linux",
            "module.bastion.aws_iam_instance_profile.bastion_profile",
            "module.bastion.aws_iam_role.bastion_role",
            "module.bastion.aws_iam_role_policy.bastion_msk_policy",
            "module.bastion.aws_iam_role_policy_attachment.ssm_core",
            "module.bastion.aws_instance.bastion",
            "module.bastion.aws_security_group.bastion_sg",
            "module.ecs.aws_security_group.ecs_sg",
            "module.kafka.aws_msk_serverless_cluster.this",
            "module.kafka.aws_security_group.kafka_sg",
            "module.network.aws_subnet.public",
            "module.network.aws_subnet.public_b",
            "module.network.aws_vpc.main"
          ]
        }
      ]
    },
    {
      "module": "module.network",
      "mode": "managed",
      "type": "aws_internet_gateway",
      "name": "igw",
      "provider": "provider[\"registry.terraform.io/hashicorp/aws\"]",
      "instances": [
        {
          "schema_version": 0,
          "attributes": {
            "arn": "arn:aws:ec2:ap-south-1:654654617590:internet-gateway/igw-0ba89cf3357a85555",
            "id": "igw-0ba89cf3357a85555",
            "owner_id": "654654617590",
            "tags": {
              "Name": "niura-staging-igw"
            },
            "tags_all": {
              "Name": "niura-staging-igw"
            },
            "timeouts": null,
            "vpc_id": "vpc-0898d281454e7c377"
          },
          "sensitive_attributes": [],
          "identity_schema_version": 0,
          "private": "eyJlMmJmYjczMC1lY2FhLTExZTYtOGY4OC0zNDM2M2JjN2M0YzAiOnsiY3JlYXRlIjoxMjAwMDAwMDAwMDAwLCJkZWxldGUiOjEyMDAwMDAwMDAwMDAsInVwZGF0ZSI6MTIwMDAwMDAwMDAwMH19",
          "dependencies": [
            "module.network.aws_vpc.main"
          ]
        }
      ]
    },
    {
      "module": "module.network",
      "mode": "managed",
      "type": "aws_route_table",
      "name": "public_rt",
      "provider": "provider[\"registry.terraform.io/hashicorp/aws\"]",
      "instances": [
        {
          "schema_version": 0,
          "attributes": {
            "arn": "arn:aws:ec2:ap-south-1:654654617590:route-table/rtb-0afc78ca3e068f1ae",
            "id": "rtb-0afc78ca3e068f1ae",
            "owner_id": "654654617590",
            "propagating_vgws": [],
            "route": [
              {
                "carrier_gateway_id": "",
                "cidr_block": "0.0.0.0/0",
                "core_network_arn": "",
                "destination_prefix_list_id": "",
                "egress_only_gateway_id": "",
                "gateway_id": "igw-0ba89cf3357a85555",
                "ipv6_cidr_block": "",
                "local_gateway_id": "",
                "nat_gateway_id": "",
                "network_interface_id": "",
                "transit_gateway_id": "",
                "vpc_endpoint_id": "",
                "vpc_peering_connection_id": ""
              }
            ],
            "tags": {
              "Name": "niura-staging-public-rt"
            },
            "tags_all": {
              "Name": "niura-staging-public-rt"
            },
            "timeouts": null,
            "vpc_id": "vpc-0898d281454e7c377"
          },
          "sensitive_attributes": [],
          "identity_schema_version": 0,
          "private": "eyJlMmJmYjczMC1lY2FhLTExZTYtOGY4OC0zNDM2M2JjN2M0YzAiOnsiY3JlYXRlIjozMDAwMDAwMDAwMDAsImRlbGV0ZSI6MzAwMDAwMDAwMDAwLCJ1cGRhdGUiOjEyMDAwMDAwMDAwMH19",
          "dependencies": [
            "module.network.aws_internet_gateway.igw",
            "module.network.aws_vpc.main"
          ]
        }
      ]
    },
    {
      "module": "module.network",
      "mode": "managed",
      "type": "aws_route_table_association",
      "name": "public_assoc",
      "provider": "provider[\"registry.terraform.io/hashicorp/aws\"]",
      "instances": [
        {
          "schema_version": 0,
          "attributes": {
            "gateway_id": "",
            "id": "rtbassoc-020c33bb1174d7582",
            "route_table_id": "rtb-0afc78ca3e068f1ae",
            "subnet_id": "subnet-0f00434c33a73657d",
            "timeouts": null
          },
          "sensitive_attributes": [],
          "identity_schema_version": 0,
          "private": "eyJlMmJmYjczMC1lY2FhLTExZTYtOGY4OC0zNDM2M2JjN2M0YzAiOnsiY3JlYXRlIjozMDAwMDAwMDAwMDAsImRlbGV0ZSI6MzAwMDAwMDAwMDAwLCJ1cGRhdGUiOjEyMDAwMDAwMDAwMH19",
          "dependencies": [
            "module.network.aws_internet_gateway.igw",
            "module.network.aws_route_table.public_rt",
            "module.network.aws_subnet.public",
            "module.network.aws_vpc.main"
          ]
        }
      ]
    },
    {
      "module": "module.network",
      "mode": "managed",
      "type": "aws_subnet",
      "name": "public",
      "provider": "provider[\"registry.terraform.io/hashicorp/aws\"]",
      "instances": [
        {
          "schema_version": 1,
          "attributes": {
            "arn": "arn:aws:ec2:ap-south-1:654654617590:subnet/subnet-0f00434c33a73657d",
            "assign_ipv6_address_on_creation": false,
            "availability_zone": "ap-south-1a",
            "availability_zone_id": "aps1-az1",
            "cidr_block": "10.0.1.0/24",
            "customer_owned_ipv4_pool": "",
            "enable_dns64": false,
            "enable_lni_at_device_index": 0,
            "enable_resource_name_dns_a_record_on_launch": false,
            "enable_resource_name_dns_aaaa_record_on_launch": false,
            "id": "subnet-0f00434c33a73657d",
            "ipv6_cidr_block": "",
            "ipv6_cidr_block_association_id": "",
            "ipv6_native": false,
            "map_customer_owned_ip_on_launch": false,
            "map_public_ip_on_launch": true,
            "outpost_arn": "",
            "owner_id": "654654617590",
            "private_dns_hostname_type_on_launch": "ip-name",
            "tags": {
              "Name": "niura-staging-subnet-public"
            },
            "tags_all": {
              "Name": "niura-staging-subnet-public"
            },
            "timeouts": null,
            "vpc_id": "vpc-0898d281454e7c377"
          },
          "sensitive_attributes": [],
          "identity_schema_version": 0,
          "private": "eyJlMmJmYjczMC1lY2FhLTExZTYtOGY4OC0zNDM2M2JjN2M0YzAiOnsiY3JlYXRlIjo2MDAwMDAwMDAwMDAsImRlbGV0ZSI6MTIwMDAwMDAwMDAwMH0sInNjaGVtYV92ZXJzaW9uIjoiMSJ9",
          "dependencies": [
            "module.network.aws_vpc.main"
          ],
          "create_before_destroy": true
        }
      ]
    },
    {
      "module": "module.network",
      "mode": "managed",
      "type": "aws_subnet",
      "name": "public_b",
      "provider": "provider[\"registry.terraform.io/hashicorp/aws\"]",
      "instances": [
        {
          "schema_version": 1,
          "attributes": {
            "arn": "arn:aws:ec2:ap-south-1:654654617590:subnet/subnet-06b1803f13fbcf912",
            "assign_ipv6_address_on_creation": false,
            "availability_zone": "ap-south-1b",
            "availability_zone_id": "aps1-az3",
            "cidr_block": "10.0.2.0/24",
            "customer_owned_ipv4_pool": "",
            "enable_dns64": false,
            "enable_lni_at_device_index": 0,
            "enable_resource_name_dns_a_record_on_launch": false,
            "enable_resource_name_dns_aaaa_record_on_launch": false,
            "id": "subnet-06b1803f13fbcf912",
            "ipv6_cidr_block": "",
            "ipv6_cidr_block_association_id": "",
            "ipv6_native": false,
            "map_customer_owned_ip_on_launch": false,
            "map_public_ip_on_launch": true,
            "outpost_arn": "",
            "owner_id": "654654617590",
            "private_dns_hostname_type_on_launch": "ip-name",
            "tags": {
              "Name": "niura-staging-subnet-public-b"
            },
            "tags_all": {
              "Name": "niura-staging-subnet-public-b"
            },
            "timeouts": null,
            "vpc_id": "vpc-0898d281454e7c377"
          },
          "sensitive_attributes": [],
          "identity_schema_version": 0,
          "private": "eyJlMmJmYjczMC1lY2FhLTExZTYtOGY4OC0zNDM2M2JjN2M0YzAiOnsiY3JlYXRlIjo2MDAwMDAwMDAwMDAsImRlbGV0ZSI6MTIwMDAwMDAwMDAwMH0sInNjaGVtYV92ZXJzaW9uIjoiMSJ9",
          "dependencies": [
            "module.network.aws_vpc.main"
          ],
          "create_before_destroy": true
        }
      ]
    },
    {
      "module": "module.network",
      "mode": "managed",
      "type": "aws_vpc",
      "name": "main",
      "provider": "provider[\"registry.terraform.io/hashicorp/aws\"]",
      "instances": [
        {
          "schema_version": 1,
          "attributes": {
            "arn": "arn:aws:ec2:ap-south-1:654654617590:vpc/vpc-0898d281454e7c377",
            "assign_generated_ipv6_cidr_block": false,
            "cidr_block": "10.0.0.0/16",
            "default_network_acl_id": "acl-0f2fad5e69f822635",
            "default_route_table_id": "rtb-0acb766bf351a25cf",
            "default_security_group_id": "sg-09190e22939d051a7",
            "dhcp_options_id": "dopt-075f8fd8ae70e1c05",
            "enable_dns_hostnames": true,
            "enable_dns_support": true,
            "enable_network_address_usage_metrics": false,
            "id": "vpc-0898d281454e7c377",
            "instance_tenancy": "default",
            "ipv4_ipam_pool_id": null,
            "ipv4_netmask_length": null,
            "ipv6_association_id": "",
            "ipv6_cidr_block": "",
            "ipv6_cidr_block_network_border_group": "",
            "ipv6_ipam_pool_id": "",
            "ipv6_netmask_length": 0,
            "main_route_table_id": "rtb-0acb766bf351a25cf",
            "owner_id": "654654617590",
            "tags": {
              "Name": "niura-staging-vpc"
            },
            "tags_all": {
              "Name": "niura-staging-vpc"
            }
          },
          "sensitive_attributes": [],
          "identity_schema_version": 0,
          "private": "eyJzY2hlbWFfdmVyc2lvbiI6IjEifQ==",
          "create_before_destroy": true
        }
      ]
    },
    {
      "module": "module.rds_core",
      "mode": "managed",
      "type": "aws_db_instance",
      "name": "this",
      "provider": "provider[\"registry.terraform.io/hashicorp/aws\"]",
      "instances": [
        {
          "schema_version": 2,
          "attributes": {
            "address": "niura-core-db.cxgkg220girm.ap-south-1.rds.amazonaws.com",
            "allocated_storage": 20,
            "allow_major_version_upgrade": null,
            "apply_immediately": false,
            "arn": "arn:aws:rds:ap-south-1:654654617590:db:niura-core-db",
            "auto_minor_version_upgrade": true,
            "availability_zone": "ap-south-1b",
            "backup_retention_period": 7,
            "backup_target": "region",
            "backup_window": "03:00-04:00",
            "blue_green_update": [],
            "ca_cert_identifier": "rds-ca-rsa2048-g1",
            "character_set_name": "",
            "copy_tags_to_snapshot": false,
            "custom_iam_instance_profile": "",
            "customer_owned_ip_enabled": false,
            "database_insights_mode": "standard",
            "db_name": "core_db",
            "db_subnet_group_name": "niura-core-db-subnet-group",
            "dedicated_log_volume": false,
            "delete_automated_backups": true,
            "deletion_protection": false,
            "domain": "",
            "domain_auth_secret_arn": "",
            "domain_dns_ips": [],
            "domain_fqdn": "",
            "domain_iam_role_name": "",
            "domain_ou": "",
            "enabled_cloudwatch_logs_exports": [],
            "endpoint": "niura-core-db.cxgkg220girm.ap-south-1.rds.amazonaws.com:5432",
            "engine": "postgres",
            "engine_lifecycle_support": "open-source-rds-extended-support",
            "engine_version": "17.6",
            "engine_version_actual": "17.6",
            "final_snapshot_identifier": null,
            "hosted_zone_id": "Z2VFMSZA74J7XZ",
            "iam_database_authentication_enabled": false,
            "id": "db-M4IVG6A3EFM7XFO63V23RVF4XA",
            "identifier": "niura-core-db",
            "identifier_prefix": "",
            "instance_class": "db.t3.micro",
            "iops": 0,
            "kms_key_id": "arn:aws:kms:ap-south-1:654654617590:key/2320b07a-2d30-440d-a317-2e8b165bd703",
            "latest_restorable_time": "2025-12-01T06:19:39Z",
            "license_model": "postgresql-license",
            "listener_endpoint": [],
            "maintenance_window": "mon:04:00-mon:05:00",
            "manage_master_user_password": null,
            "master_user_secret": [],
            "master_user_secret_kms_key_id": null,
            "max_allocated_storage": 0,
            "monitoring_interval": 0,
            "monitoring_role_arn": "",
            "multi_az": false,
            "nchar_character_set_name": "",
            "network_type": "IPV4",
            "option_group_name": "default:postgres-17",
            "parameter_group_name": "default.postgres17",
            "password": "\u003e?{(*Krc6oGnLv3U",
            "password_wo": null,
            "password_wo_version": null,
            "performance_insights_enabled": false,
            "performance_insights_kms_key_id": "",
            "performance_insights_retention_period": 0,
            "port": 5432,
            "publicly_accessible": false,
            "replica_mode": "",
            "replicas": [],
            "replicate_source_db": "",
            "resource_id": "db-M4IVG6A3EFM7XFO63V23RVF4XA",
            "restore_to_point_in_time": [],
            "s3_import": [],
            "skip_final_snapshot": true,
            "snapshot_identifier": null,
            "status": "available",
            "storage_encrypted": true,
            "storage_throughput": 0,
            "storage_type": "gp2",
            "tags": {
              "Environment": "staging",
              "Name": "niura-core-db",
              "Service": "niura-core-db"
            },
            "tags_all": {
              "Environment": "staging",
              "Name": "niura-core-db",
              "Service": "niura-core-db"
            },
            "timeouts": null,
            "timezone": "",
            "upgrade_storage_config": null,
            "username": "postgres",
            "vpc_security_group_ids": [
              "sg-0574ef6913dacc18c"
            ]
          },
          "sensitive_attributes": [
            [
              {
                "type": "get_attr",
                "value": "password"
              }
            ],
            [
              {
                "type": "get_attr",
                "value": "password_wo"
              }
            ]
          ],
          "identity_schema_version": 0,
          "private": "eyJlMmJmYjczMC1lY2FhLTExZTYtOGY4OC0zNDM2M2JjN2M0YzAiOnsiY3JlYXRlIjozMDAwMDAwMDAwMDAwLCJkZWxldGUiOjM2MDAwMDAwMDAwMDAsInVwZGF0ZSI6NDgwMDAwMDAwMDAwMH0sInNjaGVtYV92ZXJzaW9uIjoiMiJ9",
          "dependencies": [
            "data.aws_ami.amazon_linux",
            "module.bastion.aws_iam_instance_profile.bastion_profile",
            "module.bastion.aws_iam_role.bastion_role",
            "module.bastion.aws_iam_role_policy.bastion_msk_policy",
            "module.bastion.aws_iam_role_policy_attachment.ssm_core",
            "module.bastion.aws_instance.bastion",
            "module.bastion.aws_security_group.bastion_sg",
            "module.ecs.aws_security_group.ecs_sg",
            "module.kafka.aws_msk_serverless_cluster.this",
            "module.kafka.aws_security_group.kafka_sg",
            "module.network.aws_subnet.public",
            "module.network.aws_subnet.public_b",
            "module.network.aws_vpc.main",
            "module.rds_core.aws_db_subnet_group.this",
            "random_password.rds_master_password"
          ],
          "create_before_destroy": true
        }
      ]
    },
    {
      "module": "module.rds_core",
      "mode": "managed",
      "type": "aws_db_subnet_group",
      "name": "this",
      "provider": "provider[\"registry.terraform.io/hashicorp/aws\"]",
      "instances": [
        {
          "schema_version": 0,
          "attributes": {
            "arn": "arn:aws:rds:ap-south-1:654654617590:subgrp:niura-core-db-subnet-group",
            "description": "Managed by Terraform",
            "id": "niura-core-db-subnet-group",
            "name": "niura-core-db-subnet-group",
            "name_prefix": "",
            "subnet_ids": [
              "subnet-06b1803f13fbcf912",
              "subnet-0f00434c33a73657d"
            ],
            "supported_network_types": [
              "IPV4"
            ],
            "tags": {
              "Name": "niura-core-db-subnet-group"
            },
            "tags_all": {
              "Name": "niura-core-db-subnet-group"
            },
            "vpc_id": "vpc-0898d281454e7c377"
          },
          "sensitive_attributes": [],
          "identity_schema_version": 0,
          "private": "bnVsbA==",
          "dependencies": [
            "module.network.aws_subnet.public",
            "module.network.aws_subnet.public_b",
            "module.network.aws_vpc.main"
          ],
          "create_before_destroy": true
        }
      ]
    },
    {
      "module": "module.rds_gateway",
      "mode": "managed",
      "type": "aws_db_instance",
      "name": "this",
      "provider": "provider[\"registry.terraform.io/hashicorp/aws\"]",
      "instances": [
        {
          "schema_version": 2,
          "attributes": {
            "address": "niura-gateway-db.cxgkg220girm.ap-south-1.rds.amazonaws.com",
            "allocated_storage": 20,
            "allow_major_version_upgrade": null,
            "apply_immediately": false,
            "arn": "arn:aws:rds:ap-south-1:654654617590:db:niura-gateway-db",
            "auto_minor_version_upgrade": true,
            "availability_zone": "ap-south-1a",
            "backup_retention_period": 7,
            "backup_target": "region",
            "backup_window": "03:00-04:00",
            "blue_green_update": [],
            "ca_cert_identifier": "rds-ca-rsa2048-g1",
            "character_set_name": "",
            "copy_tags_to_snapshot": false,
            "custom_iam_instance_profile": "",
            "customer_owned_ip_enabled": false,
            "database_insights_mode": "standard",
            "db_name": "gateway_db",
            "db_subnet_group_name": "niura-gateway-db-subnet-group",
            "dedicated_log_volume": false,
            "delete_automated_backups": true,
            "deletion_protection": false,
            "domain": "",
            "domain_auth_secret_arn": "",
            "domain_dns_ips": [],
            "domain_fqdn": "",
            "domain_iam_role_name": "",
            "domain_ou": "",
            "enabled_cloudwatch_logs_exports": [],
            "endpoint": "niura-gateway-db.cxgkg220girm.ap-south-1.rds.amazonaws.com:5432",
            "engine": "postgres",
            "engine_lifecycle_support": "open-source-rds-extended-support",
            "engine_version": "17.6",
            "engine_version_actual": "17.6",
            "final_snapshot_identifier": null,
            "hosted_zone_id": "Z2VFMSZA74J7XZ",
            "iam_database_authentication_enabled": false,
            "id": "db-RZQDLNTQOC27PMLG7UT7IS5XGE",
            "identifier": "niura-gateway-db",
            "identifier_prefix": "",
            "instance_class": "db.t3.micro",
            "iops": 0,
            "kms_key_id": "arn:aws:kms:ap-south-1:654654617590:key/2320b07a-2d30-440d-a317-2e8b165bd703",
            "latest_restorable_time": "2025-12-01T06:19:37Z",
            "license_model": "postgresql-license",
            "listener_endpoint": [],
            "maintenance_window": "mon:04:00-mon:05:00",
            "manage_master_user_password": null,
            "master_user_secret": [],
            "master_user_secret_kms_key_id": null,
            "max_allocated_storage": 0,
            "monitoring_interval": 0,
            "monitoring_role_arn": "",
            "multi_az": false,
            "nchar_character_set_name": "",
            "network_type": "IPV4",
            "option_group_name": "default:postgres-17",
            "parameter_group_name": "default.postgres17",
            "password": "\u003e?{(*Krc6oGnLv3U",
            "password_wo": null,
            "password_wo_version": null,
            "performance_insights_enabled": false,
            "performance_insights_kms_key_id": "",
            "performance_insights_retention_period": 0,
            "port": 5432,
            "publicly_accessible": false,
            "replica_mode": "",
            "replicas": [],
            "replicate_source_db": "",
            "resource_id": "db-RZQDLNTQOC27PMLG7UT7IS5XGE",
            "restore_to_point_in_time": [],
            "s3_import": [],
            "skip_final_snapshot": true,
            "snapshot_identifier": null,
            "status": "available",
            "storage_encrypted": true,
            "storage_throughput": 0,
            "storage_type": "gp2",
            "tags": {
              "Environment": "staging",
              "Name": "niura-gateway-db",
              "Service": "niura-gateway-db"
            },
            "tags_all": {
              "Environment": "staging",
              "Name": "niura-gateway-db",
              "Service": "niura-gateway-db"
            },
            "timeouts": null,
            "timezone": "",
            "upgrade_storage_config": null,
            "username": "postgres",
            "vpc_security_group_ids": [
              "sg-0574ef6913dacc18c"
            ]
          },
          "sensitive_attributes": [
            [
              {
                "type": "get_attr",
                "value": "password"
              }
            ],
            [
              {
                "type": "get_attr",
                "value": "password_wo"
              }
            ]
          ],
          "identity_schema_version": 0,
          "private": "eyJlMmJmYjczMC1lY2FhLTExZTYtOGY4OC0zNDM2M2JjN2M0YzAiOnsiY3JlYXRlIjozMDAwMDAwMDAwMDAwLCJkZWxldGUiOjM2MDAwMDAwMDAwMDAsInVwZGF0ZSI6NDgwMDAwMDAwMDAwMH0sInNjaGVtYV92ZXJzaW9uIjoiMiJ9",
          "dependencies": [
            "data.aws_ami.amazon_linux",
            "module.bastion.aws_iam_instance_profile.bastion_profile",
            "module.bastion.aws_iam_role.bastion_role",
            "module.bastion.aws_iam_role_policy.bastion_msk_policy",
            "module.bastion.aws_iam_role_policy_attachment.ssm_core",
            "module.bastion.aws_instance.bastion",
            "module.bastion.aws_security_group.bastion_sg",
            "module.ecs.aws_security_group.ecs_sg",
            "module.kafka.aws_msk_serverless_cluster.this",
            "module.kafka.aws_security_group.kafka_sg",
            "module.network.aws_subnet.public",
            "module.network.aws_subnet.public_b",
            "module.network.aws_vpc.main",
            "module.rds_gateway.aws_db_subnet_group.this",
            "random_password.rds_master_password"
          ],
          "create_before_destroy": true
        }
      ]
    },
    {
      "module": "module.rds_gateway",
      "mode": "managed",
      "type": "aws_db_subnet_group",
      "name": "this",
      "provider": "provider[\"registry.terraform.io/hashicorp/aws\"]",
      "instances": [
        {
          "schema_version": 0,
          "attributes": {
            "arn": "arn:aws:rds:ap-south-1:654654617590:subgrp:niura-gateway-db-subnet-group",
            "description": "Managed by Terraform",
            "id": "niura-gateway-db-subnet-group",
            "name": "niura-gateway-db-subnet-group",
            "name_prefix": "",
            "subnet_ids": [
              "subnet-06b1803f13fbcf912",
              "subnet-0f00434c33a73657d"
            ],
            "supported_network_types": [
              "IPV4"
            ],
            "tags": {
              "Name": "niura-gateway-db-subnet-group"
            },
            "tags_all": {
              "Name": "niura-gateway-db-subnet-group"
            },
            "vpc_id": "vpc-0898d281454e7c377"
          },
          "sensitive_attributes": [],
          "identity_schema_version": 0,
          "private": "bnVsbA==",
          "dependencies": [
            "module.network.aws_subnet.public",
            "module.network.aws_subnet.public_b",
            "module.network.aws_vpc.main"
          ],
          "create_before_destroy": true
        }
      ]
    },
    {
      "module": "module.vpc_endpoints",
      "mode": "managed",
      "type": "aws_vpc_endpoint",
      "name": "ecr_api",
      "provider": "provider[\"registry.terraform.io/hashicorp/aws\"]",
      "instances": [
        {
          "schema_version": 0,
          "attributes": {
            "arn": "arn:aws:ec2:ap-south-1:654654617590:vpc-endpoint/vpce-085e107f95d9828bc",
            "auto_accept": null,
            "cidr_blocks": [],
            "dns_entry": [
              {
                "dns_name": "vpce-085e107f95d9828bc-xur2tlq9.api.ecr.ap-south-1.vpce.amazonaws.com",
                "hosted_zone_id": "Z2KVTB3ZLFM7JR"
              },
              {
                "dns_name": "vpce-085e107f95d9828bc-xur2tlq9-ap-south-1a.api.ecr.ap-south-1.vpce.amazonaws.com",
                "hosted_zone_id": "Z2KVTB3ZLFM7JR"
              },
              {
                "dns_name": "vpce-085e107f95d9828bc-xur2tlq9-ap-south-1b.api.ecr.ap-south-1.vpce.amazonaws.com",
                "hosted_zone_id": "Z2KVTB3ZLFM7JR"
              },
              {
                "dns_name": "api.ecr.ap-south-1.amazonaws.com",
                "hosted_zone_id": "Z06889151TLR34EM323NP"
              },
              {
                "dns_name": "ecr.ap-south-1.api.aws",
                "hosted_zone_id": "Z04949681G8XOCKLOA1XN"
              }
            ],
            "dns_options": [
              {
                "dns_record_ip_type": "ipv4",
                "private_dns_only_for_inbound_resolver_endpoint": false
              }
            ],
            "id": "vpce-085e107f95d9828bc",
            "ip_address_type": "ipv4",
            "network_interface_ids": [
              "eni-0012100a02ad34a17",
              "eni-03cd3dc92d712ec55"
            ],
            "owner_id": "654654617590",
            "policy": "{\"Statement\":[{\"Action\":\"*\",\"Effect\":\"Allow\",\"Principal\":\"*\",\"Resource\":\"*\"}]}",
            "prefix_list_id": null,
            "private_dns_enabled": true,
            "requester_managed": false,
            "resource_configuration_arn": "",
            "route_table_ids": [],
            "security_group_ids": [
              "sg-0574ef6913dacc18c"
            ],
            "service_name": "com.amazonaws.ap-south-1.ecr.api",
            "service_network_arn": "",
            "service_region": "ap-south-1",
            "state": "available",
            "subnet_configuration": [
              {
                "ipv4": "10.0.1.136",
                "ipv6": "",
                "subnet_id": "subnet-0f00434c33a73657d"
              },
              {
                "ipv4": "10.0.2.228",
                "ipv6": "",
                "subnet_id": "subnet-06b1803f13fbcf912"
              }
            ],
            "subnet_ids": [
              "subnet-06b1803f13fbcf912",
              "subnet-0f00434c33a73657d"
            ],
            "tags": {
              "Environment": "staging",
              "Name": "niura-staging-ecr-api-endpoint"
            },
            "tags_all": {
              "Environment": "staging",
              "Name": "niura-staging-ecr-api-endpoint"
            },
            "timeouts": null,
            "vpc_endpoint_type": "Interface",
            "vpc_id": "vpc-0898d281454e7c377"
          },
          "sensitive_attributes": [],
          "identity_schema_version": 0,
          "private": "eyJlMmJmYjczMC1lY2FhLTExZTYtOGY4OC0zNDM2M2JjN2M0YzAiOnsiY3JlYXRlIjo2MDAwMDAwMDAwMDAsImRlbGV0ZSI6NjAwMDAwMDAwMDAwLCJ1cGRhdGUiOjYwMDAwMDAwMDAwMH0sInNjaGVtYV92ZXJzaW9uIjoiMCJ9",
          "dependencies": [
            "data.aws_ami.amazon_linux",
            "data.aws_caller_identity.current",
            "data.aws_region.current",
            "module.bastion.aws_iam_instance_profile.bastion_profile",
            "module.bastion.aws_iam_role.bastion_role",
            "module.bastion.aws_iam_role_policy.bastion_msk_policy",
            "module.bastion.aws_iam_role_policy_attachment.ssm_core",
            "module.bastion.aws_instance.bastion",
            "module.bastion.aws_security_group.bastion_sg",
            "module.ecs.aws_cloudwatch_log_group.ecs",
            "module.ecs.aws_ecs_cluster.this",
            "module.ecs.aws_ecs_service.service",
            "module.ecs.aws_ecs_task_definition.task",
            "module.ecs.aws_iam_role.ecs_task_role",
            "module.ecs.aws_iam_role.task_execution_role",
            "module.ecs.aws_iam_role_policy.ecs_task_msk_policy",
            "module.ecs.aws_iam_role_policy_attachment.task_exec_ecr",
            "module.ecs.aws_lb.alb",
            "module.ecs.aws_lb_listener.http",
            "module.ecs.aws_lb_listener_rule.gateway_only",
            "module.ecs.aws_lb_listener_rule.rules",
            "module.ecs.aws_lb_target_group.tg",
            "module.ecs.aws_security_group.alb_sg",
            "module.ecs.aws_security_group.ecs_sg",
            "module.ecs.aws_security_group_rule.alb_attach_extra",
            "module.ecs.aws_security_group_rule.alb_to_ecs_http",
            "module.ecs.aws_security_group_rule.bastion_to_rds",
            "module.ecs.aws_security_group_rule.ecs_self_internal_comms",
            "module.ecs.aws_security_group_rule.ecs_sg_self_ingress",
            "module.ecs.aws_security_group_rule.ecs_to_vpc_endpoints",
            "module.ecs.aws_service_discovery_private_dns_namespace.ns",
            "module.ecs.aws_service_discovery_service.sd",
            "module.ecs.data.aws_caller_identity.current",
            "module.ecs.data.aws_region.current",
            "module.kafka.aws_msk_serverless_cluster.this",
            "module.kafka.aws_security_group.kafka_sg",
            "module.network.aws_internet_gateway.igw",
            "module.network.aws_route_table.public_rt",
            "module.network.aws_route_table_association.public_assoc",
            "module.network.aws_subnet.public",
            "module.network.aws_subnet.public_b",
            "module.network.aws_vpc.main",
            "module.rds_core.aws_db_instance.this",
            "module.rds_core.aws_db_subnet_group.this",
            "module.rds_gateway.aws_db_instance.this",
            "module.rds_gateway.aws_db_subnet_group.this",
            "random_password.rds_master_password"
          ]
        }
      ]
    },
    {
      "module": "module.vpc_endpoints",
      "mode": "managed",
      "type": "aws_vpc_endpoint",
      "name": "ecr_dkr",
      "provider": "provider[\"registry.terraform.io/hashicorp/aws\"]",
      "instances": [
        {
          "schema_version": 0,
          "attributes": {
            "arn": "arn:aws:ec2:ap-south-1:654654617590:vpc-endpoint/vpce-0b7654995d125f55e",
            "auto_accept": null,
            "cidr_blocks": [],
            "dns_entry": [
              {
                "dns_name": "vpce-0b7654995d125f55e-9z410ccr.dkr.ecr.ap-south-1.vpce.amazonaws.com",
                "hosted_zone_id": "Z2KVTB3ZLFM7JR"
              },
              {
                "dns_name": "vpce-0b7654995d125f55e-9z410ccr-ap-south-1b.dkr.ecr.ap-south-1.vpce.amazonaws.com",
                "hosted_zone_id": "Z2KVTB3ZLFM7JR"
              },
              {
                "dns_name": "vpce-0b7654995d125f55e-9z410ccr-ap-south-1a.dkr.ecr.ap-south-1.vpce.amazonaws.com",
                "hosted_zone_id": "Z2KVTB3ZLFM7JR"
              },
              {
                "dns_name": "dkr.ecr.ap-south-1.amazonaws.com",
                "hosted_zone_id": "Z06951822WS8KEUFBUBFQ"
              },
              {
                "dns_name": "*.dkr.ecr.ap-south-1.amazonaws.com",
                "hosted_zone_id": "Z06951822WS8KEUFBUBFQ"
              },
              {
                "dns_name": "dkr-ecr.ap-south-1.on.aws",
                "hosted_zone_id": "Z06888291RZ70B9MGPV9I"
              },
              {
                "dns_name": "*.dkr-ecr.ap-south-1.on.aws",
                "hosted_zone_id": "Z06888291RZ70B9MGPV9I"
              }
            ],
            "dns_options": [
              {
                "dns_record_ip_type": "ipv4",
                "private_dns_only_for_inbound_resolver_endpoint": false
              }
            ],
            "id": "vpce-0b7654995d125f55e",
            "ip_address_type": "ipv4",
            "network_interface_ids": [
              "eni-01d9a9521ced4c4a8",
              "eni-048e5eb37742906bf"
            ],
            "owner_id": "654654617590",
            "policy": "{\"Statement\":[{\"Action\":\"*\",\"Effect\":\"Allow\",\"Principal\":\"*\",\"Resource\":\"*\"}]}",
            "prefix_list_id": null,
            "private_dns_enabled": true,
            "requester_managed": false,
            "resource_configuration_arn": "",
            "route_table_ids": [],
            "security_group_ids": [
              "sg-0574ef6913dacc18c"
            ],
            "service_name": "com.amazonaws.ap-south-1.ecr.dkr",
            "service_network_arn": "",
            "service_region": "ap-south-1",
            "state": "available",
            "subnet_configuration": [
              {
                "ipv4": "10.0.1.241",
                "ipv6": "",
                "subnet_id": "subnet-0f00434c33a73657d"
              },
              {
                "ipv4": "10.0.2.188",
                "ipv6": "",
                "subnet_id": "subnet-06b1803f13fbcf912"
              }
            ],
            "subnet_ids": [
              "subnet-06b1803f13fbcf912",
              "subnet-0f00434c33a73657d"
            ],
            "tags": {
              "Environment": "staging",
              "Name": "niura-staging-ecr-dkr-endpoint"
            },
            "tags_all": {
              "Environment": "staging",
              "Name": "niura-staging-ecr-dkr-endpoint"
            },
            "timeouts": null,
            "vpc_endpoint_type": "Interface",
            "vpc_id": "vpc-0898d281454e7c377"
          },
          "sensitive_attributes": [],
          "identity_schema_version": 0,
          "private": "eyJlMmJmYjczMC1lY2FhLTExZTYtOGY4OC0zNDM2M2JjN2M0YzAiOnsiY3JlYXRlIjo2MDAwMDAwMDAwMDAsImRlbGV0ZSI6NjAwMDAwMDAwMDAwLCJ1cGRhdGUiOjYwMDAwMDAwMDAwMH0sInNjaGVtYV92ZXJzaW9uIjoiMCJ9",
          "dependencies": [
            "data.aws_ami.amazon_linux",
            "data.aws_caller_identity.current",
            "data.aws_region.current",
            "module.bastion.aws_iam_instance_profile.bastion_profile",
            "module.bastion.aws_iam_role.bastion_role",
            "module.bastion.aws_iam_role_policy.bastion_msk_policy",
            "module.bastion.aws_iam_role_policy_attachment.ssm_core",
            "module.bastion.aws_instance.bastion",
            "module.bastion.aws_security_group.bastion_sg",
            "module.ecs.aws_cloudwatch_log_group.ecs",
            "module.ecs.aws_ecs_cluster.this",
            "module.ecs.aws_ecs_service.service",
            "module.ecs.aws_ecs_task_definition.task",
            "module.ecs.aws_iam_role.ecs_task_role",
            "module.ecs.aws_iam_role.task_execution_role",
            "module.ecs.aws_iam_role_policy.ecs_task_msk_policy",
            "module.ecs.aws_iam_role_policy_attachment.task_exec_ecr",
            "module.ecs.aws_lb.alb",
            "module.ecs.aws_lb_listener.http",
            "module.ecs.aws_lb_listener_rule.gateway_only",
            "module.ecs.aws_lb_listener_rule.rules",
            "module.ecs.aws_lb_target_group.tg",
            "module.ecs.aws_security_group.alb_sg",
            "module.ecs.aws_security_group.ecs_sg",
            "module.ecs.aws_security_group_rule.alb_attach_extra",
            "module.ecs.aws_security_group_rule.alb_to_ecs_http",
            "module.ecs.aws_security_group_rule.bastion_to_rds",
            "module.ecs.aws_security_group_rule.ecs_self_internal_comms",
            "module.ecs.aws_security_group_rule.ecs_sg_self_ingress",
            "module.ecs.aws_security_group_rule.ecs_to_vpc_endpoints",
            "module.ecs.aws_service_discovery_private_dns_namespace.ns",
            "module.ecs.aws_service_discovery_service.sd",
            "module.ecs.data.aws_caller_identity.current",
            "module.ecs.data.aws_region.current",
            "module.kafka.aws_msk_serverless_cluster.this",
            "module.kafka.aws_security_group.kafka_sg",
            "module.network.aws_internet_gateway.igw",
            "module.network.aws_route_table.public_rt",
            "module.network.aws_route_table_association.public_assoc",
            "module.network.aws_subnet.public",
            "module.network.aws_subnet.public_b",
            "module.network.aws_vpc.main",
            "module.rds_core.aws_db_instance.this",
            "module.rds_core.aws_db_subnet_group.this",
            "module.rds_gateway.aws_db_instance.this",
            "module.rds_gateway.aws_db_subnet_group.this",
            "random_password.rds_master_password"
          ]
        }
      ]
    },
    {
      "module": "module.vpc_endpoints",
      "mode": "managed",
      "type": "aws_vpc_endpoint",
      "name": "logs",
      "provider": "provider[\"registry.terraform.io/hashicorp/aws\"]",
      "instances": [
        {
          "schema_version": 0,
          "attributes": {
            "arn": "arn:aws:ec2:ap-south-1:654654617590:vpc-endpoint/vpce-0738a183dfdf0b6aa",
            "auto_accept": null,
            "cidr_blocks": [],
            "dns_entry": [
              {
                "dns_name": "vpce-0738a183dfdf0b6aa-ol8l1hz3.logs.ap-south-1.vpce.amazonaws.com",
                "hosted_zone_id": "Z2KVTB3ZLFM7JR"
              },
              {
                "dns_name": "vpce-0738a183dfdf0b6aa-ol8l1hz3-ap-south-1b.logs.ap-south-1.vpce.amazonaws.com",
                "hosted_zone_id": "Z2KVTB3ZLFM7JR"
              },
              {
                "dns_name": "vpce-0738a183dfdf0b6aa-ol8l1hz3-ap-south-1a.logs.ap-south-1.vpce.amazonaws.com",
                "hosted_zone_id": "Z2KVTB3ZLFM7JR"
              },
              {
                "dns_name": "logs.ap-south-1.amazonaws.com",
                "hosted_zone_id": "Z06900351PYVMFYB6S8BA"
              },
              {
                "dns_name": "streaming-logs.ap-south-1.api.aws",
                "hosted_zone_id": "Z0579605351YBB8VVUIJQ"
              },
              {
                "dns_name": "streaming-logs.ap-south-1.amazonaws.com",
                "hosted_zone_id": "Z06884471A0ADEKKGD75Q"
              },
              {
                "dns_name": "logs.ap-south-1.api.aws",
                "hosted_zone_id": "Z05742353P3OF6YXPJM7O"
              }
            ],
            "dns_options": [
              {
                "dns_record_ip_type": "ipv4",
                "private_dns_only_for_inbound_resolver_endpoint": false
              }
            ],
            "id": "vpce-0738a183dfdf0b6aa",
            "ip_address_type": "ipv4",
            "network_interface_ids": [
              "eni-0594c7f5010d928b5",
              "eni-074c728aa182caf87"
            ],
            "owner_id": "654654617590",
            "policy": "{\"Statement\":[{\"Action\":\"*\",\"Effect\":\"Allow\",\"Principal\":\"*\",\"Resource\":\"*\"}]}",
            "prefix_list_id": null,
            "private_dns_enabled": true,
            "requester_managed": false,
            "resource_configuration_arn": "",
            "route_table_ids": [],
            "security_group_ids": [
              "sg-0574ef6913dacc18c"
            ],
            "service_name": "com.amazonaws.ap-south-1.logs",
            "service_network_arn": "",
            "service_region": "ap-south-1",
            "state": "available",
            "subnet_configuration": [
              {
                "ipv4": "10.0.1.132",
                "ipv6": "",
                "subnet_id": "subnet-0f00434c33a73657d"
              },
              {
                "ipv4": "10.0.2.251",
                "ipv6": "",
                "subnet_id": "subnet-06b1803f13fbcf912"
              }
            ],
            "subnet_ids": [
              "subnet-06b1803f13fbcf912",
              "subnet-0f00434c33a73657d"
            ],
            "tags": {
              "Environment": "staging",
              "Name": "niura-staging-logs-endpoint"
            },
            "tags_all": {
              "Environment": "staging",
              "Name": "niura-staging-logs-endpoint"
            },
            "timeouts": null,
            "vpc_endpoint_type": "Interface",
            "vpc_id": "vpc-0898d281454e7c377"
          },
          "sensitive_attributes": [],
          "identity_schema_version": 0,
          "private": "eyJlMmJmYjczMC1lY2FhLTExZTYtOGY4OC0zNDM2M2JjN2M0YzAiOnsiY3JlYXRlIjo2MDAwMDAwMDAwMDAsImRlbGV0ZSI6NjAwMDAwMDAwMDAwLCJ1cGRhdGUiOjYwMDAwMDAwMDAwMH0sInNjaGVtYV92ZXJzaW9uIjoiMCJ9",
          "dependencies": [
            "data.aws_ami.amazon_linux",
            "data.aws_caller_identity.current",
            "data.aws_region.current",
            "module.bastion.aws_iam_instance_profile.bastion_profile",
            "module.bastion.aws_iam_role.bastion_role",
            "module.bastion.aws_iam_role_policy.bastion_msk_policy",
            "module.bastion.aws_iam_role_policy_attachment.ssm_core",
            "module.bastion.aws_instance.bastion",
            "module.bastion.aws_security_group.bastion_sg",
            "module.ecs.aws_cloudwatch_log_group.ecs",
            "module.ecs.aws_ecs_cluster.this",
            "module.ecs.aws_ecs_service.service",
            "module.ecs.aws_ecs_task_definition.task",
            "module.ecs.aws_iam_role.ecs_task_role",
            "module.ecs.aws_iam_role.task_execution_role",
            "module.ecs.aws_iam_role_policy.ecs_task_msk_policy",
            "module.ecs.aws_iam_role_policy_attachment.task_exec_ecr",
            "module.ecs.aws_lb.alb",
            "module.ecs.aws_lb_listener.http",
            "module.ecs.aws_lb_listener_rule.gateway_only",
            "module.ecs.aws_lb_listener_rule.rules",
            "module.ecs.aws_lb_target_group.tg",
            "module.ecs.aws_security_group.alb_sg",
            "module.ecs.aws_security_group.ecs_sg",
            "module.ecs.aws_security_group_rule.alb_attach_extra",
            "module.ecs.aws_security_group_rule.alb_to_ecs_http",
            "module.ecs.aws_security_group_rule.bastion_to_rds",
            "module.ecs.aws_security_group_rule.ecs_self_internal_comms",
            "module.ecs.aws_security_group_rule.ecs_sg_self_ingress",
            "module.ecs.aws_security_group_rule.ecs_to_vpc_endpoints",
            "module.ecs.aws_service_discovery_private_dns_namespace.ns",
            "module.ecs.aws_service_discovery_service.sd",
            "module.ecs.data.aws_caller_identity.current",
            "module.ecs.data.aws_region.current",
            "module.kafka.aws_msk_serverless_cluster.this",
            "module.kafka.aws_security_group.kafka_sg",
            "module.network.aws_internet_gateway.igw",
            "module.network.aws_route_table.public_rt",
            "module.network.aws_route_table_association.public_assoc",
            "module.network.aws_subnet.public",
            "module.network.aws_subnet.public_b",
            "module.network.aws_vpc.main",
            "module.rds_core.aws_db_instance.this",
            "module.rds_core.aws_db_subnet_group.this",
            "module.rds_gateway.aws_db_instance.this",
            "module.rds_gateway.aws_db_subnet_group.this",
            "random_password.rds_master_password"
          ]
        }
      ]
    },
    {
      "module": "module.vpc_endpoints",
      "mode": "managed",
      "type": "aws_vpc_endpoint",
      "name": "s3",
      "provider": "provider[\"registry.terraform.io/hashicorp/aws\"]",
      "instances": [
        {
          "schema_version": 0,
          "attributes": {
            "arn": "arn:aws:ec2:ap-south-1:654654617590:vpc-endpoint/vpce-0a8572b9fe3d517ce",
            "auto_accept": null,
            "cidr_blocks": [
              "52.219.156.0/22",
              "52.219.160.0/23",
              "52.219.62.0/23",
              "3.5.212.0/23",
              "3.5.208.0/22",
              "16.12.40.0/23",
              "52.219.64.0/22",
              "16.12.36.0/22"
            ],
            "dns_entry": [],
            "dns_options": [
              {
                "dns_record_ip_type": "service-defined",
                "private_dns_only_for_inbound_resolver_endpoint": false
              }
            ],
            "id": "vpce-0a8572b9fe3d517ce",
            "ip_address_type": "ipv4",
            "network_interface_ids": [],
            "owner_id": "654654617590",
            "policy": "{\"Statement\":[{\"Action\":\"*\",\"Effect\":\"Allow\",\"Principal\":\"*\",\"Resource\":\"*\"}],\"Version\":\"2008-10-17\"}",
            "prefix_list_id": "pl-78a54011",
            "private_dns_enabled": false,
            "requester_managed": false,
            "resource_configuration_arn": "",
            "route_table_ids": [
              "rtb-0acb766bf351a25cf",
              "rtb-0afc78ca3e068f1ae"
            ],
            "security_group_ids": [],
            "service_name": "com.amazonaws.ap-south-1.s3",
            "service_network_arn": "",
            "service_region": "ap-south-1",
            "state": "available",
            "subnet_configuration": [],
            "subnet_ids": [],
            "tags": {
              "Environment": "staging",
              "Name": "niura-staging-s3-endpoint"
            },
            "tags_all": {
              "Environment": "staging",
              "Name": "niura-staging-s3-endpoint"
            },
            "timeouts": null,
            "vpc_endpoint_type": "Gateway",
            "vpc_id": "vpc-0898d281454e7c377"
          },
          "sensitive_attributes": [],
          "identity_schema_version": 0,
          "private": "eyJlMmJmYjczMC1lY2FhLTExZTYtOGY4OC0zNDM2M2JjN2M0YzAiOnsiY3JlYXRlIjo2MDAwMDAwMDAwMDAsImRlbGV0ZSI6NjAwMDAwMDAwMDAwLCJ1cGRhdGUiOjYwMDAwMDAwMDAwMH19",
          "dependencies": [
            "data.aws_ami.amazon_linux",
            "data.aws_caller_identity.current",
            "data.aws_region.current",
            "module.bastion.aws_iam_instance_profile.bastion_profile",
            "module.bastion.aws_iam_role.bastion_role",
            "module.bastion.aws_iam_role_policy.bastion_msk_policy",
            "module.bastion.aws_iam_role_policy_attachment.ssm_core",
            "module.bastion.aws_instance.bastion",
            "module.bastion.aws_security_group.bastion_sg",
            "module.ecs.aws_cloudwatch_log_group.ecs",
            "module.ecs.aws_ecs_cluster.this",
            "module.ecs.aws_ecs_service.service",
            "module.ecs.aws_ecs_task_definition.task",
            "module.ecs.aws_iam_role.ecs_task_role",
            "module.ecs.aws_iam_role.task_execution_role",
            "module.ecs.aws_iam_role_policy.ecs_task_msk_policy",
            "module.ecs.aws_iam_role_policy_attachment.task_exec_ecr",
            "module.ecs.aws_lb.alb",
            "module.ecs.aws_lb_listener.http",
            "module.ecs.aws_lb_listener_rule.gateway_only",
            "module.ecs.aws_lb_listener_rule.rules",
            "module.ecs.aws_lb_target_group.tg",
            "module.ecs.aws_security_group.alb_sg",
            "module.ecs.aws_security_group.ecs_sg",
            "module.ecs.aws_security_group_rule.alb_attach_extra",
            "module.ecs.aws_security_group_rule.alb_to_ecs_http",
            "module.ecs.aws_security_group_rule.bastion_to_rds",
            "module.ecs.aws_security_group_rule.ecs_self_internal_comms",
            "module.ecs.aws_security_group_rule.ecs_sg_self_ingress",
            "module.ecs.aws_security_group_rule.ecs_to_vpc_endpoints",
            "module.ecs.aws_service_discovery_private_dns_namespace.ns",
            "module.ecs.aws_service_discovery_service.sd",
            "module.ecs.data.aws_caller_identity.current",
            "module.ecs.data.aws_region.current",
            "module.kafka.aws_msk_serverless_cluster.this",
            "module.kafka.aws_security_group.kafka_sg",
            "module.network.aws_internet_gateway.igw",
            "module.network.aws_route_table.public_rt",
            "module.network.aws_route_table_association.public_assoc",
            "module.network.aws_subnet.public",
            "module.network.aws_subnet.public_b",
            "module.network.aws_vpc.main",
            "module.rds_core.aws_db_instance.this",
            "module.rds_core.aws_db_subnet_group.this",
            "module.rds_gateway.aws_db_instance.this",
            "module.rds_gateway.aws_db_subnet_group.this",
            "module.vpc_endpoints.data.aws_route_tables.vpc_route_tables",
            "random_password.rds_master_password"
          ]
        }
      ]
    },
    {
      "module": "module.vpc_endpoints",
      "mode": "managed",
      "type": "aws_vpc_endpoint",
      "name": "sts",
      "provider": "provider[\"registry.terraform.io/hashicorp/aws\"]",
      "instances": [
        {
          "schema_version": 0,
          "attributes": {
            "arn": "arn:aws:ec2:ap-south-1:654654617590:vpc-endpoint/vpce-0b415b6622dbe0575",
            "auto_accept": null,
            "cidr_blocks": [],
            "dns_entry": [
              {
                "dns_name": "vpce-0b415b6622dbe0575-667dbsbw.sts.ap-south-1.vpce.amazonaws.com",
                "hosted_zone_id": "Z2KVTB3ZLFM7JR"
              },
              {
                "dns_name": "vpce-0b415b6622dbe0575-667dbsbw-ap-south-1a.sts.ap-south-1.vpce.amazonaws.com",
                "hosted_zone_id": "Z2KVTB3ZLFM7JR"
              },
              {
                "dns_name": "vpce-0b415b6622dbe0575-667dbsbw-ap-south-1b.sts.ap-south-1.vpce.amazonaws.com",
                "hosted_zone_id": "Z2KVTB3ZLFM7JR"
              },
              {
                "dns_name": "sts.ap-south-1.amazonaws.com",
                "hosted_zone_id": "Z01486242GMJ30PDA6NX5"
              },
              {
                "dns_name": "sts.ap-south-1.api.aws",
                "hosted_zone_id": "Z06887861GQXXBBGRYS4Y"
              }
            ],
            "dns_options": [
              {
                "dns_record_ip_type": "ipv4",
                "private_dns_only_for_inbound_resolver_endpoint": false
              }
            ],
            "id": "vpce-0b415b6622dbe0575",
            "ip_address_type": "ipv4",
            "network_interface_ids": [
              "eni-03afa70644bf19e8c",
              "eni-067b5298c3ae75621"
            ],
            "owner_id": "654654617590",
            "policy": "{\"Statement\":[{\"Action\":\"*\",\"Effect\":\"Allow\",\"Principal\":\"*\",\"Resource\":\"*\"}]}",
            "prefix_list_id": null,
            "private_dns_enabled": true,
            "requester_managed": false,
            "resource_configuration_arn": "",
            "route_table_ids": [],
            "security_group_ids": [
              "sg-0574ef6913dacc18c"
            ],
            "service_name": "com.amazonaws.ap-south-1.sts",
            "service_network_arn": "",
            "service_region": "ap-south-1",
            "state": "available",
            "subnet_configuration": [
              {
                "ipv4": "10.0.1.4",
                "ipv6": "",
                "subnet_id": "subnet-0f00434c33a73657d"
              },
              {
                "ipv4": "10.0.2.244",
                "ipv6": "",
                "subnet_id": "subnet-06b1803f13fbcf912"
              }
            ],
            "subnet_ids": [
              "subnet-06b1803f13fbcf912",
              "subnet-0f00434c33a73657d"
            ],
            "tags": {
              "Environment": "staging",
              "Name": "niura-staging-sts-endpoint"
            },
            "tags_all": {
              "Environment": "staging",
              "Name": "niura-staging-sts-endpoint"
            },
            "timeouts": null,
            "vpc_endpoint_type": "Interface",
            "vpc_id": "vpc-0898d281454e7c377"
          },
          "sensitive_attributes": [],
          "identity_schema_version": 0,
          "private": "eyJlMmJmYjczMC1lY2FhLTExZTYtOGY4OC0zNDM2M2JjN2M0YzAiOnsiY3JlYXRlIjo2MDAwMDAwMDAwMDAsImRlbGV0ZSI6NjAwMDAwMDAwMDAwLCJ1cGRhdGUiOjYwMDAwMDAwMDAwMH0sInNjaGVtYV92ZXJzaW9uIjoiMCJ9",
          "dependencies": [
            "data.aws_ami.amazon_linux",
            "data.aws_caller_identity.current",
            "data.aws_region.current",
            "module.bastion.aws_iam_instance_profile.bastion_profile",
            "module.bastion.aws_iam_role.bastion_role",
            "module.bastion.aws_iam_role_policy.bastion_msk_policy",
            "module.bastion.aws_iam_role_policy_attachment.ssm_core",
            "module.bastion.aws_instance.bastion",
            "module.bastion.aws_security_group.bastion_sg",
            "module.ecs.aws_cloudwatch_log_group.ecs",
            "module.ecs.aws_ecs_cluster.this",
            "module.ecs.aws_ecs_service.service",
            "module.ecs.aws_ecs_task_definition.task",
            "module.ecs.aws_iam_role.ecs_task_role",
            "module.ecs.aws_iam_role.task_execution_role",
            "module.ecs.aws_iam_role_policy.ecs_task_msk_policy",
            "module.ecs.aws_iam_role_policy_attachment.task_exec_ecr",
            "module.ecs.aws_lb.alb",
            "module.ecs.aws_lb_listener.http",
            "module.ecs.aws_lb_listener_rule.gateway_only",
            "module.ecs.aws_lb_listener_rule.rules",
            "module.ecs.aws_lb_target_group.tg",
            "module.ecs.aws_security_group.alb_sg",
            "module.ecs.aws_security_group.ecs_sg",
            "module.ecs.aws_security_group_rule.alb_attach_extra",
            "module.ecs.aws_security_group_rule.alb_to_ecs_http",
            "module.ecs.aws_security_group_rule.bastion_to_rds",
            "module.ecs.aws_security_group_rule.ecs_self_internal_comms",
            "module.ecs.aws_security_group_rule.ecs_sg_self_ingress",
            "module.ecs.aws_security_group_rule.ecs_to_vpc_endpoints",
            "module.ecs.aws_service_discovery_private_dns_namespace.ns",
            "module.ecs.aws_service_discovery_service.sd",
            "module.ecs.data.aws_caller_identity.current",
            "module.ecs.data.aws_region.current",
            "module.kafka.aws_msk_serverless_cluster.this",
            "module.kafka.aws_security_group.kafka_sg",
            "module.network.aws_internet_gateway.igw",
            "module.network.aws_route_table.public_rt",
            "module.network.aws_route_table_association.public_assoc",
            "module.network.aws_subnet.public",
            "module.network.aws_subnet.public_b",
            "module.network.aws_vpc.main",
            "module.rds_core.aws_db_instance.this",
            "module.rds_core.aws_db_subnet_group.this",
            "module.rds_gateway.aws_db_instance.this",
            "module.rds_gateway.aws_db_subnet_group.this",
            "random_password.rds_master_password"
          ]
        }
      ]
    }
  ],
  "check_results": null
}
