{
  "version": 4,
  "terraform_version": "1.13.4",
  "serial": 161,
  "lineage": "3ea88457-46a4-d080-df4b-699ec4221235",
  "outputs": {
    "core_service_url": {
      "value": "http://niura-staging-alb-1424214904.ap-south-1.elb.amazonaws.com/core-service",
      "type": "string"
    },
    "eeg_service_url": {
      "value": "http://niura-staging-alb-1424214904.ap-south-1.elb.amazonaws.com/eeg-service",
      "type": "string"
    },
    "gateway_url": {
      "value": "http://niura-staging-alb-1424214904.ap-south-1.elb.amazonaws.com/gateway",
      "type": "string"
    },
    "load_balancer_url": {
      "value": "http://niura-staging-alb-1424214904.ap-south-1.elb.amazonaws.com",
      "type": "string"
    },
    "rds_password": {
      "value": "lOOC*#\u003c3B-?B1\u003cz]",
      "type": "string",
      "sensitive": true
    }
  },
  "resources": [
    {
      "mode": "data",
      "type": "aws_caller_identity",
      "name": "current",
      "provider": "provider[\"registry.terraform.io/hashicorp/aws\"]",
      "instances": [
        {
          "schema_version": 0,
          "attributes": {
            "account_id": "654654617590",
            "arn": "arn:aws:iam::654654617590:user/NiuraAtiq",
            "id": "654654617590",
            "user_id": "AIDAZQ3DUW73F3F42ADVH"
          },
          "sensitive_attributes": [],
          "identity_schema_version": 0
        }
      ]
    },
    {
      "mode": "data",
      "type": "aws_region",
      "name": "current",
      "provider": "provider[\"registry.terraform.io/hashicorp/aws\"]",
      "instances": [
        {
          "schema_version": 0,
          "attributes": {
            "description": "Asia Pacific (Mumbai)",
            "endpoint": "ec2.ap-south-1.amazonaws.com",
            "id": "ap-south-1",
            "name": "ap-south-1"
          },
          "sensitive_attributes": [],
          "identity_schema_version": 0
        }
      ]
    },
    {
      "mode": "managed",
      "type": "random_password",
      "name": "rds_master_password",
      "provider": "provider[\"registry.terraform.io/hashicorp/random\"]",
      "instances": [
        {
          "schema_version": 3,
          "attributes": {
            "bcrypt_hash": "$2a$10$lGygK6aX3HP70HuWg7.ArOr0nkg5YEsv.0D3Mx94AxNm.QFhITfmC",
            "id": "none",
            "keepers": null,
            "length": 16,
            "lower": true,
            "min_lower": 0,
            "min_numeric": 0,
            "min_special": 0,
            "min_upper": 0,
            "number": true,
            "numeric": true,
            "override_special": null,
            "result": "lOOC*#\u003c3B-?B1\u003cz]",
            "special": true,
            "upper": true
          },
          "sensitive_attributes": [
            [
              {
                "type": "get_attr",
                "value": "bcrypt_hash"
              }
            ],
            [
              {
                "type": "get_attr",
                "value": "result"
              }
            ]
          ],
          "identity_schema_version": 0
        }
      ]
    },
    {
      "module": "module.ecr",
      "mode": "managed",
      "type": "aws_ecr_repository",
      "name": "repos",
      "provider": "provider[\"registry.terraform.io/hashicorp/aws\"]",
      "instances": [
        {
          "index_key": "core-service",
          "schema_version": 0,
          "attributes": {
            "arn": "arn:aws:ecr:ap-south-1:654654617590:repository/niura-core-service-staging",
            "encryption_configuration": [
              {
                "encryption_type": "AES256",
                "kms_key": ""
              }
            ],
            "force_delete": true,
            "id": "niura-core-service-staging",
            "image_scanning_configuration": [
              {
                "scan_on_push": true
              }
            ],
            "image_tag_mutability": "MUTABLE",
            "name": "niura-core-service-staging",
            "registry_id": "654654617590",
            "repository_url": "654654617590.dkr.ecr.ap-south-1.amazonaws.com/niura-core-service-staging",
            "tags": {
              "Environment": "staging",
              "Project": "niura",
              "Service": "core-service"
            },
            "tags_all": {
              "Environment": "staging",
              "Project": "niura",
              "Service": "core-service"
            },
            "timeouts": null
          },
          "sensitive_attributes": [],
          "identity_schema_version": 0,
          "private": "eyJlMmJmYjczMC1lY2FhLTExZTYtOGY4OC0zNDM2M2JjN2M0YzAiOnsiZGVsZXRlIjoxMjAwMDAwMDAwMDAwfX0="
        },
        {
          "index_key": "eeg-service",
          "schema_version": 0,
          "attributes": {
            "arn": "arn:aws:ecr:ap-south-1:654654617590:repository/niura-eeg-service-staging",
            "encryption_configuration": [
              {
                "encryption_type": "AES256",
                "kms_key": ""
              }
            ],
            "force_delete": true,
            "id": "niura-eeg-service-staging",
            "image_scanning_configuration": [
              {
                "scan_on_push": true
              }
            ],
            "image_tag_mutability": "MUTABLE",
            "name": "niura-eeg-service-staging",
            "registry_id": "654654617590",
            "repository_url": "654654617590.dkr.ecr.ap-south-1.amazonaws.com/niura-eeg-service-staging",
            "tags": {
              "Environment": "staging",
              "Project": "niura",
              "Service": "eeg-service"
            },
            "tags_all": {
              "Environment": "staging",
              "Project": "niura",
              "Service": "eeg-service"
            },
            "timeouts": null
          },
          "sensitive_attributes": [],
          "identity_schema_version": 0,
          "private": "eyJlMmJmYjczMC1lY2FhLTExZTYtOGY4OC0zNDM2M2JjN2M0YzAiOnsiZGVsZXRlIjoxMjAwMDAwMDAwMDAwfX0="
        },
        {
          "index_key": "gateway",
          "schema_version": 0,
          "attributes": {
            "arn": "arn:aws:ecr:ap-south-1:654654617590:repository/niura-gateway-staging",
            "encryption_configuration": [
              {
                "encryption_type": "AES256",
                "kms_key": ""
              }
            ],
            "force_delete": true,
            "id": "niura-gateway-staging",
            "image_scanning_configuration": [
              {
                "scan_on_push": true
              }
            ],
            "image_tag_mutability": "MUTABLE",
            "name": "niura-gateway-staging",
            "registry_id": "654654617590",
            "repository_url": "654654617590.dkr.ecr.ap-south-1.amazonaws.com/niura-gateway-staging",
            "tags": {
              "Environment": "staging",
              "Project": "niura",
              "Service": "gateway"
            },
            "tags_all": {
              "Environment": "staging",
              "Project": "niura",
              "Service": "gateway"
            },
            "timeouts": null
          },
          "sensitive_attributes": [],
          "identity_schema_version": 0,
          "private": "eyJlMmJmYjczMC1lY2FhLTExZTYtOGY4OC0zNDM2M2JjN2M0YzAiOnsiZGVsZXRlIjoxMjAwMDAwMDAwMDAwfX0="
        }
      ]
    },
    {
      "module": "module.ecs",
      "mode": "data",
      "type": "aws_caller_identity",
      "name": "current",
      "provider": "provider[\"registry.terraform.io/hashicorp/aws\"]",
      "instances": [
        {
          "schema_version": 0,
          "attributes": {
            "account_id": "654654617590",
            "arn": "arn:aws:iam::654654617590:user/NiuraAtiq",
            "id": "654654617590",
            "user_id": "AIDAZQ3DUW73F3F42ADVH"
          },
          "sensitive_attributes": [],
          "identity_schema_version": 0
        }
      ]
    },
    {
      "module": "module.ecs",
      "mode": "data",
      "type": "aws_region",
      "name": "current",
      "provider": "provider[\"registry.terraform.io/hashicorp/aws\"]",
      "instances": [
        {
          "schema_version": 0,
          "attributes": {
            "description": "Asia Pacific (Mumbai)",
            "endpoint": "ec2.ap-south-1.amazonaws.com",
            "id": "ap-south-1",
            "name": "ap-south-1"
          },
          "sensitive_attributes": [],
          "identity_schema_version": 0
        }
      ]
    },
    {
      "module": "module.ecs",
      "mode": "managed",
      "type": "aws_cloudwatch_log_group",
      "name": "ecs",
      "provider": "provider[\"registry.terraform.io/hashicorp/aws\"]",
      "instances": [
        {
          "schema_version": 0,
          "attributes": {
            "arn": "arn:aws:logs:ap-south-1:654654617590:log-group:/ecs/niura-staging",
            "id": "/ecs/niura-staging",
            "kms_key_id": "",
            "log_group_class": "STANDARD",
            "name": "/ecs/niura-staging",
            "name_prefix": "",
            "retention_in_days": 14,
            "skip_destroy": false,
            "tags": {},
            "tags_all": {}
          },
          "sensitive_attributes": [],
          "identity_schema_version": 0,
          "private": "bnVsbA=="
        }
      ]
    },
    {
      "module": "module.ecs",
      "mode": "managed",
      "type": "aws_ecs_cluster",
      "name": "this",
      "provider": "provider[\"registry.terraform.io/hashicorp/aws\"]",
      "instances": [
        {
          "schema_version": 0,
          "attributes": {
            "arn": "arn:aws:ecs:ap-south-1:654654617590:cluster/niura-staging-cluster",
            "configuration": [],
            "id": "arn:aws:ecs:ap-south-1:654654617590:cluster/niura-staging-cluster",
            "name": "niura-staging-cluster",
            "service_connect_defaults": [],
            "setting": [
              {
                "name": "containerInsights",
                "value": "disabled"
              }
            ],
            "tags": {},
            "tags_all": {}
          },
          "sensitive_attributes": [],
          "identity_schema_version": 0,
          "private": "bnVsbA=="
        }
      ]
    },
    {
      "module": "module.ecs",
      "mode": "managed",
      "type": "aws_ecs_service",
      "name": "service",
      "provider": "provider[\"registry.terraform.io/hashicorp/aws\"]",
      "instances": [
        {
          "index_key": "core-service",
          "schema_version": 1,
          "attributes": {
            "alarms": [],
            "availability_zone_rebalancing": "DISABLED",
            "capacity_provider_strategy": [],
            "cluster": "arn:aws:ecs:ap-south-1:654654617590:cluster/niura-staging-cluster",
            "deployment_circuit_breaker": [
              {
                "enable": false,
                "rollback": false
              }
            ],
            "deployment_controller": [
              {
                "type": "ECS"
              }
            ],
            "deployment_maximum_percent": 200,
            "deployment_minimum_healthy_percent": 100,
            "desired_count": 1,
            "enable_ecs_managed_tags": false,
            "enable_execute_command": false,
            "force_delete": null,
            "force_new_deployment": null,
            "health_check_grace_period_seconds": 0,
            "iam_role": "/aws-service-role/ecs.amazonaws.com/AWSServiceRoleForECS",
            "id": "arn:aws:ecs:ap-south-1:654654617590:service/niura-staging-cluster/niura-staging-core-service-svc",
            "launch_type": "FARGATE",
            "load_balancer": [
              {
                "container_name": "core-service",
                "container_port": 8000,
                "elb_name": "",
                "target_group_arn": "arn:aws:elasticloadbalancing:ap-south-1:654654617590:targetgroup/niura-staging-core-service-tg/f66c077f73aac648"
              }
            ],
            "name": "niura-staging-core-service-svc",
            "network_configuration": [
              {
                "assign_public_ip": true,
                "security_groups": [
                  "sg-0574ef6913dacc18c"
                ],
                "subnets": [
                  "subnet-06b1803f13fbcf912",
                  "subnet-0f00434c33a73657d"
                ]
              }
            ],
            "ordered_placement_strategy": [],
            "placement_constraints": [],
            "platform_version": "LATEST",
            "propagate_tags": "NONE",
            "scheduling_strategy": "REPLICA",
            "service_connect_configuration": [],
            "service_registries": [],
            "tags": {},
            "tags_all": {},
            "task_definition": "arn:aws:ecs:ap-south-1:654654617590:task-definition/niura-staging-core-service:4",
            "timeouts": null,
            "triggers": {},
            "volume_configuration": [],
            "vpc_lattice_configurations": [],
            "wait_for_steady_state": false
          },
          "sensitive_attributes": [],
          "identity_schema_version": 0,
          "private": "eyJlMmJmYjczMC1lY2FhLTExZTYtOGY4OC0zNDM2M2JjN2M0YzAiOnsiY3JlYXRlIjoxMjAwMDAwMDAwMDAwLCJkZWxldGUiOjEyMDAwMDAwMDAwMDAsInVwZGF0ZSI6MTIwMDAwMDAwMDAwMH0sInNjaGVtYV92ZXJzaW9uIjoiMSJ9",
          "dependencies": [
            "data.aws_caller_identity.current",
            "data.aws_region.current",
            "module.ecs.aws_cloudwatch_log_group.ecs",
            "module.ecs.aws_ecs_cluster.this",
            "module.ecs.aws_ecs_task_definition.task",
            "module.ecs.aws_iam_role.task_execution_role",
            "module.ecs.aws_lb_target_group.tg",
            "module.ecs.aws_security_group.ecs_sg",
            "module.ecs.data.aws_region.current",
            "module.network.aws_subnet.public",
            "module.network.aws_subnet.public_b",
            "module.network.aws_vpc.main",
            "module.rds_core.aws_db_instance.this",
            "module.rds_core.aws_db_subnet_group.this",
            "module.rds_gateway.aws_db_instance.this",
            "module.rds_gateway.aws_db_subnet_group.this",
            "random_password.rds_master_password"
          ]
        },
        {
          "index_key": "eeg-service",
          "schema_version": 1,
          "attributes": {
            "alarms": [],
            "availability_zone_rebalancing": "DISABLED",
            "capacity_provider_strategy": [],
            "cluster": "arn:aws:ecs:ap-south-1:654654617590:cluster/niura-staging-cluster",
            "deployment_circuit_breaker": [
              {
                "enable": false,
                "rollback": false
              }
            ],
            "deployment_controller": [
              {
                "type": "ECS"
              }
            ],
            "deployment_maximum_percent": 200,
            "deployment_minimum_healthy_percent": 100,
            "desired_count": 1,
            "enable_ecs_managed_tags": false,
            "enable_execute_command": false,
            "force_delete": null,
            "force_new_deployment": null,
            "health_check_grace_period_seconds": 0,
            "iam_role": "/aws-service-role/ecs.amazonaws.com/AWSServiceRoleForECS",
            "id": "arn:aws:ecs:ap-south-1:654654617590:service/niura-staging-cluster/niura-staging-eeg-service-svc",
            "launch_type": "FARGATE",
            "load_balancer": [
              {
                "container_name": "eeg-service",
                "container_port": 8000,
                "elb_name": "",
                "target_group_arn": "arn:aws:elasticloadbalancing:ap-south-1:654654617590:targetgroup/niura-staging-eeg-service-tg/879e225826b55a3d"
              }
            ],
            "name": "niura-staging-eeg-service-svc",
            "network_configuration": [
              {
                "assign_public_ip": true,
                "security_groups": [
                  "sg-0574ef6913dacc18c"
                ],
                "subnets": [
                  "subnet-06b1803f13fbcf912",
                  "subnet-0f00434c33a73657d"
                ]
              }
            ],
            "ordered_placement_strategy": [],
            "placement_constraints": [],
            "platform_version": "LATEST",
            "propagate_tags": "NONE",
            "scheduling_strategy": "REPLICA",
            "service_connect_configuration": [],
            "service_registries": [],
            "tags": {},
            "tags_all": {},
            "task_definition": "arn:aws:ecs:ap-south-1:654654617590:task-definition/niura-staging-eeg-service:2",
            "timeouts": null,
            "triggers": {},
            "volume_configuration": [],
            "vpc_lattice_configurations": [],
            "wait_for_steady_state": false
          },
          "sensitive_attributes": [],
          "identity_schema_version": 0,
          "private": "eyJlMmJmYjczMC1lY2FhLTExZTYtOGY4OC0zNDM2M2JjN2M0YzAiOnsiY3JlYXRlIjoxMjAwMDAwMDAwMDAwLCJkZWxldGUiOjEyMDAwMDAwMDAwMDAsInVwZGF0ZSI6MTIwMDAwMDAwMDAwMH0sInNjaGVtYV92ZXJzaW9uIjoiMSJ9",
          "dependencies": [
            "data.aws_caller_identity.current",
            "data.aws_region.current",
            "module.ecs.aws_cloudwatch_log_group.ecs",
            "module.ecs.aws_ecs_cluster.this",
            "module.ecs.aws_ecs_task_definition.task",
            "module.ecs.aws_iam_role.task_execution_role",
            "module.ecs.aws_lb_target_group.tg",
            "module.ecs.aws_security_group.ecs_sg",
            "module.ecs.data.aws_region.current",
            "module.network.aws_subnet.public",
            "module.network.aws_subnet.public_b",
            "module.network.aws_vpc.main",
            "module.rds_core.aws_db_instance.this",
            "module.rds_core.aws_db_subnet_group.this",
            "module.rds_gateway.aws_db_instance.this",
            "module.rds_gateway.aws_db_subnet_group.this",
            "random_password.rds_master_password"
          ]
        },
        {
          "index_key": "gateway",
          "schema_version": 1,
          "attributes": {
            "alarms": [],
            "availability_zone_rebalancing": "DISABLED",
            "capacity_provider_strategy": [],
            "cluster": "arn:aws:ecs:ap-south-1:654654617590:cluster/niura-staging-cluster",
            "deployment_circuit_breaker": [
              {
                "enable": false,
                "rollback": false
              }
            ],
            "deployment_controller": [
              {
                "type": "ECS"
              }
            ],
            "deployment_maximum_percent": 200,
            "deployment_minimum_healthy_percent": 100,
            "desired_count": 1,
            "enable_ecs_managed_tags": false,
            "enable_execute_command": false,
            "force_delete": null,
            "force_new_deployment": null,
            "health_check_grace_period_seconds": 0,
            "iam_role": "/aws-service-role/ecs.amazonaws.com/AWSServiceRoleForECS",
            "id": "arn:aws:ecs:ap-south-1:654654617590:service/niura-staging-cluster/niura-staging-gateway-svc",
            "launch_type": "FARGATE",
            "load_balancer": [
              {
                "container_name": "gateway",
                "container_port": 8000,
                "elb_name": "",
                "target_group_arn": "arn:aws:elasticloadbalancing:ap-south-1:654654617590:targetgroup/niura-staging-gateway-tg/68b77916796244f3"
              }
            ],
            "name": "niura-staging-gateway-svc",
            "network_configuration": [
              {
                "assign_public_ip": true,
                "security_groups": [
                  "sg-0574ef6913dacc18c"
                ],
                "subnets": [
                  "subnet-06b1803f13fbcf912",
                  "subnet-0f00434c33a73657d"
                ]
              }
            ],
            "ordered_placement_strategy": [],
            "placement_constraints": [],
            "platform_version": "LATEST",
            "propagate_tags": "NONE",
            "scheduling_strategy": "REPLICA",
            "service_connect_configuration": [],
            "service_registries": [],
            "tags": {},
            "tags_all": {},
            "task_definition": "arn:aws:ecs:ap-south-1:654654617590:task-definition/niura-staging-gateway:3",
            "timeouts": null,
            "triggers": {},
            "volume_configuration": [],
            "vpc_lattice_configurations": [],
            "wait_for_steady_state": false
          },
          "sensitive_attributes": [],
          "identity_schema_version": 0,
          "private": "eyJlMmJmYjczMC1lY2FhLTExZTYtOGY4OC0zNDM2M2JjN2M0YzAiOnsiY3JlYXRlIjoxMjAwMDAwMDAwMDAwLCJkZWxldGUiOjEyMDAwMDAwMDAwMDAsInVwZGF0ZSI6MTIwMDAwMDAwMDAwMH0sInNjaGVtYV92ZXJzaW9uIjoiMSJ9",
          "dependencies": [
            "data.aws_caller_identity.current",
            "data.aws_region.current",
            "module.ecs.aws_cloudwatch_log_group.ecs",
            "module.ecs.aws_ecs_cluster.this",
            "module.ecs.aws_ecs_task_definition.task",
            "module.ecs.aws_iam_role.task_execution_role",
            "module.ecs.aws_lb_target_group.tg",
            "module.ecs.aws_security_group.ecs_sg",
            "module.ecs.data.aws_region.current",
            "module.network.aws_subnet.public",
            "module.network.aws_subnet.public_b",
            "module.network.aws_vpc.main",
            "module.rds_core.aws_db_instance.this",
            "module.rds_core.aws_db_subnet_group.this",
            "module.rds_gateway.aws_db_instance.this",
            "module.rds_gateway.aws_db_subnet_group.this",
            "random_password.rds_master_password"
          ]
        }
      ]
    },
    {
      "module": "module.ecs",
      "mode": "managed",
      "type": "aws_ecs_task_definition",
      "name": "task",
      "provider": "provider[\"registry.terraform.io/hashicorp/aws\"]",
      "instances": [
        {
          "index_key": "core-service",
          "schema_version": 1,
          "attributes": {
            "arn": "arn:aws:ecs:ap-south-1:654654617590:task-definition/niura-staging-core-service:4",
            "arn_without_revision": "arn:aws:ecs:ap-south-1:654654617590:task-definition/niura-staging-core-service",
            "container_definitions": "[{\"environment\":[{\"name\":\"DATABASE_URL\",\"value\":\"postgresql://postgres:lOOC*#\u003c3B-?B1\u003cz]@niura-core-db.cxgkg220girm.ap-south-1.rds.amazonaws.com:5432/core_db\"}],\"essential\":true,\"healthCheck\":{\"command\":[\"CMD-SHELL\",\"curl -f http://localhost:8001/api/health || exit 1\"],\"interval\":30,\"retries\":3,\"startPeriod\":10,\"timeout\":5},\"image\":\"654654617590.dkr.ecr.ap-south-1.amazonaws.com/niura-core-service-staging:latest\",\"logConfiguration\":{\"logDriver\":\"awslogs\",\"options\":{\"awslogs-group\":\"/ecs/niura-staging\",\"awslogs-region\":\"ap-south-1\",\"awslogs-stream-prefix\":\"core-service\"}},\"mountPoints\":[],\"name\":\"core-service\",\"portMappings\":[{\"containerPort\":8001,\"hostPort\":8001,\"protocol\":\"tcp\"}],\"systemControls\":[],\"volumesFrom\":[]}]",
            "cpu": "512",
            "enable_fault_injection": false,
            "ephemeral_storage": [],
            "execution_role_arn": "arn:aws:iam::654654617590:role/niura-staging-ecs-task-exec-role",
            "family": "niura-staging-core-service",
            "id": "niura-staging-core-service",
            "inference_accelerator": [],
            "ipc_mode": "",
            "memory": "1024",
            "network_mode": "awsvpc",
            "pid_mode": "",
            "placement_constraints": [],
            "proxy_configuration": [],
            "requires_compatibilities": [
              "FARGATE"
            ],
            "revision": 4,
            "runtime_platform": [],
            "skip_destroy": false,
            "tags": {},
            "tags_all": {},
            "task_role_arn": "",
            "track_latest": false,
            "volume": []
          },
          "sensitive_attributes": [
            [
              {
                "type": "get_attr",
                "value": "container_definitions"
              }
            ]
          ],
          "identity_schema_version": 0,
          "private": "eyJzY2hlbWFfdmVyc2lvbiI6IjEifQ==",
          "dependencies": [
            "data.aws_caller_identity.current",
            "data.aws_region.current",
            "module.ecs.aws_cloudwatch_log_group.ecs",
            "module.ecs.aws_iam_role.task_execution_role",
            "module.ecs.aws_security_group.ecs_sg",
            "module.ecs.data.aws_region.current",
            "module.network.aws_subnet.public",
            "module.network.aws_subnet.public_b",
            "module.network.aws_vpc.main",
            "module.rds_core.aws_db_instance.this",
            "module.rds_core.aws_db_subnet_group.this",
            "module.rds_gateway.aws_db_instance.this",
            "module.rds_gateway.aws_db_subnet_group.this",
            "random_password.rds_master_password"
          ]
        },
        {
          "index_key": "eeg-service",
          "schema_version": 1,
          "attributes": {
            "arn": "arn:aws:ecs:ap-south-1:654654617590:task-definition/niura-staging-eeg-service:2",
            "arn_without_revision": "arn:aws:ecs:ap-south-1:654654617590:task-definition/niura-staging-eeg-service",
            "container_definitions": "[{\"environment\":[],\"essential\":true,\"healthCheck\":{\"command\":[\"CMD-SHELL\",\"curl -f http://localhost:8002/api/health || exit 1\"],\"interval\":30,\"retries\":3,\"startPeriod\":10,\"timeout\":5},\"image\":\"654654617590.dkr.ecr.ap-south-1.amazonaws.com/niura-eeg-service-staging:latest\",\"logConfiguration\":{\"logDriver\":\"awslogs\",\"options\":{\"awslogs-group\":\"/ecs/niura-staging\",\"awslogs-region\":\"ap-south-1\",\"awslogs-stream-prefix\":\"eeg-service\"}},\"mountPoints\":[],\"name\":\"eeg-service\",\"portMappings\":[{\"containerPort\":8002,\"hostPort\":8002,\"protocol\":\"tcp\"}],\"systemControls\":[],\"volumesFrom\":[]}]",
            "cpu": "512",
            "enable_fault_injection": false,
            "ephemeral_storage": [],
            "execution_role_arn": "arn:aws:iam::654654617590:role/niura-staging-ecs-task-exec-role",
            "family": "niura-staging-eeg-service",
            "id": "niura-staging-eeg-service",
            "inference_accelerator": [],
            "ipc_mode": "",
            "memory": "1024",
            "network_mode": "awsvpc",
            "pid_mode": "",
            "placement_constraints": [],
            "proxy_configuration": [],
            "requires_compatibilities": [
              "FARGATE"
            ],
            "revision": 2,
            "runtime_platform": [],
            "skip_destroy": false,
            "tags": {},
            "tags_all": {},
            "task_role_arn": "",
            "track_latest": false,
            "volume": []
          },
          "sensitive_attributes": [],
          "identity_schema_version": 0,
          "private": "eyJzY2hlbWFfdmVyc2lvbiI6IjEifQ==",
          "dependencies": [
            "data.aws_caller_identity.current",
            "data.aws_region.current",
            "module.ecs.aws_cloudwatch_log_group.ecs",
            "module.ecs.aws_iam_role.task_execution_role",
            "module.ecs.aws_security_group.ecs_sg",
            "module.ecs.data.aws_region.current",
            "module.network.aws_subnet.public",
            "module.network.aws_subnet.public_b",
            "module.network.aws_vpc.main",
            "module.rds_core.aws_db_instance.this",
            "module.rds_core.aws_db_subnet_group.this",
            "module.rds_gateway.aws_db_instance.this",
            "module.rds_gateway.aws_db_subnet_group.this",
            "random_password.rds_master_password"
          ]
        },
        {
          "index_key": "gateway",
          "schema_version": 1,
          "attributes": {
            "arn": "arn:aws:ecs:ap-south-1:654654617590:task-definition/niura-staging-gateway:3",
            "arn_without_revision": "arn:aws:ecs:ap-south-1:654654617590:task-definition/niura-staging-gateway",
            "container_definitions": "[{\"environment\":[{\"name\":\"DATABASE_URL\",\"value\":\"postgresql://postgres:lOOC*#\u003c3B-?B1\u003cz]@niura-gateway-db.cxgkg220girm.ap-south-1.rds.amazonaws.com:5432/gateway_db\"},{\"name\":\"JWT_SECRET_KEY\",\"value\":\"Niura-Secret-Key\"}],\"essential\":true,\"healthCheck\":{\"command\":[\"CMD-SHELL\",\"curl -f http://localhost:8000/api/health || exit 1\"],\"interval\":30,\"retries\":3,\"startPeriod\":10,\"timeout\":5},\"image\":\"654654617590.dkr.ecr.ap-south-1.amazonaws.com/niura-gateway-staging:latest\",\"logConfiguration\":{\"logDriver\":\"awslogs\",\"options\":{\"awslogs-region\":\"ap-south-1\",\"awslogs-stream-prefix\":\"gateway\",\"awslogs-group\":\"/ecs/niura-staging\"}},\"mountPoints\":[],\"name\":\"gateway\",\"portMappings\":[{\"containerPort\":8000,\"hostPort\":8000,\"protocol\":\"tcp\"}],\"systemControls\":[],\"volumesFrom\":[]}]",
            "cpu": "512",
            "enable_fault_injection": false,
            "ephemeral_storage": [],
            "execution_role_arn": "arn:aws:iam::654654617590:role/niura-staging-ecs-task-exec-role",
            "family": "niura-staging-gateway",
            "id": "niura-staging-gateway",
            "inference_accelerator": [],
            "ipc_mode": "",
            "memory": "1024",
            "network_mode": "awsvpc",
            "pid_mode": "",
            "placement_constraints": [],
            "proxy_configuration": [],
            "requires_compatibilities": [
              "FARGATE"
            ],
            "revision": 3,
            "runtime_platform": [],
            "skip_destroy": false,
            "tags": {},
            "tags_all": {},
            "task_role_arn": "",
            "track_latest": false,
            "volume": []
          },
          "sensitive_attributes": [
            [
              {
                "type": "get_attr",
                "value": "container_definitions"
              }
            ]
          ],
          "identity_schema_version": 0,
          "private": "eyJzY2hlbWFfdmVyc2lvbiI6IjEifQ==",
          "dependencies": [
            "data.aws_caller_identity.current",
            "data.aws_region.current",
            "module.ecs.aws_cloudwatch_log_group.ecs",
            "module.ecs.aws_iam_role.task_execution_role",
            "module.ecs.aws_security_group.ecs_sg",
            "module.ecs.data.aws_region.current",
            "module.network.aws_subnet.public",
            "module.network.aws_subnet.public_b",
            "module.network.aws_vpc.main",
            "module.rds_core.aws_db_instance.this",
            "module.rds_core.aws_db_subnet_group.this",
            "module.rds_gateway.aws_db_instance.this",
            "module.rds_gateway.aws_db_subnet_group.this",
            "random_password.rds_master_password"
          ]
        }
      ]
    },
    {
      "module": "module.ecs",
      "mode": "managed",
      "type": "aws_iam_role",
      "name": "task_execution_role",
      "provider": "provider[\"registry.terraform.io/hashicorp/aws\"]",
      "instances": [
        {
          "schema_version": 0,
          "attributes": {
            "arn": "arn:aws:iam::654654617590:role/niura-staging-ecs-task-exec-role",
            "assume_role_policy": "{\"Statement\":[{\"Action\":\"sts:AssumeRole\",\"Effect\":\"Allow\",\"Principal\":{\"Service\":\"ecs-tasks.amazonaws.com\"}}],\"Version\":\"2012-10-17\"}",
            "create_date": "2025-10-22T09:04:16Z",
            "description": "",
            "force_detach_policies": false,
            "id": "niura-staging-ecs-task-exec-role",
            "inline_policy": [],
            "managed_policy_arns": [
              "arn:aws:iam::aws:policy/service-role/AmazonECSTaskExecutionRolePolicy"
            ],
            "max_session_duration": 3600,
            "name": "niura-staging-ecs-task-exec-role",
            "name_prefix": "",
            "path": "/",
            "permissions_boundary": "",
            "tags": {},
            "tags_all": {},
            "unique_id": "AROAZQ3DUW73AX3KLU3IH"
          },
          "sensitive_attributes": [],
          "identity_schema_version": 0,
          "private": "bnVsbA=="
        }
      ]
    },
    {
      "module": "module.ecs",
      "mode": "managed",
      "type": "aws_iam_role_policy_attachment",
      "name": "task_exec_ecr",
      "provider": "provider[\"registry.terraform.io/hashicorp/aws\"]",
      "instances": [
        {
          "schema_version": 0,
          "attributes": {
            "id": "niura-staging-ecs-task-exec-role-20251022090417928300000001",
            "policy_arn": "arn:aws:iam::aws:policy/service-role/AmazonECSTaskExecutionRolePolicy",
            "role": "niura-staging-ecs-task-exec-role"
          },
          "sensitive_attributes": [],
          "identity_schema_version": 0,
          "private": "bnVsbA==",
          "dependencies": [
            "module.ecs.aws_iam_role.task_execution_role"
          ]
        }
      ]
    },
    {
      "module": "module.ecs",
      "mode": "managed",
      "type": "aws_lb",
      "name": "alb",
      "provider": "provider[\"registry.terraform.io/hashicorp/aws\"]",
      "instances": [
        {
          "schema_version": 0,
          "attributes": {
            "access_logs": [
              {
                "bucket": "",
                "enabled": false,
                "prefix": ""
              }
            ],
            "arn": "arn:aws:elasticloadbalancing:ap-south-1:654654617590:loadbalancer/app/niura-staging-alb/aa1fe40b0a998a86",
            "arn_suffix": "app/niura-staging-alb/aa1fe40b0a998a86",
            "client_keep_alive": 3600,
            "connection_logs": [
              {
                "bucket": "",
                "enabled": false,
                "prefix": ""
              }
            ],
            "customer_owned_ipv4_pool": "",
            "desync_mitigation_mode": "defensive",
            "dns_name": "niura-staging-alb-1424214904.ap-south-1.elb.amazonaws.com",
            "dns_record_client_routing_policy": null,
            "drop_invalid_header_fields": false,
            "enable_cross_zone_load_balancing": true,
            "enable_deletion_protection": false,
            "enable_http2": true,
            "enable_tls_version_and_cipher_suite_headers": false,
            "enable_waf_fail_open": false,
            "enable_xff_client_port": false,
            "enable_zonal_shift": false,
            "enforce_security_group_inbound_rules_on_private_link_traffic": "",
            "id": "arn:aws:elasticloadbalancing:ap-south-1:654654617590:loadbalancer/app/niura-staging-alb/aa1fe40b0a998a86",
            "idle_timeout": 60,
            "internal": false,
            "ip_address_type": "ipv4",
            "ipam_pools": [],
            "load_balancer_type": "application",
            "minimum_load_balancer_capacity": [],
            "name": "niura-staging-alb",
            "name_prefix": "",
            "preserve_host_header": false,
            "security_groups": [
              "sg-0f33d7dcaaf41c381"
            ],
            "subnet_mapping": [
              {
                "allocation_id": "",
                "ipv6_address": "",
                "outpost_id": "",
                "private_ipv4_address": "",
                "subnet_id": "subnet-06b1803f13fbcf912"
              },
              {
                "allocation_id": "",
                "ipv6_address": "",
                "outpost_id": "",
                "private_ipv4_address": "",
                "subnet_id": "subnet-0f00434c33a73657d"
              }
            ],
            "subnets": [
              "subnet-06b1803f13fbcf912",
              "subnet-0f00434c33a73657d"
            ],
            "tags": {
              "Name": "niura-staging-alb",
              "Project": "niura"
            },
            "tags_all": {
              "Name": "niura-staging-alb",
              "Project": "niura"
            },
            "timeouts": null,
            "vpc_id": "vpc-0898d281454e7c377",
            "xff_header_processing_mode": "append",
            "zone_id": "ZP97RAFLXTNZK"
          },
          "sensitive_attributes": [],
          "identity_schema_version": 0,
          "private": "eyJlMmJmYjczMC1lY2FhLTExZTYtOGY4OC0zNDM2M2JjN2M0YzAiOnsiY3JlYXRlIjo2MDAwMDAwMDAwMDAsImRlbGV0ZSI6NjAwMDAwMDAwMDAwLCJ1cGRhdGUiOjYwMDAwMDAwMDAwMH19",
          "dependencies": [
            "module.network.aws_subnet.public",
            "module.network.aws_subnet.public_b",
            "module.network.aws_vpc.main"
          ]
        }
      ]
    },
    {
      "module": "module.ecs",
      "mode": "managed",
      "type": "aws_lb_listener",
      "name": "http",
      "provider": "provider[\"registry.terraform.io/hashicorp/aws\"]",
      "instances": [
        {
          "schema_version": 0,
          "attributes": {
            "alpn_policy": null,
            "arn": "arn:aws:elasticloadbalancing:ap-south-1:654654617590:listener/app/niura-staging-alb/aa1fe40b0a998a86/5534796c28ea74b6",
            "certificate_arn": null,
            "default_action": [
              {
                "authenticate_cognito": [],
                "authenticate_oidc": [],
                "fixed_response": [
                  {
                    "content_type": "text/plain",
                    "message_body": "No service matched",
                    "status_code": "404"
                  }
                ],
                "forward": [],
                "order": 1,
                "redirect": [],
                "target_group_arn": "",
                "type": "fixed-response"
              }
            ],
            "id": "arn:aws:elasticloadbalancing:ap-south-1:654654617590:listener/app/niura-staging-alb/aa1fe40b0a998a86/5534796c28ea74b6",
            "load_balancer_arn": "arn:aws:elasticloadbalancing:ap-south-1:654654617590:loadbalancer/app/niura-staging-alb/aa1fe40b0a998a86",
            "mutual_authentication": [],
            "port": 80,
            "protocol": "HTTP",
            "routing_http_request_x_amzn_mtls_clientcert_header_name": null,
            "routing_http_request_x_amzn_mtls_clientcert_issuer_header_name": null,
            "routing_http_request_x_amzn_mtls_clientcert_leaf_header_name": null,
            "routing_http_request_x_amzn_mtls_clientcert_serial_number_header_name": null,
            "routing_http_request_x_amzn_mtls_clientcert_subject_header_name": null,
            "routing_http_request_x_amzn_mtls_clientcert_validity_header_name": null,
            "routing_http_request_x_amzn_tls_cipher_suite_header_name": null,
            "routing_http_request_x_amzn_tls_version_header_name": null,
            "routing_http_response_access_control_allow_credentials_header_value": "",
            "routing_http_response_access_control_allow_headers_header_value": "",
            "routing_http_response_access_control_allow_methods_header_value": "",
            "routing_http_response_access_control_allow_origin_header_value": "",
            "routing_http_response_access_control_expose_headers_header_value": "",
            "routing_http_response_access_control_max_age_header_value": "",
            "routing_http_response_content_security_policy_header_value": "",
            "routing_http_response_server_enabled": true,
            "routing_http_response_strict_transport_security_header_value": "",
            "routing_http_response_x_content_type_options_header_value": "",
            "routing_http_response_x_frame_options_header_value": "",
            "ssl_policy": "",
            "tags": {},
            "tags_all": {},
            "tcp_idle_timeout_seconds": null,
            "timeouts": null
          },
          "sensitive_attributes": [],
          "identity_schema_version": 0,
          "private": "eyJlMmJmYjczMC1lY2FhLTExZTYtOGY4OC0zNDM2M2JjN2M0YzAiOnsiY3JlYXRlIjozMDAwMDAwMDAwMDAsInVwZGF0ZSI6MzAwMDAwMDAwMDAwfX0=",
          "dependencies": [
            "module.ecs.aws_lb.alb",
            "module.network.aws_subnet.public",
            "module.network.aws_subnet.public_b",
            "module.network.aws_vpc.main"
          ]
        }
      ]
    },
    {
      "module": "module.ecs",
      "mode": "managed",
      "type": "aws_lb_target_group",
      "name": "tg",
      "provider": "provider[\"registry.terraform.io/hashicorp/aws\"]",
      "instances": [
        {
          "index_key": "core-service",
          "schema_version": 0,
          "attributes": {
            "arn": "arn:aws:elasticloadbalancing:ap-south-1:654654617590:targetgroup/niura-staging-core-service-tg/f66c077f73aac648",
            "arn_suffix": "targetgroup/niura-staging-core-service-tg/f66c077f73aac648",
            "connection_termination": null,
            "deregistration_delay": "300",
            "health_check": [
              {
                "enabled": true,
                "healthy_threshold": 2,
                "interval": 30,
                "matcher": "200-399",
                "path": "/api/health",
                "port": "traffic-port",
                "protocol": "HTTP",
                "timeout": 5,
                "unhealthy_threshold": 3
              }
            ],
            "id": "arn:aws:elasticloadbalancing:ap-south-1:654654617590:targetgroup/niura-staging-core-service-tg/f66c077f73aac648",
            "ip_address_type": "ipv4",
            "lambda_multi_value_headers_enabled": false,
            "load_balancer_arns": [],
            "load_balancing_algorithm_type": "round_robin",
            "load_balancing_anomaly_mitigation": "off",
            "load_balancing_cross_zone_enabled": "use_load_balancer_configuration",
            "name": "niura-staging-core-service-tg",
            "name_prefix": "",
            "port": 8001,
            "preserve_client_ip": null,
            "protocol": "HTTP",
            "protocol_version": "HTTP1",
            "proxy_protocol_v2": false,
            "slow_start": 0,
            "stickiness": [
              {
                "cookie_duration": 86400,
                "cookie_name": "",
                "enabled": false,
                "type": "lb_cookie"
              }
            ],
            "tags": null,
            "tags_all": {},
            "target_failover": [
              {
                "on_deregistration": null,
                "on_unhealthy": null
              }
            ],
            "target_group_health": [
              {
                "dns_failover": [
                  {
                    "minimum_healthy_targets_count": "1",
                    "minimum_healthy_targets_percentage": "off"
                  }
                ],
                "unhealthy_state_routing": [
                  {
                    "minimum_healthy_targets_count": 1,
                    "minimum_healthy_targets_percentage": "off"
                  }
                ]
              }
            ],
            "target_health_state": [
              {
                "enable_unhealthy_connection_termination": null,
                "unhealthy_draining_interval": null
              }
            ],
            "target_type": "ip",
            "vpc_id": "vpc-0898d281454e7c377"
          },
          "sensitive_attributes": [],
          "identity_schema_version": 0,
          "private": "bnVsbA==",
          "dependencies": [
            "data.aws_caller_identity.current",
            "data.aws_region.current",
            "module.network.aws_vpc.main"
          ]
        },
        {
          "index_key": "eeg-service",
          "schema_version": 0,
          "attributes": {
            "arn": "arn:aws:elasticloadbalancing:ap-south-1:654654617590:targetgroup/niura-staging-eeg-service-tg/879e225826b55a3d",
            "arn_suffix": "targetgroup/niura-staging-eeg-service-tg/879e225826b55a3d",
            "connection_termination": null,
            "deregistration_delay": "300",
            "health_check": [
              {
                "enabled": true,
                "healthy_threshold": 2,
                "interval": 30,
                "matcher": "200-399",
                "path": "/api/health",
                "port": "traffic-port",
                "protocol": "HTTP",
                "timeout": 5,
                "unhealthy_threshold": 3
              }
            ],
            "id": "arn:aws:elasticloadbalancing:ap-south-1:654654617590:targetgroup/niura-staging-eeg-service-tg/879e225826b55a3d",
            "ip_address_type": "ipv4",
            "lambda_multi_value_headers_enabled": false,
            "load_balancer_arns": [],
            "load_balancing_algorithm_type": "round_robin",
            "load_balancing_anomaly_mitigation": "off",
            "load_balancing_cross_zone_enabled": "use_load_balancer_configuration",
            "name": "niura-staging-eeg-service-tg",
            "name_prefix": "",
            "port": 8002,
            "preserve_client_ip": null,
            "protocol": "HTTP",
            "protocol_version": "HTTP1",
            "proxy_protocol_v2": false,
            "slow_start": 0,
            "stickiness": [
              {
                "cookie_duration": 86400,
                "cookie_name": "",
                "enabled": false,
                "type": "lb_cookie"
              }
            ],
            "tags": null,
            "tags_all": {},
            "target_failover": [
              {
                "on_deregistration": null,
                "on_unhealthy": null
              }
            ],
            "target_group_health": [
              {
                "dns_failover": [
                  {
                    "minimum_healthy_targets_count": "1",
                    "minimum_healthy_targets_percentage": "off"
                  }
                ],
                "unhealthy_state_routing": [
                  {
                    "minimum_healthy_targets_count": 1,
                    "minimum_healthy_targets_percentage": "off"
                  }
                ]
              }
            ],
            "target_health_state": [
              {
                "enable_unhealthy_connection_termination": null,
                "unhealthy_draining_interval": null
              }
            ],
            "target_type": "ip",
            "vpc_id": "vpc-0898d281454e7c377"
          },
          "sensitive_attributes": [],
          "identity_schema_version": 0,
          "private": "bnVsbA==",
          "dependencies": [
            "data.aws_caller_identity.current",
            "data.aws_region.current",
            "module.network.aws_vpc.main"
          ]
        },
        {
          "index_key": "gateway",
          "schema_version": 0,
          "attributes": {
            "arn": "arn:aws:elasticloadbalancing:ap-south-1:654654617590:targetgroup/niura-staging-gateway-tg/68b77916796244f3",
            "arn_suffix": "targetgroup/niura-staging-gateway-tg/68b77916796244f3",
            "connection_termination": null,
            "deregistration_delay": "300",
            "health_check": [
              {
                "enabled": true,
                "healthy_threshold": 2,
                "interval": 30,
                "matcher": "200-399",
                "path": "/api/health",
                "port": "traffic-port",
                "protocol": "HTTP",
                "timeout": 5,
                "unhealthy_threshold": 3
              }
            ],
            "id": "arn:aws:elasticloadbalancing:ap-south-1:654654617590:targetgroup/niura-staging-gateway-tg/68b77916796244f3",
            "ip_address_type": "ipv4",
            "lambda_multi_value_headers_enabled": false,
            "load_balancer_arns": [
              "arn:aws:elasticloadbalancing:ap-south-1:654654617590:loadbalancer/app/niura-staging-alb/aa1fe40b0a998a86"
            ],
            "load_balancing_algorithm_type": "round_robin",
            "load_balancing_anomaly_mitigation": "off",
            "load_balancing_cross_zone_enabled": "use_load_balancer_configuration",
            "name": "niura-staging-gateway-tg",
            "name_prefix": "",
            "port": 8000,
            "preserve_client_ip": null,
            "protocol": "HTTP",
            "protocol_version": "HTTP1",
            "proxy_protocol_v2": false,
            "slow_start": 0,
            "stickiness": [
              {
                "cookie_duration": 86400,
                "cookie_name": "",
                "enabled": false,
                "type": "lb_cookie"
              }
            ],
            "tags": {},
            "tags_all": {},
            "target_failover": [
              {
                "on_deregistration": null,
                "on_unhealthy": null
              }
            ],
            "target_group_health": [
              {
                "dns_failover": [
                  {
                    "minimum_healthy_targets_count": "1",
                    "minimum_healthy_targets_percentage": "off"
                  }
                ],
                "unhealthy_state_routing": [
                  {
                    "minimum_healthy_targets_count": 1,
                    "minimum_healthy_targets_percentage": "off"
                  }
                ]
              }
            ],
            "target_health_state": [
              {
                "enable_unhealthy_connection_termination": null,
                "unhealthy_draining_interval": null
              }
            ],
            "target_type": "ip",
            "vpc_id": "vpc-0898d281454e7c377"
          },
          "sensitive_attributes": [],
          "identity_schema_version": 0,
          "private": "bnVsbA==",
          "dependencies": [
            "data.aws_caller_identity.current",
            "data.aws_region.current",
            "module.network.aws_vpc.main"
          ]
        }
      ]
    },
    {
      "module": "module.ecs",
      "mode": "managed",
      "type": "aws_security_group",
      "name": "alb_sg",
      "provider": "provider[\"registry.terraform.io/hashicorp/aws\"]",
      "instances": [
        {
          "schema_version": 1,
          "attributes": {
            "arn": "arn:aws:ec2:ap-south-1:654654617590:security-group/sg-0f33d7dcaaf41c381",
            "description": "ALB security group",
            "egress": [
              {
                "cidr_blocks": [
                  "0.0.0.0/0"
                ],
                "description": "",
                "from_port": 0,
                "ipv6_cidr_blocks": [],
                "prefix_list_ids": [],
                "protocol": "-1",
                "security_groups": [],
                "self": false,
                "to_port": 0
              }
            ],
            "id": "sg-0f33d7dcaaf41c381",
            "ingress": [
              {
                "cidr_blocks": [
                  "0.0.0.0/0"
                ],
                "description": "HTTP from anywhere",
                "from_port": 80,
                "ipv6_cidr_blocks": [],
                "prefix_list_ids": [],
                "protocol": "tcp",
                "security_groups": [],
                "self": false,
                "to_port": 80
              }
            ],
            "name": "niura-staging-alb-sg",
            "name_prefix": "",
            "owner_id": "654654617590",
            "revoke_rules_on_delete": false,
            "tags": {},
            "tags_all": {},
            "timeouts": null,
            "vpc_id": "vpc-0898d281454e7c377"
          },
          "sensitive_attributes": [],
          "identity_schema_version": 0,
          "private": "eyJlMmJmYjczMC1lY2FhLTExZTYtOGY4OC0zNDM2M2JjN2M0YzAiOnsiY3JlYXRlIjo2MDAwMDAwMDAwMDAsImRlbGV0ZSI6OTAwMDAwMDAwMDAwfSwic2NoZW1hX3ZlcnNpb24iOiIxIn0=",
          "dependencies": [
            "module.network.aws_vpc.main"
          ]
        }
      ]
    },
    {
      "module": "module.ecs",
      "mode": "managed",
      "type": "aws_security_group",
      "name": "ecs_sg",
      "provider": "provider[\"registry.terraform.io/hashicorp/aws\"]",
      "instances": [
        {
          "schema_version": 1,
          "attributes": {
            "arn": "arn:aws:ec2:ap-south-1:654654617590:security-group/sg-0574ef6913dacc18c",
            "description": "Security group for ECS tasks (allows DB access from tasks)",
            "egress": [
              {
                "cidr_blocks": [
                  "0.0.0.0/0"
                ],
                "description": "",
                "from_port": 0,
                "ipv6_cidr_blocks": [],
                "prefix_list_ids": [],
                "protocol": "-1",
                "security_groups": [],
                "self": false,
                "to_port": 0
              }
            ],
            "id": "sg-0574ef6913dacc18c",
            "ingress": [
              {
                "cidr_blocks": [],
                "description": "Allow ALB to reach ECS tasks on port 8000",
                "from_port": 8000,
                "ipv6_cidr_blocks": [],
                "prefix_list_ids": [],
                "protocol": "tcp",
                "security_groups": [
                  "sg-0f33d7dcaaf41c381"
                ],
                "self": false,
                "to_port": 8000
              },
              {
                "cidr_blocks": [],
                "description": "Allow ALB to reach ECS tasks on port 8001",
                "from_port": 8001,
                "ipv6_cidr_blocks": [],
                "prefix_list_ids": [],
                "protocol": "tcp",
                "security_groups": [
                  "sg-0f33d7dcaaf41c381"
                ],
                "self": false,
                "to_port": 8001
              },
              {
                "cidr_blocks": [],
                "description": "Allow ALB to reach ECS tasks on port 8002",
                "from_port": 8002,
                "ipv6_cidr_blocks": [],
                "prefix_list_ids": [],
                "protocol": "tcp",
                "security_groups": [
                  "sg-0f33d7dcaaf41c381"
                ],
                "self": false,
                "to_port": 8002
              },
              {
                "cidr_blocks": [],
                "description": "Allow PostgreSQL access between tasks/RDS in same SG",
                "from_port": 5432,
                "ipv6_cidr_blocks": [],
                "prefix_list_ids": [],
                "protocol": "tcp",
                "security_groups": [],
                "self": true,
                "to_port": 5432
              }
            ],
            "name": "niura-staging-ecs-sg",
            "name_prefix": "",
            "owner_id": "654654617590",
            "revoke_rules_on_delete": false,
            "tags": {
              "Name": "niura-staging-ecs-sg"
            },
            "tags_all": {
              "Name": "niura-staging-ecs-sg"
            },
            "timeouts": null,
            "vpc_id": "vpc-0898d281454e7c377"
          },
          "sensitive_attributes": [],
          "identity_schema_version": 0,
          "private": "eyJlMmJmYjczMC1lY2FhLTExZTYtOGY4OC0zNDM2M2JjN2M0YzAiOnsiY3JlYXRlIjo2MDAwMDAwMDAwMDAsImRlbGV0ZSI6OTAwMDAwMDAwMDAwfSwic2NoZW1hX3ZlcnNpb24iOiIxIn0=",
          "dependencies": [
            "module.network.aws_vpc.main"
          ]
        }
      ]
    },
    {
      "module": "module.ecs",
      "mode": "managed",
      "type": "aws_security_group_rule",
      "name": "alb_attach_extra",
      "provider": "provider[\"registry.terraform.io/hashicorp/aws\"]",
      "instances": []
    },
    {
      "module": "module.ecs",
      "mode": "managed",
      "type": "aws_security_group_rule",
      "name": "alb_to_ecs_http",
      "provider": "provider[\"registry.terraform.io/hashicorp/aws\"]",
      "instances": [
        {
          "index_key": "core-service",
          "schema_version": 2,
          "attributes": {
            "cidr_blocks": null,
            "description": "Allow ALB to reach ECS tasks on port 8001",
            "from_port": 8001,
            "id": "sgrule-3821536887",
            "ipv6_cidr_blocks": null,
            "prefix_list_ids": null,
            "protocol": "tcp",
            "security_group_id": "sg-0574ef6913dacc18c",
            "security_group_rule_id": "sgr-01c53db5a504673cc",
            "self": false,
            "source_security_group_id": "sg-0f33d7dcaaf41c381",
            "timeouts": null,
            "to_port": 8001,
            "type": "ingress"
          },
          "sensitive_attributes": [],
          "identity_schema_version": 0,
          "private": "eyJlMmJmYjczMC1lY2FhLTExZTYtOGY4OC0zNDM2M2JjN2M0YzAiOnsiY3JlYXRlIjozMDAwMDAwMDAwMDB9LCJzY2hlbWFfdmVyc2lvbiI6IjIifQ==",
          "dependencies": [
            "module.ecs.aws_security_group.alb_sg",
            "module.ecs.aws_security_group.ecs_sg",
            "module.network.aws_vpc.main"
          ]
        },
        {
          "index_key": "eeg-service",
          "schema_version": 2,
          "attributes": {
            "cidr_blocks": null,
            "description": "Allow ALB to reach ECS tasks on port 8002",
            "from_port": 8002,
            "id": "sgrule-1684130347",
            "ipv6_cidr_blocks": null,
            "prefix_list_ids": null,
            "protocol": "tcp",
            "security_group_id": "sg-0574ef6913dacc18c",
            "security_group_rule_id": "sgr-06839375155bf2852",
            "self": false,
            "source_security_group_id": "sg-0f33d7dcaaf41c381",
            "timeouts": null,
            "to_port": 8002,
            "type": "ingress"
          },
          "sensitive_attributes": [],
          "identity_schema_version": 0,
          "private": "eyJlMmJmYjczMC1lY2FhLTExZTYtOGY4OC0zNDM2M2JjN2M0YzAiOnsiY3JlYXRlIjozMDAwMDAwMDAwMDB9LCJzY2hlbWFfdmVyc2lvbiI6IjIifQ==",
          "dependencies": [
            "module.ecs.aws_security_group.alb_sg",
            "module.ecs.aws_security_group.ecs_sg",
            "module.network.aws_vpc.main"
          ]
        },
        {
          "index_key": "gateway",
          "schema_version": 2,
          "attributes": {
            "cidr_blocks": null,
            "description": "Allow ALB to reach ECS tasks on port 8000",
            "from_port": 8000,
            "id": "sgrule-2662285891",
            "ipv6_cidr_blocks": null,
            "prefix_list_ids": null,
            "protocol": "tcp",
            "security_group_id": "sg-0574ef6913dacc18c",
            "security_group_rule_id": "sgr-0dc2ee10dfc7f5568",
            "self": false,
            "source_security_group_id": "sg-0f33d7dcaaf41c381",
            "timeouts": null,
            "to_port": 8000,
            "type": "ingress"
          },
          "sensitive_attributes": [],
          "identity_schema_version": 0,
          "private": "eyJlMmJmYjczMC1lY2FhLTExZTYtOGY4OC0zNDM2M2JjN2M0YzAiOnsiY3JlYXRlIjozMDAwMDAwMDAwMDB9LCJzY2hlbWFfdmVyc2lvbiI6IjIifQ==",
          "dependencies": [
            "module.ecs.aws_security_group.alb_sg",
            "module.ecs.aws_security_group.ecs_sg",
            "module.network.aws_vpc.main"
          ]
        }
      ]
    },
    {
      "module": "module.ecs",
      "mode": "managed",
      "type": "aws_security_group_rule",
      "name": "ecs_sg_self_ingress",
      "provider": "provider[\"registry.terraform.io/hashicorp/aws\"]",
      "instances": [
        {
          "schema_version": 2,
          "attributes": {
            "cidr_blocks": null,
            "description": "Allow PostgreSQL access between tasks/RDS in same SG",
            "from_port": 5432,
            "id": "sgrule-1072420355",
            "ipv6_cidr_blocks": null,
            "prefix_list_ids": null,
            "protocol": "tcp",
            "security_group_id": "sg-0574ef6913dacc18c",
            "security_group_rule_id": "sgr-0acb4b1a0be92b74b",
            "self": false,
            "source_security_group_id": "sg-0574ef6913dacc18c",
            "timeouts": null,
            "to_port": 5432,
            "type": "ingress"
          },
          "sensitive_attributes": [],
          "identity_schema_version": 0,
          "private": "eyJlMmJmYjczMC1lY2FhLTExZTYtOGY4OC0zNDM2M2JjN2M0YzAiOnsiY3JlYXRlIjozMDAwMDAwMDAwMDB9LCJzY2hlbWFfdmVyc2lvbiI6IjIifQ==",
          "dependencies": [
            "module.ecs.aws_security_group.ecs_sg",
            "module.network.aws_vpc.main"
          ]
        }
      ]
    },
    {
      "module": "module.eeg_backup",
      "mode": "managed",
      "type": "aws_cloudwatch_event_rule",
      "name": "daily_aggregation_rule",
      "provider": "provider[\"registry.terraform.io/hashicorp/aws\"]",
      "instances": [
        {
          "schema_version": 1,
          "attributes": {
            "arn": "arn:aws:events:ap-south-1:654654617590:rule/niura-daily-aggregation-rule",
            "description": "Triggers Lambda for daily EEG aggregation",
            "event_bus_name": "default",
            "event_pattern": null,
            "force_destroy": false,
            "id": "niura-daily-aggregation-rule",
            "is_enabled": true,
            "name": "niura-daily-aggregation-rule",
            "name_prefix": "",
            "role_arn": "",
            "schedule_expression": "rate(1 day)",
            "state": "ENABLED",
            "tags": {},
            "tags_all": {}
          },
          "sensitive_attributes": [],
          "identity_schema_version": 0,
          "private": "eyJzY2hlbWFfdmVyc2lvbiI6IjEifQ=="
        }
      ]
    },
    {
      "module": "module.eeg_backup",
      "mode": "managed",
      "type": "aws_cloudwatch_event_rule",
      "name": "monthly_aggregation_rule",
      "provider": "provider[\"registry.terraform.io/hashicorp/aws\"]",
      "instances": [
        {
          "schema_version": 1,
          "attributes": {
            "arn": "arn:aws:events:ap-south-1:654654617590:rule/niura-monthly-aggregation-rule",
            "description": "Triggers Lambda for monthly EEG aggregation",
            "event_bus_name": "default",
            "event_pattern": null,
            "force_destroy": false,
            "id": "niura-monthly-aggregation-rule",
            "is_enabled": true,
            "name": "niura-monthly-aggregation-rule",
            "name_prefix": "",
            "role_arn": "",
            "schedule_expression": "cron(0 0 1 * ? *)",
            "state": "ENABLED",
            "tags": {},
            "tags_all": {}
          },
          "sensitive_attributes": [],
          "identity_schema_version": 0,
          "private": "eyJzY2hlbWFfdmVyc2lvbiI6IjEifQ=="
        }
      ]
    },
    {
      "module": "module.eeg_backup",
      "mode": "managed",
      "type": "aws_cloudwatch_event_rule",
      "name": "yearly_aggregation_rule",
      "provider": "provider[\"registry.terraform.io/hashicorp/aws\"]",
      "instances": [
        {
          "schema_version": 1,
          "attributes": {
            "arn": "arn:aws:events:ap-south-1:654654617590:rule/niura-yearly-aggregation-rule",
            "description": "Triggers Lambda for yearly EEG aggregation",
            "event_bus_name": "default",
            "event_pattern": null,
            "force_destroy": false,
            "id": "niura-yearly-aggregation-rule",
            "is_enabled": true,
            "name": "niura-yearly-aggregation-rule",
            "name_prefix": "",
            "role_arn": "",
            "schedule_expression": "cron(0 0 1 1 ? *)",
            "state": "ENABLED",
            "tags": {},
            "tags_all": {}
          },
          "sensitive_attributes": [],
          "identity_schema_version": 0,
          "private": "eyJzY2hlbWFfdmVyc2lvbiI6IjEifQ=="
        }
      ]
    },
    {
      "module": "module.eeg_backup",
      "mode": "managed",
      "type": "aws_cloudwatch_event_target",
      "name": "daily_aggregation_target",
      "provider": "provider[\"registry.terraform.io/hashicorp/aws\"]",
      "instances": [
        {
          "schema_version": 1,
          "attributes": {
            "appsync_target": [],
            "arn": "arn:aws:lambda:ap-south-1:654654617590:function:niura-eeg-data-backup",
            "batch_target": [],
            "dead_letter_config": [],
            "ecs_target": [],
            "event_bus_name": "default",
            "force_destroy": false,
            "http_target": [],
            "id": "niura-daily-aggregation-rule-niura-eeg-daily-target",
            "input": "{\"aggregation_type\":\"daily\"}",
            "input_path": "",
            "input_transformer": [],
            "kinesis_target": [],
            "redshift_target": [],
            "retry_policy": [],
            "role_arn": "",
            "rule": "niura-daily-aggregation-rule",
            "run_command_targets": [],
            "sagemaker_pipeline_target": [],
            "sqs_target": [],
            "target_id": "niura-eeg-daily-target"
          },
          "sensitive_attributes": [],
          "identity_schema_version": 0,
          "private": "eyJzY2hlbWFfdmVyc2lvbiI6IjEifQ==",
          "dependencies": [
            "module.eeg_backup.aws_cloudwatch_event_rule.daily_aggregation_rule",
            "module.eeg_backup.aws_iam_role.lambda_role",
            "module.eeg_backup.aws_iam_role_policy.lambda_policy",
            "module.eeg_backup.aws_lambda_function.eeg_data_backup",
            "module.eeg_backup.random_id.suffix"
          ]
        }
      ]
    },
    {
      "module": "module.eeg_backup",
      "mode": "managed",
      "type": "aws_cloudwatch_event_target",
      "name": "monthly_aggregation_target",
      "provider": "provider[\"registry.terraform.io/hashicorp/aws\"]",
      "instances": [
        {
          "schema_version": 1,
          "attributes": {
            "appsync_target": [],
            "arn": "arn:aws:lambda:ap-south-1:654654617590:function:niura-eeg-data-backup",
            "batch_target": [],
            "dead_letter_config": [],
            "ecs_target": [],
            "event_bus_name": "default",
            "force_destroy": false,
            "http_target": [],
            "id": "niura-monthly-aggregation-rule-niura-eeg-monthly-target",
            "input": "{\"aggregation_type\":\"monthly\"}",
            "input_path": "",
            "input_transformer": [],
            "kinesis_target": [],
            "redshift_target": [],
            "retry_policy": [],
            "role_arn": "",
            "rule": "niura-monthly-aggregation-rule",
            "run_command_targets": [],
            "sagemaker_pipeline_target": [],
            "sqs_target": [],
            "target_id": "niura-eeg-monthly-target"
          },
          "sensitive_attributes": [],
          "identity_schema_version": 0,
          "private": "eyJzY2hlbWFfdmVyc2lvbiI6IjEifQ==",
          "dependencies": [
            "module.eeg_backup.aws_cloudwatch_event_rule.monthly_aggregation_rule",
            "module.eeg_backup.aws_iam_role.lambda_role",
            "module.eeg_backup.aws_iam_role_policy.lambda_policy",
            "module.eeg_backup.aws_lambda_function.eeg_data_backup",
            "module.eeg_backup.random_id.suffix"
          ]
        }
      ]
    },
    {
      "module": "module.eeg_backup",
      "mode": "managed",
      "type": "aws_cloudwatch_event_target",
      "name": "yearly_aggregation_target",
      "provider": "provider[\"registry.terraform.io/hashicorp/aws\"]",
      "instances": [
        {
          "schema_version": 1,
          "attributes": {
            "appsync_target": [],
            "arn": "arn:aws:lambda:ap-south-1:654654617590:function:niura-eeg-data-backup",
            "batch_target": [],
            "dead_letter_config": [],
            "ecs_target": [],
            "event_bus_name": "default",
            "force_destroy": false,
            "http_target": [],
            "id": "niura-yearly-aggregation-rule-niura-eeg-yearly-target",
            "input": "{\"aggregation_type\":\"yearly\"}",
            "input_path": "",
            "input_transformer": [],
            "kinesis_target": [],
            "redshift_target": [],
            "retry_policy": [],
            "role_arn": "",
            "rule": "niura-yearly-aggregation-rule",
            "run_command_targets": [],
            "sagemaker_pipeline_target": [],
            "sqs_target": [],
            "target_id": "niura-eeg-yearly-target"
          },
          "sensitive_attributes": [],
          "identity_schema_version": 0,
          "private": "eyJzY2hlbWFfdmVyc2lvbiI6IjEifQ==",
          "dependencies": [
            "module.eeg_backup.aws_cloudwatch_event_rule.yearly_aggregation_rule",
            "module.eeg_backup.aws_iam_role.lambda_role",
            "module.eeg_backup.aws_iam_role_policy.lambda_policy",
            "module.eeg_backup.aws_lambda_function.eeg_data_backup",
            "module.eeg_backup.random_id.suffix"
          ]
        }
      ]
    },
    {
      "module": "module.eeg_backup",
      "mode": "managed",
      "type": "aws_iam_role",
      "name": "lambda_role",
      "provider": "provider[\"registry.terraform.io/hashicorp/aws\"]",
      "instances": [
        {
          "schema_version": 0,
          "attributes": {
            "arn": "arn:aws:iam::654654617590:role/niura-eeg-backup-lambda-role",
            "assume_role_policy": "{\"Statement\":[{\"Action\":\"sts:AssumeRole\",\"Effect\":\"Allow\",\"Principal\":{\"Service\":\"lambda.amazonaws.com\"}}],\"Version\":\"2012-10-17\"}",
            "create_date": "2025-10-22T05:09:24Z",
            "description": "",
            "force_detach_policies": false,
            "id": "niura-eeg-backup-lambda-role",
            "inline_policy": [
              {
                "name": "niura-eeg-backup-lambda-policy",
                "policy": "{\"Version\":\"2012-10-17\",\"Statement\":[{\"Action\":\"s3:PutObject\",\"Effect\":\"Allow\",\"Resource\":\"arn:aws:s3:::niura-eeg-raw-data-a6556d/*\"}]}"
              }
            ],
            "managed_policy_arns": [],
            "max_session_duration": 3600,
            "name": "niura-eeg-backup-lambda-role",
            "name_prefix": "",
            "path": "/",
            "permissions_boundary": "",
            "tags": {
              "Env": "dev",
              "Project": "Niura EEG"
            },
            "tags_all": {
              "Env": "dev",
              "Project": "Niura EEG"
            },
            "unique_id": "AROAZQ3DUW73M3VIT5M47"
          },
          "sensitive_attributes": [],
          "identity_schema_version": 0,
          "private": "bnVsbA=="
        }
      ]
    },
    {
      "module": "module.eeg_backup",
      "mode": "managed",
      "type": "aws_iam_role_policy",
      "name": "lambda_policy",
      "provider": "provider[\"registry.terraform.io/hashicorp/aws\"]",
      "instances": [
        {
          "schema_version": 0,
          "attributes": {
            "id": "niura-eeg-backup-lambda-role:niura-eeg-backup-lambda-policy",
            "name": "niura-eeg-backup-lambda-policy",
            "name_prefix": "",
            "policy": "{\"Version\":\"2012-10-17\",\"Statement\":[{\"Action\":\"s3:PutObject\",\"Effect\":\"Allow\",\"Resource\":\"arn:aws:s3:::niura-eeg-raw-data-a6556d/*\"}]}",
            "role": "niura-eeg-backup-lambda-role"
          },
          "sensitive_attributes": [],
          "identity_schema_version": 0,
          "private": "bnVsbA==",
          "dependencies": [
            "module.eeg_backup.aws_iam_role.lambda_role",
            "module.eeg_backup.random_id.suffix"
          ]
        }
      ]
    },
    {
      "module": "module.eeg_backup",
      "mode": "managed",
      "type": "aws_lambda_function",
      "name": "eeg_data_backup",
      "provider": "provider[\"registry.terraform.io/hashicorp/aws\"]",
      "instances": [
        {
          "schema_version": 0,
          "attributes": {
            "architectures": [
              "x86_64"
            ],
            "arn": "arn:aws:lambda:ap-south-1:654654617590:function:niura-eeg-data-backup",
            "code_sha256": "hdRoubJ1tDg+PqLsS2siUdWw5iUKFPb9iMZ0JwccG2s=",
            "code_signing_config_arn": "",
            "dead_letter_config": [],
            "description": "",
            "environment": [
              {
                "variables": {
                  "DB_HOST": "localhost",
                  "DB_NAME": "eeg_db",
                  "DB_PASS": "your_password",
                  "DB_USER": "postgres",
                  "S3_BUCKET": "niura-eeg-raw-data-a6556d"
                }
              }
            ],
            "ephemeral_storage": [
              {
                "size": 512
              }
            ],
            "file_system_config": [],
            "filename": "lambda.zip",
            "function_name": "niura-eeg-data-backup",
            "handler": "lambda_function.lambda_handler",
            "id": "niura-eeg-data-backup",
            "image_config": [],
            "image_uri": "",
            "invoke_arn": "arn:aws:apigateway:ap-south-1:lambda:path/2015-03-31/functions/arn:aws:lambda:ap-south-1:654654617590:function:niura-eeg-data-backup/invocations",
            "kms_key_arn": "",
            "last_modified": "2025-10-22T05:09:35.389+0000",
            "layers": [],
            "logging_config": [
              {
                "application_log_level": "",
                "log_format": "Text",
                "log_group": "/aws/lambda/niura-eeg-data-backup",
                "system_log_level": ""
              }
            ],
            "memory_size": 512,
            "package_type": "Zip",
            "publish": false,
            "qualified_arn": "arn:aws:lambda:ap-south-1:654654617590:function:niura-eeg-data-backup:$LATEST",
            "qualified_invoke_arn": "arn:aws:apigateway:ap-south-1:lambda:path/2015-03-31/functions/arn:aws:lambda:ap-south-1:654654617590:function:niura-eeg-data-backup:$LATEST/invocations",
            "replace_security_groups_on_destroy": null,
            "replacement_security_group_ids": null,
            "reserved_concurrent_executions": -1,
            "role": "arn:aws:iam::654654617590:role/niura-eeg-backup-lambda-role",
            "runtime": "python3.11",
            "s3_bucket": null,
            "s3_key": null,
            "s3_object_version": null,
            "signing_job_arn": "",
            "signing_profile_version_arn": "",
            "skip_destroy": false,
            "snap_start": [],
            "source_code_hash": "",
            "source_code_size": 2718,
            "tags": {},
            "tags_all": {},
            "timeout": 900,
            "timeouts": null,
            "tracing_config": [
              {
                "mode": "PassThrough"
              }
            ],
            "version": "$LATEST",
            "vpc_config": []
          },
          "sensitive_attributes": [],
          "identity_schema_version": 0,
          "private": "eyJlMmJmYjczMC1lY2FhLTExZTYtOGY4OC0zNDM2M2JjN2M0YzAiOnsiY3JlYXRlIjo2MDAwMDAwMDAwMDAsImRlbGV0ZSI6NjAwMDAwMDAwMDAwLCJ1cGRhdGUiOjYwMDAwMDAwMDAwMH19",
          "dependencies": [
            "module.eeg_backup.aws_iam_role.lambda_role",
            "module.eeg_backup.aws_iam_role_policy.lambda_policy",
            "module.eeg_backup.random_id.suffix"
          ]
        }
      ]
    },
    {
      "module": "module.eeg_backup",
      "mode": "managed",
      "type": "aws_lambda_permission",
      "name": "eventbridge_lambda_permission_daily",
      "provider": "provider[\"registry.terraform.io/hashicorp/aws\"]",
      "instances": [
        {
          "schema_version": 0,
          "attributes": {
            "action": "lambda:InvokeFunction",
            "event_source_token": null,
            "function_name": "niura-eeg-data-backup",
            "function_url_auth_type": null,
            "id": "AllowEventBridgeInvokeLambdaDaily",
            "principal": "events.amazonaws.com",
            "principal_org_id": null,
            "qualifier": "",
            "source_account": null,
            "source_arn": "arn:aws:events:ap-south-1:654654617590:rule/niura-daily-aggregation-rule",
            "statement_id": "AllowEventBridgeInvokeLambdaDaily",
            "statement_id_prefix": ""
          },
          "sensitive_attributes": [],
          "identity_schema_version": 0,
          "private": "bnVsbA==",
          "dependencies": [
            "module.eeg_backup.aws_cloudwatch_event_rule.daily_aggregation_rule",
            "module.eeg_backup.aws_iam_role.lambda_role",
            "module.eeg_backup.aws_iam_role_policy.lambda_policy",
            "module.eeg_backup.aws_lambda_function.eeg_data_backup",
            "module.eeg_backup.random_id.suffix"
          ]
        }
      ]
    },
    {
      "module": "module.eeg_backup",
      "mode": "managed",
      "type": "aws_lambda_permission",
      "name": "eventbridge_lambda_permission_monthly",
      "provider": "provider[\"registry.terraform.io/hashicorp/aws\"]",
      "instances": [
        {
          "schema_version": 0,
          "attributes": {
            "action": "lambda:InvokeFunction",
            "event_source_token": null,
            "function_name": "niura-eeg-data-backup",
            "function_url_auth_type": null,
            "id": "AllowEventBridgeInvokeLambdaMonthly",
            "principal": "events.amazonaws.com",
            "principal_org_id": null,
            "qualifier": "",
            "source_account": null,
            "source_arn": "arn:aws:events:ap-south-1:654654617590:rule/niura-monthly-aggregation-rule",
            "statement_id": "AllowEventBridgeInvokeLambdaMonthly",
            "statement_id_prefix": ""
          },
          "sensitive_attributes": [],
          "identity_schema_version": 0,
          "private": "bnVsbA==",
          "dependencies": [
            "module.eeg_backup.aws_cloudwatch_event_rule.monthly_aggregation_rule",
            "module.eeg_backup.aws_iam_role.lambda_role",
            "module.eeg_backup.aws_iam_role_policy.lambda_policy",
            "module.eeg_backup.aws_lambda_function.eeg_data_backup",
            "module.eeg_backup.random_id.suffix"
          ]
        }
      ]
    },
    {
      "module": "module.eeg_backup",
      "mode": "managed",
      "type": "aws_lambda_permission",
      "name": "eventbridge_lambda_permission_yearly",
      "provider": "provider[\"registry.terraform.io/hashicorp/aws\"]",
      "instances": [
        {
          "schema_version": 0,
          "attributes": {
            "action": "lambda:InvokeFunction",
            "event_source_token": null,
            "function_name": "niura-eeg-data-backup",
            "function_url_auth_type": null,
            "id": "AllowEventBridgeInvokeLambdaYearly",
            "principal": "events.amazonaws.com",
            "principal_org_id": null,
            "qualifier": "",
            "source_account": null,
            "source_arn": "arn:aws:events:ap-south-1:654654617590:rule/niura-yearly-aggregation-rule",
            "statement_id": "AllowEventBridgeInvokeLambdaYearly",
            "statement_id_prefix": ""
          },
          "sensitive_attributes": [],
          "identity_schema_version": 0,
          "private": "bnVsbA==",
          "dependencies": [
            "module.eeg_backup.aws_cloudwatch_event_rule.yearly_aggregation_rule",
            "module.eeg_backup.aws_iam_role.lambda_role",
            "module.eeg_backup.aws_iam_role_policy.lambda_policy",
            "module.eeg_backup.aws_lambda_function.eeg_data_backup",
            "module.eeg_backup.random_id.suffix"
          ]
        }
      ]
    },
    {
      "module": "module.eeg_backup",
      "mode": "managed",
      "type": "aws_s3_bucket",
      "name": "niura_eeg_raw",
      "provider": "provider[\"registry.terraform.io/hashicorp/aws\"]",
      "instances": [
        {
          "schema_version": 0,
          "attributes": {
            "acceleration_status": "",
            "acl": null,
            "arn": "arn:aws:s3:::niura-eeg-raw-data-a6556d",
            "bucket": "niura-eeg-raw-data-a6556d",
            "bucket_domain_name": "niura-eeg-raw-data-a6556d.s3.amazonaws.com",
            "bucket_prefix": "",
            "bucket_regional_domain_name": "niura-eeg-raw-data-a6556d.s3.ap-south-1.amazonaws.com",
            "cors_rule": [],
            "force_destroy": true,
            "grant": [
              {
                "id": "154897bcf964948fadf8bfcc3aac8cd87999c094e8ae8f38a29e152d463386f7",
                "permissions": [
                  "FULL_CONTROL"
                ],
                "type": "CanonicalUser",
                "uri": ""
              }
            ],
            "hosted_zone_id": "Z11RGJOFQNVJUP",
            "id": "niura-eeg-raw-data-a6556d",
            "lifecycle_rule": [],
            "logging": [],
            "object_lock_configuration": [],
            "object_lock_enabled": false,
            "policy": "",
            "region": "ap-south-1",
            "replication_configuration": [],
            "request_payer": "BucketOwner",
            "server_side_encryption_configuration": [
              {
                "rule": [
                  {
                    "apply_server_side_encryption_by_default": [
                      {
                        "kms_master_key_id": "",
                        "sse_algorithm": "AES256"
                      }
                    ],
                    "bucket_key_enabled": false
                  }
                ]
              }
            ],
            "tags": {
              "Env": "dev",
              "Project": "Niura EEG"
            },
            "tags_all": {
              "Env": "dev",
              "Project": "Niura EEG"
            },
            "timeouts": null,
            "versioning": [
              {
                "enabled": true,
                "mfa_delete": false
              }
            ],
            "website": [],
            "website_domain": null,
            "website_endpoint": null
          },
          "sensitive_attributes": [],
          "identity_schema_version": 0,
          "private": "eyJlMmJmYjczMC1lY2FhLTExZTYtOGY4OC0zNDM2M2JjN2M0YzAiOnsiY3JlYXRlIjoxMjAwMDAwMDAwMDAwLCJkZWxldGUiOjM2MDAwMDAwMDAwMDAsInJlYWQiOjEyMDAwMDAwMDAwMDAsInVwZGF0ZSI6MTIwMDAwMDAwMDAwMH19",
          "dependencies": [
            "module.eeg_backup.random_id.suffix"
          ]
        }
      ]
    },
    {
      "module": "module.eeg_backup",
      "mode": "managed",
      "type": "aws_s3_bucket_public_access_block",
      "name": "public_access",
      "provider": "provider[\"registry.terraform.io/hashicorp/aws\"]",
      "instances": [
        {
          "schema_version": 0,
          "attributes": {
            "block_public_acls": true,
            "block_public_policy": true,
            "bucket": "niura-eeg-raw-data-a6556d",
            "id": "niura-eeg-raw-data-a6556d",
            "ignore_public_acls": true,
            "restrict_public_buckets": true
          },
          "sensitive_attributes": [],
          "identity_schema_version": 0,
          "private": "bnVsbA==",
          "dependencies": [
            "module.eeg_backup.aws_s3_bucket.niura_eeg_raw",
            "module.eeg_backup.random_id.suffix"
          ]
        }
      ]
    },
    {
      "module": "module.eeg_backup",
      "mode": "managed",
      "type": "aws_s3_bucket_server_side_encryption_configuration",
      "name": "encryption",
      "provider": "provider[\"registry.terraform.io/hashicorp/aws\"]",
      "instances": [
        {
          "schema_version": 0,
          "attributes": {
            "bucket": "niura-eeg-raw-data-a6556d",
            "expected_bucket_owner": "",
            "id": "niura-eeg-raw-data-a6556d",
            "rule": [
              {
                "apply_server_side_encryption_by_default": [
                  {
                    "kms_master_key_id": "",
                    "sse_algorithm": "AES256"
                  }
                ],
                "bucket_key_enabled": false
              }
            ]
          },
          "sensitive_attributes": [],
          "identity_schema_version": 0,
          "private": "bnVsbA==",
          "dependencies": [
            "module.eeg_backup.aws_s3_bucket.niura_eeg_raw",
            "module.eeg_backup.random_id.suffix"
          ]
        }
      ]
    },
    {
      "module": "module.eeg_backup",
      "mode": "managed",
      "type": "aws_s3_bucket_versioning",
      "name": "versioning",
      "provider": "provider[\"registry.terraform.io/hashicorp/aws\"]",
      "instances": [
        {
          "schema_version": 0,
          "attributes": {
            "bucket": "niura-eeg-raw-data-a6556d",
            "expected_bucket_owner": "",
            "id": "niura-eeg-raw-data-a6556d",
            "mfa": null,
            "versioning_configuration": [
              {
                "mfa_delete": "",
                "status": "Enabled"
              }
            ]
          },
          "sensitive_attributes": [],
          "identity_schema_version": 0,
          "private": "bnVsbA==",
          "dependencies": [
            "module.eeg_backup.aws_s3_bucket.niura_eeg_raw",
            "module.eeg_backup.random_id.suffix"
          ]
        }
      ]
    },
    {
      "module": "module.eeg_backup",
      "mode": "managed",
      "type": "random_id",
      "name": "suffix",
      "provider": "provider[\"registry.terraform.io/hashicorp/random\"]",
      "instances": [
        {
          "schema_version": 0,
          "attributes": {
            "b64_std": "plVt",
            "b64_url": "plVt",
            "byte_length": 3,
            "dec": "10900845",
            "hex": "a6556d",
            "id": "plVt",
            "keepers": null,
            "prefix": null
          },
          "sensitive_attributes": [],
          "identity_schema_version": 0
        }
      ]
    },
    {
      "module": "module.network",
      "mode": "managed",
      "type": "aws_internet_gateway",
      "name": "igw",
      "provider": "provider[\"registry.terraform.io/hashicorp/aws\"]",
      "instances": [
        {
          "schema_version": 0,
          "attributes": {
            "arn": "arn:aws:ec2:ap-south-1:654654617590:internet-gateway/igw-0ba89cf3357a85555",
            "id": "igw-0ba89cf3357a85555",
            "owner_id": "654654617590",
            "tags": {
              "Name": "niura-staging-igw"
            },
            "tags_all": {
              "Name": "niura-staging-igw"
            },
            "timeouts": null,
            "vpc_id": "vpc-0898d281454e7c377"
          },
          "sensitive_attributes": [],
          "identity_schema_version": 0,
          "private": "eyJlMmJmYjczMC1lY2FhLTExZTYtOGY4OC0zNDM2M2JjN2M0YzAiOnsiY3JlYXRlIjoxMjAwMDAwMDAwMDAwLCJkZWxldGUiOjEyMDAwMDAwMDAwMDAsInVwZGF0ZSI6MTIwMDAwMDAwMDAwMH19",
          "dependencies": [
            "module.network.aws_vpc.main"
          ]
        }
      ]
    },
    {
      "module": "module.network",
      "mode": "managed",
      "type": "aws_route_table",
      "name": "public_rt",
      "provider": "provider[\"registry.terraform.io/hashicorp/aws\"]",
      "instances": [
        {
          "schema_version": 0,
          "attributes": {
            "arn": "arn:aws:ec2:ap-south-1:654654617590:route-table/rtb-0afc78ca3e068f1ae",
            "id": "rtb-0afc78ca3e068f1ae",
            "owner_id": "654654617590",
            "propagating_vgws": [],
            "route": [
              {
                "carrier_gateway_id": "",
                "cidr_block": "0.0.0.0/0",
                "core_network_arn": "",
                "destination_prefix_list_id": "",
                "egress_only_gateway_id": "",
                "gateway_id": "igw-0ba89cf3357a85555",
                "ipv6_cidr_block": "",
                "local_gateway_id": "",
                "nat_gateway_id": "",
                "network_interface_id": "",
                "transit_gateway_id": "",
                "vpc_endpoint_id": "",
                "vpc_peering_connection_id": ""
              }
            ],
            "tags": {
              "Name": "niura-staging-public-rt"
            },
            "tags_all": {
              "Name": "niura-staging-public-rt"
            },
            "timeouts": null,
            "vpc_id": "vpc-0898d281454e7c377"
          },
          "sensitive_attributes": [],
          "identity_schema_version": 0,
          "private": "eyJlMmJmYjczMC1lY2FhLTExZTYtOGY4OC0zNDM2M2JjN2M0YzAiOnsiY3JlYXRlIjozMDAwMDAwMDAwMDAsImRlbGV0ZSI6MzAwMDAwMDAwMDAwLCJ1cGRhdGUiOjEyMDAwMDAwMDAwMH19",
          "dependencies": [
            "module.network.aws_internet_gateway.igw",
            "module.network.aws_vpc.main"
          ]
        }
      ]
    },
    {
      "module": "module.network",
      "mode": "managed",
      "type": "aws_route_table_association",
      "name": "public_assoc",
      "provider": "provider[\"registry.terraform.io/hashicorp/aws\"]",
      "instances": [
        {
          "schema_version": 0,
          "attributes": {
            "gateway_id": "",
            "id": "rtbassoc-020c33bb1174d7582",
            "route_table_id": "rtb-0afc78ca3e068f1ae",
            "subnet_id": "subnet-0f00434c33a73657d",
            "timeouts": null
          },
          "sensitive_attributes": [],
          "identity_schema_version": 0,
          "private": "eyJlMmJmYjczMC1lY2FhLTExZTYtOGY4OC0zNDM2M2JjN2M0YzAiOnsiY3JlYXRlIjozMDAwMDAwMDAwMDAsImRlbGV0ZSI6MzAwMDAwMDAwMDAwLCJ1cGRhdGUiOjEyMDAwMDAwMDAwMH19",
          "dependencies": [
            "module.network.aws_internet_gateway.igw",
            "module.network.aws_route_table.public_rt",
            "module.network.aws_subnet.public",
            "module.network.aws_vpc.main"
          ]
        }
      ]
    },
    {
      "module": "module.network",
      "mode": "managed",
      "type": "aws_subnet",
      "name": "public",
      "provider": "provider[\"registry.terraform.io/hashicorp/aws\"]",
      "instances": [
        {
          "schema_version": 1,
          "attributes": {
            "arn": "arn:aws:ec2:ap-south-1:654654617590:subnet/subnet-0f00434c33a73657d",
            "assign_ipv6_address_on_creation": false,
            "availability_zone": "ap-south-1a",
            "availability_zone_id": "aps1-az1",
            "cidr_block": "10.0.1.0/24",
            "customer_owned_ipv4_pool": "",
            "enable_dns64": false,
            "enable_lni_at_device_index": 0,
            "enable_resource_name_dns_a_record_on_launch": false,
            "enable_resource_name_dns_aaaa_record_on_launch": false,
            "id": "subnet-0f00434c33a73657d",
            "ipv6_cidr_block": "",
            "ipv6_cidr_block_association_id": "",
            "ipv6_native": false,
            "map_customer_owned_ip_on_launch": false,
            "map_public_ip_on_launch": true,
            "outpost_arn": "",
            "owner_id": "654654617590",
            "private_dns_hostname_type_on_launch": "ip-name",
            "tags": {
              "Name": "niura-staging-subnet-public"
            },
            "tags_all": {
              "Name": "niura-staging-subnet-public"
            },
            "timeouts": null,
            "vpc_id": "vpc-0898d281454e7c377"
          },
          "sensitive_attributes": [],
          "identity_schema_version": 0,
          "private": "eyJlMmJmYjczMC1lY2FhLTExZTYtOGY4OC0zNDM2M2JjN2M0YzAiOnsiY3JlYXRlIjo2MDAwMDAwMDAwMDAsImRlbGV0ZSI6MTIwMDAwMDAwMDAwMH0sInNjaGVtYV92ZXJzaW9uIjoiMSJ9",
          "dependencies": [
            "module.network.aws_vpc.main"
          ]
        }
      ]
    },
    {
      "module": "module.network",
      "mode": "managed",
      "type": "aws_subnet",
      "name": "public_b",
      "provider": "provider[\"registry.terraform.io/hashicorp/aws\"]",
      "instances": [
        {
          "schema_version": 1,
          "attributes": {
            "arn": "arn:aws:ec2:ap-south-1:654654617590:subnet/subnet-06b1803f13fbcf912",
            "assign_ipv6_address_on_creation": false,
            "availability_zone": "ap-south-1b",
            "availability_zone_id": "aps1-az3",
            "cidr_block": "10.0.2.0/24",
            "customer_owned_ipv4_pool": "",
            "enable_dns64": false,
            "enable_lni_at_device_index": 0,
            "enable_resource_name_dns_a_record_on_launch": false,
            "enable_resource_name_dns_aaaa_record_on_launch": false,
            "id": "subnet-06b1803f13fbcf912",
            "ipv6_cidr_block": "",
            "ipv6_cidr_block_association_id": "",
            "ipv6_native": false,
            "map_customer_owned_ip_on_launch": false,
            "map_public_ip_on_launch": true,
            "outpost_arn": "",
            "owner_id": "654654617590",
            "private_dns_hostname_type_on_launch": "ip-name",
            "tags": {
              "Name": "niura-staging-subnet-public-b"
            },
            "tags_all": {
              "Name": "niura-staging-subnet-public-b"
            },
            "timeouts": null,
            "vpc_id": "vpc-0898d281454e7c377"
          },
          "sensitive_attributes": [],
          "identity_schema_version": 0,
          "private": "eyJlMmJmYjczMC1lY2FhLTExZTYtOGY4OC0zNDM2M2JjN2M0YzAiOnsiY3JlYXRlIjo2MDAwMDAwMDAwMDAsImRlbGV0ZSI6MTIwMDAwMDAwMDAwMH0sInNjaGVtYV92ZXJzaW9uIjoiMSJ9",
          "dependencies": [
            "module.network.aws_vpc.main"
          ]
        }
      ]
    },
    {
      "module": "module.network",
      "mode": "managed",
      "type": "aws_vpc",
      "name": "main",
      "provider": "provider[\"registry.terraform.io/hashicorp/aws\"]",
      "instances": [
        {
          "schema_version": 1,
          "attributes": {
            "arn": "arn:aws:ec2:ap-south-1:654654617590:vpc/vpc-0898d281454e7c377",
            "assign_generated_ipv6_cidr_block": false,
            "cidr_block": "10.0.0.0/16",
            "default_network_acl_id": "acl-0f2fad5e69f822635",
            "default_route_table_id": "rtb-0acb766bf351a25cf",
            "default_security_group_id": "sg-09190e22939d051a7",
            "dhcp_options_id": "dopt-075f8fd8ae70e1c05",
            "enable_dns_hostnames": true,
            "enable_dns_support": true,
            "enable_network_address_usage_metrics": false,
            "id": "vpc-0898d281454e7c377",
            "instance_tenancy": "default",
            "ipv4_ipam_pool_id": null,
            "ipv4_netmask_length": null,
            "ipv6_association_id": "",
            "ipv6_cidr_block": "",
            "ipv6_cidr_block_network_border_group": "",
            "ipv6_ipam_pool_id": "",
            "ipv6_netmask_length": 0,
            "main_route_table_id": "rtb-0acb766bf351a25cf",
            "owner_id": "654654617590",
            "tags": {
              "Name": "niura-staging-vpc"
            },
            "tags_all": {
              "Name": "niura-staging-vpc"
            }
          },
          "sensitive_attributes": [],
          "identity_schema_version": 0,
          "private": "eyJzY2hlbWFfdmVyc2lvbiI6IjEifQ=="
        }
      ]
    },
    {
      "module": "module.rds_core",
      "mode": "managed",
      "type": "aws_db_instance",
      "name": "this",
      "provider": "provider[\"registry.terraform.io/hashicorp/aws\"]",
      "instances": [
        {
          "schema_version": 2,
          "attributes": {
            "address": "niura-core-db.cxgkg220girm.ap-south-1.rds.amazonaws.com",
            "allocated_storage": 20,
            "allow_major_version_upgrade": null,
            "apply_immediately": false,
            "arn": "arn:aws:rds:ap-south-1:654654617590:db:niura-core-db",
            "auto_minor_version_upgrade": true,
            "availability_zone": "ap-south-1b",
            "backup_retention_period": 7,
            "backup_target": "region",
            "backup_window": "03:00-04:00",
            "blue_green_update": [],
            "ca_cert_identifier": "rds-ca-rsa2048-g1",
            "character_set_name": "",
            "copy_tags_to_snapshot": false,
            "custom_iam_instance_profile": "",
            "customer_owned_ip_enabled": false,
            "database_insights_mode": "standard",
            "db_name": "core_db",
            "db_subnet_group_name": "niura-core-db-subnet-group",
            "dedicated_log_volume": false,
            "delete_automated_backups": true,
            "deletion_protection": false,
            "domain": "",
            "domain_auth_secret_arn": "",
            "domain_dns_ips": [],
            "domain_fqdn": "",
            "domain_iam_role_name": "",
            "domain_ou": "",
            "enabled_cloudwatch_logs_exports": [],
            "endpoint": "niura-core-db.cxgkg220girm.ap-south-1.rds.amazonaws.com:5432",
            "engine": "postgres",
            "engine_lifecycle_support": "open-source-rds-extended-support",
            "engine_version": "17.6",
            "engine_version_actual": "17.6",
            "final_snapshot_identifier": null,
            "hosted_zone_id": "Z2VFMSZA74J7XZ",
            "iam_database_authentication_enabled": false,
            "id": "db-M4IVG6A3EFM7XFO63V23RVF4XA",
            "identifier": "niura-core-db",
            "identifier_prefix": "",
            "instance_class": "db.t3.micro",
            "iops": 0,
            "kms_key_id": "arn:aws:kms:ap-south-1:654654617590:key/2320b07a-2d30-440d-a317-2e8b165bd703",
            "latest_restorable_time": "2025-10-29T04:54:33Z",
            "license_model": "postgresql-license",
            "listener_endpoint": [],
            "maintenance_window": "mon:04:00-mon:05:00",
            "manage_master_user_password": null,
            "master_user_secret": [],
            "master_user_secret_kms_key_id": null,
            "max_allocated_storage": 0,
            "monitoring_interval": 0,
            "monitoring_role_arn": "",
            "multi_az": false,
            "nchar_character_set_name": "",
            "network_type": "IPV4",
            "option_group_name": "default:postgres-17",
            "parameter_group_name": "default.postgres17",
            "password": "lOOC*#\u003c3B-?B1\u003cz]",
            "password_wo": null,
            "password_wo_version": null,
            "performance_insights_enabled": false,
            "performance_insights_kms_key_id": "",
            "performance_insights_retention_period": 0,
            "port": 5432,
            "publicly_accessible": false,
            "replica_mode": "",
            "replicas": [],
            "replicate_source_db": "",
            "resource_id": "db-M4IVG6A3EFM7XFO63V23RVF4XA",
            "restore_to_point_in_time": [],
            "s3_import": [],
            "skip_final_snapshot": true,
            "snapshot_identifier": null,
            "status": "available",
            "storage_encrypted": true,
            "storage_throughput": 0,
            "storage_type": "gp2",
            "tags": {
              "Environment": "staging",
              "Name": "niura-core-db",
              "Service": "niura-core-db"
            },
            "tags_all": {
              "Environment": "staging",
              "Name": "niura-core-db",
              "Service": "niura-core-db"
            },
            "timeouts": null,
            "timezone": "",
            "upgrade_storage_config": null,
            "username": "postgres",
            "vpc_security_group_ids": [
              "sg-0574ef6913dacc18c"
            ]
          },
          "sensitive_attributes": [
            [
              {
                "type": "get_attr",
                "value": "password"
              }
            ],
            [
              {
                "type": "get_attr",
                "value": "password_wo"
              }
            ]
          ],
          "identity_schema_version": 0,
          "private": "eyJlMmJmYjczMC1lY2FhLTExZTYtOGY4OC0zNDM2M2JjN2M0YzAiOnsiY3JlYXRlIjozMDAwMDAwMDAwMDAwLCJkZWxldGUiOjM2MDAwMDAwMDAwMDAsInVwZGF0ZSI6NDgwMDAwMDAwMDAwMH0sInNjaGVtYV92ZXJzaW9uIjoiMiJ9",
          "dependencies": [
            "module.ecs.aws_security_group.ecs_sg",
            "module.network.aws_subnet.public",
            "module.network.aws_subnet.public_b",
            "module.network.aws_vpc.main",
            "module.rds_core.aws_db_subnet_group.this",
            "random_password.rds_master_password"
          ]
        }
      ]
    },
    {
      "module": "module.rds_core",
      "mode": "managed",
      "type": "aws_db_subnet_group",
      "name": "this",
      "provider": "provider[\"registry.terraform.io/hashicorp/aws\"]",
      "instances": [
        {
          "schema_version": 0,
          "attributes": {
            "arn": "arn:aws:rds:ap-south-1:654654617590:subgrp:niura-core-db-subnet-group",
            "description": "Managed by Terraform",
            "id": "niura-core-db-subnet-group",
            "name": "niura-core-db-subnet-group",
            "name_prefix": "",
            "subnet_ids": [
              "subnet-06b1803f13fbcf912",
              "subnet-0f00434c33a73657d"
            ],
            "supported_network_types": [
              "IPV4"
            ],
            "tags": {
              "Name": "niura-core-db-subnet-group"
            },
            "tags_all": {
              "Name": "niura-core-db-subnet-group"
            },
            "vpc_id": "vpc-0898d281454e7c377"
          },
          "sensitive_attributes": [],
          "identity_schema_version": 0,
          "private": "bnVsbA==",
          "dependencies": [
            "module.network.aws_subnet.public",
            "module.network.aws_subnet.public_b",
            "module.network.aws_vpc.main"
          ]
        }
      ]
    },
    {
      "module": "module.rds_gateway",
      "mode": "managed",
      "type": "aws_db_instance",
      "name": "this",
      "provider": "provider[\"registry.terraform.io/hashicorp/aws\"]",
      "instances": [
        {
          "schema_version": 2,
          "attributes": {
            "address": "niura-gateway-db.cxgkg220girm.ap-south-1.rds.amazonaws.com",
            "allocated_storage": 20,
            "allow_major_version_upgrade": null,
            "apply_immediately": false,
            "arn": "arn:aws:rds:ap-south-1:654654617590:db:niura-gateway-db",
            "auto_minor_version_upgrade": true,
            "availability_zone": "ap-south-1a",
            "backup_retention_period": 7,
            "backup_target": "region",
            "backup_window": "03:00-04:00",
            "blue_green_update": [],
            "ca_cert_identifier": "rds-ca-rsa2048-g1",
            "character_set_name": "",
            "copy_tags_to_snapshot": false,
            "custom_iam_instance_profile": "",
            "customer_owned_ip_enabled": false,
            "database_insights_mode": "standard",
            "db_name": "gateway_db",
            "db_subnet_group_name": "niura-gateway-db-subnet-group",
            "dedicated_log_volume": false,
            "delete_automated_backups": true,
            "deletion_protection": false,
            "domain": "",
            "domain_auth_secret_arn": "",
            "domain_dns_ips": [],
            "domain_fqdn": "",
            "domain_iam_role_name": "",
            "domain_ou": "",
            "enabled_cloudwatch_logs_exports": [],
            "endpoint": "niura-gateway-db.cxgkg220girm.ap-south-1.rds.amazonaws.com:5432",
            "engine": "postgres",
            "engine_lifecycle_support": "open-source-rds-extended-support",
            "engine_version": "17.6",
            "engine_version_actual": "17.6",
            "final_snapshot_identifier": null,
            "hosted_zone_id": "Z2VFMSZA74J7XZ",
            "iam_database_authentication_enabled": false,
            "id": "db-RZQDLNTQOC27PMLG7UT7IS5XGE",
            "identifier": "niura-gateway-db",
            "identifier_prefix": "",
            "instance_class": "db.t3.micro",
            "iops": 0,
            "kms_key_id": "arn:aws:kms:ap-south-1:654654617590:key/2320b07a-2d30-440d-a317-2e8b165bd703",
            "latest_restorable_time": "2025-10-29T04:54:32Z",
            "license_model": "postgresql-license",
            "listener_endpoint": [],
            "maintenance_window": "mon:04:00-mon:05:00",
            "manage_master_user_password": null,
            "master_user_secret": [],
            "master_user_secret_kms_key_id": null,
            "max_allocated_storage": 0,
            "monitoring_interval": 0,
            "monitoring_role_arn": "",
            "multi_az": false,
            "nchar_character_set_name": "",
            "network_type": "IPV4",
            "option_group_name": "default:postgres-17",
            "parameter_group_name": "default.postgres17",
            "password": "lOOC*#\u003c3B-?B1\u003cz]",
            "password_wo": null,
            "password_wo_version": null,
            "performance_insights_enabled": false,
            "performance_insights_kms_key_id": "",
            "performance_insights_retention_period": 0,
            "port": 5432,
            "publicly_accessible": false,
            "replica_mode": "",
            "replicas": [],
            "replicate_source_db": "",
            "resource_id": "db-RZQDLNTQOC27PMLG7UT7IS5XGE",
            "restore_to_point_in_time": [],
            "s3_import": [],
            "skip_final_snapshot": true,
            "snapshot_identifier": null,
            "status": "available",
            "storage_encrypted": true,
            "storage_throughput": 0,
            "storage_type": "gp2",
            "tags": {
              "Environment": "staging",
              "Name": "niura-gateway-db",
              "Service": "niura-gateway-db"
            },
            "tags_all": {
              "Environment": "staging",
              "Name": "niura-gateway-db",
              "Service": "niura-gateway-db"
            },
            "timeouts": null,
            "timezone": "",
            "upgrade_storage_config": null,
            "username": "postgres",
            "vpc_security_group_ids": [
              "sg-0574ef6913dacc18c"
            ]
          },
          "sensitive_attributes": [
            [
              {
                "type": "get_attr",
                "value": "password"
              }
            ],
            [
              {
                "type": "get_attr",
                "value": "password_wo"
              }
            ]
          ],
          "identity_schema_version": 0,
          "private": "eyJlMmJmYjczMC1lY2FhLTExZTYtOGY4OC0zNDM2M2JjN2M0YzAiOnsiY3JlYXRlIjozMDAwMDAwMDAwMDAwLCJkZWxldGUiOjM2MDAwMDAwMDAwMDAsInVwZGF0ZSI6NDgwMDAwMDAwMDAwMH0sInNjaGVtYV92ZXJzaW9uIjoiMiJ9",
          "dependencies": [
            "module.ecs.aws_security_group.ecs_sg",
            "module.network.aws_subnet.public",
            "module.network.aws_subnet.public_b",
            "module.network.aws_vpc.main",
            "module.rds_gateway.aws_db_subnet_group.this",
            "random_password.rds_master_password"
          ]
        }
      ]
    },
    {
      "module": "module.rds_gateway",
      "mode": "managed",
      "type": "aws_db_subnet_group",
      "name": "this",
      "provider": "provider[\"registry.terraform.io/hashicorp/aws\"]",
      "instances": [
        {
          "schema_version": 0,
          "attributes": {
            "arn": "arn:aws:rds:ap-south-1:654654617590:subgrp:niura-gateway-db-subnet-group",
            "description": "Managed by Terraform",
            "id": "niura-gateway-db-subnet-group",
            "name": "niura-gateway-db-subnet-group",
            "name_prefix": "",
            "subnet_ids": [
              "subnet-06b1803f13fbcf912",
              "subnet-0f00434c33a73657d"
            ],
            "supported_network_types": [
              "IPV4"
            ],
            "tags": {
              "Name": "niura-gateway-db-subnet-group"
            },
            "tags_all": {
              "Name": "niura-gateway-db-subnet-group"
            },
            "vpc_id": "vpc-0898d281454e7c377"
          },
          "sensitive_attributes": [],
          "identity_schema_version": 0,
          "private": "bnVsbA==",
          "dependencies": [
            "module.network.aws_subnet.public",
            "module.network.aws_subnet.public_b",
            "module.network.aws_vpc.main"
          ]
        }
      ]
    }
  ],
  "check_results": null
}
